{
  "version": 4,
  "terraform_version": "1.5.4",
  "serial": 18,
  "lineage": "7fcd4ae3-a36b-daa3-d0b6-a570270286bb",
  "outputs": {},
  "resources": [
    {
      "mode": "data",
      "type": "aws_availability_zones",
      "name": "available",
      "provider": "provider[\"registry.terraform.io/hashicorp/aws\"]",
      "instances": [
        {
          "schema_version": 0,
          "attributes": {
            "all_availability_zones": null,
            "exclude_names": null,
            "exclude_zone_ids": null,
            "filter": null,
            "group_names": [
              "eu-west-3"
            ],
            "id": "eu-west-3",
            "names": [
              "eu-west-3a",
              "eu-west-3b",
              "eu-west-3c"
            ],
            "state": "available",
            "timeouts": null,
            "zone_ids": [
              "euw3-az1",
              "euw3-az2",
              "euw3-az3"
            ]
          },
          "sensitive_attributes": []
        }
      ]
    },
    {
      "mode": "managed",
      "type": "aws_db_subnet_group",
      "name": "omega_db_subnet_group",
      "provider": "provider[\"registry.terraform.io/hashicorp/aws\"]",
      "instances": [
        {
          "schema_version": 0,
          "attributes": {
            "arn": "arn:aws:rds:eu-west-3:552239912540:subgrp:terraform-20230811083116021900000001",
            "description": "Groupe securité subnet",
            "id": "terraform-20230811083116021900000001",
            "name": "terraform-20230811083116021900000001",
            "name_prefix": "terraform-",
            "subnet_ids": [
              "subnet-0e99c518adcf2963f",
              "subnet-0fd054abdd7e6fe28"
            ],
            "supported_network_types": [
              "IPV4"
            ],
            "tags": {
              "Name": "omega_db_subnet_group"
            },
            "tags_all": {
              "Name": "omega_db_subnet_group"
            },
            "vpc_id": "vpc-0482daf284dde3989"
          },
          "sensitive_attributes": [],
          "private": "bnVsbA==",
          "dependencies": [
            "aws_subnet.omega_private_subnet",
            "aws_vpc.vpc_rec",
            "data.aws_availability_zones.available"
          ]
        }
      ]
    },
    {
      "mode": "managed",
      "type": "aws_eip",
      "name": "omega_eip",
      "provider": "provider[\"registry.terraform.io/hashicorp/aws\"]",
      "instances": []
    },
    {
      "mode": "managed",
      "type": "aws_internet_gateway",
      "name": "rec_igw",
      "provider": "provider[\"registry.terraform.io/hashicorp/aws\"]",
      "instances": [
        {
          "schema_version": 0,
          "attributes": {
            "arn": "arn:aws:ec2:eu-west-3:552239912540:internet-gateway/igw-0565bf0537f938e04",
            "id": "igw-0565bf0537f938e04",
            "owner_id": "552239912540",
            "tags": {
              "Name": "gateway_recette"
            },
            "tags_all": {
              "Name": "gateway_recette"
            },
            "timeouts": null,
            "vpc_id": "vpc-0482daf284dde3989"
          },
          "sensitive_attributes": [],
          "private": "eyJlMmJmYjczMC1lY2FhLTExZTYtOGY4OC0zNDM2M2JjN2M0YzAiOnsiY3JlYXRlIjoxMjAwMDAwMDAwMDAwLCJkZWxldGUiOjEyMDAwMDAwMDAwMDAsInVwZGF0ZSI6MTIwMDAwMDAwMDAwMH19",
          "dependencies": [
            "aws_vpc.vpc_rec"
          ]
        }
      ]
    },
    {
      "mode": "managed",
      "type": "aws_key_pair",
      "name": "priv_omega_backend_key_pair",
      "provider": "provider[\"registry.terraform.io/hashicorp/aws\"]",
      "instances": [
        {
          "schema_version": 1,
          "attributes": {
            "arn": "arn:aws:ec2:eu-west-3:552239912540:key-pair/omega_backend_key",
            "fingerprint": "77:51:23:c3:e8:02:7c:ca:da:d1:ca:fd:14:23:02:f9",
            "id": "omega_backend_key",
            "key_name": "omega_backend_key",
            "key_name_prefix": "",
            "key_pair_id": "key-0eb62c2cf1b715742",
            "key_type": "rsa",
            "public_key": "ssh-rsa AAAAB3NzaC1yc2EAAAADAQABAAACAQDB/WtZgomzo1+89dK/kvYxgSDBx9P9rNpci98BwZGQooMRdn+OpL/45ApCbdMSwLTPfh9Y6D9Hu0I14FFeCdL4k2QWGp+6LXPtaL7dlqGLCJia8/JWGM8ceDSyeixOzZWPssJg/oxy3ihGUZUFxlsoJMY7HGzGJ58xFQI8HP6kIF14njyDNno/IIV8e1G5diaYJE2MlgblXMS9+Zxpqn4UZCsWsjGRDJnZws4ZFSJ/dquiVX11O9zvIcfXzP/qwtN6M9dzWSRt5q6jCvieBkzPoJRJ8N+K35h7akFhr4u1zRsrSyzSqq7S7WpFxbYJZRhPhQduL51+NJoy4CRjAdly3arReQtH/HcSQZ5jiX85Iv55rUA4JtuP2DazncttC5tbRa7rArxA1k7ozU9s8KOXt111hqD982CloboQKR9aXcdd4uhZ5VV3GljdzeOEn5UccH8oZD2mxZ2FyhrWbweA6rLBGnebYDMqu1d4pyznCntpYI1eiTS13WZDZXt5I+0+dsnik2MLLu9rpG4pBZ+c/AH+t2gvYorDT820DumN28qxblSoUw67LE/9zRzL2tWqgAR5WeC3fWCqDH7RmJkTGUdKNeGzyUZi+K/UfdOHCi+sSCy/ZWq1O1pxor2exqUnbcIhmRibOb2Mybbw1emZLgAlIdCoFunmvOMMaPulFQ==",
            "tags": null,
            "tags_all": {}
          },
          "sensitive_attributes": [],
          "private": "eyJzY2hlbWFfdmVyc2lvbiI6IjEifQ==",
          "dependencies": [
            "tls_private_key.priv_omega_backend_key"
          ]
        }
      ]
    },
    {
      "mode": "managed",
      "type": "aws_route_table",
      "name": "omega_private_rt",
      "provider": "provider[\"registry.terraform.io/hashicorp/aws\"]",
      "instances": [
        {
          "schema_version": 0,
          "attributes": {
            "arn": "arn:aws:ec2:eu-west-3:552239912540:route-table/rtb-0a4d2590010167ac6",
            "id": "rtb-0a4d2590010167ac6",
            "owner_id": "552239912540",
            "propagating_vgws": [],
            "route": [],
            "tags": null,
            "tags_all": {},
            "timeouts": null,
            "vpc_id": "vpc-0482daf284dde3989"
          },
          "sensitive_attributes": [],
          "private": "eyJlMmJmYjczMC1lY2FhLTExZTYtOGY4OC0zNDM2M2JjN2M0YzAiOnsiY3JlYXRlIjozMDAwMDAwMDAwMDAsImRlbGV0ZSI6MzAwMDAwMDAwMDAwLCJ1cGRhdGUiOjEyMDAwMDAwMDAwMH19",
          "dependencies": [
            "aws_vpc.vpc_rec"
          ]
        }
      ]
    },
    {
      "mode": "managed",
      "type": "aws_route_table",
      "name": "omega_public_rt",
      "provider": "provider[\"registry.terraform.io/hashicorp/aws\"]",
      "instances": [
        {
          "schema_version": 0,
          "attributes": {
            "arn": "arn:aws:ec2:eu-west-3:552239912540:route-table/rtb-0fecf5dcdf7dab12f",
            "id": "rtb-0fecf5dcdf7dab12f",
            "owner_id": "552239912540",
            "propagating_vgws": [],
            "route": [
              {
                "carrier_gateway_id": "",
                "cidr_block": "0.0.0.0/0",
                "core_network_arn": "",
                "destination_prefix_list_id": "",
                "egress_only_gateway_id": "",
                "gateway_id": "igw-0565bf0537f938e04",
                "ipv6_cidr_block": "",
                "local_gateway_id": "",
                "nat_gateway_id": "",
                "network_interface_id": "",
                "transit_gateway_id": "",
                "vpc_endpoint_id": "",
                "vpc_peering_connection_id": ""
              }
            ],
            "tags": null,
            "tags_all": {},
            "timeouts": null,
            "vpc_id": "vpc-0482daf284dde3989"
          },
          "sensitive_attributes": [],
          "private": "eyJlMmJmYjczMC1lY2FhLTExZTYtOGY4OC0zNDM2M2JjN2M0YzAiOnsiY3JlYXRlIjozMDAwMDAwMDAwMDAsImRlbGV0ZSI6MzAwMDAwMDAwMDAwLCJ1cGRhdGUiOjEyMDAwMDAwMDAwMH19",
          "dependencies": [
            "aws_internet_gateway.rec_igw",
            "aws_vpc.vpc_rec"
          ]
        }
      ]
    },
    {
      "mode": "managed",
      "type": "aws_route_table_association",
      "name": "private",
      "provider": "provider[\"registry.terraform.io/hashicorp/aws\"]",
      "instances": [
        {
          "index_key": 0,
          "schema_version": 0,
          "attributes": {
            "gateway_id": "",
            "id": "rtbassoc-084eb94541ef5d76a",
            "route_table_id": "rtb-0a4d2590010167ac6",
            "subnet_id": "subnet-0e99c518adcf2963f",
            "timeouts": null
          },
          "sensitive_attributes": [],
          "private": "eyJlMmJmYjczMC1lY2FhLTExZTYtOGY4OC0zNDM2M2JjN2M0YzAiOnsiY3JlYXRlIjozMDAwMDAwMDAwMDAsImRlbGV0ZSI6MzAwMDAwMDAwMDAwLCJ1cGRhdGUiOjEyMDAwMDAwMDAwMH19",
          "dependencies": [
            "aws_route_table.omega_private_rt",
            "aws_subnet.omega_private_subnet",
            "aws_vpc.vpc_rec",
            "data.aws_availability_zones.available"
          ]
        },
        {
          "index_key": 1,
          "schema_version": 0,
          "attributes": {
            "gateway_id": "",
            "id": "rtbassoc-0ec7dd2cd99e8d6ec",
            "route_table_id": "rtb-0a4d2590010167ac6",
            "subnet_id": "subnet-0fd054abdd7e6fe28",
            "timeouts": null
          },
          "sensitive_attributes": [],
          "private": "eyJlMmJmYjczMC1lY2FhLTExZTYtOGY4OC0zNDM2M2JjN2M0YzAiOnsiY3JlYXRlIjozMDAwMDAwMDAwMDAsImRlbGV0ZSI6MzAwMDAwMDAwMDAwLCJ1cGRhdGUiOjEyMDAwMDAwMDAwMH19",
          "dependencies": [
            "aws_route_table.omega_private_rt",
            "aws_subnet.omega_private_subnet",
            "aws_vpc.vpc_rec",
            "data.aws_availability_zones.available"
          ]
        }
      ]
    },
    {
      "mode": "managed",
      "type": "aws_route_table_association",
      "name": "public",
      "provider": "provider[\"registry.terraform.io/hashicorp/aws\"]",
      "instances": [
        {
          "index_key": 0,
          "schema_version": 0,
          "attributes": {
            "gateway_id": "",
            "id": "rtbassoc-0a3fce02fb4ec8a94",
            "route_table_id": "rtb-0fecf5dcdf7dab12f",
            "subnet_id": "subnet-06bc286794041bd36",
            "timeouts": null
          },
          "sensitive_attributes": [],
          "private": "eyJlMmJmYjczMC1lY2FhLTExZTYtOGY4OC0zNDM2M2JjN2M0YzAiOnsiY3JlYXRlIjozMDAwMDAwMDAwMDAsImRlbGV0ZSI6MzAwMDAwMDAwMDAwLCJ1cGRhdGUiOjEyMDAwMDAwMDAwMH19",
          "dependencies": [
            "aws_internet_gateway.rec_igw",
            "aws_route_table.omega_public_rt",
            "aws_subnet.omega_public_subnet",
            "aws_vpc.vpc_rec",
            "data.aws_availability_zones.available"
          ]
        }
      ]
    },
    {
      "mode": "managed",
      "type": "aws_security_group",
      "name": "omega_backend_sg",
      "provider": "provider[\"registry.terraform.io/hashicorp/aws\"]",
      "instances": [
        {
          "schema_version": 1,
          "attributes": {
            "arn": "arn:aws:ec2:eu-west-3:552239912540:security-group/sg-0a43e348a824509ba",
            "description": "Groupe securite omega",
            "egress": [
              {
                "cidr_blocks": [
                  "0.0.0.0/0"
                ],
                "description": "Allow all outbound traffic",
                "from_port": 0,
                "ipv6_cidr_blocks": [],
                "prefix_list_ids": [],
                "protocol": "-1",
                "security_groups": [],
                "self": false,
                "to_port": 0
              }
            ],
            "id": "sg-0a43e348a824509ba",
            "ingress": [
              {
                "cidr_blocks": [
                  "0.0.0.0/0"
                ],
                "description": "Allow SSH from my computer",
                "from_port": 22,
                "ipv6_cidr_blocks": [],
                "prefix_list_ids": [],
                "protocol": "tcp",
                "security_groups": [],
                "self": false,
                "to_port": 22
              },
              {
                "cidr_blocks": [
                  "0.0.0.0/0"
                ],
                "description": "Allow all traffic through HTTP",
                "from_port": 80,
                "ipv6_cidr_blocks": [],
                "prefix_list_ids": [],
                "protocol": "tcp",
                "security_groups": [],
                "self": false,
                "to_port": 80
              }
            ],
            "name": "omega_backend_sg",
            "name_prefix": "",
            "owner_id": "552239912540",
            "revoke_rules_on_delete": false,
            "tags": {
              "Name": "sg_omega_backend"
            },
            "tags_all": {
              "Name": "sg_omega_backend"
            },
            "timeouts": null,
            "vpc_id": "vpc-0482daf284dde3989"
          },
          "sensitive_attributes": [],
          "private": "eyJlMmJmYjczMC1lY2FhLTExZTYtOGY4OC0zNDM2M2JjN2M0YzAiOnsiY3JlYXRlIjo2MDAwMDAwMDAwMDAsImRlbGV0ZSI6OTAwMDAwMDAwMDAwfSwic2NoZW1hX3ZlcnNpb24iOiIxIn0=",
          "dependencies": [
            "aws_vpc.vpc_rec"
          ]
        }
      ]
    },
    {
      "mode": "managed",
      "type": "aws_security_group",
      "name": "omega_db_sg",
      "provider": "provider[\"registry.terraform.io/hashicorp/aws\"]",
      "instances": [
        {
          "schema_version": 1,
          "attributes": {
            "arn": "arn:aws:ec2:eu-west-3:552239912540:security-group/sg-07b1e5e4b34e2c2a9",
            "description": "Groupe securite omega db",
            "egress": [],
            "id": "sg-07b1e5e4b34e2c2a9",
            "ingress": [
              {
                "cidr_blocks": [],
                "description": "Allow postgresdatabase traffic from only the web sg",
                "from_port": 5432,
                "ipv6_cidr_blocks": [],
                "prefix_list_ids": [],
                "protocol": "tcp",
                "security_groups": [
                  "sg-0a43e348a824509ba"
                ],
                "self": false,
                "to_port": 5432
              }
            ],
            "name": "omega_db_sg",
            "name_prefix": "",
            "owner_id": "552239912540",
            "revoke_rules_on_delete": false,
            "tags": {
              "Name": "sg_db_omega"
            },
            "tags_all": {
              "Name": "sg_db_omega"
            },
            "timeouts": null,
            "vpc_id": "vpc-0482daf284dde3989"
          },
          "sensitive_attributes": [],
          "private": "eyJlMmJmYjczMC1lY2FhLTExZTYtOGY4OC0zNDM2M2JjN2M0YzAiOnsiY3JlYXRlIjo2MDAwMDAwMDAwMDAsImRlbGV0ZSI6OTAwMDAwMDAwMDAwfSwic2NoZW1hX3ZlcnNpb24iOiIxIn0=",
          "dependencies": [
            "aws_security_group.omega_backend_sg",
            "aws_vpc.vpc_rec"
          ]
        }
      ]
    },
    {
      "mode": "managed",
      "type": "aws_subnet",
      "name": "omega_private_subnet",
      "provider": "provider[\"registry.terraform.io/hashicorp/aws\"]",
      "instances": [
        {
          "index_key": 0,
          "schema_version": 1,
          "attributes": {
            "arn": "arn:aws:ec2:eu-west-3:552239912540:subnet/subnet-0e99c518adcf2963f",
            "assign_ipv6_address_on_creation": false,
            "availability_zone": "eu-west-3a",
            "availability_zone_id": "euw3-az1",
            "cidr_block": "10.0.101.0/24",
            "customer_owned_ipv4_pool": "",
            "enable_dns64": false,
            "enable_lni_at_device_index": 0,
            "enable_resource_name_dns_a_record_on_launch": false,
            "enable_resource_name_dns_aaaa_record_on_launch": false,
            "id": "subnet-0e99c518adcf2963f",
            "ipv6_cidr_block": "",
            "ipv6_cidr_block_association_id": "",
            "ipv6_native": false,
            "map_customer_owned_ip_on_launch": false,
            "map_public_ip_on_launch": false,
            "outpost_arn": "",
            "owner_id": "552239912540",
            "private_dns_hostname_type_on_launch": "ip-name",
            "tags": {
              "Name": "omega_private_subnet_0"
            },
            "tags_all": {
              "Name": "omega_private_subnet_0"
            },
            "timeouts": null,
            "vpc_id": "vpc-0482daf284dde3989"
          },
          "sensitive_attributes": [],
          "private": "eyJlMmJmYjczMC1lY2FhLTExZTYtOGY4OC0zNDM2M2JjN2M0YzAiOnsiY3JlYXRlIjo2MDAwMDAwMDAwMDAsImRlbGV0ZSI6MTIwMDAwMDAwMDAwMH0sInNjaGVtYV92ZXJzaW9uIjoiMSJ9",
          "dependencies": [
            "aws_vpc.vpc_rec",
            "data.aws_availability_zones.available"
          ]
        },
        {
          "index_key": 1,
          "schema_version": 1,
          "attributes": {
            "arn": "arn:aws:ec2:eu-west-3:552239912540:subnet/subnet-0fd054abdd7e6fe28",
            "assign_ipv6_address_on_creation": false,
            "availability_zone": "eu-west-3b",
            "availability_zone_id": "euw3-az2",
            "cidr_block": "10.0.102.0/24",
            "customer_owned_ipv4_pool": "",
            "enable_dns64": false,
            "enable_lni_at_device_index": 0,
            "enable_resource_name_dns_a_record_on_launch": false,
            "enable_resource_name_dns_aaaa_record_on_launch": false,
            "id": "subnet-0fd054abdd7e6fe28",
            "ipv6_cidr_block": "",
            "ipv6_cidr_block_association_id": "",
            "ipv6_native": false,
            "map_customer_owned_ip_on_launch": false,
            "map_public_ip_on_launch": false,
            "outpost_arn": "",
            "owner_id": "552239912540",
            "private_dns_hostname_type_on_launch": "ip-name",
            "tags": {
              "Name": "omega_private_subnet_1"
            },
            "tags_all": {
              "Name": "omega_private_subnet_1"
            },
            "timeouts": null,
            "vpc_id": "vpc-0482daf284dde3989"
          },
          "sensitive_attributes": [],
          "private": "eyJlMmJmYjczMC1lY2FhLTExZTYtOGY4OC0zNDM2M2JjN2M0YzAiOnsiY3JlYXRlIjo2MDAwMDAwMDAwMDAsImRlbGV0ZSI6MTIwMDAwMDAwMDAwMH0sInNjaGVtYV92ZXJzaW9uIjoiMSJ9",
          "dependencies": [
            "aws_vpc.vpc_rec",
            "data.aws_availability_zones.available"
          ]
        }
      ]
    },
    {
      "mode": "managed",
      "type": "aws_subnet",
      "name": "omega_public_subnet",
      "provider": "provider[\"registry.terraform.io/hashicorp/aws\"]",
      "instances": [
        {
          "index_key": 0,
          "schema_version": 1,
          "attributes": {
            "arn": "arn:aws:ec2:eu-west-3:552239912540:subnet/subnet-06bc286794041bd36",
            "assign_ipv6_address_on_creation": false,
            "availability_zone": "eu-west-3a",
            "availability_zone_id": "euw3-az1",
            "cidr_block": "10.0.1.0/24",
            "customer_owned_ipv4_pool": "",
            "enable_dns64": false,
            "enable_lni_at_device_index": 0,
            "enable_resource_name_dns_a_record_on_launch": false,
            "enable_resource_name_dns_aaaa_record_on_launch": false,
            "id": "subnet-06bc286794041bd36",
            "ipv6_cidr_block": "",
            "ipv6_cidr_block_association_id": "",
            "ipv6_native": false,
            "map_customer_owned_ip_on_launch": false,
            "map_public_ip_on_launch": false,
            "outpost_arn": "",
            "owner_id": "552239912540",
            "private_dns_hostname_type_on_launch": "ip-name",
            "tags": {
              "Name": "omega_public_subnet_0"
            },
            "tags_all": {
              "Name": "omega_public_subnet_0"
            },
            "timeouts": null,
            "vpc_id": "vpc-0482daf284dde3989"
          },
          "sensitive_attributes": [],
          "private": "eyJlMmJmYjczMC1lY2FhLTExZTYtOGY4OC0zNDM2M2JjN2M0YzAiOnsiY3JlYXRlIjo2MDAwMDAwMDAwMDAsImRlbGV0ZSI6MTIwMDAwMDAwMDAwMH0sInNjaGVtYV92ZXJzaW9uIjoiMSJ9",
          "dependencies": [
            "aws_vpc.vpc_rec",
            "data.aws_availability_zones.available"
          ]
        }
      ]
    },
    {
      "mode": "managed",
      "type": "aws_vpc",
      "name": "vpc_rec",
      "provider": "provider[\"registry.terraform.io/hashicorp/aws\"]",
      "instances": [
        {
          "schema_version": 1,
          "attributes": {
            "arn": "arn:aws:ec2:eu-west-3:552239912540:vpc/vpc-0482daf284dde3989",
            "assign_generated_ipv6_cidr_block": false,
            "cidr_block": "10.0.0.0/16",
            "default_network_acl_id": "acl-0764db1cf612f089d",
            "default_route_table_id": "rtb-029d020ac9fcb4f70",
            "default_security_group_id": "sg-059fcd4a9b5fbda2f",
            "dhcp_options_id": "dopt-01687b134227ed1a0",
            "enable_dns_hostnames": true,
            "enable_dns_support": true,
            "enable_network_address_usage_metrics": false,
            "id": "vpc-0482daf284dde3989",
            "instance_tenancy": "default",
            "ipv4_ipam_pool_id": null,
            "ipv4_netmask_length": null,
            "ipv6_association_id": "",
            "ipv6_cidr_block": "",
            "ipv6_cidr_block_network_border_group": "",
            "ipv6_ipam_pool_id": "",
            "ipv6_netmask_length": 0,
            "main_route_table_id": "rtb-029d020ac9fcb4f70",
            "owner_id": "552239912540",
            "tags": {
              "Name": "recette"
            },
            "tags_all": {
              "Name": "recette"
            }
          },
          "sensitive_attributes": [],
          "private": "eyJzY2hlbWFfdmVyc2lvbiI6IjEifQ=="
        }
      ]
    },
    {
      "mode": "managed",
      "type": "tls_private_key",
      "name": "priv_omega_backend_key",
      "provider": "provider[\"registry.terraform.io/hashicorp/tls\"]",
      "instances": [
        {
          "schema_version": 1,
          "attributes": {
            "algorithm": "RSA",
            "ecdsa_curve": "P224",
            "id": "1cf7002959ebcabc9b8e7ee72058b7e9d3b9641f",
            "private_key_openssh": "-----BEGIN OPENSSH PRIVATE KEY-----\nb3BlbnNzaC1rZXktdjEAAAAABG5vbmUAAAAEbm9uZQAAAAAAAAABAAACFwAAAAdz\nc2gtcnNhAAAAAwEAAQAAAgEAwf1rWYKJs6NfvPXSv5L2MYEgwcfT/azaXIvfAcGR\nkKKDEXZ/jqS/+OQKQm3TEsC0z34fWOg/R7tCNeBRXgnS+JNkFhqfui1z7Wi+3Zah\niwiYmvPyVhjPHHg0snosTs2Vj7LCYP6Mct4oRlGVBcZbKCTGOxxsxiefMRUCPBz+\npCBdeJ48gzZ6PyCFfHtRuXYmmCRNjJYG5VzEvfmcaap+FGQrFrIxkQyZ2cLOGRUi\nf3arolV9dTvc7yHH18z/6sLTejPXc1kkbeauowr4ngZMz6CUSfDfit+Ye2pBYa+L\ntc0bK0ss0qqu0u1qRcW2CWUYT4UHbi+dfjSaMuAkYwHZct2q0XkLR/x3EkGeY4l/\nOSL+ea1AOCbbj9g2s53LbQubW0Wu6wK8QNZO6M1PbPCjl7dddYag/fNgpaG6ECkf\nWl3HXeLoWeVVdxpY3c3jhJ+VHHB/KGQ9psWdhcoa1m8HgOqywRp3m2AzKrtXeKcs\n5wp7aWCNXok0td1mQ2V7eSPtPnbJ4pNjCy7va6RuKQWfnPwB/rdoL2KKw0/NtA7p\njdvKsW5UqFMOuyxP/c0cy9rVqoAEeVngt31gqgx+0ZiZExlHSjXhs8lGYviv1H3T\nhwovrEgsv2VqtTtacaK9nsalJ23CIZkYmzm9jMm28NXpmS4AJSHQqBbp5rzjDGj7\npRUAAAc49jbpYfY26WEAAAAHc3NoLXJzYQAAAgEAwf1rWYKJs6NfvPXSv5L2MYEg\nwcfT/azaXIvfAcGRkKKDEXZ/jqS/+OQKQm3TEsC0z34fWOg/R7tCNeBRXgnS+JNk\nFhqfui1z7Wi+3ZahiwiYmvPyVhjPHHg0snosTs2Vj7LCYP6Mct4oRlGVBcZbKCTG\nOxxsxiefMRUCPBz+pCBdeJ48gzZ6PyCFfHtRuXYmmCRNjJYG5VzEvfmcaap+FGQr\nFrIxkQyZ2cLOGRUif3arolV9dTvc7yHH18z/6sLTejPXc1kkbeauowr4ngZMz6CU\nSfDfit+Ye2pBYa+Ltc0bK0ss0qqu0u1qRcW2CWUYT4UHbi+dfjSaMuAkYwHZct2q\n0XkLR/x3EkGeY4l/OSL+ea1AOCbbj9g2s53LbQubW0Wu6wK8QNZO6M1PbPCjl7dd\ndYag/fNgpaG6ECkfWl3HXeLoWeVVdxpY3c3jhJ+VHHB/KGQ9psWdhcoa1m8HgOqy\nwRp3m2AzKrtXeKcs5wp7aWCNXok0td1mQ2V7eSPtPnbJ4pNjCy7va6RuKQWfnPwB\n/rdoL2KKw0/NtA7pjdvKsW5UqFMOuyxP/c0cy9rVqoAEeVngt31gqgx+0ZiZExlH\nSjXhs8lGYviv1H3ThwovrEgsv2VqtTtacaK9nsalJ23CIZkYmzm9jMm28NXpmS4A\nJSHQqBbp5rzjDGj7pRUAAAADAQABAAACADQ/P9Fs0g+a2ec3whosx7gPkjX+zv7M\ntkckuNxtOPpeerSSWMqfXsD3EjhQAgBT/J7B1kmIy7pTGgMOtnuAY9zlPZiidRCc\nu1Ne2cEul7WtjAR33XYI2odNbMwBEbvrrPN17tpW1Jb/dJNz15IlmVmXhfhXsIgy\nFbMPeHmeSYsE2Ifq/ltMqeIkrS8Yu6sawkxJwsUxhwvxT1/nQZRIAgsV63ECb00k\nuq8mw4GH6rGv0Yw4QED57YhObdeWc/rTnEeWfNmpUaFz9uccxlcxVTC6jBXaFSr/\nC795n8BimltNsZqYdasLo2hV30CJfnzLSJ/qMVUg5+cc3ccEDWjJD7pi1b2KGcdm\n26GcUwaUdroZt/I9RL/ctxxarCQLW0wDwzC8Og4UKP23kjSqesDw6ZrGpdGJvksr\ngeiJBKRYMxPR2UWqJlbhd/Ptij2fe8KEumrlid9JbpDqvMeGoeVcpaKD5Vwkeyv4\ncEPPq8SCFA4Zze1eSVhGL1KoocogpanOTvmNqn/gsS9nyRCMkC7VZVpV7t5XrsWG\n+B7n/Uk3kkafBma/QwsU6o3VnugJ/OtJBKpei5474ULaOQGxeoCqMy72oRmURcLu\nlBxl3zrbGL6spCujXELSrngNaF+LJfuj9OUjALsPzLglps/XX/gClpNXUW89KMcm\nlXZ/EBfQ5ZalAAABAQDZShstXQaaTVSnU4QAc420Vnn9ywrgbnKqk0zGakh+7rF0\noIBj76cDB20PiyjpdxMvYevOtgusosJwLsxOuCFhHzTAtAbAGYVX4pImaadEuEzU\n83BXKHaVzTdlcUECxZx9uoqDCR4GK5WxBxV6uHAhKTkWMqcn4JgvrZoM1gWOfQwO\niRhpD0t2v6dqUDbrp/9CQrGFQSFO/P7rB3xA9LhH9b7UE9QCbFuhMCc5jVm5Sq/c\nxBjdMr/V5fHv48ehCRYyAEJDQfat0Mq5cqNkk62Ng//+DVuRthxseJG+j6GUjDAN\nkvoljHjc/A6aa7OxDKu21CEq1ZUvejUHquMCkaNBAAABAQDvbvC+EWoRjKx+cKb/\nMgfJl0vSKiILNHal/Zl2TRLNvMBeAuP+9uDFE6y7fKE7puKz+NkDkHw2Nc4XD0+Q\nK/HEthnRuqkHtdrfDzZ4flJPERNtMirlQM1LN4YAuRD/kI5+4m67VMHIuqmQD+eJ\nbfZgcyr8lN57u1Jtc06BJOzn9V4qw/bEFzuoT64B8bnltyG6ecQ6WU5o/9DOKU1M\n9LEu8jjX6qfEeDsBJyuNwRw+SrXuZ163E4KW1fAq0D35tw6YI1iRY9BDgqkzu7lZ\ntV5oZoSfNO7UHo/ZRH0RbhBraECNhCLMkst6QzoOiDHobhoa/TRhcKJyK4S4l77c\nkpqTAAABAQDPaYsxA8tffmI5ZsA3jhZhgoESx5PRJiW+qsUGxNVyiwO+g6jxP8V/\nAkpuvaTFJoobw8BMXChuAaqGKxo3aL20gbBjGAIALE1iQYeEXckG7SHqeWb5ncZF\na/w6Mq2+Ud+0Oy61wrNAEdTIQZp1aTF3sL31pbTdzqgGUGfaskLKD8A0wkTuN26S\nJbuq6pxhpkNBDPIBw0itlDPI5Q3/rQnKfYJEJ1blf2oxgE+Wb/UzKV7j73F18ybI\nHaHt64SZckB23v3ZWg/0wje3pRD4LZ9o0Yxg7lOqNckdN6IM0Hcx/zPy2hv43OQP\n14eQgHPZj4qIlFu0pD3eOfNvXUn3XgK3AAAAAAEC\n-----END OPENSSH PRIVATE KEY-----\n",
            "private_key_pem": "-----BEGIN RSA PRIVATE KEY-----\nMIIJKQIBAAKCAgEAwf1rWYKJs6NfvPXSv5L2MYEgwcfT/azaXIvfAcGRkKKDEXZ/\njqS/+OQKQm3TEsC0z34fWOg/R7tCNeBRXgnS+JNkFhqfui1z7Wi+3ZahiwiYmvPy\nVhjPHHg0snosTs2Vj7LCYP6Mct4oRlGVBcZbKCTGOxxsxiefMRUCPBz+pCBdeJ48\ngzZ6PyCFfHtRuXYmmCRNjJYG5VzEvfmcaap+FGQrFrIxkQyZ2cLOGRUif3arolV9\ndTvc7yHH18z/6sLTejPXc1kkbeauowr4ngZMz6CUSfDfit+Ye2pBYa+Ltc0bK0ss\n0qqu0u1qRcW2CWUYT4UHbi+dfjSaMuAkYwHZct2q0XkLR/x3EkGeY4l/OSL+ea1A\nOCbbj9g2s53LbQubW0Wu6wK8QNZO6M1PbPCjl7dddYag/fNgpaG6ECkfWl3HXeLo\nWeVVdxpY3c3jhJ+VHHB/KGQ9psWdhcoa1m8HgOqywRp3m2AzKrtXeKcs5wp7aWCN\nXok0td1mQ2V7eSPtPnbJ4pNjCy7va6RuKQWfnPwB/rdoL2KKw0/NtA7pjdvKsW5U\nqFMOuyxP/c0cy9rVqoAEeVngt31gqgx+0ZiZExlHSjXhs8lGYviv1H3ThwovrEgs\nv2VqtTtacaK9nsalJ23CIZkYmzm9jMm28NXpmS4AJSHQqBbp5rzjDGj7pRUCAwEA\nAQKCAgA0Pz/RbNIPmtnnN8IaLMe4D5I1/s7+zLZHJLjcbTj6Xnq0kljKn17A9xI4\nUAIAU/yewdZJiMu6UxoDDrZ7gGPc5T2YonUQnLtTXtnBLpe1rYwEd912CNqHTWzM\nARG766zzde7aVtSW/3STc9eSJZlZl4X4V7CIMhWzD3h5nkmLBNiH6v5bTKniJK0v\nGLurGsJMScLFMYcL8U9f50GUSAILFetxAm9NJLqvJsOBh+qxr9GMOEBA+e2ITm3X\nlnP605xHlnzZqVGhc/bnHMZXMVUwuowV2hUq/wu/eZ/AYppbTbGamHWrC6NoVd9A\niX58y0if6jFVIOfnHN3HBA1oyQ+6YtW9ihnHZtuhnFMGlHa6GbfyPUS/3LccWqwk\nC1tMA8MwvDoOFCj9t5I0qnrA8OmaxqXRib5LK4HoiQSkWDMT0dlFqiZW4Xfz7Yo9\nn3vChLpq5YnfSW6Q6rzHhqHlXKWig+VcJHsr+HBDz6vEghQOGc3tXklYRi9SqKHK\nIKWpzk75jap/4LEvZ8kQjJAu1WVaVe7eV67Fhvge5/1JN5JGnwZmv0MLFOqN1Z7o\nCfzrSQSqXoueO+FC2jkBsXqAqjMu9qEZlEXC7pQcZd862xi+rKQro1xC0q54DWhf\niyX7o/TlIwC7D8y4JabP11/4ApaTV1FvPSjHJpV2fxAX0OWWpQKCAQEA727wvhFq\nEYysfnCm/zIHyZdL0ioiCzR2pf2Zdk0SzbzAXgLj/vbgxROsu3yhO6bis/jZA5B8\nNjXOFw9PkCvxxLYZ0bqpB7Xa3w82eH5STxETbTIq5UDNSzeGALkQ/5COfuJuu1TB\nyLqpkA/niW32YHMq/JTee7tSbXNOgSTs5/VeKsP2xBc7qE+uAfG55bchunnEOllO\naP/QzilNTPSxLvI41+qnxHg7AScrjcEcPkq17mdetxOCltXwKtA9+bcOmCNYkWPQ\nQ4KpM7u5WbVeaGaEnzTu1B6P2UR9EW4Qa2hAjYQizJLLekM6Dogx6G4aGv00YXCi\nciuEuJe+3JKakwKCAQEAz2mLMQPLX35iOWbAN44WYYKBEseT0SYlvqrFBsTVcosD\nvoOo8T/FfwJKbr2kxSaKG8PATFwobgGqhisaN2i9tIGwYxgCACxNYkGHhF3JBu0h\n6nlm+Z3GRWv8OjKtvlHftDsutcKzQBHUyEGadWkxd7C99aW03c6oBlBn2rJCyg/A\nNMJE7jdukiW7quqcYaZDQQzyAcNIrZQzyOUN/60Jyn2CRCdW5X9qMYBPlm/1Myle\n4+9xdfMmyB2h7euEmXJAdt792VoP9MI3t6UQ+C2faNGMYO5TqjXJHTeiDNB3Mf8z\n8tob+NzkD9eHkIBz2Y+KiJRbtKQ93jnzb11J914CtwKCAQEA5Ux+u9fbl8D79P8X\nvy//qzz8vOHixo5QznjG/jejuWp5Y88q4CM4cSR9ePRLSOBzHd5EnphBjH0MyKK+\nFJkxKa0nnuY/OIYdfR+Jj+2SD+yPiTTRRcpAkTc0Wv7hW47qGHPrjfYGu6CgALpq\nh//KQuYolcpQI3jq4Kzb0uw1AZPHwfb4HSUO2gqs32nLGUa/w2EX3rVmVUIgiz+c\nqwVvpkEM1SMB1jM6dsk3ecMltDZCc3WFjJjfqGpsXeQeZka8cFDxYhOQAQdh2Yx/\nXn1GU39SpVHBI129b1qa2BVrHiGyKJUR6o7u1UEKmZ4vBaRj1dMF1gdTWzl4Gnwg\nqgawhwKCAQB+dNYFc0/KkA6o+qmU9Y9VsjCp136bFMwMfKeVoeqVZIZK4JDfTcdG\n0Ym6DOvpu76WgPm8VK/dqixikuLwB28qH6wALsIBgwFHN7a9EEUhcPCtuYj8BaK9\n7sGgZgeiMt7WTwMClIufM3/s/HqEvTcIx3x5yacFWRr+hoVbRDYOZh4EzLEkIC3M\n8y6BXXss2ibFAXSHeJ3WHraX9HddfA2tJGqIzQdg8xc2yQk9KlNv9vhAtlsR08bA\nWbjBi0eUGqGNGBXjL9LsooE/+WboOUCosqII8yWVcCeHJcUqVOtnUzZECZDmYR63\nPewMQRTg/3AyJ2nmMAD8fY6bRmBzbiDvAoIBAQDZShstXQaaTVSnU4QAc420Vnn9\nywrgbnKqk0zGakh+7rF0oIBj76cDB20PiyjpdxMvYevOtgusosJwLsxOuCFhHzTA\ntAbAGYVX4pImaadEuEzU83BXKHaVzTdlcUECxZx9uoqDCR4GK5WxBxV6uHAhKTkW\nMqcn4JgvrZoM1gWOfQwOiRhpD0t2v6dqUDbrp/9CQrGFQSFO/P7rB3xA9LhH9b7U\nE9QCbFuhMCc5jVm5Sq/cxBjdMr/V5fHv48ehCRYyAEJDQfat0Mq5cqNkk62Ng//+\nDVuRthxseJG+j6GUjDANkvoljHjc/A6aa7OxDKu21CEq1ZUvejUHquMCkaNB\n-----END RSA PRIVATE KEY-----\n",
            "private_key_pem_pkcs8": "-----BEGIN PRIVATE KEY-----\nMIIJQwIBADANBgkqhkiG9w0BAQEFAASCCS0wggkpAgEAAoICAQDB/WtZgomzo1+8\n9dK/kvYxgSDBx9P9rNpci98BwZGQooMRdn+OpL/45ApCbdMSwLTPfh9Y6D9Hu0I1\n4FFeCdL4k2QWGp+6LXPtaL7dlqGLCJia8/JWGM8ceDSyeixOzZWPssJg/oxy3ihG\nUZUFxlsoJMY7HGzGJ58xFQI8HP6kIF14njyDNno/IIV8e1G5diaYJE2MlgblXMS9\n+Zxpqn4UZCsWsjGRDJnZws4ZFSJ/dquiVX11O9zvIcfXzP/qwtN6M9dzWSRt5q6j\nCvieBkzPoJRJ8N+K35h7akFhr4u1zRsrSyzSqq7S7WpFxbYJZRhPhQduL51+NJoy\n4CRjAdly3arReQtH/HcSQZ5jiX85Iv55rUA4JtuP2DazncttC5tbRa7rArxA1k7o\nzU9s8KOXt111hqD982CloboQKR9aXcdd4uhZ5VV3GljdzeOEn5UccH8oZD2mxZ2F\nyhrWbweA6rLBGnebYDMqu1d4pyznCntpYI1eiTS13WZDZXt5I+0+dsnik2MLLu9r\npG4pBZ+c/AH+t2gvYorDT820DumN28qxblSoUw67LE/9zRzL2tWqgAR5WeC3fWCq\nDH7RmJkTGUdKNeGzyUZi+K/UfdOHCi+sSCy/ZWq1O1pxor2exqUnbcIhmRibOb2M\nybbw1emZLgAlIdCoFunmvOMMaPulFQIDAQABAoICADQ/P9Fs0g+a2ec3whosx7gP\nkjX+zv7MtkckuNxtOPpeerSSWMqfXsD3EjhQAgBT/J7B1kmIy7pTGgMOtnuAY9zl\nPZiidRCcu1Ne2cEul7WtjAR33XYI2odNbMwBEbvrrPN17tpW1Jb/dJNz15IlmVmX\nhfhXsIgyFbMPeHmeSYsE2Ifq/ltMqeIkrS8Yu6sawkxJwsUxhwvxT1/nQZRIAgsV\n63ECb00kuq8mw4GH6rGv0Yw4QED57YhObdeWc/rTnEeWfNmpUaFz9uccxlcxVTC6\njBXaFSr/C795n8BimltNsZqYdasLo2hV30CJfnzLSJ/qMVUg5+cc3ccEDWjJD7pi\n1b2KGcdm26GcUwaUdroZt/I9RL/ctxxarCQLW0wDwzC8Og4UKP23kjSqesDw6ZrG\npdGJvksrgeiJBKRYMxPR2UWqJlbhd/Ptij2fe8KEumrlid9JbpDqvMeGoeVcpaKD\n5Vwkeyv4cEPPq8SCFA4Zze1eSVhGL1KoocogpanOTvmNqn/gsS9nyRCMkC7VZVpV\n7t5XrsWG+B7n/Uk3kkafBma/QwsU6o3VnugJ/OtJBKpei5474ULaOQGxeoCqMy72\noRmURcLulBxl3zrbGL6spCujXELSrngNaF+LJfuj9OUjALsPzLglps/XX/gClpNX\nUW89KMcmlXZ/EBfQ5ZalAoIBAQDvbvC+EWoRjKx+cKb/MgfJl0vSKiILNHal/Zl2\nTRLNvMBeAuP+9uDFE6y7fKE7puKz+NkDkHw2Nc4XD0+QK/HEthnRuqkHtdrfDzZ4\nflJPERNtMirlQM1LN4YAuRD/kI5+4m67VMHIuqmQD+eJbfZgcyr8lN57u1Jtc06B\nJOzn9V4qw/bEFzuoT64B8bnltyG6ecQ6WU5o/9DOKU1M9LEu8jjX6qfEeDsBJyuN\nwRw+SrXuZ163E4KW1fAq0D35tw6YI1iRY9BDgqkzu7lZtV5oZoSfNO7UHo/ZRH0R\nbhBraECNhCLMkst6QzoOiDHobhoa/TRhcKJyK4S4l77ckpqTAoIBAQDPaYsxA8tf\nfmI5ZsA3jhZhgoESx5PRJiW+qsUGxNVyiwO+g6jxP8V/AkpuvaTFJoobw8BMXChu\nAaqGKxo3aL20gbBjGAIALE1iQYeEXckG7SHqeWb5ncZFa/w6Mq2+Ud+0Oy61wrNA\nEdTIQZp1aTF3sL31pbTdzqgGUGfaskLKD8A0wkTuN26SJbuq6pxhpkNBDPIBw0it\nlDPI5Q3/rQnKfYJEJ1blf2oxgE+Wb/UzKV7j73F18ybIHaHt64SZckB23v3ZWg/0\nwje3pRD4LZ9o0Yxg7lOqNckdN6IM0Hcx/zPy2hv43OQP14eQgHPZj4qIlFu0pD3e\nOfNvXUn3XgK3AoIBAQDlTH6719uXwPv0/xe/L/+rPPy84eLGjlDOeMb+N6O5anlj\nzyrgIzhxJH149EtI4HMd3kSemEGMfQzIor4UmTEprSee5j84hh19H4mP7ZIP7I+J\nNNFFykCRNzRa/uFbjuoYc+uN9ga7oKAAumqH/8pC5iiVylAjeOrgrNvS7DUBk8fB\n9vgdJQ7aCqzfacsZRr/DYRfetWZVQiCLP5yrBW+mQQzVIwHWMzp2yTd5wyW0NkJz\ndYWMmN+oamxd5B5mRrxwUPFiE5ABB2HZjH9efUZTf1KlUcEjXb1vWprYFWseIbIo\nlRHqju7VQQqZni8FpGPV0wXWB1NbOXgafCCqBrCHAoIBAH501gVzT8qQDqj6qZT1\nj1WyMKnXfpsUzAx8p5Wh6pVkhkrgkN9Nx0bRiboM6+m7vpaA+bxUr92qLGKS4vAH\nbyofrAAuwgGDAUc3tr0QRSFw8K25iPwFor3uwaBmB6Iy3tZPAwKUi58zf+z8eoS9\nNwjHfHnJpwVZGv6GhVtENg5mHgTMsSQgLczzLoFdeyzaJsUBdId4ndYetpf0d118\nDa0kaojNB2DzFzbJCT0qU2/2+EC2WxHTxsBZuMGLR5QaoY0YFeMv0uyigT/5Zug5\nQKiyogjzJZVwJ4clxSpU62dTNkQJkOZhHrc97AxBFOD/cDInaeYwAPx9jptGYHNu\nIO8CggEBANlKGy1dBppNVKdThABzjbRWef3LCuBucqqTTMZqSH7usXSggGPvpwMH\nbQ+LKOl3Ey9h6862C6yiwnAuzE64IWEfNMC0BsAZhVfikiZpp0S4TNTzcFcodpXN\nN2VxQQLFnH26ioMJHgYrlbEHFXq4cCEpORYypyfgmC+tmgzWBY59DA6JGGkPS3a/\np2pQNuun/0JCsYVBIU78/usHfED0uEf1vtQT1AJsW6EwJzmNWblKr9zEGN0yv9Xl\n8e/jx6EJFjIAQkNB9q3Qyrlyo2STrY2D//4NW5G2HGx4kb6PoZSMMA2S+iWMeNz8\nDpprs7EMq7bUISrVlS96NQeq4wKRo0E=\n-----END PRIVATE KEY-----\n",
            "public_key_fingerprint_md5": "ef:da:12:ce:eb:78:39:11:8b:74:e0:9e:af:db:11:42",
            "public_key_fingerprint_sha256": "SHA256:9aEvouKCfqgIue8yJFtH7wjDsVFWzDYqUuZci2loPgk",
            "public_key_openssh": "ssh-rsa AAAAB3NzaC1yc2EAAAADAQABAAACAQDB/WtZgomzo1+89dK/kvYxgSDBx9P9rNpci98BwZGQooMRdn+OpL/45ApCbdMSwLTPfh9Y6D9Hu0I14FFeCdL4k2QWGp+6LXPtaL7dlqGLCJia8/JWGM8ceDSyeixOzZWPssJg/oxy3ihGUZUFxlsoJMY7HGzGJ58xFQI8HP6kIF14njyDNno/IIV8e1G5diaYJE2MlgblXMS9+Zxpqn4UZCsWsjGRDJnZws4ZFSJ/dquiVX11O9zvIcfXzP/qwtN6M9dzWSRt5q6jCvieBkzPoJRJ8N+K35h7akFhr4u1zRsrSyzSqq7S7WpFxbYJZRhPhQduL51+NJoy4CRjAdly3arReQtH/HcSQZ5jiX85Iv55rUA4JtuP2DazncttC5tbRa7rArxA1k7ozU9s8KOXt111hqD982CloboQKR9aXcdd4uhZ5VV3GljdzeOEn5UccH8oZD2mxZ2FyhrWbweA6rLBGnebYDMqu1d4pyznCntpYI1eiTS13WZDZXt5I+0+dsnik2MLLu9rpG4pBZ+c/AH+t2gvYorDT820DumN28qxblSoUw67LE/9zRzL2tWqgAR5WeC3fWCqDH7RmJkTGUdKNeGzyUZi+K/UfdOHCi+sSCy/ZWq1O1pxor2exqUnbcIhmRibOb2Mybbw1emZLgAlIdCoFunmvOMMaPulFQ==\n",
            "public_key_pem": "-----BEGIN PUBLIC KEY-----\nMIICIjANBgkqhkiG9w0BAQEFAAOCAg8AMIICCgKCAgEAwf1rWYKJs6NfvPXSv5L2\nMYEgwcfT/azaXIvfAcGRkKKDEXZ/jqS/+OQKQm3TEsC0z34fWOg/R7tCNeBRXgnS\n+JNkFhqfui1z7Wi+3ZahiwiYmvPyVhjPHHg0snosTs2Vj7LCYP6Mct4oRlGVBcZb\nKCTGOxxsxiefMRUCPBz+pCBdeJ48gzZ6PyCFfHtRuXYmmCRNjJYG5VzEvfmcaap+\nFGQrFrIxkQyZ2cLOGRUif3arolV9dTvc7yHH18z/6sLTejPXc1kkbeauowr4ngZM\nz6CUSfDfit+Ye2pBYa+Ltc0bK0ss0qqu0u1qRcW2CWUYT4UHbi+dfjSaMuAkYwHZ\nct2q0XkLR/x3EkGeY4l/OSL+ea1AOCbbj9g2s53LbQubW0Wu6wK8QNZO6M1PbPCj\nl7dddYag/fNgpaG6ECkfWl3HXeLoWeVVdxpY3c3jhJ+VHHB/KGQ9psWdhcoa1m8H\ngOqywRp3m2AzKrtXeKcs5wp7aWCNXok0td1mQ2V7eSPtPnbJ4pNjCy7va6RuKQWf\nnPwB/rdoL2KKw0/NtA7pjdvKsW5UqFMOuyxP/c0cy9rVqoAEeVngt31gqgx+0ZiZ\nExlHSjXhs8lGYviv1H3ThwovrEgsv2VqtTtacaK9nsalJ23CIZkYmzm9jMm28NXp\nmS4AJSHQqBbp5rzjDGj7pRUCAwEAAQ==\n-----END PUBLIC KEY-----\n",
            "rsa_bits": 4096
          },
          "sensitive_attributes": []
        }
      ]
    }
  ],
  "check_results": null
}
