{
  "version": 4,
  "terraform_version": "1.5.4",
  "serial": 298,
  "lineage": "7d5ede0a-5f11-2c2a-0cc6-327f0787891e",
  "outputs": {},
  "resources": [
    {
      "mode": "data",
      "type": "aws_availability_zones",
      "name": "available",
      "provider": "provider[\"registry.terraform.io/hashicorp/aws\"]",
      "instances": [
        {
          "schema_version": 0,
          "attributes": {
            "all_availability_zones": null,
            "exclude_names": null,
            "exclude_zone_ids": null,
            "filter": null,
            "group_names": [
              "eu-west-3"
            ],
            "id": "eu-west-3",
            "names": [
              "eu-west-3a",
              "eu-west-3b",
              "eu-west-3c"
            ],
            "state": "available",
            "timeouts": null,
            "zone_ids": [
              "euw3-az1",
              "euw3-az2",
              "euw3-az3"
            ]
          },
          "sensitive_attributes": []
        }
      ]
    },
    {
      "mode": "managed",
      "type": "aws_db_instance",
      "name": "omega_database",
      "provider": "provider[\"registry.terraform.io/hashicorp/aws\"]",
      "instances": [
        {
          "schema_version": 2,
          "attributes": {
            "address": "rds-postgres.cxlvqur3ju21.eu-west-3.rds.amazonaws.com",
            "allocated_storage": 10,
            "allow_major_version_upgrade": null,
            "apply_immediately": false,
            "arn": "arn:aws:rds:eu-west-3:552239912540:db:rds-postgres",
            "auto_minor_version_upgrade": true,
            "availability_zone": "eu-west-3a",
            "backup_retention_period": 0,
            "backup_target": "region",
            "backup_window": "10:23-10:53",
            "blue_green_update": [],
            "ca_cert_identifier": "rds-ca-2019",
            "character_set_name": "",
            "copy_tags_to_snapshot": false,
            "custom_iam_instance_profile": "",
            "customer_owned_ip_enabled": false,
            "db_name": "omega_db",
            "db_subnet_group_name": "terraform-20230816132754444000000001",
            "delete_automated_backups": true,
            "deletion_protection": false,
            "domain": "",
            "domain_iam_role_name": "",
            "enabled_cloudwatch_logs_exports": null,
            "endpoint": "rds-postgres.cxlvqur3ju21.eu-west-3.rds.amazonaws.com:5432",
            "engine": "postgres",
            "engine_version": "14",
            "engine_version_actual": "14.8",
            "final_snapshot_identifier": null,
            "hosted_zone_id": "ZMESEXB7ZGGQ3",
            "iam_database_authentication_enabled": false,
            "id": "db-MPMHO25R5CAQNSTQHLE7NGQYE4",
            "identifier": "rds-postgres",
            "identifier_prefix": "",
            "instance_class": "db.t3.micro",
            "iops": 0,
            "kms_key_id": "",
            "latest_restorable_time": "",
            "license_model": "postgresql-license",
            "listener_endpoint": [],
            "maintenance_window": "thu:06:51-thu:07:21",
            "manage_master_user_password": null,
            "master_user_secret": [],
            "master_user_secret_kms_key_id": null,
            "max_allocated_storage": 0,
            "monitoring_interval": 0,
            "monitoring_role_arn": "",
            "multi_az": false,
            "nchar_character_set_name": "",
            "network_type": "IPV4",
            "option_group_name": "default:postgres-14",
            "parameter_group_name": "default.postgres14",
            "password": "postgres",
            "performance_insights_enabled": false,
            "performance_insights_kms_key_id": "",
            "performance_insights_retention_period": 0,
            "port": 5432,
            "publicly_accessible": false,
            "replica_mode": "",
            "replicas": [],
            "replicate_source_db": "",
            "resource_id": "db-MPMHO25R5CAQNSTQHLE7NGQYE4",
            "restore_to_point_in_time": [],
            "s3_import": [],
            "skip_final_snapshot": true,
            "snapshot_identifier": null,
            "status": "available",
            "storage_encrypted": false,
            "storage_throughput": 0,
            "storage_type": "gp2",
            "tags": {
              "Name": "omega_db"
            },
            "tags_all": {
              "Name": "omega_db"
            },
            "timeouts": null,
            "timezone": "",
            "username": "postgres",
            "vpc_security_group_ids": [
              "sg-0b899de6d542047b4"
            ]
          },
          "sensitive_attributes": [],
          "private": "eyJlMmJmYjczMC1lY2FhLTExZTYtOGY4OC0zNDM2M2JjN2M0YzAiOnsiY3JlYXRlIjoyNDAwMDAwMDAwMDAwLCJkZWxldGUiOjM2MDAwMDAwMDAwMDAsInVwZGF0ZSI6NDgwMDAwMDAwMDAwMH0sInNjaGVtYV92ZXJzaW9uIjoiMiJ9",
          "dependencies": [
            "aws_db_subnet_group.omega_db_subnet_group",
            "aws_security_group.omega_backend_sg",
            "aws_security_group.omega_db_sg",
            "aws_subnet.omega_private_subnet",
            "aws_vpc.vpc_rec",
            "data.aws_availability_zones.available"
          ]
        }
      ]
    },
    {
      "mode": "managed",
      "type": "aws_db_subnet_group",
      "name": "omega_db_subnet_group",
      "provider": "provider[\"registry.terraform.io/hashicorp/aws\"]",
      "instances": [
        {
          "schema_version": 0,
          "attributes": {
            "arn": "arn:aws:rds:eu-west-3:552239912540:subgrp:terraform-20230816132754444000000001",
            "description": "Groupe securité subnet",
            "id": "terraform-20230816132754444000000001",
            "name": "terraform-20230816132754444000000001",
            "name_prefix": "terraform-",
            "subnet_ids": [
              "subnet-0019b29740234f6f7",
              "subnet-0f010588bf355f6d3"
            ],
            "supported_network_types": [
              "IPV4"
            ],
            "tags": {
              "Name": "omega_db_subnet_group"
            },
            "tags_all": {
              "Name": "omega_db_subnet_group"
            },
            "vpc_id": "vpc-0aa85a2736482b8d2"
          },
          "sensitive_attributes": [],
          "private": "bnVsbA==",
          "dependencies": [
            "aws_subnet.omega_private_subnet",
            "aws_vpc.vpc_rec",
            "data.aws_availability_zones.available"
          ]
        }
      ]
    },
    {
      "mode": "managed",
      "type": "aws_eip",
      "name": "omega_eip",
      "provider": "provider[\"registry.terraform.io/hashicorp/aws\"]",
      "instances": [
        {
          "index_key": 0,
          "schema_version": 0,
          "attributes": {
            "address": null,
            "allocation_id": "eipalloc-0a2328da70b3a736f",
            "associate_with_private_ip": null,
            "association_id": "eipassoc-0833a2de37204ed64",
            "carrier_ip": "",
            "customer_owned_ip": "",
            "customer_owned_ipv4_pool": "",
            "domain": "vpc",
            "id": "eipalloc-0a2328da70b3a736f",
            "instance": "i-06a0ad3cb356aea39",
            "network_border_group": "eu-west-3",
            "network_interface": "eni-07a4ce4a0da451426",
            "private_dns": "ip-10-0-1-128.eu-west-3.compute.internal",
            "private_ip": "10.0.1.128",
            "public_dns": "ec2-13-38-158-179.eu-west-3.compute.amazonaws.com",
            "public_ip": "13.38.158.179",
            "public_ipv4_pool": "amazon",
            "tags": {
              "Name": "omega_eip_0"
            },
            "tags_all": {
              "Name": "omega_eip_0"
            },
            "timeouts": null,
            "vpc": true
          },
          "sensitive_attributes": [],
          "private": "eyJlMmJmYjczMC1lY2FhLTExZTYtOGY4OC0zNDM2M2JjN2M0YzAiOnsiZGVsZXRlIjoxODAwMDAwMDAwMDAsInJlYWQiOjkwMDAwMDAwMDAwMCwidXBkYXRlIjozMDAwMDAwMDAwMDB9fQ==",
          "dependencies": [
            "aws_instance.ec2_omega_backend",
            "aws_key_pair.priv_backend_key_pair",
            "aws_security_group.omega_backend_sg",
            "aws_subnet.omega_public_subnet",
            "aws_vpc.vpc_rec",
            "data.aws_availability_zones.available",
            "tls_private_key.priv_backend_key"
          ]
        }
      ]
    },
    {
      "mode": "managed",
      "type": "aws_eip",
      "name": "omega_eip_frontend",
      "provider": "provider[\"registry.terraform.io/hashicorp/aws\"]",
      "instances": []
    },
    {
      "mode": "managed",
      "type": "aws_instance",
      "name": "ec2_omega_backend",
      "provider": "provider[\"registry.terraform.io/hashicorp/aws\"]",
      "instances": [
        {
          "index_key": 0,
          "schema_version": 1,
          "attributes": {
            "ami": "ami-07e67bd6b5d9fd892",
            "arn": "arn:aws:ec2:eu-west-3:552239912540:instance/i-06a0ad3cb356aea39",
            "associate_public_ip_address": false,
            "availability_zone": "eu-west-3a",
            "capacity_reservation_specification": [
              {
                "capacity_reservation_preference": "open",
                "capacity_reservation_target": []
              }
            ],
            "cpu_core_count": 1,
            "cpu_options": [
              {
                "amd_sev_snp": "",
                "core_count": 1,
                "threads_per_core": 1
              }
            ],
            "cpu_threads_per_core": 1,
            "credit_specification": [
              {
                "cpu_credits": "standard"
              }
            ],
            "disable_api_stop": false,
            "disable_api_termination": false,
            "ebs_block_device": [],
            "ebs_optimized": false,
            "enclave_options": [
              {
                "enabled": false
              }
            ],
            "ephemeral_block_device": [],
            "get_password_data": false,
            "hibernation": false,
            "host_id": "",
            "host_resource_group_arn": null,
            "iam_instance_profile": "",
            "id": "i-06a0ad3cb356aea39",
            "instance_initiated_shutdown_behavior": "stop",
            "instance_lifecycle": "",
            "instance_market_options": [],
            "instance_state": "running",
            "instance_type": "t2.micro",
            "ipv6_address_count": 0,
            "ipv6_addresses": [],
            "key_name": "omega_back_end_key",
            "launch_template": [],
            "maintenance_options": [
              {
                "auto_recovery": "default"
              }
            ],
            "metadata_options": [
              {
                "http_endpoint": "enabled",
                "http_put_response_hop_limit": 2,
                "http_tokens": "required",
                "instance_metadata_tags": "disabled"
              }
            ],
            "monitoring": false,
            "network_interface": [],
            "outpost_arn": "",
            "password_data": "",
            "placement_group": "",
            "placement_partition_number": 0,
            "primary_network_interface_id": "eni-07a4ce4a0da451426",
            "private_dns": "ip-10-0-1-128.eu-west-3.compute.internal",
            "private_dns_name_options": [
              {
                "enable_resource_name_dns_a_record": false,
                "enable_resource_name_dns_aaaa_record": false,
                "hostname_type": "ip-name"
              }
            ],
            "private_ip": "10.0.1.128",
            "public_dns": "",
            "public_ip": "",
            "root_block_device": [
              {
                "delete_on_termination": true,
                "device_name": "/dev/xvda",
                "encrypted": false,
                "iops": 3000,
                "kms_key_id": "",
                "tags": {},
                "throughput": 125,
                "volume_id": "vol-01e45fb833c858a99",
                "volume_size": 8,
                "volume_type": "gp3"
              }
            ],
            "secondary_private_ips": [],
            "security_groups": [],
            "source_dest_check": true,
            "spot_instance_request_id": "",
            "subnet_id": "subnet-093f5a732d1e48e80",
            "tags": {
              "Name": "ec2_omega_backend"
            },
            "tags_all": {
              "Name": "ec2_omega_backend"
            },
            "tenancy": "default",
            "timeouts": null,
            "user_data": null,
            "user_data_base64": null,
            "user_data_replace_on_change": false,
            "volume_tags": null,
            "vpc_security_group_ids": [
              "sg-03cc85df4538d2d34"
            ]
          },
          "sensitive_attributes": [],
          "private": "eyJlMmJmYjczMC1lY2FhLTExZTYtOGY4OC0zNDM2M2JjN2M0YzAiOnsiY3JlYXRlIjo2MDAwMDAwMDAwMDAsImRlbGV0ZSI6MTIwMDAwMDAwMDAwMCwidXBkYXRlIjo2MDAwMDAwMDAwMDB9LCJzY2hlbWFfdmVyc2lvbiI6IjEifQ==",
          "dependencies": [
            "aws_key_pair.priv_backend_key_pair",
            "aws_security_group.omega_backend_sg",
            "aws_subnet.omega_public_subnet",
            "aws_vpc.vpc_rec",
            "data.aws_availability_zones.available",
            "tls_private_key.priv_backend_key"
          ]
        }
      ]
    },
    {
      "mode": "managed",
      "type": "aws_instance",
      "name": "omega_frontend",
      "provider": "provider[\"registry.terraform.io/hashicorp/aws\"]",
      "instances": []
    },
    {
      "mode": "managed",
      "type": "aws_internet_gateway",
      "name": "rec_igw",
      "provider": "provider[\"registry.terraform.io/hashicorp/aws\"]",
      "instances": [
        {
          "schema_version": 0,
          "attributes": {
            "arn": "arn:aws:ec2:eu-west-3:552239912540:internet-gateway/igw-049953a0a583fcf91",
            "id": "igw-049953a0a583fcf91",
            "owner_id": "552239912540",
            "tags": {
              "Name": "gateway_recette"
            },
            "tags_all": {
              "Name": "gateway_recette"
            },
            "timeouts": null,
            "vpc_id": "vpc-0aa85a2736482b8d2"
          },
          "sensitive_attributes": [],
          "private": "eyJlMmJmYjczMC1lY2FhLTExZTYtOGY4OC0zNDM2M2JjN2M0YzAiOnsiY3JlYXRlIjoxMjAwMDAwMDAwMDAwLCJkZWxldGUiOjEyMDAwMDAwMDAwMDAsInVwZGF0ZSI6MTIwMDAwMDAwMDAwMH19",
          "dependencies": [
            "aws_vpc.vpc_rec"
          ]
        }
      ]
    },
    {
      "mode": "managed",
      "type": "aws_key_pair",
      "name": "priv_backend_key_pair",
      "provider": "provider[\"registry.terraform.io/hashicorp/aws\"]",
      "instances": [
        {
          "schema_version": 1,
          "attributes": {
            "arn": "arn:aws:ec2:eu-west-3:552239912540:key-pair/omega_back_end_key",
            "fingerprint": "f3:f8:0a:c6:ee:e0:c8:93:19:e8:5f:06:f6:85:e3:66",
            "id": "omega_back_end_key",
            "key_name": "omega_back_end_key",
            "key_name_prefix": "",
            "key_pair_id": "key-06ab7c1cabcb15227",
            "key_type": "rsa",
            "public_key": "ssh-rsa AAAAB3NzaC1yc2EAAAADAQABAAACAQDfo9iI2AoUpGkEDAdJfw5MVrw2A2yCcDIg7SJYFWDD/82xQlLsgN/hb9T/Z6KcRvAIsKTKJq1OQW3Ssj7i/eTQYnT+2bIVfV5f9qypu43dnBbC5xbixYzrGH4qWkkqgOr0TTu4Y3VWPTz46NXkd1VgOn/6CdTDVGUpBUD+Bakb45do1fIGNbaOOycAR98G0HLqAIjoSSHVS7vYEeh5yz/W9syaP28ppn7L9a9F3IsFSPIoxGICGekU9aBPruo6LcXFDMepuM96/yOFuugVqjb4pWc6a6c03jr7PeKTpwZUgL+uaDfLqqG3t04/41s2JTz+MuQpHgyvZjwDnw4LVayTs/rnsKya9/o+eQcl75ydiNrOb5q19cOJqIE6/QyDwmscQe3xQqcBZnlJOiqGWB932iqSZbIgT2M3t4cKWET+AztypfhueDr04WpGAH4IxMsg2Dr8zvpxRJsoyyME+IOWGyD0yQPtHRzWwz4+3cjVMGPX7P3oaeYwR9diFh2RaOn9SgSe01ttae/1ljwVDNziXRE0JyyATQCasoJv16mpV1x7vrhZ8473DUJG5MRwzcXUJupjPqAOt1fOUfY3BeEd8Tm1+58QC+44E3QXSC5IBG3p3ii+OGu/d+x3qbqeDtHbSpbmpRegnyI712A4+b0diABfvqtjfn0mhSEcBSg7tQ==",
            "tags": null,
            "tags_all": {}
          },
          "sensitive_attributes": [],
          "private": "eyJzY2hlbWFfdmVyc2lvbiI6IjEifQ==",
          "dependencies": [
            "tls_private_key.priv_backend_key"
          ]
        }
      ]
    },
    {
      "mode": "managed",
      "type": "aws_key_pair",
      "name": "priv_frontend_key_pair",
      "provider": "provider[\"registry.terraform.io/hashicorp/aws\"]",
      "instances": [
        {
          "status": "tainted",
          "schema_version": 1,
          "attributes": {
            "arn": "arn:aws:ec2:eu-west-3:552239912540:key-pair/omega_front_end_key",
            "fingerprint": "b0:1a:17:80:c3:09:ec:f9:40:3f:86:27:e3:82:48:77",
            "id": "omega_front_end_key",
            "key_name": "omega_front_end_key",
            "key_name_prefix": "",
            "key_pair_id": "key-0cb0401962b85ffd8",
            "key_type": "rsa",
            "public_key": "ssh-rsa AAAAB3NzaC1yc2EAAAADAQABAAACAQDvTgccQuUDt0AJCDMnOh6OlCu0Tv/QdQOOUlFzZBTrAL2zBPv+6/RiplXQd0z15v+lzyti4yKnNkssSrdEhWUhGrcAZM4uQu9tScEuR7BaP+SNASr3tnPBWhuGZql47HMRtC6/QWodyE1PZ6XQBNrnmAz8mQnjtKier1+Klq3cJR0LTMV/dQoDloEMm7WtfgTfs7d/lnDH0bfOF8Qd6sPQ+YX76UaN+aGZAV5C5nBVs+eVWAunOokZRaVtt9+/OINqOSOfdVBUmHZy1GZW0gOqxzlvKlCp/159lzp7HRGZ1WPFnVA8V2h6u5DUhCbwyb190l6mJ0z/YLbExHCGWe4W52WxI5NB0HFiekC7V+lH/YrDmDTOFgIlviRfBZY68IXTq2phW0c702VHvTkEVPONLbdXyEkU0HB6uLQ8fhfxqPi1vBJGKfr7uWDbj88JjUCAKC8EvHkceOf3EopAnPsppsOg55lJ1/FQYg0d1X0O/1y7Q+kwbU3dOA6poCfBY071IwXQBM77oeZFiCqRU2k+LDYINdOtKHQUFhr/uVZyjGOFTXrzfS74cuMYrnq9GI4qJNLOLC/L7V7tBmiqxO4sDq5YcAYNx2qtdcIWpM0CEm7YUj2vRpxz/6CUug9hja5vLeIpfbYFge50N2UGu7QnC+PFWsuFvWIBkyULqOZbhQ==",
            "tags": null,
            "tags_all": {}
          },
          "sensitive_attributes": [],
          "private": "eyJzY2hlbWFfdmVyc2lvbiI6IjEifQ==",
          "dependencies": [
            "tls_private_key.priv_frontend_key"
          ]
        }
      ]
    },
    {
      "mode": "managed",
      "type": "aws_route_table",
      "name": "omega_private_rt",
      "provider": "provider[\"registry.terraform.io/hashicorp/aws\"]",
      "instances": [
        {
          "schema_version": 0,
          "attributes": {
            "arn": "arn:aws:ec2:eu-west-3:552239912540:route-table/rtb-03b1ae9a4524eb348",
            "id": "rtb-03b1ae9a4524eb348",
            "owner_id": "552239912540",
            "propagating_vgws": [],
            "route": [],
            "tags": null,
            "tags_all": {},
            "timeouts": null,
            "vpc_id": "vpc-0aa85a2736482b8d2"
          },
          "sensitive_attributes": [],
          "private": "eyJlMmJmYjczMC1lY2FhLTExZTYtOGY4OC0zNDM2M2JjN2M0YzAiOnsiY3JlYXRlIjozMDAwMDAwMDAwMDAsImRlbGV0ZSI6MzAwMDAwMDAwMDAwLCJ1cGRhdGUiOjEyMDAwMDAwMDAwMH19",
          "dependencies": [
            "aws_vpc.vpc_rec"
          ]
        }
      ]
    },
    {
      "mode": "managed",
      "type": "aws_route_table",
      "name": "omega_public_rt",
      "provider": "provider[\"registry.terraform.io/hashicorp/aws\"]",
      "instances": [
        {
          "schema_version": 0,
          "attributes": {
            "arn": "arn:aws:ec2:eu-west-3:552239912540:route-table/rtb-00d5af0b7156d8b73",
            "id": "rtb-00d5af0b7156d8b73",
            "owner_id": "552239912540",
            "propagating_vgws": [],
            "route": [
              {
                "carrier_gateway_id": "",
                "cidr_block": "0.0.0.0/0",
                "core_network_arn": "",
                "destination_prefix_list_id": "",
                "egress_only_gateway_id": "",
                "gateway_id": "igw-049953a0a583fcf91",
                "ipv6_cidr_block": "",
                "local_gateway_id": "",
                "nat_gateway_id": "",
                "network_interface_id": "",
                "transit_gateway_id": "",
                "vpc_endpoint_id": "",
                "vpc_peering_connection_id": ""
              }
            ],
            "tags": null,
            "tags_all": {},
            "timeouts": null,
            "vpc_id": "vpc-0aa85a2736482b8d2"
          },
          "sensitive_attributes": [],
          "private": "eyJlMmJmYjczMC1lY2FhLTExZTYtOGY4OC0zNDM2M2JjN2M0YzAiOnsiY3JlYXRlIjozMDAwMDAwMDAwMDAsImRlbGV0ZSI6MzAwMDAwMDAwMDAwLCJ1cGRhdGUiOjEyMDAwMDAwMDAwMH19",
          "dependencies": [
            "aws_internet_gateway.rec_igw",
            "aws_vpc.vpc_rec"
          ]
        }
      ]
    },
    {
      "mode": "managed",
      "type": "aws_route_table_association",
      "name": "private",
      "provider": "provider[\"registry.terraform.io/hashicorp/aws\"]",
      "instances": [
        {
          "index_key": 0,
          "schema_version": 0,
          "attributes": {
            "gateway_id": "",
            "id": "rtbassoc-09d71f9d45235730c",
            "route_table_id": "rtb-03b1ae9a4524eb348",
            "subnet_id": "subnet-0f010588bf355f6d3",
            "timeouts": null
          },
          "sensitive_attributes": [],
          "private": "eyJlMmJmYjczMC1lY2FhLTExZTYtOGY4OC0zNDM2M2JjN2M0YzAiOnsiY3JlYXRlIjozMDAwMDAwMDAwMDAsImRlbGV0ZSI6MzAwMDAwMDAwMDAwLCJ1cGRhdGUiOjEyMDAwMDAwMDAwMH19",
          "dependencies": [
            "aws_route_table.omega_private_rt",
            "aws_subnet.omega_private_subnet",
            "aws_vpc.vpc_rec",
            "data.aws_availability_zones.available"
          ]
        },
        {
          "index_key": 1,
          "schema_version": 0,
          "attributes": {
            "gateway_id": "",
            "id": "rtbassoc-02e49e2281cba8c36",
            "route_table_id": "rtb-03b1ae9a4524eb348",
            "subnet_id": "subnet-0019b29740234f6f7",
            "timeouts": null
          },
          "sensitive_attributes": [],
          "private": "eyJlMmJmYjczMC1lY2FhLTExZTYtOGY4OC0zNDM2M2JjN2M0YzAiOnsiY3JlYXRlIjozMDAwMDAwMDAwMDAsImRlbGV0ZSI6MzAwMDAwMDAwMDAwLCJ1cGRhdGUiOjEyMDAwMDAwMDAwMH19",
          "dependencies": [
            "aws_route_table.omega_private_rt",
            "aws_subnet.omega_private_subnet",
            "aws_vpc.vpc_rec",
            "data.aws_availability_zones.available"
          ]
        }
      ]
    },
    {
      "mode": "managed",
      "type": "aws_route_table_association",
      "name": "public",
      "provider": "provider[\"registry.terraform.io/hashicorp/aws\"]",
      "instances": [
        {
          "index_key": 0,
          "schema_version": 0,
          "attributes": {
            "gateway_id": "",
            "id": "rtbassoc-0663c364e9ac2648a",
            "route_table_id": "rtb-00d5af0b7156d8b73",
            "subnet_id": "subnet-093f5a732d1e48e80",
            "timeouts": null
          },
          "sensitive_attributes": [],
          "private": "eyJlMmJmYjczMC1lY2FhLTExZTYtOGY4OC0zNDM2M2JjN2M0YzAiOnsiY3JlYXRlIjozMDAwMDAwMDAwMDAsImRlbGV0ZSI6MzAwMDAwMDAwMDAwLCJ1cGRhdGUiOjEyMDAwMDAwMDAwMH19",
          "dependencies": [
            "aws_internet_gateway.rec_igw",
            "aws_route_table.omega_public_rt",
            "aws_subnet.omega_public_subnet",
            "aws_vpc.vpc_rec",
            "data.aws_availability_zones.available"
          ]
        }
      ]
    },
    {
      "mode": "managed",
      "type": "aws_security_group",
      "name": "omega_backend_sg",
      "provider": "provider[\"registry.terraform.io/hashicorp/aws\"]",
      "instances": [
        {
          "schema_version": 1,
          "attributes": {
            "arn": "arn:aws:ec2:eu-west-3:552239912540:security-group/sg-03cc85df4538d2d34",
            "description": "Groupe securite omega",
            "egress": [
              {
                "cidr_blocks": [
                  "0.0.0.0/0"
                ],
                "description": "Allow all outbound traffic",
                "from_port": 0,
                "ipv6_cidr_blocks": [],
                "prefix_list_ids": [],
                "protocol": "-1",
                "security_groups": [],
                "self": false,
                "to_port": 0
              }
            ],
            "id": "sg-03cc85df4538d2d34",
            "ingress": [
              {
                "cidr_blocks": [
                  "0.0.0.0/0"
                ],
                "description": "Allow SSH from my computer",
                "from_port": 20,
                "ipv6_cidr_blocks": [],
                "prefix_list_ids": [],
                "protocol": "tcp",
                "security_groups": [],
                "self": false,
                "to_port": 20
              },
              {
                "cidr_blocks": [
                  "0.0.0.0/0"
                ],
                "description": "Allow all trafic through HTTP",
                "from_port": 80,
                "ipv6_cidr_blocks": [],
                "prefix_list_ids": [],
                "protocol": "tcp",
                "security_groups": [],
                "self": false,
                "to_port": 80
              }
            ],
            "name": "omega_backend_sg",
            "name_prefix": "",
            "owner_id": "552239912540",
            "revoke_rules_on_delete": false,
            "tags": {
              "Name": "Omega Security Group"
            },
            "tags_all": {
              "Name": "Omega Security Group"
            },
            "timeouts": null,
            "vpc_id": "vpc-0aa85a2736482b8d2"
          },
          "sensitive_attributes": [],
          "private": "eyJlMmJmYjczMC1lY2FhLTExZTYtOGY4OC0zNDM2M2JjN2M0YzAiOnsiY3JlYXRlIjo2MDAwMDAwMDAwMDAsImRlbGV0ZSI6OTAwMDAwMDAwMDAwfSwic2NoZW1hX3ZlcnNpb24iOiIxIn0=",
          "dependencies": [
            "aws_vpc.vpc_rec"
          ]
        }
      ]
    },
    {
      "mode": "managed",
      "type": "aws_security_group",
      "name": "omega_db_sg",
      "provider": "provider[\"registry.terraform.io/hashicorp/aws\"]",
      "instances": [
        {
          "schema_version": 1,
          "attributes": {
            "arn": "arn:aws:ec2:eu-west-3:552239912540:security-group/sg-0b899de6d542047b4",
            "description": "Groupe securite omega db",
            "egress": [],
            "id": "sg-0b899de6d542047b4",
            "ingress": [
              {
                "cidr_blocks": [],
                "description": "Allow postgresdatabase traffic from only the web sg",
                "from_port": 5432,
                "ipv6_cidr_blocks": [],
                "prefix_list_ids": [],
                "protocol": "tcp",
                "security_groups": [
                  "sg-03cc85df4538d2d34"
                ],
                "self": false,
                "to_port": 5432
              }
            ],
            "name": "omega_db_sg",
            "name_prefix": "",
            "owner_id": "552239912540",
            "revoke_rules_on_delete": false,
            "tags": {
              "Name": "sg_db_omega"
            },
            "tags_all": {
              "Name": "sg_db_omega"
            },
            "timeouts": null,
            "vpc_id": "vpc-0aa85a2736482b8d2"
          },
          "sensitive_attributes": [],
          "private": "eyJlMmJmYjczMC1lY2FhLTExZTYtOGY4OC0zNDM2M2JjN2M0YzAiOnsiY3JlYXRlIjo2MDAwMDAwMDAwMDAsImRlbGV0ZSI6OTAwMDAwMDAwMDAwfSwic2NoZW1hX3ZlcnNpb24iOiIxIn0=",
          "dependencies": [
            "aws_security_group.omega_backend_sg",
            "aws_vpc.vpc_rec"
          ]
        }
      ]
    },
    {
      "mode": "managed",
      "type": "aws_security_group",
      "name": "omega_frontend_sg",
      "provider": "provider[\"registry.terraform.io/hashicorp/aws\"]",
      "instances": [
        {
          "schema_version": 1,
          "attributes": {
            "arn": "arn:aws:ec2:eu-west-3:552239912540:security-group/sg-05cdcc192ecc8bdd5",
            "description": "Groupe securite omega frontend",
            "egress": [
              {
                "cidr_blocks": [
                  "0.0.0.0/0"
                ],
                "description": "Allow all outbound traffic",
                "from_port": 0,
                "ipv6_cidr_blocks": [],
                "prefix_list_ids": [],
                "protocol": "-1",
                "security_groups": [],
                "self": false,
                "to_port": 0
              }
            ],
            "id": "sg-05cdcc192ecc8bdd5",
            "ingress": [
              {
                "cidr_blocks": [
                  "0.0.0.0/0"
                ],
                "description": "Allow SSH from my computer",
                "from_port": 22,
                "ipv6_cidr_blocks": [],
                "prefix_list_ids": [],
                "protocol": "tcp",
                "security_groups": [],
                "self": false,
                "to_port": 22
              },
              {
                "cidr_blocks": [
                  "0.0.0.0/0"
                ],
                "description": "Allow all traffic through HTTP",
                "from_port": 80,
                "ipv6_cidr_blocks": [],
                "prefix_list_ids": [],
                "protocol": "tcp",
                "security_groups": [],
                "self": false,
                "to_port": 80
              }
            ],
            "name": "omega_frontend_sg",
            "name_prefix": "",
            "owner_id": "552239912540",
            "revoke_rules_on_delete": false,
            "tags": {
              "Name": "sg_omega_frontend"
            },
            "tags_all": {
              "Name": "sg_omega_frontend"
            },
            "timeouts": null,
            "vpc_id": "vpc-0aa85a2736482b8d2"
          },
          "sensitive_attributes": [],
          "private": "eyJlMmJmYjczMC1lY2FhLTExZTYtOGY4OC0zNDM2M2JjN2M0YzAiOnsiY3JlYXRlIjo2MDAwMDAwMDAwMDAsImRlbGV0ZSI6OTAwMDAwMDAwMDAwfSwic2NoZW1hX3ZlcnNpb24iOiIxIn0=",
          "dependencies": [
            "aws_vpc.vpc_rec"
          ]
        }
      ]
    },
    {
      "mode": "managed",
      "type": "aws_subnet",
      "name": "omega_private_subnet",
      "provider": "provider[\"registry.terraform.io/hashicorp/aws\"]",
      "instances": [
        {
          "index_key": 0,
          "schema_version": 1,
          "attributes": {
            "arn": "arn:aws:ec2:eu-west-3:552239912540:subnet/subnet-0f010588bf355f6d3",
            "assign_ipv6_address_on_creation": false,
            "availability_zone": "eu-west-3a",
            "availability_zone_id": "euw3-az1",
            "cidr_block": "10.0.101.0/24",
            "customer_owned_ipv4_pool": "",
            "enable_dns64": false,
            "enable_lni_at_device_index": 0,
            "enable_resource_name_dns_a_record_on_launch": false,
            "enable_resource_name_dns_aaaa_record_on_launch": false,
            "id": "subnet-0f010588bf355f6d3",
            "ipv6_cidr_block": "",
            "ipv6_cidr_block_association_id": "",
            "ipv6_native": false,
            "map_customer_owned_ip_on_launch": false,
            "map_public_ip_on_launch": false,
            "outpost_arn": "",
            "owner_id": "552239912540",
            "private_dns_hostname_type_on_launch": "ip-name",
            "tags": {
              "Name": "omega_private_subnet_0"
            },
            "tags_all": {
              "Name": "omega_private_subnet_0"
            },
            "timeouts": null,
            "vpc_id": "vpc-0aa85a2736482b8d2"
          },
          "sensitive_attributes": [],
          "private": "eyJlMmJmYjczMC1lY2FhLTExZTYtOGY4OC0zNDM2M2JjN2M0YzAiOnsiY3JlYXRlIjo2MDAwMDAwMDAwMDAsImRlbGV0ZSI6MTIwMDAwMDAwMDAwMH0sInNjaGVtYV92ZXJzaW9uIjoiMSJ9",
          "dependencies": [
            "aws_vpc.vpc_rec",
            "data.aws_availability_zones.available"
          ]
        },
        {
          "index_key": 1,
          "schema_version": 1,
          "attributes": {
            "arn": "arn:aws:ec2:eu-west-3:552239912540:subnet/subnet-0019b29740234f6f7",
            "assign_ipv6_address_on_creation": false,
            "availability_zone": "eu-west-3b",
            "availability_zone_id": "euw3-az2",
            "cidr_block": "10.0.102.0/24",
            "customer_owned_ipv4_pool": "",
            "enable_dns64": false,
            "enable_lni_at_device_index": 0,
            "enable_resource_name_dns_a_record_on_launch": false,
            "enable_resource_name_dns_aaaa_record_on_launch": false,
            "id": "subnet-0019b29740234f6f7",
            "ipv6_cidr_block": "",
            "ipv6_cidr_block_association_id": "",
            "ipv6_native": false,
            "map_customer_owned_ip_on_launch": false,
            "map_public_ip_on_launch": false,
            "outpost_arn": "",
            "owner_id": "552239912540",
            "private_dns_hostname_type_on_launch": "ip-name",
            "tags": {
              "Name": "omega_private_subnet_1"
            },
            "tags_all": {
              "Name": "omega_private_subnet_1"
            },
            "timeouts": null,
            "vpc_id": "vpc-0aa85a2736482b8d2"
          },
          "sensitive_attributes": [],
          "private": "eyJlMmJmYjczMC1lY2FhLTExZTYtOGY4OC0zNDM2M2JjN2M0YzAiOnsiY3JlYXRlIjo2MDAwMDAwMDAwMDAsImRlbGV0ZSI6MTIwMDAwMDAwMDAwMH0sInNjaGVtYV92ZXJzaW9uIjoiMSJ9",
          "dependencies": [
            "aws_vpc.vpc_rec",
            "data.aws_availability_zones.available"
          ]
        }
      ]
    },
    {
      "mode": "managed",
      "type": "aws_subnet",
      "name": "omega_public_subnet",
      "provider": "provider[\"registry.terraform.io/hashicorp/aws\"]",
      "instances": [
        {
          "index_key": 0,
          "schema_version": 1,
          "attributes": {
            "arn": "arn:aws:ec2:eu-west-3:552239912540:subnet/subnet-093f5a732d1e48e80",
            "assign_ipv6_address_on_creation": false,
            "availability_zone": "eu-west-3a",
            "availability_zone_id": "euw3-az1",
            "cidr_block": "10.0.1.0/24",
            "customer_owned_ipv4_pool": "",
            "enable_dns64": false,
            "enable_lni_at_device_index": 0,
            "enable_resource_name_dns_a_record_on_launch": false,
            "enable_resource_name_dns_aaaa_record_on_launch": false,
            "id": "subnet-093f5a732d1e48e80",
            "ipv6_cidr_block": "",
            "ipv6_cidr_block_association_id": "",
            "ipv6_native": false,
            "map_customer_owned_ip_on_launch": false,
            "map_public_ip_on_launch": false,
            "outpost_arn": "",
            "owner_id": "552239912540",
            "private_dns_hostname_type_on_launch": "ip-name",
            "tags": {
              "Name": "omega_public_subnet_0"
            },
            "tags_all": {
              "Name": "omega_public_subnet_0"
            },
            "timeouts": null,
            "vpc_id": "vpc-0aa85a2736482b8d2"
          },
          "sensitive_attributes": [],
          "private": "eyJlMmJmYjczMC1lY2FhLTExZTYtOGY4OC0zNDM2M2JjN2M0YzAiOnsiY3JlYXRlIjo2MDAwMDAwMDAwMDAsImRlbGV0ZSI6MTIwMDAwMDAwMDAwMH0sInNjaGVtYV92ZXJzaW9uIjoiMSJ9",
          "dependencies": [
            "aws_vpc.vpc_rec",
            "data.aws_availability_zones.available"
          ]
        }
      ]
    },
    {
      "mode": "managed",
      "type": "aws_vpc",
      "name": "vpc_rec",
      "provider": "provider[\"registry.terraform.io/hashicorp/aws\"]",
      "instances": [
        {
          "schema_version": 1,
          "attributes": {
            "arn": "arn:aws:ec2:eu-west-3:552239912540:vpc/vpc-0aa85a2736482b8d2",
            "assign_generated_ipv6_cidr_block": false,
            "cidr_block": "10.0.0.0/16",
            "default_network_acl_id": "acl-054664065e27da754",
            "default_route_table_id": "rtb-0afe2b591e6414acc",
            "default_security_group_id": "sg-0286b48372d9b42a0",
            "dhcp_options_id": "dopt-01687b134227ed1a0",
            "enable_dns_hostnames": true,
            "enable_dns_support": true,
            "enable_network_address_usage_metrics": false,
            "id": "vpc-0aa85a2736482b8d2",
            "instance_tenancy": "default",
            "ipv4_ipam_pool_id": null,
            "ipv4_netmask_length": null,
            "ipv6_association_id": "",
            "ipv6_cidr_block": "",
            "ipv6_cidr_block_network_border_group": "",
            "ipv6_ipam_pool_id": "",
            "ipv6_netmask_length": 0,
            "main_route_table_id": "rtb-0afe2b591e6414acc",
            "owner_id": "552239912540",
            "tags": {
              "Name": "recette"
            },
            "tags_all": {
              "Name": "recette"
            }
          },
          "sensitive_attributes": [],
          "private": "eyJzY2hlbWFfdmVyc2lvbiI6IjEifQ=="
        }
      ]
    },
    {
      "mode": "managed",
      "type": "tls_private_key",
      "name": "priv_backend_key",
      "provider": "provider[\"registry.terraform.io/hashicorp/tls\"]",
      "instances": [
        {
          "schema_version": 1,
          "attributes": {
            "algorithm": "RSA",
            "ecdsa_curve": "P224",
            "id": "a23f8bd686b5d01ca18b67d6bcff34288df63852",
            "private_key_openssh": "-----BEGIN OPENSSH PRIVATE KEY-----\nb3BlbnNzaC1rZXktdjEAAAAABG5vbmUAAAAEbm9uZQAAAAAAAAABAAACFwAAAAdz\nc2gtcnNhAAAAAwEAAQAAAgEA36PYiNgKFKRpBAwHSX8OTFa8NgNsgnAyIO0iWBVg\nw//NsUJS7IDf4W/U/2einEbwCLCkyiatTkFt0rI+4v3k0GJ0/tmyFX1eX/asqbuN\n3ZwWwucW4sWM6xh+KlpJKoDq9E07uGN1Vj08+OjV5HdVYDp/+gnUw1RlKQVA/gWp\nG+OXaNXyBjW2jjsnAEffBtBy6gCI6Ekh1Uu72BHoecs/1vbMmj9vKaZ+y/WvRdyL\nBUjyKMRiAhnpFPWgT67qOi3FxQzHqbjPev8jhbroFao2+KVnOmunNN46+z3ik6cG\nVIC/rmg3y6qht7dOP+NbNiU8/jLkKR4Mr2Y8A58OC1Wsk7P657Csmvf6PnkHJe+c\nnYjazm+atfXDiaiBOv0Mg8JrHEHt8UKnAWZ5SToqhlgfd9oqkmWyIE9jN7eHClhE\n/gM7cqX4bng69OFqRgB+CMTLINg6/M76cUSbKMsjBPiDlhsg9MkD7R0c1sM+Pt3I\n1TBj1+z96GnmMEfXYhYdkWjp/UoEntNbbWnv9ZY8FQzc4l0RNCcsgE0AmrKCb9ep\nqVdce764WfOO9w1CRuTEcM3F1CbqYz6gDrdXzlH2NwXhHfE5tfufEAvuOBN0F0gu\nSARt6d4ovjhrv3fsd6m6ng7R20qW5qUXoJ8iO9dgOPm9HYgAX76rY359JoUhHAUo\nO7UAAAc4q/GGdKvxhnQAAAAHc3NoLXJzYQAAAgEA36PYiNgKFKRpBAwHSX8OTFa8\nNgNsgnAyIO0iWBVgw//NsUJS7IDf4W/U/2einEbwCLCkyiatTkFt0rI+4v3k0GJ0\n/tmyFX1eX/asqbuN3ZwWwucW4sWM6xh+KlpJKoDq9E07uGN1Vj08+OjV5HdVYDp/\n+gnUw1RlKQVA/gWpG+OXaNXyBjW2jjsnAEffBtBy6gCI6Ekh1Uu72BHoecs/1vbM\nmj9vKaZ+y/WvRdyLBUjyKMRiAhnpFPWgT67qOi3FxQzHqbjPev8jhbroFao2+KVn\nOmunNN46+z3ik6cGVIC/rmg3y6qht7dOP+NbNiU8/jLkKR4Mr2Y8A58OC1Wsk7P6\n57Csmvf6PnkHJe+cnYjazm+atfXDiaiBOv0Mg8JrHEHt8UKnAWZ5SToqhlgfd9oq\nkmWyIE9jN7eHClhE/gM7cqX4bng69OFqRgB+CMTLINg6/M76cUSbKMsjBPiDlhsg\n9MkD7R0c1sM+Pt3I1TBj1+z96GnmMEfXYhYdkWjp/UoEntNbbWnv9ZY8FQzc4l0R\nNCcsgE0AmrKCb9epqVdce764WfOO9w1CRuTEcM3F1CbqYz6gDrdXzlH2NwXhHfE5\ntfufEAvuOBN0F0guSARt6d4ovjhrv3fsd6m6ng7R20qW5qUXoJ8iO9dgOPm9HYgA\nX76rY359JoUhHAUoO7UAAAADAQABAAACAQCzowZxlSczwYRhLdBEpvwzMZBoyoNE\nmx6I+DGYE0Pw6+6rLZ0yP6qViKDMrtAdO5XfRRR5FGws6b1veqGs70f2Yr+bXf3/\n6P3/k0LJ689ebNyTnc/yQ8CXrsrY9kDDFV6k8czApZNAvFvXjB8TLw+zBgp6K59t\nbsL7Gi9EXAOkVUHvgbqwZkDHKph/TzvEW3eSou9Vtjio/fZa7reP7UTQRNnAJKgE\nCqra5fPt5+L7UcbCHEylZ26j2VD18IhQRygOyd8vYzW1lG9SIfn+PQV+4E10zbg3\nbTJvURxIgedBxVEypJ/8xoiz61e9VcCUU4EUpohCxtJlqXcXaZF8ZUsCsS6lx+Ih\npltokHwFGNGzitZIc8wB77vYY0Mfc2pzKf9CjXVfGkPVsJhfdrDTRDIlvyi6/yna\nvsCKetdnus3GZa0ZFITzMDh1zotPKZ02PXs7mR7w6HHh1daY1ETZ9NE50qZ4mq23\nJkF5KGUwt/ytXIS+NO+E5KbS+8Wy/OB8DAfJFJv0o7w3+Dfr/mfzxAyKUdOd3GFK\nsWlG1D/aMhREswDodK7Ue2z5DihccnQrcJ4N/CsVY/xCpSbahqNn16PgOeKN1hka\nbTmAS5VpHgPnuu0XiHRe3yXkivHzJFHZAvDJpUCGhPOiavWrApCZeR6GkI+bOv8o\nlK2r7/Ha5lgTgQAAAQBzmOLKhSqPkW1GUP9q6o6mIE68/s/WmBj9KagUsg0odP4z\nfqz1bJbROaw16f1e8jGT3dwpC/GQleu5yBQQMXObxKHtCe+X+hcsfkNWfR96GCnw\ncGjGoo+VC4IuR2qUjr69givMCrOI0cTq4U9+4CfTp+natI1FE8/TRVx0sDx3C5Ro\nuDwvO8tsbDX20LZKEn2pgznylJjlpaTlW+4ggpecs8d0k+Og5w/9RqOGPPS/14Lw\nqkL4vDDWPv+4CFuJ/BX8w9A4VDSa+hqMMShL6rlTToxtKuzjK/PCqzqVFhO4bIDH\n+EDQqvp/H+uNrKLYr91/OwsRfrpml9j9x7YLtN42AAABAQDwlm08+rTZe+uYoE+n\nrnV/BdSB/WU2siUgX4k2dbucytVUAsRmhF6/QaRfz+iG7ucwlGrx3ABUI/EpztaY\ndnSeB0lMGD4AbLxAWnQ9HRh8/QoCny1Wwc4XGwnRsVYtayMPxiA+AwpColWGwR8m\nqlYm2rNau5apxlof4ALdCYCe0LJqbV7T00B7CVVUhGRpIbwcccEAEql/NLxDGvBG\nAaRPdRIDhg11t58fKJKbIqBAQ8zYiNPRWr75OfZV71YSy3T4ASXYhlHmKqgI3J2g\nWTyQ69KuWq5YRQqVkuxOlerHfSZQ7z3kP2IcM6YemgacwwsKyRNj2rFeqpdJt8Xj\ntYSFAAABAQDt93u2t7ygFBnN8tEVSt+RGmASLqxCn7a4r8J+A3VJ0xBfULjyQe8g\nkbx96nwaAv0t/Dp/JMo0SMqbhXpXDzMUPxIMnJW18nhb9luisn4QVvz4lzg2cx5y\nhjnI85BNv/VdWBxOXB4YV9MSdfDM/HzBapb4kaffwUMQ2BbWtiBtLTw5WQQ5JSBp\n4zsGsLSyAeeiWcsOmGiziT59//POPN+ZSBBK0K6n1M/2uvMsJjxVUqZgAl+RwURq\nJOMOIxx1U+1R3s1teiMaQiFh7us/zBGdDdAoz/Y9cKLPHnLEZ2KxvDCD/22rgURY\nHgxZfWCfLCm9J4YJg1ispSU9OzOaJNlxAAAAAAEC\n-----END OPENSSH PRIVATE KEY-----\n",
            "private_key_pem": "-----BEGIN RSA PRIVATE KEY-----\nMIIJKgIBAAKCAgEA36PYiNgKFKRpBAwHSX8OTFa8NgNsgnAyIO0iWBVgw//NsUJS\n7IDf4W/U/2einEbwCLCkyiatTkFt0rI+4v3k0GJ0/tmyFX1eX/asqbuN3ZwWwucW\n4sWM6xh+KlpJKoDq9E07uGN1Vj08+OjV5HdVYDp/+gnUw1RlKQVA/gWpG+OXaNXy\nBjW2jjsnAEffBtBy6gCI6Ekh1Uu72BHoecs/1vbMmj9vKaZ+y/WvRdyLBUjyKMRi\nAhnpFPWgT67qOi3FxQzHqbjPev8jhbroFao2+KVnOmunNN46+z3ik6cGVIC/rmg3\ny6qht7dOP+NbNiU8/jLkKR4Mr2Y8A58OC1Wsk7P657Csmvf6PnkHJe+cnYjazm+a\ntfXDiaiBOv0Mg8JrHEHt8UKnAWZ5SToqhlgfd9oqkmWyIE9jN7eHClhE/gM7cqX4\nbng69OFqRgB+CMTLINg6/M76cUSbKMsjBPiDlhsg9MkD7R0c1sM+Pt3I1TBj1+z9\n6GnmMEfXYhYdkWjp/UoEntNbbWnv9ZY8FQzc4l0RNCcsgE0AmrKCb9epqVdce764\nWfOO9w1CRuTEcM3F1CbqYz6gDrdXzlH2NwXhHfE5tfufEAvuOBN0F0guSARt6d4o\nvjhrv3fsd6m6ng7R20qW5qUXoJ8iO9dgOPm9HYgAX76rY359JoUhHAUoO7UCAwEA\nAQKCAgEAs6MGcZUnM8GEYS3QRKb8MzGQaMqDRJseiPgxmBND8Ovuqy2dMj+qlYig\nzK7QHTuV30UUeRRsLOm9b3qhrO9H9mK/m139/+j9/5NCyevPXmzck53P8kPAl67K\n2PZAwxVepPHMwKWTQLxb14wfEy8PswYKeiufbW7C+xovRFwDpFVB74G6sGZAxyqY\nf087xFt3kqLvVbY4qP32Wu63j+1E0ETZwCSoBAqq2uXz7efi+1HGwhxMpWduo9lQ\n9fCIUEcoDsnfL2M1tZRvUiH5/j0FfuBNdM24N20yb1EcSIHnQcVRMqSf/MaIs+tX\nvVXAlFOBFKaIQsbSZal3F2mRfGVLArEupcfiIaZbaJB8BRjRs4rWSHPMAe+72GND\nH3Nqcyn/Qo11XxpD1bCYX3aw00QyJb8ouv8p2r7AinrXZ7rNxmWtGRSE8zA4dc6L\nTymdNj17O5ke8Ohx4dXWmNRE2fTROdKmeJqttyZBeShlMLf8rVyEvjTvhOSm0vvF\nsvzgfAwHyRSb9KO8N/g36/5n88QMilHTndxhSrFpRtQ/2jIURLMA6HSu1Hts+Q4o\nXHJ0K3CeDfwrFWP8QqUm2oajZ9ej4DnijdYZGm05gEuVaR4D57rtF4h0Xt8l5Irx\n8yRR2QLwyaVAhoTzomr1qwKQmXkehpCPmzr/KJStq+/x2uZYE4ECggEBAPCWbTz6\ntNl765igT6eudX8F1IH9ZTayJSBfiTZ1u5zK1VQCxGaEXr9BpF/P6Ibu5zCUavHc\nAFQj8SnO1ph2dJ4HSUwYPgBsvEBadD0dGHz9CgKfLVbBzhcbCdGxVi1rIw/GID4D\nCkKiVYbBHyaqVibas1q7lqnGWh/gAt0JgJ7QsmptXtPTQHsJVVSEZGkhvBxxwQAS\nqX80vEMa8EYBpE91EgOGDXW3nx8okpsioEBDzNiI09Favvk59lXvVhLLdPgBJdiG\nUeYqqAjcnaBZPJDr0q5arlhFCpWS7E6V6sd9JlDvPeQ/Yhwzph6aBpzDCwrJE2Pa\nsV6ql0m3xeO1hIUCggEBAO33e7a3vKAUGc3y0RVK35EaYBIurEKftrivwn4DdUnT\nEF9QuPJB7yCRvH3qfBoC/S38On8kyjRIypuFelcPMxQ/EgyclbXyeFv2W6KyfhBW\n/PiXODZzHnKGOcjzkE2/9V1YHE5cHhhX0xJ18Mz8fMFqlviRp9/BQxDYFta2IG0t\nPDlZBDklIGnjOwawtLIB56JZyw6YaLOJPn3/884835lIEErQrqfUz/a68ywmPFVS\npmACX5HBRGok4w4jHHVT7VHezW16IxpCIWHu6z/MEZ0N0CjP9j1wos8ecsRnYrG8\nMIP/bauBRFgeDFl9YJ8sKb0nhgmDWKylJT07M5ok2XECggEBALJB4qJh54mUxZUK\ngrptCuWYvkGqLEoAaH26C4JsbRvZNYLPohGLVmBDFLVg6JrBfE6ESVD2fs/Y6aDe\nfiXs7q8AGxDkjVvnNPxBiQqW+kPxgG883W0An+CCyh2yVXXFge74D3+i5QFGIjR7\n9sbBQp/7PxSlFRapvrELW1PG7KO/YdJ1QuOUDJyc57p9daBnvGce6a9SJH/55Nub\npBdatBGjXjt6IZLtAFsnxqhnWXEES0zM5JSjtggXKCu374BxezMeNppdu2TcijA2\nthvOwo9mC23gBnmkfhkhCTGY5qH0WmVxPdxWEi1vH1BhMzEHWrEdFt7PdMf9gaa/\nIUJ8hbkCggEBAMbG6/h9EntFTyjRpAV9PbMfrRCDHDGq6B7t8jEBAoBgZlS4QUVb\n/jvegO1Naczwojw/bT23pZB3HYc7wC3o7GoFJTaTthr+J7vp1jHZl6RehYHCD5qs\nHsrbhHlvuyK3LmaCq2JpYFpFQnMxQax5XFzUhLeuM+Scs0DmwG0qRXvtRVlCGl0B\nvkm1HiFAijAHl03uY8gVV6BhDGqD20xzXPPVVoaoOrzG79DR6T7/0XYUTBX25Y4D\nOvrPRTsR6Tu4l4zD6CWC2L+ebfQ4dxobhLsERtVQoghAhj8s2AFnuvFsmbopK5sP\np99Tek1mhcdwRI1U7ooTxYaxjKHRShGApoECggEAc5jiyoUqj5FtRlD/auqOpiBO\nvP7P1pgY/SmoFLINKHT+M36s9WyW0TmsNen9XvIxk93cKQvxkJXrucgUEDFzm8Sh\n7Qnvl/oXLH5DVn0fehgp8HBoxqKPlQuCLkdqlI6+vYIrzAqziNHE6uFPfuAn06fp\n2rSNRRPP00VcdLA8dwuUaLg8LzvLbGw19tC2ShJ9qYM58pSY5aWk5VvuIIKXnLPH\ndJPjoOcP/Uajhjz0v9eC8KpC+Lww1j7/uAhbifwV/MPQOFQ0mvoajDEoS+q5U06M\nbSrs4yvzwqs6lRYTuGyAx/hA0Kr6fx/rjayi2K/dfzsLEX66ZpfY/ce2C7TeNg==\n-----END RSA PRIVATE KEY-----\n",
            "private_key_pem_pkcs8": "-----BEGIN PRIVATE KEY-----\nMIIJRAIBADANBgkqhkiG9w0BAQEFAASCCS4wggkqAgEAAoICAQDfo9iI2AoUpGkE\nDAdJfw5MVrw2A2yCcDIg7SJYFWDD/82xQlLsgN/hb9T/Z6KcRvAIsKTKJq1OQW3S\nsj7i/eTQYnT+2bIVfV5f9qypu43dnBbC5xbixYzrGH4qWkkqgOr0TTu4Y3VWPTz4\n6NXkd1VgOn/6CdTDVGUpBUD+Bakb45do1fIGNbaOOycAR98G0HLqAIjoSSHVS7vY\nEeh5yz/W9syaP28ppn7L9a9F3IsFSPIoxGICGekU9aBPruo6LcXFDMepuM96/yOF\nuugVqjb4pWc6a6c03jr7PeKTpwZUgL+uaDfLqqG3t04/41s2JTz+MuQpHgyvZjwD\nnw4LVayTs/rnsKya9/o+eQcl75ydiNrOb5q19cOJqIE6/QyDwmscQe3xQqcBZnlJ\nOiqGWB932iqSZbIgT2M3t4cKWET+AztypfhueDr04WpGAH4IxMsg2Dr8zvpxRJso\nyyME+IOWGyD0yQPtHRzWwz4+3cjVMGPX7P3oaeYwR9diFh2RaOn9SgSe01ttae/1\nljwVDNziXRE0JyyATQCasoJv16mpV1x7vrhZ8473DUJG5MRwzcXUJupjPqAOt1fO\nUfY3BeEd8Tm1+58QC+44E3QXSC5IBG3p3ii+OGu/d+x3qbqeDtHbSpbmpRegnyI7\n12A4+b0diABfvqtjfn0mhSEcBSg7tQIDAQABAoICAQCzowZxlSczwYRhLdBEpvwz\nMZBoyoNEmx6I+DGYE0Pw6+6rLZ0yP6qViKDMrtAdO5XfRRR5FGws6b1veqGs70f2\nYr+bXf3/6P3/k0LJ689ebNyTnc/yQ8CXrsrY9kDDFV6k8czApZNAvFvXjB8TLw+z\nBgp6K59tbsL7Gi9EXAOkVUHvgbqwZkDHKph/TzvEW3eSou9Vtjio/fZa7reP7UTQ\nRNnAJKgECqra5fPt5+L7UcbCHEylZ26j2VD18IhQRygOyd8vYzW1lG9SIfn+PQV+\n4E10zbg3bTJvURxIgedBxVEypJ/8xoiz61e9VcCUU4EUpohCxtJlqXcXaZF8ZUsC\nsS6lx+IhpltokHwFGNGzitZIc8wB77vYY0Mfc2pzKf9CjXVfGkPVsJhfdrDTRDIl\nvyi6/ynavsCKetdnus3GZa0ZFITzMDh1zotPKZ02PXs7mR7w6HHh1daY1ETZ9NE5\n0qZ4mq23JkF5KGUwt/ytXIS+NO+E5KbS+8Wy/OB8DAfJFJv0o7w3+Dfr/mfzxAyK\nUdOd3GFKsWlG1D/aMhREswDodK7Ue2z5DihccnQrcJ4N/CsVY/xCpSbahqNn16Pg\nOeKN1hkabTmAS5VpHgPnuu0XiHRe3yXkivHzJFHZAvDJpUCGhPOiavWrApCZeR6G\nkI+bOv8olK2r7/Ha5lgTgQKCAQEA8JZtPPq02XvrmKBPp651fwXUgf1lNrIlIF+J\nNnW7nMrVVALEZoRev0GkX8/ohu7nMJRq8dwAVCPxKc7WmHZ0ngdJTBg+AGy8QFp0\nPR0YfP0KAp8tVsHOFxsJ0bFWLWsjD8YgPgMKQqJVhsEfJqpWJtqzWruWqcZaH+AC\n3QmAntCyam1e09NAewlVVIRkaSG8HHHBABKpfzS8QxrwRgGkT3USA4YNdbefHyiS\nmyKgQEPM2IjT0Vq++Tn2Ve9WEst0+AEl2IZR5iqoCNydoFk8kOvSrlquWEUKlZLs\nTpXqx30mUO895D9iHDOmHpoGnMMLCskTY9qxXqqXSbfF47WEhQKCAQEA7fd7tre8\noBQZzfLRFUrfkRpgEi6sQp+2uK/CfgN1SdMQX1C48kHvIJG8fep8GgL9Lfw6fyTK\nNEjKm4V6Vw8zFD8SDJyVtfJ4W/ZborJ+EFb8+Jc4NnMecoY5yPOQTb/1XVgcTlwe\nGFfTEnXwzPx8wWqW+JGn38FDENgW1rYgbS08OVkEOSUgaeM7BrC0sgHnolnLDpho\ns4k+ff/zzjzfmUgQStCup9TP9rrzLCY8VVKmYAJfkcFEaiTjDiMcdVPtUd7NbXoj\nGkIhYe7rP8wRnQ3QKM/2PXCizx5yxGdisbwwg/9tq4FEWB4MWX1gnywpvSeGCYNY\nrKUlPTszmiTZcQKCAQEAskHiomHniZTFlQqCum0K5Zi+QaosSgBofboLgmxtG9k1\ngs+iEYtWYEMUtWDomsF8ToRJUPZ+z9jpoN5+JezurwAbEOSNW+c0/EGJCpb6Q/GA\nbzzdbQCf4ILKHbJVdcWB7vgPf6LlAUYiNHv2xsFCn/s/FKUVFqm+sQtbU8bso79h\n0nVC45QMnJznun11oGe8Zx7pr1Ikf/nk25ukF1q0EaNeO3ohku0AWyfGqGdZcQRL\nTMzklKO2CBcoK7fvgHF7Mx42ml27ZNyKMDa2G87Cj2YLbeAGeaR+GSEJMZjmofRa\nZXE93FYSLW8fUGEzMQdasR0W3s90x/2Bpr8hQnyFuQKCAQEAxsbr+H0Se0VPKNGk\nBX09sx+tEIMcMaroHu3yMQECgGBmVLhBRVv+O96A7U1pzPCiPD9tPbelkHcdhzvA\nLejsagUlNpO2Gv4nu+nWMdmXpF6FgcIPmqweytuEeW+7IrcuZoKrYmlgWkVCczFB\nrHlcXNSEt64z5JyzQObAbSpFe+1FWUIaXQG+SbUeIUCKMAeXTe5jyBVXoGEMaoPb\nTHNc89VWhqg6vMbv0NHpPv/RdhRMFfbljgM6+s9FOxHpO7iXjMPoJYLYv55t9Dh3\nGhuEuwRG1VCiCECGPyzYAWe68WyZuikrmw+n31N6TWaFx3BEjVTuihPFhrGModFK\nEYCmgQKCAQBzmOLKhSqPkW1GUP9q6o6mIE68/s/WmBj9KagUsg0odP4zfqz1bJbR\nOaw16f1e8jGT3dwpC/GQleu5yBQQMXObxKHtCe+X+hcsfkNWfR96GCnwcGjGoo+V\nC4IuR2qUjr69givMCrOI0cTq4U9+4CfTp+natI1FE8/TRVx0sDx3C5RouDwvO8ts\nbDX20LZKEn2pgznylJjlpaTlW+4ggpecs8d0k+Og5w/9RqOGPPS/14LwqkL4vDDW\nPv+4CFuJ/BX8w9A4VDSa+hqMMShL6rlTToxtKuzjK/PCqzqVFhO4bIDH+EDQqvp/\nH+uNrKLYr91/OwsRfrpml9j9x7YLtN42\n-----END PRIVATE KEY-----\n",
            "public_key_fingerprint_md5": "60:70:75:3b:5d:03:9c:43:ca:41:f3:4f:8b:3d:14:bc",
            "public_key_fingerprint_sha256": "SHA256:hvQpKzU3NtHCmc4QGMFNWALn44Y0MTW9kJMV1Lf7l/4",
            "public_key_openssh": "ssh-rsa AAAAB3NzaC1yc2EAAAADAQABAAACAQDfo9iI2AoUpGkEDAdJfw5MVrw2A2yCcDIg7SJYFWDD/82xQlLsgN/hb9T/Z6KcRvAIsKTKJq1OQW3Ssj7i/eTQYnT+2bIVfV5f9qypu43dnBbC5xbixYzrGH4qWkkqgOr0TTu4Y3VWPTz46NXkd1VgOn/6CdTDVGUpBUD+Bakb45do1fIGNbaOOycAR98G0HLqAIjoSSHVS7vYEeh5yz/W9syaP28ppn7L9a9F3IsFSPIoxGICGekU9aBPruo6LcXFDMepuM96/yOFuugVqjb4pWc6a6c03jr7PeKTpwZUgL+uaDfLqqG3t04/41s2JTz+MuQpHgyvZjwDnw4LVayTs/rnsKya9/o+eQcl75ydiNrOb5q19cOJqIE6/QyDwmscQe3xQqcBZnlJOiqGWB932iqSZbIgT2M3t4cKWET+AztypfhueDr04WpGAH4IxMsg2Dr8zvpxRJsoyyME+IOWGyD0yQPtHRzWwz4+3cjVMGPX7P3oaeYwR9diFh2RaOn9SgSe01ttae/1ljwVDNziXRE0JyyATQCasoJv16mpV1x7vrhZ8473DUJG5MRwzcXUJupjPqAOt1fOUfY3BeEd8Tm1+58QC+44E3QXSC5IBG3p3ii+OGu/d+x3qbqeDtHbSpbmpRegnyI712A4+b0diABfvqtjfn0mhSEcBSg7tQ==\n",
            "public_key_pem": "-----BEGIN PUBLIC KEY-----\nMIICIjANBgkqhkiG9w0BAQEFAAOCAg8AMIICCgKCAgEA36PYiNgKFKRpBAwHSX8O\nTFa8NgNsgnAyIO0iWBVgw//NsUJS7IDf4W/U/2einEbwCLCkyiatTkFt0rI+4v3k\n0GJ0/tmyFX1eX/asqbuN3ZwWwucW4sWM6xh+KlpJKoDq9E07uGN1Vj08+OjV5HdV\nYDp/+gnUw1RlKQVA/gWpG+OXaNXyBjW2jjsnAEffBtBy6gCI6Ekh1Uu72BHoecs/\n1vbMmj9vKaZ+y/WvRdyLBUjyKMRiAhnpFPWgT67qOi3FxQzHqbjPev8jhbroFao2\n+KVnOmunNN46+z3ik6cGVIC/rmg3y6qht7dOP+NbNiU8/jLkKR4Mr2Y8A58OC1Ws\nk7P657Csmvf6PnkHJe+cnYjazm+atfXDiaiBOv0Mg8JrHEHt8UKnAWZ5SToqhlgf\nd9oqkmWyIE9jN7eHClhE/gM7cqX4bng69OFqRgB+CMTLINg6/M76cUSbKMsjBPiD\nlhsg9MkD7R0c1sM+Pt3I1TBj1+z96GnmMEfXYhYdkWjp/UoEntNbbWnv9ZY8FQzc\n4l0RNCcsgE0AmrKCb9epqVdce764WfOO9w1CRuTEcM3F1CbqYz6gDrdXzlH2NwXh\nHfE5tfufEAvuOBN0F0guSARt6d4ovjhrv3fsd6m6ng7R20qW5qUXoJ8iO9dgOPm9\nHYgAX76rY359JoUhHAUoO7UCAwEAAQ==\n-----END PUBLIC KEY-----\n",
            "rsa_bits": 4096
          },
          "sensitive_attributes": []
        }
      ]
    },
    {
      "mode": "managed",
      "type": "tls_private_key",
      "name": "priv_frontend_key",
      "provider": "provider[\"registry.terraform.io/hashicorp/tls\"]",
      "instances": [
        {
          "schema_version": 1,
          "attributes": {
            "algorithm": "RSA",
            "ecdsa_curve": "P224",
            "id": "c7a79cf2c27ef5c7318ec673ee8fb74f46fe0c0b",
            "private_key_openssh": "-----BEGIN OPENSSH PRIVATE KEY-----\nb3BlbnNzaC1rZXktdjEAAAAABG5vbmUAAAAEbm9uZQAAAAAAAAABAAACFwAAAAdz\nc2gtcnNhAAAAAwEAAQAAAgEA704HHELlA7dACQgzJzoejpQrtE7/0HUDjlJRc2QU\n6wC9swT7/uv0YqZV0HdM9eb/pc8rYuMipzZLLEq3RIVlIRq3AGTOLkLvbUnBLkew\nWj/kjQEq97ZzwVobhmapeOxzEbQuv0FqHchNT2el0ATa55gM/JkJ47Sonq9fipat\n3CUdC0zFf3UKA5aBDJu1rX4E37O3f5Zwx9G3zhfEHerD0PmF++lGjfmhmQFeQuZw\nVbPnlVgLpzqJGUWlbbffvziDajkjn3VQVJh2ctRmVtIDqsc5bypQqf9efZc6ex0R\nmdVjxZ1QPFdoeruQ1IQm8Mm9fdJepidM/2C2xMRwhlnuFudlsSOTQdBxYnpAu1fp\nR/2Kw5g0zhYCJb4kXwWWOvCF06tqYVtHO9NlR705BFTzjS23V8hJFNBweri0PH4X\n8aj4tbwSRin6+7lg24/PCY1AgCgvBLx5HHjn9xKKQJz7KabDoOeZSdfxUGINHdV9\nDv9cu0PpMG1N3TgOqaAnwWNO9SMF0ATO+6HmRYgqkVNpPiw2CDXTrSh0FBYa/7lW\ncoxjhU16830u+HLjGK56vRiOKiTSziwvy+1e7QZoqsTuLA6uWHAGDcdqrXXCFqTN\nAhJu2FI9r0acc/+glLoPYY2uby3iKX22BYHudDdlBru0JwvjxVrLhb1iAZMlC6jm\nW4UAAAc4bV4cW21eHFsAAAAHc3NoLXJzYQAAAgEA704HHELlA7dACQgzJzoejpQr\ntE7/0HUDjlJRc2QU6wC9swT7/uv0YqZV0HdM9eb/pc8rYuMipzZLLEq3RIVlIRq3\nAGTOLkLvbUnBLkewWj/kjQEq97ZzwVobhmapeOxzEbQuv0FqHchNT2el0ATa55gM\n/JkJ47Sonq9fipat3CUdC0zFf3UKA5aBDJu1rX4E37O3f5Zwx9G3zhfEHerD0PmF\n++lGjfmhmQFeQuZwVbPnlVgLpzqJGUWlbbffvziDajkjn3VQVJh2ctRmVtIDqsc5\nbypQqf9efZc6ex0RmdVjxZ1QPFdoeruQ1IQm8Mm9fdJepidM/2C2xMRwhlnuFudl\nsSOTQdBxYnpAu1fpR/2Kw5g0zhYCJb4kXwWWOvCF06tqYVtHO9NlR705BFTzjS23\nV8hJFNBweri0PH4X8aj4tbwSRin6+7lg24/PCY1AgCgvBLx5HHjn9xKKQJz7KabD\noOeZSdfxUGINHdV9Dv9cu0PpMG1N3TgOqaAnwWNO9SMF0ATO+6HmRYgqkVNpPiw2\nCDXTrSh0FBYa/7lWcoxjhU16830u+HLjGK56vRiOKiTSziwvy+1e7QZoqsTuLA6u\nWHAGDcdqrXXCFqTNAhJu2FI9r0acc/+glLoPYY2uby3iKX22BYHudDdlBru0Jwvj\nxVrLhb1iAZMlC6jmW4UAAAADAQABAAACAQC3KBFpIAoIfgkU4KHGNEWO+vk4V/6T\nnfvKwlZ06vTXqQmIKxh0VEQH/SdRFv5gdxzT22xpk07CjFuc2tLKLw7n93p5Yq4r\n2i9GhlzE/zmK2bwj7/DjB1IxerX2eDzdwJuRwUbGO1rs0JHbZIkUXaLt/wJxkvBu\nx6cHTVLiz9Dh3cYNEAVZOEsh09+Rttumnf08+mBH1u0bAvibVLVV8IlPOKvD0xed\nMqLsaI+sxJLWBYwKUgkZRUQJg7TJ9SHbSXXLp1AMi82f8dE2sjph2PvVigX7f3ed\npUa8+TJZaDZAd4KVjYILrRraVRTUkxD62m2eD5VBtnLIQ02f7HnzWoFOq116MUC3\nM7k26PhSQeRxlXJnW81TQStoySIiQce4RRqDt8YqAYP9r8usmLhAocjkeO6YNoFB\ne45EnLYNXzDQOb7w80QvsmPOavYj8QHVcAX+XU8nXWnD+B1vJxWW6yjInjL5ISMJ\nLvEF1QOP2fzbHPpy6JIivnQjEFmURBeUjhxXAP5abtE8KN7yjDI4lWDduvdb5gpI\nK2EjHyXB0vgWk05rUiDmLge0thqLx3TNtw28eTF7cjXIKcrt0XrCwRVlbDVDcu41\nqyd4w/ZwVUMg+t6T/MT8jH5GyjdN4K2vsvNws/+g9JGqK603YNhuBEwTgM6KFcgZ\nJGXbJEu2se5kAQAAAQAIkoDpQJcFB6iy+lhPpqtwRMPBx6gbadh1uR2b3tbi0oKF\nOqkHXiIcEW71ai75lqCB9lT/M1rynFxesiYWxEoXujaQLGJ834YrojZxJ+BORunn\ngKemTXEEuT1+S6WFsHNK+dlckI5DAUokzdHTjWxfNlROdZdOw+k7gjJMtzLjG/1d\nEHYWKNzvexR6SHofR0zUV5eDRkqmMYxkrcswZe/mK844f23bpqvvcKMYLjEHJZdq\nrX/yOT54U/zT916vNbkDYJ58T3el6U5hiJVcci9bzdhNZmEEMG/PKe09ZByd3ObH\nFgNVUeLNBhDxN66Kzm+Kxi795Wkmt9t78j1tRInHAAABAQD/ODob2Uxq/p6OJQJG\nXMQ5WRSq/CK+xGeXDHpPxc4ohcqX3SIBYwmsLiI698UpkHl/Ow8maPnfjqe4VYvS\nu6Uy4qfakxmcmOWoWZXzNYLGPz0c+FJNABJI9IEvOECWaFmRqO5xoqFdXJotHaSs\nCa3QhRs4Lxu4E0jsjjRyPnQcIH9RdmjQWrDIECdc9Yt7PIpQc03PvuyM/syHiBWR\nEqPcrgdE77q1qpu7aowE4HZ35qUa/J83sXeK8bzpj0JB9BtZwHbMHN9eHj54F3dQ\nphc/C6Hmb8WD/YnomGIyOZ0JTWc200Bk4RVhnrmzb0plK6Qiw6i72C7pJoYiMB3I\nvgexAAABAQDwCVfsuS41RH4C5R4cIVxbPgey5KW2yeZjI25I/m3b6SBBeaPqWxhU\naBQX1C9GxpY+mPCo7m+4DIfmrLRRN/aqbwHyiYeRcr2OBkwwiSlul4WpEpR79fh1\nML/EGjzGouFbwvVRe00C0TJMFBz7VJF5iBcWuZ1mzSYdTNNs5DHkslAbG3ic1hBA\nBDJc/p0ehCSmfkNaiSAJkXWcaRm4Qp2NJE9nSYabBhqVlhmtRjkC/qGqTnFoCMUT\nXXh7CiMKkf+2q9I/IrTv4v3/oV9+WhXevYhuIGwpX7Ge1xRGsawt99YInPisIXVo\nIiW+Q+ONB504fL0jzE/TAzjBhNZes9oVAAAAAAEC\n-----END OPENSSH PRIVATE KEY-----\n",
            "private_key_pem": "-----BEGIN RSA PRIVATE KEY-----\nMIIJKgIBAAKCAgEA704HHELlA7dACQgzJzoejpQrtE7/0HUDjlJRc2QU6wC9swT7\n/uv0YqZV0HdM9eb/pc8rYuMipzZLLEq3RIVlIRq3AGTOLkLvbUnBLkewWj/kjQEq\n97ZzwVobhmapeOxzEbQuv0FqHchNT2el0ATa55gM/JkJ47Sonq9fipat3CUdC0zF\nf3UKA5aBDJu1rX4E37O3f5Zwx9G3zhfEHerD0PmF++lGjfmhmQFeQuZwVbPnlVgL\npzqJGUWlbbffvziDajkjn3VQVJh2ctRmVtIDqsc5bypQqf9efZc6ex0RmdVjxZ1Q\nPFdoeruQ1IQm8Mm9fdJepidM/2C2xMRwhlnuFudlsSOTQdBxYnpAu1fpR/2Kw5g0\nzhYCJb4kXwWWOvCF06tqYVtHO9NlR705BFTzjS23V8hJFNBweri0PH4X8aj4tbwS\nRin6+7lg24/PCY1AgCgvBLx5HHjn9xKKQJz7KabDoOeZSdfxUGINHdV9Dv9cu0Pp\nMG1N3TgOqaAnwWNO9SMF0ATO+6HmRYgqkVNpPiw2CDXTrSh0FBYa/7lWcoxjhU16\n830u+HLjGK56vRiOKiTSziwvy+1e7QZoqsTuLA6uWHAGDcdqrXXCFqTNAhJu2FI9\nr0acc/+glLoPYY2uby3iKX22BYHudDdlBru0JwvjxVrLhb1iAZMlC6jmW4UCAwEA\nAQKCAgEAtygRaSAKCH4JFOChxjRFjvr5OFf+k537ysJWdOr016kJiCsYdFREB/0n\nURb+YHcc09tsaZNOwoxbnNrSyi8O5/d6eWKuK9ovRoZcxP85itm8I+/w4wdSMXq1\n9ng83cCbkcFGxjta7NCR22SJFF2i7f8CcZLwbsenB01S4s/Q4d3GDRAFWThLIdPf\nkbbbpp39PPpgR9btGwL4m1S1VfCJTzirw9MXnTKi7GiPrMSS1gWMClIJGUVECYO0\nyfUh20l1y6dQDIvNn/HRNrI6Ydj71YoF+393naVGvPkyWWg2QHeClY2CC60a2lUU\n1JMQ+tptng+VQbZyyENNn+x581qBTqtdejFAtzO5Nuj4UkHkcZVyZ1vNU0EraMki\nIkHHuEUag7fGKgGD/a/LrJi4QKHI5HjumDaBQXuORJy2DV8w0Dm+8PNEL7Jjzmr2\nI/EB1XAF/l1PJ11pw/gdbycVlusoyJ4y+SEjCS7xBdUDj9n82xz6cuiSIr50IxBZ\nlEQXlI4cVwD+Wm7RPCje8owyOJVg3br3W+YKSCthIx8lwdL4FpNOa1Ig5i4HtLYa\ni8d0zbcNvHkxe3I1yCnK7dF6wsEVZWw1Q3LuNasneMP2cFVDIPrek/zE/Ix+Rso3\nTeCtr7LzcLP/oPSRqiutN2DYbgRME4DOihXIGSRl2yRLtrHuZAECggEBAP84OhvZ\nTGr+no4lAkZcxDlZFKr8Ir7EZ5cMek/FziiFypfdIgFjCawuIjr3xSmQeX87DyZo\n+d+Op7hVi9K7pTLip9qTGZyY5ahZlfM1gsY/PRz4Uk0AEkj0gS84QJZoWZGo7nGi\noV1cmi0dpKwJrdCFGzgvG7gTSOyONHI+dBwgf1F2aNBasMgQJ1z1i3s8ilBzTc++\n7Iz+zIeIFZESo9yuB0TvurWqm7tqjATgdnfmpRr8nzexd4rxvOmPQkH0G1nAdswc\n314ePngXd1CmFz8LoeZvxYP9ieiYYjI5nQlNZzbTQGThFWGeubNvSmUrpCLDqLvY\nLukmhiIwHci+B7ECggEBAPAJV+y5LjVEfgLlHhwhXFs+B7LkpbbJ5mMjbkj+bdvp\nIEF5o+pbGFRoFBfUL0bGlj6Y8Kjub7gMh+astFE39qpvAfKJh5FyvY4GTDCJKW6X\nhakSlHv1+HUwv8QaPMai4VvC9VF7TQLRMkwUHPtUkXmIFxa5nWbNJh1M02zkMeSy\nUBsbeJzWEEAEMlz+nR6EJKZ+Q1qJIAmRdZxpGbhCnY0kT2dJhpsGGpWWGa1GOQL+\noapOcWgIxRNdeHsKIwqR/7ar0j8itO/i/f+hX35aFd69iG4gbClfsZ7XFEaxrC33\n1gic+KwhdWgiJb5D440HnTh8vSPMT9MDOMGE1l6z2hUCggEBAMLrqY29b1zELEp5\nv3wHu6HlBCD2wn6aOFenov6sHyDZ1foYXLFcd3W2IlSRCVcOTYy7iX2XbUethzEE\nvO5se+YaL4KDGGt+ZuAl051VgBRzFfS7PvgqFsz7WHK87q8w8T+LGtlVERLh96p/\nWlY+ai64iipl6DC1IdvxW+LpCfq1YyfPXIvMx/l0ROv9aNLtUOHSvlntAnNI4uKc\nL4SGDPotO8YNpba7n4cK//d1i2VVlUHAMMXzV06aA+MJk9wVWJI6qUCIyJv0U1ea\n7Hh+8YAoHTWGpf6BtEMdptmfIO2K3UqFG0gwlAjjlgaR9+q+4vPeJU+Z83IEByuz\nPfwkDnECggEBAIg+1XBhf+/uS5Q7FocjDHgh0l7hV4pUOXgGMWAvQo4zWgKwF7E7\nOakXVmhcIOWMbNVlHBzXEgSm4DC30LXVDSaaUcGn/JI7TYqi2nYmNKU4Tj60dCGU\ncQ2buQ2HUv3wj/f0xigU05aIxYLXW8fwrY4NCAX3H3etdDfnVo6VTBiiecOZKTHk\nc17Swv9z6hzbJq52NqbZ9JxZuycnpNiovyLQ/F0FJ+kwYsCLbVGj7VJc08iGM+q4\nJ5yhTnSQQWmLi1jVWEZL3eXXsxJ5N2nRml5OuHTB5ILrdTdSn4is6q1A4nULHD8f\n0rNjxoajpDJ1ovDgJL+ABcMhLgLx8nfYoC0CggEACJKA6UCXBQeosvpYT6arcETD\nwceoG2nYdbkdm97W4tKChTqpB14iHBFu9Wou+ZaggfZU/zNa8pxcXrImFsRKF7o2\nkCxifN+GK6I2cSfgTkbp54Cnpk1xBLk9fkulhbBzSvnZXJCOQwFKJM3R041sXzZU\nTnWXTsPpO4IyTLcy4xv9XRB2Fijc73sUekh6H0dM1FeXg0ZKpjGMZK3LMGXv5ivO\nOH9t26ar73CjGC4xByWXaq1/8jk+eFP80/derzW5A2CefE93pelOYYiVXHIvW83Y\nTWZhBDBvzyntPWQcndzmxxYDVVHizQYQ8Teuis5visYu/eVpJrfbe/I9bUSJxw==\n-----END RSA PRIVATE KEY-----\n",
            "private_key_pem_pkcs8": "-----BEGIN PRIVATE KEY-----\nMIIJRAIBADANBgkqhkiG9w0BAQEFAASCCS4wggkqAgEAAoICAQDvTgccQuUDt0AJ\nCDMnOh6OlCu0Tv/QdQOOUlFzZBTrAL2zBPv+6/RiplXQd0z15v+lzyti4yKnNkss\nSrdEhWUhGrcAZM4uQu9tScEuR7BaP+SNASr3tnPBWhuGZql47HMRtC6/QWodyE1P\nZ6XQBNrnmAz8mQnjtKier1+Klq3cJR0LTMV/dQoDloEMm7WtfgTfs7d/lnDH0bfO\nF8Qd6sPQ+YX76UaN+aGZAV5C5nBVs+eVWAunOokZRaVtt9+/OINqOSOfdVBUmHZy\n1GZW0gOqxzlvKlCp/159lzp7HRGZ1WPFnVA8V2h6u5DUhCbwyb190l6mJ0z/YLbE\nxHCGWe4W52WxI5NB0HFiekC7V+lH/YrDmDTOFgIlviRfBZY68IXTq2phW0c702VH\nvTkEVPONLbdXyEkU0HB6uLQ8fhfxqPi1vBJGKfr7uWDbj88JjUCAKC8EvHkceOf3\nEopAnPsppsOg55lJ1/FQYg0d1X0O/1y7Q+kwbU3dOA6poCfBY071IwXQBM77oeZF\niCqRU2k+LDYINdOtKHQUFhr/uVZyjGOFTXrzfS74cuMYrnq9GI4qJNLOLC/L7V7t\nBmiqxO4sDq5YcAYNx2qtdcIWpM0CEm7YUj2vRpxz/6CUug9hja5vLeIpfbYFge50\nN2UGu7QnC+PFWsuFvWIBkyULqOZbhQIDAQABAoICAQC3KBFpIAoIfgkU4KHGNEWO\n+vk4V/6TnfvKwlZ06vTXqQmIKxh0VEQH/SdRFv5gdxzT22xpk07CjFuc2tLKLw7n\n93p5Yq4r2i9GhlzE/zmK2bwj7/DjB1IxerX2eDzdwJuRwUbGO1rs0JHbZIkUXaLt\n/wJxkvBux6cHTVLiz9Dh3cYNEAVZOEsh09+Rttumnf08+mBH1u0bAvibVLVV8IlP\nOKvD0xedMqLsaI+sxJLWBYwKUgkZRUQJg7TJ9SHbSXXLp1AMi82f8dE2sjph2PvV\nigX7f3edpUa8+TJZaDZAd4KVjYILrRraVRTUkxD62m2eD5VBtnLIQ02f7HnzWoFO\nq116MUC3M7k26PhSQeRxlXJnW81TQStoySIiQce4RRqDt8YqAYP9r8usmLhAocjk\neO6YNoFBe45EnLYNXzDQOb7w80QvsmPOavYj8QHVcAX+XU8nXWnD+B1vJxWW6yjI\nnjL5ISMJLvEF1QOP2fzbHPpy6JIivnQjEFmURBeUjhxXAP5abtE8KN7yjDI4lWDd\nuvdb5gpIK2EjHyXB0vgWk05rUiDmLge0thqLx3TNtw28eTF7cjXIKcrt0XrCwRVl\nbDVDcu41qyd4w/ZwVUMg+t6T/MT8jH5GyjdN4K2vsvNws/+g9JGqK603YNhuBEwT\ngM6KFcgZJGXbJEu2se5kAQKCAQEA/zg6G9lMav6ejiUCRlzEOVkUqvwivsRnlwx6\nT8XOKIXKl90iAWMJrC4iOvfFKZB5fzsPJmj5346nuFWL0rulMuKn2pMZnJjlqFmV\n8zWCxj89HPhSTQASSPSBLzhAlmhZkajucaKhXVyaLR2krAmt0IUbOC8buBNI7I40\ncj50HCB/UXZo0FqwyBAnXPWLezyKUHNNz77sjP7Mh4gVkRKj3K4HRO+6taqbu2qM\nBOB2d+alGvyfN7F3ivG86Y9CQfQbWcB2zBzfXh4+eBd3UKYXPwuh5m/Fg/2J6Jhi\nMjmdCU1nNtNAZOEVYZ65s29KZSukIsOou9gu6SaGIjAdyL4HsQKCAQEA8AlX7Lku\nNUR+AuUeHCFcWz4HsuSltsnmYyNuSP5t2+kgQXmj6lsYVGgUF9QvRsaWPpjwqO5v\nuAyH5qy0UTf2qm8B8omHkXK9jgZMMIkpbpeFqRKUe/X4dTC/xBo8xqLhW8L1UXtN\nAtEyTBQc+1SReYgXFrmdZs0mHUzTbOQx5LJQGxt4nNYQQAQyXP6dHoQkpn5DWokg\nCZF1nGkZuEKdjSRPZ0mGmwYalZYZrUY5Av6hqk5xaAjFE114ewojCpH/tqvSPyK0\n7+L9/6FffloV3r2IbiBsKV+xntcURrGsLffWCJz4rCF1aCIlvkPjjQedOHy9I8xP\n0wM4wYTWXrPaFQKCAQEAwuupjb1vXMQsSnm/fAe7oeUEIPbCfpo4V6ei/qwfINnV\n+hhcsVx3dbYiVJEJVw5NjLuJfZdtR62HMQS87mx75hovgoMYa35m4CXTnVWAFHMV\n9Ls++CoWzPtYcrzurzDxP4sa2VUREuH3qn9aVj5qLriKKmXoMLUh2/Fb4ukJ+rVj\nJ89ci8zH+XRE6/1o0u1Q4dK+We0Cc0ji4pwvhIYM+i07xg2ltrufhwr/93WLZVWV\nQcAwxfNXTpoD4wmT3BVYkjqpQIjIm/RTV5rseH7xgCgdNYal/oG0Qx2m2Z8g7Yrd\nSoUbSDCUCOOWBpH36r7i894lT5nzcgQHK7M9/CQOcQKCAQEAiD7VcGF/7+5LlDsW\nhyMMeCHSXuFXilQ5eAYxYC9CjjNaArAXsTs5qRdWaFwg5Yxs1WUcHNcSBKbgMLfQ\ntdUNJppRwaf8kjtNiqLadiY0pThOPrR0IZRxDZu5DYdS/fCP9/TGKBTTlojFgtdb\nx/Ctjg0IBfcfd610N+dWjpVMGKJ5w5kpMeRzXtLC/3PqHNsmrnY2ptn0nFm7Jyek\n2Ki/ItD8XQUn6TBiwIttUaPtUlzTyIYz6rgnnKFOdJBBaYuLWNVYRkvd5dezEnk3\nadGaXk64dMHkgut1N1KfiKzqrUDidQscPx/Ss2PGhqOkMnWi8OAkv4AFwyEuAvHy\nd9igLQKCAQAIkoDpQJcFB6iy+lhPpqtwRMPBx6gbadh1uR2b3tbi0oKFOqkHXiIc\nEW71ai75lqCB9lT/M1rynFxesiYWxEoXujaQLGJ834YrojZxJ+BORunngKemTXEE\nuT1+S6WFsHNK+dlckI5DAUokzdHTjWxfNlROdZdOw+k7gjJMtzLjG/1dEHYWKNzv\nexR6SHofR0zUV5eDRkqmMYxkrcswZe/mK844f23bpqvvcKMYLjEHJZdqrX/yOT54\nU/zT916vNbkDYJ58T3el6U5hiJVcci9bzdhNZmEEMG/PKe09ZByd3ObHFgNVUeLN\nBhDxN66Kzm+Kxi795Wkmt9t78j1tRInH\n-----END PRIVATE KEY-----\n",
            "public_key_fingerprint_md5": "44:7c:48:9e:8d:83:45:d0:d7:83:2c:2b:61:1e:db:e8",
            "public_key_fingerprint_sha256": "SHA256:5HyyyyjHnn4TK+027T+CdElKUFQ57d3GxMFutouu4n0",
            "public_key_openssh": "ssh-rsa AAAAB3NzaC1yc2EAAAADAQABAAACAQDvTgccQuUDt0AJCDMnOh6OlCu0Tv/QdQOOUlFzZBTrAL2zBPv+6/RiplXQd0z15v+lzyti4yKnNkssSrdEhWUhGrcAZM4uQu9tScEuR7BaP+SNASr3tnPBWhuGZql47HMRtC6/QWodyE1PZ6XQBNrnmAz8mQnjtKier1+Klq3cJR0LTMV/dQoDloEMm7WtfgTfs7d/lnDH0bfOF8Qd6sPQ+YX76UaN+aGZAV5C5nBVs+eVWAunOokZRaVtt9+/OINqOSOfdVBUmHZy1GZW0gOqxzlvKlCp/159lzp7HRGZ1WPFnVA8V2h6u5DUhCbwyb190l6mJ0z/YLbExHCGWe4W52WxI5NB0HFiekC7V+lH/YrDmDTOFgIlviRfBZY68IXTq2phW0c702VHvTkEVPONLbdXyEkU0HB6uLQ8fhfxqPi1vBJGKfr7uWDbj88JjUCAKC8EvHkceOf3EopAnPsppsOg55lJ1/FQYg0d1X0O/1y7Q+kwbU3dOA6poCfBY071IwXQBM77oeZFiCqRU2k+LDYINdOtKHQUFhr/uVZyjGOFTXrzfS74cuMYrnq9GI4qJNLOLC/L7V7tBmiqxO4sDq5YcAYNx2qtdcIWpM0CEm7YUj2vRpxz/6CUug9hja5vLeIpfbYFge50N2UGu7QnC+PFWsuFvWIBkyULqOZbhQ==\n",
            "public_key_pem": "-----BEGIN PUBLIC KEY-----\nMIICIjANBgkqhkiG9w0BAQEFAAOCAg8AMIICCgKCAgEA704HHELlA7dACQgzJzoe\njpQrtE7/0HUDjlJRc2QU6wC9swT7/uv0YqZV0HdM9eb/pc8rYuMipzZLLEq3RIVl\nIRq3AGTOLkLvbUnBLkewWj/kjQEq97ZzwVobhmapeOxzEbQuv0FqHchNT2el0ATa\n55gM/JkJ47Sonq9fipat3CUdC0zFf3UKA5aBDJu1rX4E37O3f5Zwx9G3zhfEHerD\n0PmF++lGjfmhmQFeQuZwVbPnlVgLpzqJGUWlbbffvziDajkjn3VQVJh2ctRmVtID\nqsc5bypQqf9efZc6ex0RmdVjxZ1QPFdoeruQ1IQm8Mm9fdJepidM/2C2xMRwhlnu\nFudlsSOTQdBxYnpAu1fpR/2Kw5g0zhYCJb4kXwWWOvCF06tqYVtHO9NlR705BFTz\njS23V8hJFNBweri0PH4X8aj4tbwSRin6+7lg24/PCY1AgCgvBLx5HHjn9xKKQJz7\nKabDoOeZSdfxUGINHdV9Dv9cu0PpMG1N3TgOqaAnwWNO9SMF0ATO+6HmRYgqkVNp\nPiw2CDXTrSh0FBYa/7lWcoxjhU16830u+HLjGK56vRiOKiTSziwvy+1e7QZoqsTu\nLA6uWHAGDcdqrXXCFqTNAhJu2FI9r0acc/+glLoPYY2uby3iKX22BYHudDdlBru0\nJwvjxVrLhb1iAZMlC6jmW4UCAwEAAQ==\n-----END PUBLIC KEY-----\n",
            "rsa_bits": 4096
          },
          "sensitive_attributes": []
        }
      ]
    }
  ],
  "check_results": null
}
