{
  "version": 4,
  "terraform_version": "1.5.4",
  "serial": 190,
  "lineage": "7d5ede0a-5f11-2c2a-0cc6-327f0787891e",
  "outputs": {},
  "resources": [
    {
      "mode": "data",
      "type": "aws_availability_zones",
      "name": "available",
      "provider": "provider[\"registry.terraform.io/hashicorp/aws\"]",
      "instances": [
        {
          "schema_version": 0,
          "attributes": {
            "all_availability_zones": null,
            "exclude_names": null,
            "exclude_zone_ids": null,
            "filter": null,
            "group_names": [
              "eu-west-3"
            ],
            "id": "eu-west-3",
            "names": [
              "eu-west-3a",
              "eu-west-3b",
              "eu-west-3c"
            ],
            "state": "available",
            "timeouts": null,
            "zone_ids": [
              "euw3-az1",
              "euw3-az2",
              "euw3-az3"
            ]
          },
          "sensitive_attributes": []
        }
      ]
    },
    {
      "mode": "managed",
      "type": "aws_db_instance",
      "name": "omega_database",
      "provider": "provider[\"registry.terraform.io/hashicorp/aws\"]",
      "instances": [
        {
          "schema_version": 2,
          "attributes": {
            "address": "rds-postgres.cxlvqur3ju21.eu-west-3.rds.amazonaws.com",
            "allocated_storage": 10,
            "allow_major_version_upgrade": null,
            "apply_immediately": false,
            "arn": "arn:aws:rds:eu-west-3:552239912540:db:rds-postgres",
            "auto_minor_version_upgrade": true,
            "availability_zone": "eu-west-3b",
            "backup_retention_period": 0,
            "backup_target": "region",
            "backup_window": "08:21-08:51",
            "blue_green_update": [],
            "ca_cert_identifier": "rds-ca-2019",
            "character_set_name": "",
            "copy_tags_to_snapshot": false,
            "custom_iam_instance_profile": "",
            "customer_owned_ip_enabled": false,
            "db_name": "omega_db",
            "db_subnet_group_name": "terraform-20230811104009448400000001",
            "delete_automated_backups": true,
            "deletion_protection": false,
            "domain": "",
            "domain_iam_role_name": "",
            "enabled_cloudwatch_logs_exports": null,
            "endpoint": "rds-postgres.cxlvqur3ju21.eu-west-3.rds.amazonaws.com:5432",
            "engine": "postgres",
            "engine_version": "14",
            "engine_version_actual": "14.8",
            "final_snapshot_identifier": null,
            "hosted_zone_id": "ZMESEXB7ZGGQ3",
            "iam_database_authentication_enabled": false,
            "id": "db-MEO22TO53OH5KZH4VOYQ6KGO2Y",
            "identifier": "rds-postgres",
            "identifier_prefix": "",
            "instance_class": "db.t3.micro",
            "iops": 0,
            "kms_key_id": "",
            "latest_restorable_time": "",
            "license_model": "postgresql-license",
            "listener_endpoint": [],
            "maintenance_window": "mon:00:05-mon:00:35",
            "manage_master_user_password": null,
            "master_user_secret": [],
            "master_user_secret_kms_key_id": null,
            "max_allocated_storage": 0,
            "monitoring_interval": 0,
            "monitoring_role_arn": "",
            "multi_az": false,
            "nchar_character_set_name": "",
            "network_type": "IPV4",
            "option_group_name": "default:postgres-14",
            "parameter_group_name": "default.postgres14",
            "password": "postgres",
            "performance_insights_enabled": false,
            "performance_insights_kms_key_id": "",
            "performance_insights_retention_period": 0,
            "port": 5432,
            "publicly_accessible": false,
            "replica_mode": "",
            "replicas": [],
            "replicate_source_db": "",
            "resource_id": "db-MEO22TO53OH5KZH4VOYQ6KGO2Y",
            "restore_to_point_in_time": [],
            "s3_import": [],
            "skip_final_snapshot": true,
            "snapshot_identifier": null,
            "status": "available",
            "storage_encrypted": false,
            "storage_throughput": 0,
            "storage_type": "gp2",
            "tags": {
              "Name": "omega_db"
            },
            "tags_all": {
              "Name": "omega_db"
            },
            "timeouts": null,
            "timezone": "",
            "username": "postgres",
            "vpc_security_group_ids": [
              "sg-08fd03f17ab0e8e56"
            ]
          },
          "sensitive_attributes": [],
          "private": "eyJlMmJmYjczMC1lY2FhLTExZTYtOGY4OC0zNDM2M2JjN2M0YzAiOnsiY3JlYXRlIjoyNDAwMDAwMDAwMDAwLCJkZWxldGUiOjM2MDAwMDAwMDAwMDAsInVwZGF0ZSI6NDgwMDAwMDAwMDAwMH0sInNjaGVtYV92ZXJzaW9uIjoiMiJ9",
          "dependencies": [
            "aws_db_subnet_group.omega_db_subnet_group",
            "aws_security_group.omega_db_sg"
          ]
        }
      ]
    },
    {
      "mode": "managed",
      "type": "aws_db_subnet_group",
      "name": "omega_db_subnet_group",
      "provider": "provider[\"registry.terraform.io/hashicorp/aws\"]",
      "instances": [
        {
          "schema_version": 0,
          "attributes": {
            "arn": "arn:aws:rds:eu-west-3:552239912540:subgrp:terraform-20230811104009448400000001",
            "description": "Groupe securité subnet",
            "id": "terraform-20230811104009448400000001",
            "name": "terraform-20230811104009448400000001",
            "name_prefix": "terraform-",
            "subnet_ids": [
              "subnet-045d3034d73233ce4",
              "subnet-0bb5654abcfd194d7"
            ],
            "supported_network_types": [
              "IPV4"
            ],
            "tags": {
              "Name": "omega_db_subnet_group"
            },
            "tags_all": {
              "Name": "omega_db_subnet_group"
            },
            "vpc_id": "vpc-083202d3a8d071137"
          },
          "sensitive_attributes": [],
          "private": "bnVsbA==",
          "dependencies": [
            "aws_subnet.omega_private_subnet",
            "aws_vpc.vpc_rec",
            "data.aws_availability_zones.available"
          ]
        }
      ]
    },
    {
      "mode": "managed",
      "type": "aws_eip",
      "name": "omega_eip",
      "provider": "provider[\"registry.terraform.io/hashicorp/aws\"]",
      "instances": [
        {
          "index_key": 0,
          "schema_version": 0,
          "attributes": {
            "address": null,
            "allocation_id": "eipalloc-0814ae0f32f09d350",
            "associate_with_private_ip": null,
            "association_id": "eipassoc-0e9746d10f38c3784",
            "carrier_ip": "",
            "customer_owned_ip": "",
            "customer_owned_ipv4_pool": "",
            "domain": "vpc",
            "id": "eipalloc-0814ae0f32f09d350",
            "instance": "i-0ba1a5c587f847581",
            "network_border_group": "eu-west-3",
            "network_interface": "eni-0b4cc8f45949099f1",
            "private_dns": "ip-10-0-1-202.eu-west-3.compute.internal",
            "private_ip": "10.0.1.202",
            "public_dns": "ec2-13-39-134-35.eu-west-3.compute.amazonaws.com",
            "public_ip": "13.39.134.35",
            "public_ipv4_pool": "amazon",
            "tags": {
              "Name": "omega_eip_0"
            },
            "tags_all": {
              "Name": "omega_eip_0"
            },
            "timeouts": null,
            "vpc": true
          },
          "sensitive_attributes": [],
          "private": "eyJlMmJmYjczMC1lY2FhLTExZTYtOGY4OC0zNDM2M2JjN2M0YzAiOnsiZGVsZXRlIjoxODAwMDAwMDAwMDAsInJlYWQiOjkwMDAwMDAwMDAwMCwidXBkYXRlIjozMDAwMDAwMDAwMDB9fQ==",
          "dependencies": [
            "aws_instance.omega_backend",
            "aws_key_pair.priv_backend_key_pair",
            "aws_security_group.omega_web_sg",
            "aws_subnet.omega_public_subnet",
            "aws_vpc.vpc_rec",
            "data.aws_availability_zones.available",
            "tls_private_key.priv_backend_key"
          ]
        }
      ]
    },
    {
      "mode": "managed",
      "type": "aws_instance",
      "name": "omega_backend",
      "provider": "provider[\"registry.terraform.io/hashicorp/aws\"]",
      "instances": [
        {
          "index_key": 0,
          "schema_version": 1,
          "attributes": {
            "ami": "ami-07e67bd6b5d9fd892",
            "arn": "arn:aws:ec2:eu-west-3:552239912540:instance/i-0ba1a5c587f847581",
            "associate_public_ip_address": false,
            "availability_zone": "eu-west-3a",
            "capacity_reservation_specification": [
              {
                "capacity_reservation_preference": "open",
                "capacity_reservation_target": []
              }
            ],
            "cpu_core_count": 1,
            "cpu_options": [
              {
                "amd_sev_snp": "",
                "core_count": 1,
                "threads_per_core": 1
              }
            ],
            "cpu_threads_per_core": 1,
            "credit_specification": [
              {
                "cpu_credits": "standard"
              }
            ],
            "disable_api_stop": false,
            "disable_api_termination": false,
            "ebs_block_device": [],
            "ebs_optimized": false,
            "enclave_options": [
              {
                "enabled": false
              }
            ],
            "ephemeral_block_device": [],
            "get_password_data": false,
            "hibernation": false,
            "host_id": "",
            "host_resource_group_arn": null,
            "iam_instance_profile": "",
            "id": "i-0ba1a5c587f847581",
            "instance_initiated_shutdown_behavior": "stop",
            "instance_lifecycle": "",
            "instance_market_options": [],
            "instance_state": "running",
            "instance_type": "t2.micro",
            "ipv6_address_count": 0,
            "ipv6_addresses": [],
            "key_name": "omega_back_end_key",
            "launch_template": [],
            "maintenance_options": [
              {
                "auto_recovery": "default"
              }
            ],
            "metadata_options": [
              {
                "http_endpoint": "enabled",
                "http_put_response_hop_limit": 2,
                "http_tokens": "required",
                "instance_metadata_tags": "disabled"
              }
            ],
            "monitoring": false,
            "network_interface": [],
            "outpost_arn": "",
            "password_data": "",
            "placement_group": "",
            "placement_partition_number": 0,
            "primary_network_interface_id": "eni-0b4cc8f45949099f1",
            "private_dns": "ip-10-0-1-202.eu-west-3.compute.internal",
            "private_dns_name_options": [
              {
                "enable_resource_name_dns_a_record": false,
                "enable_resource_name_dns_aaaa_record": false,
                "hostname_type": "ip-name"
              }
            ],
            "private_ip": "10.0.1.202",
            "public_dns": "",
            "public_ip": "",
            "root_block_device": [
              {
                "delete_on_termination": true,
                "device_name": "/dev/xvda",
                "encrypted": false,
                "iops": 3000,
                "kms_key_id": "",
                "tags": {},
                "throughput": 125,
                "volume_id": "vol-0e6f59ae837fb9f27",
                "volume_size": 8,
                "volume_type": "gp3"
              }
            ],
            "secondary_private_ips": [],
            "security_groups": [],
            "source_dest_check": true,
            "spot_instance_request_id": "",
            "subnet_id": "subnet-093794d865d00b616",
            "tags": {
              "Name": "omega_backend"
            },
            "tags_all": {
              "Name": "omega_backend"
            },
            "tenancy": "default",
            "timeouts": null,
            "user_data": null,
            "user_data_base64": null,
            "user_data_replace_on_change": false,
            "volume_tags": null,
            "vpc_security_group_ids": [
              "sg-0186dc8a4d532f748"
            ]
          },
          "sensitive_attributes": [],
          "private": "eyJlMmJmYjczMC1lY2FhLTExZTYtOGY4OC0zNDM2M2JjN2M0YzAiOnsiY3JlYXRlIjo2MDAwMDAwMDAwMDAsImRlbGV0ZSI6MTIwMDAwMDAwMDAwMCwidXBkYXRlIjo2MDAwMDAwMDAwMDB9LCJzY2hlbWFfdmVyc2lvbiI6IjEifQ==",
          "dependencies": [
            "aws_key_pair.priv_backend_key_pair",
            "aws_security_group.omega_web_sg",
            "aws_subnet.omega_public_subnet",
            "aws_vpc.vpc_rec",
            "data.aws_availability_zones.available",
            "tls_private_key.priv_backend_key"
          ]
        }
      ]
    },
    {
      "mode": "managed",
      "type": "aws_internet_gateway",
      "name": "rec_igw",
      "provider": "provider[\"registry.terraform.io/hashicorp/aws\"]",
      "instances": [
        {
          "schema_version": 0,
          "attributes": {
            "arn": "arn:aws:ec2:eu-west-3:552239912540:internet-gateway/igw-0ad22f7d35fd9087e",
            "id": "igw-0ad22f7d35fd9087e",
            "owner_id": "552239912540",
            "tags": {
              "Name": "gateway_recette"
            },
            "tags_all": {
              "Name": "gateway_recette"
            },
            "timeouts": null,
            "vpc_id": "vpc-083202d3a8d071137"
          },
          "sensitive_attributes": [],
          "private": "eyJlMmJmYjczMC1lY2FhLTExZTYtOGY4OC0zNDM2M2JjN2M0YzAiOnsiY3JlYXRlIjoxMjAwMDAwMDAwMDAwLCJkZWxldGUiOjEyMDAwMDAwMDAwMDAsInVwZGF0ZSI6MTIwMDAwMDAwMDAwMH19",
          "dependencies": [
            "aws_vpc.vpc_rec"
          ]
        }
      ]
    },
    {
      "mode": "managed",
      "type": "aws_key_pair",
      "name": "priv_backend_key_pair",
      "provider": "provider[\"registry.terraform.io/hashicorp/aws\"]",
      "instances": [
        {
          "schema_version": 1,
          "attributes": {
            "arn": "arn:aws:ec2:eu-west-3:552239912540:key-pair/omega_back_end_key",
            "fingerprint": "6b:dd:e0:d5:9d:d0:11:98:fb:4f:bf:19:44:dd:50:a1",
            "id": "omega_back_end_key",
            "key_name": "omega_back_end_key",
            "key_name_prefix": "",
            "key_pair_id": "key-01a62c40f1e9c7847",
            "key_type": "rsa",
            "public_key": "ssh-rsa AAAAB3NzaC1yc2EAAAADAQABAAACAQCytBlkAS7uM2vcnhKRTXCXncLlYvYFTmBmDz7+b3M+1tGcXXsRpxpDB96uJ6ZXCy1pQ8TkBs2lWI7mZgyTDqokV0Q47ovO1N1NKXkORNTTTWHu+QdfgHBGqBLjnVR2p4gjnYr7T3GPjRzEvktbUgDLriUrrRdam1NXPIc5mbxFmsU6ZcjZ+IBQprfcwKIQhrZ2owhJcKN+G70NwbdUwAwPht4Z4s/jCMvMdd6WSTXgcdBHexXapF7Ezp+/cU6dC9uPd1O8mLe6tcSqXSqtpLNn2ENu9W9fLkdJJYKyb7cWw64gOgkAbLNw6XXFJicUZvweRnWD/hSeSqnvDI3JOVK14OGBDfNPtAY73ezRE4NoAcFrOq02sit5b4DeolBqC16cC0e0jydIPNVrKQ+G3vnNPL3e51J9OwGEhMNcC8K3oWZBlj1IqW8mafw8Epdof3OMjaeqya2paW2sC9dfrqnV38gZkXbvyT/ZSj1XCQT18xJaxm4n8zIuBF0QCgsRSVtEwlVt8A6o215oSISHF8651ApMWTnrtFEN4buWhkzahV4lUSsGBAdejyvB5b8CDgxloyBTcADAgsBGY07MffQZMOUKg+CH9WvkbDqEKhkHc8goCYzS3i2QC2yzg4TG4GHkhpsVPMYp4WBggFZbD2XCnuQt2Yn8+IWwWkWbXgX1PQ==",
            "tags": {},
            "tags_all": {}
          },
          "sensitive_attributes": [],
          "private": "eyJzY2hlbWFfdmVyc2lvbiI6IjEifQ==",
          "dependencies": [
            "tls_private_key.priv_backend_key"
          ]
        }
      ]
    },
    {
      "mode": "managed",
      "type": "aws_route_table",
      "name": "omega_private_rt",
      "provider": "provider[\"registry.terraform.io/hashicorp/aws\"]",
      "instances": [
        {
          "schema_version": 0,
          "attributes": {
            "arn": "arn:aws:ec2:eu-west-3:552239912540:route-table/rtb-0d692ebfa84af88c3",
            "id": "rtb-0d692ebfa84af88c3",
            "owner_id": "552239912540",
            "propagating_vgws": [],
            "route": [],
            "tags": {},
            "tags_all": {},
            "timeouts": null,
            "vpc_id": "vpc-083202d3a8d071137"
          },
          "sensitive_attributes": [],
          "private": "eyJlMmJmYjczMC1lY2FhLTExZTYtOGY4OC0zNDM2M2JjN2M0YzAiOnsiY3JlYXRlIjozMDAwMDAwMDAwMDAsImRlbGV0ZSI6MzAwMDAwMDAwMDAwLCJ1cGRhdGUiOjEyMDAwMDAwMDAwMH19",
          "dependencies": [
            "aws_vpc.vpc_rec"
          ]
        }
      ]
    },
    {
      "mode": "managed",
      "type": "aws_route_table",
      "name": "omega_public_rt",
      "provider": "provider[\"registry.terraform.io/hashicorp/aws\"]",
      "instances": [
        {
          "schema_version": 0,
          "attributes": {
            "arn": "arn:aws:ec2:eu-west-3:552239912540:route-table/rtb-012d580a8fdac4c5c",
            "id": "rtb-012d580a8fdac4c5c",
            "owner_id": "552239912540",
            "propagating_vgws": [],
            "route": [
              {
                "carrier_gateway_id": "",
                "cidr_block": "0.0.0.0/0",
                "core_network_arn": "",
                "destination_prefix_list_id": "",
                "egress_only_gateway_id": "",
                "gateway_id": "igw-0ad22f7d35fd9087e",
                "ipv6_cidr_block": "",
                "local_gateway_id": "",
                "nat_gateway_id": "",
                "network_interface_id": "",
                "transit_gateway_id": "",
                "vpc_endpoint_id": "",
                "vpc_peering_connection_id": ""
              }
            ],
            "tags": {},
            "tags_all": {},
            "timeouts": null,
            "vpc_id": "vpc-083202d3a8d071137"
          },
          "sensitive_attributes": [],
          "private": "eyJlMmJmYjczMC1lY2FhLTExZTYtOGY4OC0zNDM2M2JjN2M0YzAiOnsiY3JlYXRlIjozMDAwMDAwMDAwMDAsImRlbGV0ZSI6MzAwMDAwMDAwMDAwLCJ1cGRhdGUiOjEyMDAwMDAwMDAwMH19",
          "dependencies": [
            "aws_internet_gateway.rec_igw",
            "aws_vpc.vpc_rec"
          ]
        }
      ]
    },
    {
      "mode": "managed",
      "type": "aws_route_table_association",
      "name": "private",
      "provider": "provider[\"registry.terraform.io/hashicorp/aws\"]",
      "instances": [
        {
          "index_key": 0,
          "schema_version": 0,
          "attributes": {
            "gateway_id": "",
            "id": "rtbassoc-05a2ce1f57b4e8876",
            "route_table_id": "rtb-0d692ebfa84af88c3",
            "subnet_id": "subnet-0bb5654abcfd194d7",
            "timeouts": null
          },
          "sensitive_attributes": [],
          "private": "eyJlMmJmYjczMC1lY2FhLTExZTYtOGY4OC0zNDM2M2JjN2M0YzAiOnsiY3JlYXRlIjozMDAwMDAwMDAwMDAsImRlbGV0ZSI6MzAwMDAwMDAwMDAwLCJ1cGRhdGUiOjEyMDAwMDAwMDAwMH19",
          "dependencies": [
            "aws_route_table.omega_private_rt",
            "aws_subnet.omega_private_subnet",
            "aws_vpc.vpc_rec",
            "data.aws_availability_zones.available"
          ]
        },
        {
          "index_key": 1,
          "schema_version": 0,
          "attributes": {
            "gateway_id": "",
            "id": "rtbassoc-03a96fb16dcd38e1c",
            "route_table_id": "rtb-0d692ebfa84af88c3",
            "subnet_id": "subnet-045d3034d73233ce4",
            "timeouts": null
          },
          "sensitive_attributes": [],
          "private": "eyJlMmJmYjczMC1lY2FhLTExZTYtOGY4OC0zNDM2M2JjN2M0YzAiOnsiY3JlYXRlIjozMDAwMDAwMDAwMDAsImRlbGV0ZSI6MzAwMDAwMDAwMDAwLCJ1cGRhdGUiOjEyMDAwMDAwMDAwMH19",
          "dependencies": [
            "aws_route_table.omega_private_rt",
            "aws_subnet.omega_private_subnet",
            "aws_vpc.vpc_rec",
            "data.aws_availability_zones.available"
          ]
        }
      ]
    },
    {
      "mode": "managed",
      "type": "aws_route_table_association",
      "name": "public",
      "provider": "provider[\"registry.terraform.io/hashicorp/aws\"]",
      "instances": [
        {
          "index_key": 0,
          "schema_version": 0,
          "attributes": {
            "gateway_id": "",
            "id": "rtbassoc-047fdbb7875cd16e3",
            "route_table_id": "rtb-012d580a8fdac4c5c",
            "subnet_id": "subnet-093794d865d00b616",
            "timeouts": null
          },
          "sensitive_attributes": [],
          "private": "eyJlMmJmYjczMC1lY2FhLTExZTYtOGY4OC0zNDM2M2JjN2M0YzAiOnsiY3JlYXRlIjozMDAwMDAwMDAwMDAsImRlbGV0ZSI6MzAwMDAwMDAwMDAwLCJ1cGRhdGUiOjEyMDAwMDAwMDAwMH19",
          "dependencies": [
            "aws_internet_gateway.rec_igw",
            "aws_route_table.omega_public_rt",
            "aws_subnet.omega_public_subnet",
            "aws_vpc.vpc_rec",
            "data.aws_availability_zones.available"
          ]
        }
      ]
    },
    {
      "mode": "managed",
      "type": "aws_security_group",
      "name": "omega_db_sg",
      "provider": "provider[\"registry.terraform.io/hashicorp/aws\"]",
      "instances": [
        {
          "schema_version": 1,
          "attributes": {
            "arn": "arn:aws:ec2:eu-west-3:552239912540:security-group/sg-08fd03f17ab0e8e56",
            "description": "Groupe securite omega db",
            "egress": [],
            "id": "sg-08fd03f17ab0e8e56",
            "ingress": [
              {
                "cidr_blocks": [],
                "description": "Allow postgresdatabase traffic from only the web sg",
                "from_port": 5432,
                "ipv6_cidr_blocks": [],
                "prefix_list_ids": [],
                "protocol": "tcp",
                "security_groups": [
                  "sg-0186dc8a4d532f748"
                ],
                "self": false,
                "to_port": 5432
              }
            ],
            "name": "omega_db_sg",
            "name_prefix": "",
            "owner_id": "552239912540",
            "revoke_rules_on_delete": false,
            "tags": {
              "Name": "sg_db_omega"
            },
            "tags_all": {
              "Name": "sg_db_omega"
            },
            "timeouts": null,
            "vpc_id": "vpc-083202d3a8d071137"
          },
          "sensitive_attributes": [],
          "private": "eyJlMmJmYjczMC1lY2FhLTExZTYtOGY4OC0zNDM2M2JjN2M0YzAiOnsiY3JlYXRlIjo2MDAwMDAwMDAwMDAsImRlbGV0ZSI6OTAwMDAwMDAwMDAwfSwic2NoZW1hX3ZlcnNpb24iOiIxIn0=",
          "dependencies": [
            "aws_security_group.omega_web_sg",
            "aws_vpc.vpc_rec"
          ]
        }
      ]
    },
    {
      "mode": "managed",
      "type": "aws_security_group",
      "name": "omega_web_sg",
      "provider": "provider[\"registry.terraform.io/hashicorp/aws\"]",
      "instances": [
        {
          "schema_version": 1,
          "attributes": {
            "arn": "arn:aws:ec2:eu-west-3:552239912540:security-group/sg-0186dc8a4d532f748",
            "description": "Groupe securite omega",
            "egress": [
              {
                "cidr_blocks": [
                  "0.0.0.0/0"
                ],
                "description": "Allow all outbound traffic",
                "from_port": 0,
                "ipv6_cidr_blocks": [],
                "prefix_list_ids": [],
                "protocol": "-1",
                "security_groups": [],
                "self": false,
                "to_port": 0
              }
            ],
            "id": "sg-0186dc8a4d532f748",
            "ingress": [
              {
                "cidr_blocks": [
                  "0.0.0.0/0"
                ],
                "description": "Allow SSH from my computer",
                "from_port": 22,
                "ipv6_cidr_blocks": [],
                "prefix_list_ids": [],
                "protocol": "tcp",
                "security_groups": [],
                "self": false,
                "to_port": 22
              },
              {
                "cidr_blocks": [
                  "0.0.0.0/0"
                ],
                "description": "Allow all traffic through HTTP",
                "from_port": 80,
                "ipv6_cidr_blocks": [],
                "prefix_list_ids": [],
                "protocol": "tcp",
                "security_groups": [],
                "self": false,
                "to_port": 80
              }
            ],
            "name": "omega_web_sg",
            "name_prefix": "",
            "owner_id": "552239912540",
            "revoke_rules_on_delete": false,
            "tags": {
              "Name": "sg_omega"
            },
            "tags_all": {
              "Name": "sg_omega"
            },
            "timeouts": null,
            "vpc_id": "vpc-083202d3a8d071137"
          },
          "sensitive_attributes": [],
          "private": "eyJlMmJmYjczMC1lY2FhLTExZTYtOGY4OC0zNDM2M2JjN2M0YzAiOnsiY3JlYXRlIjo2MDAwMDAwMDAwMDAsImRlbGV0ZSI6OTAwMDAwMDAwMDAwfSwic2NoZW1hX3ZlcnNpb24iOiIxIn0=",
          "dependencies": [
            "aws_vpc.vpc_rec"
          ]
        }
      ]
    },
    {
      "mode": "managed",
      "type": "aws_subnet",
      "name": "omega_private_subnet",
      "provider": "provider[\"registry.terraform.io/hashicorp/aws\"]",
      "instances": [
        {
          "index_key": 0,
          "schema_version": 1,
          "attributes": {
            "arn": "arn:aws:ec2:eu-west-3:552239912540:subnet/subnet-0bb5654abcfd194d7",
            "assign_ipv6_address_on_creation": false,
            "availability_zone": "eu-west-3a",
            "availability_zone_id": "euw3-az1",
            "cidr_block": "10.0.101.0/24",
            "customer_owned_ipv4_pool": "",
            "enable_dns64": false,
            "enable_lni_at_device_index": 0,
            "enable_resource_name_dns_a_record_on_launch": false,
            "enable_resource_name_dns_aaaa_record_on_launch": false,
            "id": "subnet-0bb5654abcfd194d7",
            "ipv6_cidr_block": "",
            "ipv6_cidr_block_association_id": "",
            "ipv6_native": false,
            "map_customer_owned_ip_on_launch": false,
            "map_public_ip_on_launch": false,
            "outpost_arn": "",
            "owner_id": "552239912540",
            "private_dns_hostname_type_on_launch": "ip-name",
            "tags": {
              "Name": "omega_private_subnet_0"
            },
            "tags_all": {
              "Name": "omega_private_subnet_0"
            },
            "timeouts": null,
            "vpc_id": "vpc-083202d3a8d071137"
          },
          "sensitive_attributes": [],
          "private": "eyJlMmJmYjczMC1lY2FhLTExZTYtOGY4OC0zNDM2M2JjN2M0YzAiOnsiY3JlYXRlIjo2MDAwMDAwMDAwMDAsImRlbGV0ZSI6MTIwMDAwMDAwMDAwMH0sInNjaGVtYV92ZXJzaW9uIjoiMSJ9",
          "dependencies": [
            "aws_vpc.vpc_rec",
            "data.aws_availability_zones.available"
          ]
        },
        {
          "index_key": 1,
          "schema_version": 1,
          "attributes": {
            "arn": "arn:aws:ec2:eu-west-3:552239912540:subnet/subnet-045d3034d73233ce4",
            "assign_ipv6_address_on_creation": false,
            "availability_zone": "eu-west-3b",
            "availability_zone_id": "euw3-az2",
            "cidr_block": "10.0.102.0/24",
            "customer_owned_ipv4_pool": "",
            "enable_dns64": false,
            "enable_lni_at_device_index": 0,
            "enable_resource_name_dns_a_record_on_launch": false,
            "enable_resource_name_dns_aaaa_record_on_launch": false,
            "id": "subnet-045d3034d73233ce4",
            "ipv6_cidr_block": "",
            "ipv6_cidr_block_association_id": "",
            "ipv6_native": false,
            "map_customer_owned_ip_on_launch": false,
            "map_public_ip_on_launch": false,
            "outpost_arn": "",
            "owner_id": "552239912540",
            "private_dns_hostname_type_on_launch": "ip-name",
            "tags": {
              "Name": "omega_private_subnet_1"
            },
            "tags_all": {
              "Name": "omega_private_subnet_1"
            },
            "timeouts": null,
            "vpc_id": "vpc-083202d3a8d071137"
          },
          "sensitive_attributes": [],
          "private": "eyJlMmJmYjczMC1lY2FhLTExZTYtOGY4OC0zNDM2M2JjN2M0YzAiOnsiY3JlYXRlIjo2MDAwMDAwMDAwMDAsImRlbGV0ZSI6MTIwMDAwMDAwMDAwMH0sInNjaGVtYV92ZXJzaW9uIjoiMSJ9",
          "dependencies": [
            "aws_vpc.vpc_rec",
            "data.aws_availability_zones.available"
          ]
        }
      ]
    },
    {
      "mode": "managed",
      "type": "aws_subnet",
      "name": "omega_public_subnet",
      "provider": "provider[\"registry.terraform.io/hashicorp/aws\"]",
      "instances": [
        {
          "index_key": 0,
          "schema_version": 1,
          "attributes": {
            "arn": "arn:aws:ec2:eu-west-3:552239912540:subnet/subnet-093794d865d00b616",
            "assign_ipv6_address_on_creation": false,
            "availability_zone": "eu-west-3a",
            "availability_zone_id": "euw3-az1",
            "cidr_block": "10.0.1.0/24",
            "customer_owned_ipv4_pool": "",
            "enable_dns64": false,
            "enable_lni_at_device_index": 0,
            "enable_resource_name_dns_a_record_on_launch": false,
            "enable_resource_name_dns_aaaa_record_on_launch": false,
            "id": "subnet-093794d865d00b616",
            "ipv6_cidr_block": "",
            "ipv6_cidr_block_association_id": "",
            "ipv6_native": false,
            "map_customer_owned_ip_on_launch": false,
            "map_public_ip_on_launch": false,
            "outpost_arn": "",
            "owner_id": "552239912540",
            "private_dns_hostname_type_on_launch": "ip-name",
            "tags": {
              "Name": "omega_public_subnet_0"
            },
            "tags_all": {
              "Name": "omega_public_subnet_0"
            },
            "timeouts": null,
            "vpc_id": "vpc-083202d3a8d071137"
          },
          "sensitive_attributes": [],
          "private": "eyJlMmJmYjczMC1lY2FhLTExZTYtOGY4OC0zNDM2M2JjN2M0YzAiOnsiY3JlYXRlIjo2MDAwMDAwMDAwMDAsImRlbGV0ZSI6MTIwMDAwMDAwMDAwMH0sInNjaGVtYV92ZXJzaW9uIjoiMSJ9",
          "dependencies": [
            "aws_vpc.vpc_rec",
            "data.aws_availability_zones.available"
          ]
        }
      ]
    },
    {
      "mode": "managed",
      "type": "aws_vpc",
      "name": "vpc_rec",
      "provider": "provider[\"registry.terraform.io/hashicorp/aws\"]",
      "instances": [
        {
          "schema_version": 1,
          "attributes": {
            "arn": "arn:aws:ec2:eu-west-3:552239912540:vpc/vpc-083202d3a8d071137",
            "assign_generated_ipv6_cidr_block": false,
            "cidr_block": "10.0.0.0/16",
            "default_network_acl_id": "acl-0804b6ef70396c2c3",
            "default_route_table_id": "rtb-0408786fe7a52fbb2",
            "default_security_group_id": "sg-00052af8bbbe10152",
            "dhcp_options_id": "dopt-01687b134227ed1a0",
            "enable_dns_hostnames": true,
            "enable_dns_support": true,
            "enable_network_address_usage_metrics": false,
            "id": "vpc-083202d3a8d071137",
            "instance_tenancy": "default",
            "ipv4_ipam_pool_id": null,
            "ipv4_netmask_length": null,
            "ipv6_association_id": "",
            "ipv6_cidr_block": "",
            "ipv6_cidr_block_network_border_group": "",
            "ipv6_ipam_pool_id": "",
            "ipv6_netmask_length": 0,
            "main_route_table_id": "rtb-0408786fe7a52fbb2",
            "owner_id": "552239912540",
            "tags": {
              "Name": "recette"
            },
            "tags_all": {
              "Name": "recette"
            }
          },
          "sensitive_attributes": [],
          "private": "eyJzY2hlbWFfdmVyc2lvbiI6IjEifQ=="
        }
      ]
    },
    {
      "mode": "managed",
      "type": "tls_private_key",
      "name": "priv_backend_key",
      "provider": "provider[\"registry.terraform.io/hashicorp/tls\"]",
      "instances": [
        {
          "schema_version": 1,
          "attributes": {
            "algorithm": "RSA",
            "ecdsa_curve": "P224",
            "id": "2ac605b7fb196dcac1686d137689bf4825512364",
            "private_key_openssh": "-----BEGIN OPENSSH PRIVATE KEY-----\nb3BlbnNzaC1rZXktdjEAAAAABG5vbmUAAAAEbm9uZQAAAAAAAAABAAACFwAAAAdz\nc2gtcnNhAAAAAwEAAQAAAgEAsrQZZAEu7jNr3J4SkU1wl53C5WL2BU5gZg8+/m9z\nPtbRnF17EacaQwferiemVwstaUPE5AbNpViO5mYMkw6qJFdEOO6LztTdTSl5DkTU\n001h7vkHX4BwRqgS451UdqeII52K+09xj40cxL5LW1IAy64lK60XWptTVzyHOZm8\nRZrFOmXI2fiAUKa33MCiEIa2dqMISXCjfhu9DcG3VMAMD4beGeLP4wjLzHXelkk1\n4HHQR3sV2qRexM6fv3FOnQvbj3dTvJi3urXEql0qraSzZ9hDbvVvXy5HSSWCsm+3\nFsOuIDoJAGyzcOl1xSYnFGb8HkZ1g/4Unkqp7wyNyTlSteDhgQ3zT7QGO93s0ROD\naAHBazqtNrIreW+A3qJQagtenAtHtI8nSDzVaykPht75zTy93udSfTsBhITDXAvC\nt6FmQZY9SKlvJmn8PBKXaH9zjI2nqsmtqWltrAvXX66p1d/IGZF278k/2Uo9VwkE\n9fMSWsZuJ/MyLgRdEAoLEUlbRMJVbfAOqNteaEiEhxfOudQKTFk567RRDeG7loZM\n2oVeJVErBgQHXo8rweW/Ag4MZaMgU3AAwILARmNOzH30GTDlCoPgh/Vr5Gw6hCoZ\nB3PIKAmM0t4tkAtss4OExuBh5IabFTzGKeFgYIBWWw9lwp7kLdmJ/PiFsFpFm14F\n9T0AAAc4PFByYjxQcmIAAAAHc3NoLXJzYQAAAgEAsrQZZAEu7jNr3J4SkU1wl53C\n5WL2BU5gZg8+/m9zPtbRnF17EacaQwferiemVwstaUPE5AbNpViO5mYMkw6qJFdE\nOO6LztTdTSl5DkTU001h7vkHX4BwRqgS451UdqeII52K+09xj40cxL5LW1IAy64l\nK60XWptTVzyHOZm8RZrFOmXI2fiAUKa33MCiEIa2dqMISXCjfhu9DcG3VMAMD4be\nGeLP4wjLzHXelkk14HHQR3sV2qRexM6fv3FOnQvbj3dTvJi3urXEql0qraSzZ9hD\nbvVvXy5HSSWCsm+3FsOuIDoJAGyzcOl1xSYnFGb8HkZ1g/4Unkqp7wyNyTlSteDh\ngQ3zT7QGO93s0RODaAHBazqtNrIreW+A3qJQagtenAtHtI8nSDzVaykPht75zTy9\n3udSfTsBhITDXAvCt6FmQZY9SKlvJmn8PBKXaH9zjI2nqsmtqWltrAvXX66p1d/I\nGZF278k/2Uo9VwkE9fMSWsZuJ/MyLgRdEAoLEUlbRMJVbfAOqNteaEiEhxfOudQK\nTFk567RRDeG7loZM2oVeJVErBgQHXo8rweW/Ag4MZaMgU3AAwILARmNOzH30GTDl\nCoPgh/Vr5Gw6hCoZB3PIKAmM0t4tkAtss4OExuBh5IabFTzGKeFgYIBWWw9lwp7k\nLdmJ/PiFsFpFm14F9T0AAAADAQABAAACAQCS6NY6zXI8Zs+UdesDwur96bcQhvOD\n1zQOkxgRaaQPk+CMMJl9IKfJVU3uVDA+PLUfZZQWdbVX6d7IcDqEJrke2RL/zrPm\n3D32MlMPtOxVrbcGE3nJPDiRDZlBv9RxGzcjOF/KTDwqbDKrV1lyAI8g4tAyAMFD\nPpAcFmmAo+8QNbVQVd7xuoYaR4S9mStidKzKCStF3LC7eqhIB+nkZWFE3nX2R+zp\nUxDfzEKpwBPnqQk1ym1j6l7yYn8Xjlm3Z8kfP1T6pX3do5LDD4aHa/AFPdfp/yGI\n2O3Hp2uzr32P3Fxop+1AiRxXhcXIxp23+xXm+bugQB/JJc5f9C0XsOVZuVtwgkvv\ni7icKBKC8NOwLMDcJJh+05WiqSyZMEhtkItgQdMtjGaVshaswY9n2rcI6x6KogBE\nG/0HFL+Zr16eFRHBf6IyyIpAk4l6eczCMn4E5a8N+27ZwGxeRg3v/hBZqBFhsB0v\n1kK8hbNLZ5cH9Prz6jt0AXdgICYfXyX5V03R7Uq8onaHgSmwbCnDwZsTaOErJbFa\nEo/QPgx6JXWN7XnQsAK3DKViHHMrLd4UMsVbFWYmEnRQ61iMXgREzCDmb1pMUu+W\nRATTvyam872ysPGCWjRAWc6HYWR4GmzuPrw8PCav4U4/GIIvYiq6BMtfPIwrHHqq\nM1tr6HEHQAL+zQAAAQAKB2frfXYQyTzm0aRQH2wrHplLKlexZcc3tIVUxdRLQe1K\n45v/OGciUQhdTFopCuTa1SK+CLMu0GeO6YxADiqsO7Bjr6o6y+giMUuuwZxCLXBU\nKGm1dp7OyvVxUAc6FeJ2XGm7b5mIStmGNKn9hBwWX8IpJ8Iy4UsbmQd3HXu6BRzN\n9h1NOhQwUCjZlApu81MjIhfUUfeyUwx+EXZg/p/jTKmeUnJ7KwrvwD8hdRBRoaZK\nslmUGOqR3YyiGsS6O9P/oWYU/xatRMuRH0mFvLbu4lIjzGKP8L5JoomYgn0uZOqJ\nZ7DprPUqexaXNktA5E/kC0o/SJvRiOBPf9RScuD2AAABAQDobItJF98Cmbj4Rc+z\n3PVhhdtENRyIzSAWbVvPQaw9dIeZXf9iu6R8KSbLvTlActEGwamGRgBqK9gZ7B+t\nrl7WZAJ2kvyvyY4OkeRrxWCOuo3qIqgps5i2t/UBdaBhQxYB+euB/HAo4TRyjTbo\n/3kyrxHik6/qEv7hnKltmZJCQ8jtTR6eyF57c8GBOI9spyn2PrtRxg1KLuUeEO6y\ng/r7zdEyxgVs8y3XikMh/0M0OmUDQzCaUAEzJ8NRX2DlSsLeiKpCtSGCj0dub3pd\n3xmx9TXiDmtwYagv5fGeaLS7shz2Bp8uozjOw8N0mORbjCV6N+YKZa0MR2xYNbIp\neYNnAAABAQDE1JJWyPxiy1RQczkG730hKBwlX6EvuB1IypeA+eRs2Ya/ZQS9jmzm\n8evECQg42pYBBt4RCG3gKZ1Cy80uWTzU37DFDelM+sfXKP1EHXZMiAS6Fvhqjkem\nC9y/OHhgMTIolw7luOzA5DTnMq3QAMaiLrzYqWX65gjE5cKImCvuWEZi01IcRlyo\n/96CosFRhF/LhwU0m+4r0myWu3+6qOmO6k7kkOu0j22SRdDFjuFPVo64nRUvdIKM\nrfxVACMebJcss4L/NDkPEakrdCkCSB/V5zW966/2E6ExUQxRt0qxeSL/TR3ENggU\nuFqFtRwLg7l0FXyLLmkpvCltr3Snap+7AAAAAAEC\n-----END OPENSSH PRIVATE KEY-----\n",
            "private_key_pem": "-----BEGIN RSA PRIVATE KEY-----\nMIIJKQIBAAKCAgEAsrQZZAEu7jNr3J4SkU1wl53C5WL2BU5gZg8+/m9zPtbRnF17\nEacaQwferiemVwstaUPE5AbNpViO5mYMkw6qJFdEOO6LztTdTSl5DkTU001h7vkH\nX4BwRqgS451UdqeII52K+09xj40cxL5LW1IAy64lK60XWptTVzyHOZm8RZrFOmXI\n2fiAUKa33MCiEIa2dqMISXCjfhu9DcG3VMAMD4beGeLP4wjLzHXelkk14HHQR3sV\n2qRexM6fv3FOnQvbj3dTvJi3urXEql0qraSzZ9hDbvVvXy5HSSWCsm+3FsOuIDoJ\nAGyzcOl1xSYnFGb8HkZ1g/4Unkqp7wyNyTlSteDhgQ3zT7QGO93s0RODaAHBazqt\nNrIreW+A3qJQagtenAtHtI8nSDzVaykPht75zTy93udSfTsBhITDXAvCt6FmQZY9\nSKlvJmn8PBKXaH9zjI2nqsmtqWltrAvXX66p1d/IGZF278k/2Uo9VwkE9fMSWsZu\nJ/MyLgRdEAoLEUlbRMJVbfAOqNteaEiEhxfOudQKTFk567RRDeG7loZM2oVeJVEr\nBgQHXo8rweW/Ag4MZaMgU3AAwILARmNOzH30GTDlCoPgh/Vr5Gw6hCoZB3PIKAmM\n0t4tkAtss4OExuBh5IabFTzGKeFgYIBWWw9lwp7kLdmJ/PiFsFpFm14F9T0CAwEA\nAQKCAgEAkujWOs1yPGbPlHXrA8Lq/em3EIbzg9c0DpMYEWmkD5PgjDCZfSCnyVVN\n7lQwPjy1H2WUFnW1V+neyHA6hCa5HtkS/86z5tw99jJTD7TsVa23BhN5yTw4kQ2Z\nQb/UcRs3Izhfykw8Kmwyq1dZcgCPIOLQMgDBQz6QHBZpgKPvEDW1UFXe8bqGGkeE\nvZkrYnSsygkrRdywu3qoSAfp5GVhRN519kfs6VMQ38xCqcAT56kJNcptY+pe8mJ/\nF45Zt2fJHz9U+qV93aOSww+Gh2vwBT3X6f8hiNjtx6drs699j9xcaKftQIkcV4XF\nyMadt/sV5vm7oEAfySXOX/QtF7DlWblbcIJL74u4nCgSgvDTsCzA3CSYftOVoqks\nmTBIbZCLYEHTLYxmlbIWrMGPZ9q3COseiqIARBv9BxS/ma9enhURwX+iMsiKQJOJ\nennMwjJ+BOWvDftu2cBsXkYN7/4QWagRYbAdL9ZCvIWzS2eXB/T68+o7dAF3YCAm\nH18l+VdN0e1KvKJ2h4EpsGwpw8GbE2jhKyWxWhKP0D4MeiV1je150LACtwylYhxz\nKy3eFDLFWxVmJhJ0UOtYjF4ERMwg5m9aTFLvlkQE078mpvO9srDxglo0QFnOh2Fk\neBps7j68PDwmr+FOPxiCL2IqugTLXzyMKxx6qjNba+hxB0AC/s0CggEBAOhsi0kX\n3wKZuPhFz7Pc9WGF20Q1HIjNIBZtW89BrD10h5ld/2K7pHwpJsu9OUBy0QbBqYZG\nAGor2BnsH62uXtZkAnaS/K/Jjg6R5GvFYI66jeoiqCmzmLa39QF1oGFDFgH564H8\ncCjhNHKNNuj/eTKvEeKTr+oS/uGcqW2ZkkJDyO1NHp7IXntzwYE4j2ynKfY+u1HG\nDUou5R4Q7rKD+vvN0TLGBWzzLdeKQyH/QzQ6ZQNDMJpQATMnw1FfYOVKwt6IqkK1\nIYKPR25vel3fGbH1NeIOa3BhqC/l8Z5otLuyHPYGny6jOM7Dw3SY5FuMJXo35gpl\nrQxHbFg1sil5g2cCggEBAMTUklbI/GLLVFBzOQbvfSEoHCVfoS+4HUjKl4D55GzZ\nhr9lBL2ObObx68QJCDjalgEG3hEIbeApnULLzS5ZPNTfsMUN6Uz6x9co/UQddkyI\nBLoW+GqOR6YL3L84eGAxMiiXDuW47MDkNOcyrdAAxqIuvNipZfrmCMTlwoiYK+5Y\nRmLTUhxGXKj/3oKiwVGEX8uHBTSb7ivSbJa7f7qo6Y7qTuSQ67SPbZJF0MWO4U9W\njridFS90goyt/FUAIx5slyyzgv80OQ8RqSt0KQJIH9XnNb3rr/YToTFRDFG3SrF5\nIv9NHcQ2CBS4WoW1HAuDuXQVfIsuaSm8KW2vdKdqn7sCggEASgD9nGlYXZial5qK\n1qcdDk8zkJUkn75IYDuzxtsPP4YSAtg2D7bVWZ80thxq1UV5nqAdHR6+1Q9ewGo5\nb/CcS8EOM7j7cfFIJQV46IOxCeEGfK1KQ/TmRA9wmGVeinl00W5E+V9qSunh7DNg\nb3Ggom2x0SXbFjm0JBvgqoACXMz+dehfPoln5ADodP+QUzUqnDg/JntcEem6lAcq\nKXbyfCh9WqBIa/dF+mIQnAuN11xce1xyZj/hEeuwOgGXdYqHX5m+NH09zTdXtCcU\nnD0EDnCYFoEm3mKJza52b0zBdx3wMLnNB2l7FgKpAkAIPcnyyOZxfZAAOG+pZLC8\nKI6DMwKCAQEAt6eYu/1g8VXDYCWCymPfn3ZrfLvUDFCAkpDl+GQyrRXy0tcRK0Wf\ne4WzdQDweQwL9v1PaxkwXH63y8GZu2tshTwLFnK6gydkG/CVEF9lKFeqAXC5bcNA\nO0DKQmoQd8CviowYTGTWE81bR3ZUE8cFkAKIFqlJDGhjOkUf1JAYPZaEZmXDMbq9\nbrsABWiTdNpM//0F8GamPqFizOo6bhJ5iu45mq9WHu3NUTRvbka5GGwtUzjOsa7G\nuTkGPtGX8yVjkUQWMMWrj9HsxSznrsdZXR8VWBZ34uXB++Ah3IVn3lynOQvdgFzi\nAWNao3OvrVbFTflWcg9l9JkrFrsl36hvTQKCAQAKB2frfXYQyTzm0aRQH2wrHplL\nKlexZcc3tIVUxdRLQe1K45v/OGciUQhdTFopCuTa1SK+CLMu0GeO6YxADiqsO7Bj\nr6o6y+giMUuuwZxCLXBUKGm1dp7OyvVxUAc6FeJ2XGm7b5mIStmGNKn9hBwWX8Ip\nJ8Iy4UsbmQd3HXu6BRzN9h1NOhQwUCjZlApu81MjIhfUUfeyUwx+EXZg/p/jTKme\nUnJ7KwrvwD8hdRBRoaZKslmUGOqR3YyiGsS6O9P/oWYU/xatRMuRH0mFvLbu4lIj\nzGKP8L5JoomYgn0uZOqJZ7DprPUqexaXNktA5E/kC0o/SJvRiOBPf9RScuD2\n-----END RSA PRIVATE KEY-----\n",
            "private_key_pem_pkcs8": "-----BEGIN PRIVATE KEY-----\nMIIJQwIBADANBgkqhkiG9w0BAQEFAASCCS0wggkpAgEAAoICAQCytBlkAS7uM2vc\nnhKRTXCXncLlYvYFTmBmDz7+b3M+1tGcXXsRpxpDB96uJ6ZXCy1pQ8TkBs2lWI7m\nZgyTDqokV0Q47ovO1N1NKXkORNTTTWHu+QdfgHBGqBLjnVR2p4gjnYr7T3GPjRzE\nvktbUgDLriUrrRdam1NXPIc5mbxFmsU6ZcjZ+IBQprfcwKIQhrZ2owhJcKN+G70N\nwbdUwAwPht4Z4s/jCMvMdd6WSTXgcdBHexXapF7Ezp+/cU6dC9uPd1O8mLe6tcSq\nXSqtpLNn2ENu9W9fLkdJJYKyb7cWw64gOgkAbLNw6XXFJicUZvweRnWD/hSeSqnv\nDI3JOVK14OGBDfNPtAY73ezRE4NoAcFrOq02sit5b4DeolBqC16cC0e0jydIPNVr\nKQ+G3vnNPL3e51J9OwGEhMNcC8K3oWZBlj1IqW8mafw8Epdof3OMjaeqya2paW2s\nC9dfrqnV38gZkXbvyT/ZSj1XCQT18xJaxm4n8zIuBF0QCgsRSVtEwlVt8A6o215o\nSISHF8651ApMWTnrtFEN4buWhkzahV4lUSsGBAdejyvB5b8CDgxloyBTcADAgsBG\nY07MffQZMOUKg+CH9WvkbDqEKhkHc8goCYzS3i2QC2yzg4TG4GHkhpsVPMYp4WBg\ngFZbD2XCnuQt2Yn8+IWwWkWbXgX1PQIDAQABAoICAQCS6NY6zXI8Zs+UdesDwur9\n6bcQhvOD1zQOkxgRaaQPk+CMMJl9IKfJVU3uVDA+PLUfZZQWdbVX6d7IcDqEJrke\n2RL/zrPm3D32MlMPtOxVrbcGE3nJPDiRDZlBv9RxGzcjOF/KTDwqbDKrV1lyAI8g\n4tAyAMFDPpAcFmmAo+8QNbVQVd7xuoYaR4S9mStidKzKCStF3LC7eqhIB+nkZWFE\n3nX2R+zpUxDfzEKpwBPnqQk1ym1j6l7yYn8Xjlm3Z8kfP1T6pX3do5LDD4aHa/AF\nPdfp/yGI2O3Hp2uzr32P3Fxop+1AiRxXhcXIxp23+xXm+bugQB/JJc5f9C0XsOVZ\nuVtwgkvvi7icKBKC8NOwLMDcJJh+05WiqSyZMEhtkItgQdMtjGaVshaswY9n2rcI\n6x6KogBEG/0HFL+Zr16eFRHBf6IyyIpAk4l6eczCMn4E5a8N+27ZwGxeRg3v/hBZ\nqBFhsB0v1kK8hbNLZ5cH9Prz6jt0AXdgICYfXyX5V03R7Uq8onaHgSmwbCnDwZsT\naOErJbFaEo/QPgx6JXWN7XnQsAK3DKViHHMrLd4UMsVbFWYmEnRQ61iMXgREzCDm\nb1pMUu+WRATTvyam872ysPGCWjRAWc6HYWR4GmzuPrw8PCav4U4/GIIvYiq6BMtf\nPIwrHHqqM1tr6HEHQAL+zQKCAQEA6GyLSRffApm4+EXPs9z1YYXbRDUciM0gFm1b\nz0GsPXSHmV3/YrukfCkmy705QHLRBsGphkYAaivYGewfra5e1mQCdpL8r8mODpHk\na8VgjrqN6iKoKbOYtrf1AXWgYUMWAfnrgfxwKOE0co026P95Mq8R4pOv6hL+4Zyp\nbZmSQkPI7U0enshee3PBgTiPbKcp9j67UcYNSi7lHhDusoP6+83RMsYFbPMt14pD\nIf9DNDplA0MwmlABMyfDUV9g5UrC3oiqQrUhgo9Hbm96Xd8ZsfU14g5rcGGoL+Xx\nnmi0u7Ic9gafLqM4zsPDdJjkW4wlejfmCmWtDEdsWDWyKXmDZwKCAQEAxNSSVsj8\nYstUUHM5Bu99ISgcJV+hL7gdSMqXgPnkbNmGv2UEvY5s5vHrxAkIONqWAQbeEQht\n4CmdQsvNLlk81N+wxQ3pTPrH1yj9RB12TIgEuhb4ao5Hpgvcvzh4YDEyKJcO5bjs\nwOQ05zKt0ADGoi682Kll+uYIxOXCiJgr7lhGYtNSHEZcqP/egqLBUYRfy4cFNJvu\nK9Jslrt/uqjpjupO5JDrtI9tkkXQxY7hT1aOuJ0VL3SCjK38VQAjHmyXLLOC/zQ5\nDxGpK3QpAkgf1ec1veuv9hOhMVEMUbdKsXki/00dxDYIFLhahbUcC4O5dBV8iy5p\nKbwpba90p2qfuwKCAQBKAP2caVhdmJqXmorWpx0OTzOQlSSfvkhgO7PG2w8/hhIC\n2DYPttVZnzS2HGrVRXmeoB0dHr7VD17Aajlv8JxLwQ4zuPtx8UglBXjog7EJ4QZ8\nrUpD9OZED3CYZV6KeXTRbkT5X2pK6eHsM2BvcaCibbHRJdsWObQkG+CqgAJczP51\n6F8+iWfkAOh0/5BTNSqcOD8me1wR6bqUByopdvJ8KH1aoEhr90X6YhCcC43XXFx7\nXHJmP+ER67A6AZd1iodfmb40fT3NN1e0JxScPQQOcJgWgSbeYonNrnZvTMF3HfAw\nuc0HaXsWAqkCQAg9yfLI5nF9kAA4b6lksLwojoMzAoIBAQC3p5i7/WDxVcNgJYLK\nY9+fdmt8u9QMUICSkOX4ZDKtFfLS1xErRZ97hbN1APB5DAv2/U9rGTBcfrfLwZm7\na2yFPAsWcrqDJ2Qb8JUQX2UoV6oBcLltw0A7QMpCahB3wK+KjBhMZNYTzVtHdlQT\nxwWQAogWqUkMaGM6RR/UkBg9loRmZcMxur1uuwAFaJN02kz//QXwZqY+oWLM6jpu\nEnmK7jmar1Ye7c1RNG9uRrkYbC1TOM6xrsa5OQY+0ZfzJWORRBYwxauP0ezFLOeu\nx1ldHxVYFnfi5cH74CHchWfeXKc5C92AXOIBY1qjc6+tVsVN+VZyD2X0mSsWuyXf\nqG9NAoIBAAoHZ+t9dhDJPObRpFAfbCsemUsqV7Flxze0hVTF1EtB7Urjm/84ZyJR\nCF1MWikK5NrVIr4Isy7QZ47pjEAOKqw7sGOvqjrL6CIxS67BnEItcFQoabV2ns7K\n9XFQBzoV4nZcabtvmYhK2YY0qf2EHBZfwiknwjLhSxuZB3cde7oFHM32HU06FDBQ\nKNmUCm7zUyMiF9RR97JTDH4RdmD+n+NMqZ5ScnsrCu/APyF1EFGhpkqyWZQY6pHd\njKIaxLo70/+hZhT/Fq1Ey5EfSYW8tu7iUiPMYo/wvkmiiZiCfS5k6olnsOms9Sp7\nFpc2S0DkT+QLSj9Im9GI4E9/1FJy4PY=\n-----END PRIVATE KEY-----\n",
            "public_key_fingerprint_md5": "7c:cf:97:eb:9b:52:6d:d0:3a:2e:a1:e0:65:d9:88:52",
            "public_key_fingerprint_sha256": "SHA256:7UC+mpVte5ofjBdDDt+/BkPfUuIk60Kpw3P82NxyTOQ",
            "public_key_openssh": "ssh-rsa AAAAB3NzaC1yc2EAAAADAQABAAACAQCytBlkAS7uM2vcnhKRTXCXncLlYvYFTmBmDz7+b3M+1tGcXXsRpxpDB96uJ6ZXCy1pQ8TkBs2lWI7mZgyTDqokV0Q47ovO1N1NKXkORNTTTWHu+QdfgHBGqBLjnVR2p4gjnYr7T3GPjRzEvktbUgDLriUrrRdam1NXPIc5mbxFmsU6ZcjZ+IBQprfcwKIQhrZ2owhJcKN+G70NwbdUwAwPht4Z4s/jCMvMdd6WSTXgcdBHexXapF7Ezp+/cU6dC9uPd1O8mLe6tcSqXSqtpLNn2ENu9W9fLkdJJYKyb7cWw64gOgkAbLNw6XXFJicUZvweRnWD/hSeSqnvDI3JOVK14OGBDfNPtAY73ezRE4NoAcFrOq02sit5b4DeolBqC16cC0e0jydIPNVrKQ+G3vnNPL3e51J9OwGEhMNcC8K3oWZBlj1IqW8mafw8Epdof3OMjaeqya2paW2sC9dfrqnV38gZkXbvyT/ZSj1XCQT18xJaxm4n8zIuBF0QCgsRSVtEwlVt8A6o215oSISHF8651ApMWTnrtFEN4buWhkzahV4lUSsGBAdejyvB5b8CDgxloyBTcADAgsBGY07MffQZMOUKg+CH9WvkbDqEKhkHc8goCYzS3i2QC2yzg4TG4GHkhpsVPMYp4WBggFZbD2XCnuQt2Yn8+IWwWkWbXgX1PQ==\n",
            "public_key_pem": "-----BEGIN PUBLIC KEY-----\nMIICIjANBgkqhkiG9w0BAQEFAAOCAg8AMIICCgKCAgEAsrQZZAEu7jNr3J4SkU1w\nl53C5WL2BU5gZg8+/m9zPtbRnF17EacaQwferiemVwstaUPE5AbNpViO5mYMkw6q\nJFdEOO6LztTdTSl5DkTU001h7vkHX4BwRqgS451UdqeII52K+09xj40cxL5LW1IA\ny64lK60XWptTVzyHOZm8RZrFOmXI2fiAUKa33MCiEIa2dqMISXCjfhu9DcG3VMAM\nD4beGeLP4wjLzHXelkk14HHQR3sV2qRexM6fv3FOnQvbj3dTvJi3urXEql0qraSz\nZ9hDbvVvXy5HSSWCsm+3FsOuIDoJAGyzcOl1xSYnFGb8HkZ1g/4Unkqp7wyNyTlS\nteDhgQ3zT7QGO93s0RODaAHBazqtNrIreW+A3qJQagtenAtHtI8nSDzVaykPht75\nzTy93udSfTsBhITDXAvCt6FmQZY9SKlvJmn8PBKXaH9zjI2nqsmtqWltrAvXX66p\n1d/IGZF278k/2Uo9VwkE9fMSWsZuJ/MyLgRdEAoLEUlbRMJVbfAOqNteaEiEhxfO\nudQKTFk567RRDeG7loZM2oVeJVErBgQHXo8rweW/Ag4MZaMgU3AAwILARmNOzH30\nGTDlCoPgh/Vr5Gw6hCoZB3PIKAmM0t4tkAtss4OExuBh5IabFTzGKeFgYIBWWw9l\nwp7kLdmJ/PiFsFpFm14F9T0CAwEAAQ==\n-----END PUBLIC KEY-----\n",
            "rsa_bits": 4096
          },
          "sensitive_attributes": []
        }
      ]
    }
  ],
  "check_results": null
}
