{
  "version": 4,
  "terraform_version": "1.5.4",
  "serial": 120,
  "lineage": "0723bb0e-2fde-dde2-f737-67765df77b76",
  "outputs": {},
  "resources": [
    {
      "mode": "data",
      "type": "aws_availability_zones",
      "name": "available",
      "provider": "provider[\"registry.terraform.io/hashicorp/aws\"]",
      "instances": [
        {
          "schema_version": 0,
          "attributes": {
            "all_availability_zones": null,
            "exclude_names": null,
            "exclude_zone_ids": null,
            "filter": null,
            "group_names": [
              "eu-west-3"
            ],
            "id": "eu-west-3",
            "names": [
              "eu-west-3a",
              "eu-west-3b",
              "eu-west-3c"
            ],
            "state": "available",
            "timeouts": null,
            "zone_ids": [
              "euw3-az1",
              "euw3-az2",
              "euw3-az3"
            ]
          },
          "sensitive_attributes": []
        }
      ]
    },
    {
      "mode": "managed",
      "type": "aws_db_instance",
      "name": "omega_database",
      "provider": "provider[\"registry.terraform.io/hashicorp/aws\"]",
      "instances": [
        {
          "schema_version": 2,
          "attributes": {
            "address": "rds-postgres.cxlvqur3ju21.eu-west-3.rds.amazonaws.com",
            "allocated_storage": 10,
            "allow_major_version_upgrade": null,
            "apply_immediately": false,
            "arn": "arn:aws:rds:eu-west-3:552239912540:db:rds-postgres",
            "auto_minor_version_upgrade": true,
            "availability_zone": "eu-west-3b",
            "backup_retention_period": 0,
            "backup_target": "region",
            "backup_window": "09:28-09:58",
            "blue_green_update": [],
            "ca_cert_identifier": "rds-ca-2019",
            "character_set_name": "",
            "copy_tags_to_snapshot": false,
            "custom_iam_instance_profile": "",
            "customer_owned_ip_enabled": false,
            "db_name": "omega_db",
            "db_subnet_group_name": "terraform-20230927140405886500000003",
            "delete_automated_backups": true,
            "deletion_protection": false,
            "domain": "",
            "domain_iam_role_name": "",
            "enabled_cloudwatch_logs_exports": [],
            "endpoint": "rds-postgres.cxlvqur3ju21.eu-west-3.rds.amazonaws.com:5432",
            "engine": "postgres",
            "engine_version": "14",
            "engine_version_actual": "14.8",
            "final_snapshot_identifier": null,
            "hosted_zone_id": "ZMESEXB7ZGGQ3",
            "iam_database_authentication_enabled": false,
            "id": "db-4IAYW2TTGTQBYSZAGGHPHTA42Y",
            "identifier": "rds-postgres",
            "identifier_prefix": "",
            "instance_class": "db.t3.micro",
            "iops": 0,
            "kms_key_id": "",
            "latest_restorable_time": "",
            "license_model": "postgresql-license",
            "listener_endpoint": [],
            "maintenance_window": "tue:05:43-tue:06:13",
            "manage_master_user_password": null,
            "master_user_secret": [],
            "master_user_secret_kms_key_id": null,
            "max_allocated_storage": 0,
            "monitoring_interval": 0,
            "monitoring_role_arn": "",
            "multi_az": false,
            "nchar_character_set_name": "",
            "network_type": "IPV4",
            "option_group_name": "default:postgres-14",
            "parameter_group_name": "default.postgres14",
            "password": "postgres",
            "performance_insights_enabled": false,
            "performance_insights_kms_key_id": "",
            "performance_insights_retention_period": 0,
            "port": 5432,
            "publicly_accessible": false,
            "replica_mode": "",
            "replicas": [],
            "replicate_source_db": "",
            "resource_id": "db-4IAYW2TTGTQBYSZAGGHPHTA42Y",
            "restore_to_point_in_time": [],
            "s3_import": [],
            "skip_final_snapshot": true,
            "snapshot_identifier": null,
            "status": "stopped",
            "storage_encrypted": false,
            "storage_throughput": 0,
            "storage_type": "gp2",
            "tags": {
              "Name": "omega_db"
            },
            "tags_all": {
              "Name": "omega_db"
            },
            "timeouts": null,
            "timezone": "",
            "username": "postgres",
            "vpc_security_group_ids": [
              "sg-074f4c49187a258dd"
            ]
          },
          "sensitive_attributes": [],
          "private": "eyJlMmJmYjczMC1lY2FhLTExZTYtOGY4OC0zNDM2M2JjN2M0YzAiOnsiY3JlYXRlIjoyNDAwMDAwMDAwMDAwLCJkZWxldGUiOjM2MDAwMDAwMDAwMDAsInVwZGF0ZSI6NDgwMDAwMDAwMDAwMH0sInNjaGVtYV92ZXJzaW9uIjoiMiJ9",
          "dependencies": [
            "aws_db_subnet_group.omega_db_subnet_group",
            "aws_security_group.omega_backend_sg",
            "aws_security_group.omega_db_sg",
            "aws_subnet.omega_private_subnet",
            "aws_vpc.vpc_rec",
            "data.aws_availability_zones.available"
          ]
        }
      ]
    },
    {
      "mode": "managed",
      "type": "aws_db_subnet_group",
      "name": "omega_db_subnet_group",
      "provider": "provider[\"registry.terraform.io/hashicorp/aws\"]",
      "instances": [
        {
          "schema_version": 0,
          "attributes": {
            "arn": "arn:aws:rds:eu-west-3:552239912540:subgrp:terraform-20230927140405886500000003",
            "description": "Groupe securité subnet",
            "id": "terraform-20230927140405886500000003",
            "name": "terraform-20230927140405886500000003",
            "name_prefix": "terraform-",
            "subnet_ids": [
              "subnet-001e34e7bb6107ef9",
              "subnet-05f6ec47055c3e36f"
            ],
            "supported_network_types": [
              "IPV4"
            ],
            "tags": {
              "Name": "omega_db_subnet_group"
            },
            "tags_all": {
              "Name": "omega_db_subnet_group"
            },
            "vpc_id": "vpc-09b9d3b75d8d517da"
          },
          "sensitive_attributes": [],
          "private": "bnVsbA==",
          "dependencies": [
            "aws_subnet.omega_private_subnet",
            "aws_vpc.vpc_rec",
            "data.aws_availability_zones.available"
          ]
        }
      ]
    },
    {
      "mode": "managed",
      "type": "aws_ebs_volume",
      "name": "volume1",
      "provider": "provider[\"registry.terraform.io/hashicorp/aws\"]",
      "instances": [
        {
          "schema_version": 0,
          "attributes": {
            "arn": "arn:aws:ec2:eu-west-3:552239912540:volume/vol-0ce7763981899146e",
            "availability_zone": "eu-west-3a",
            "encrypted": false,
            "final_snapshot": false,
            "id": "vol-0ce7763981899146e",
            "iops": 100,
            "kms_key_id": "",
            "multi_attach_enabled": false,
            "outpost_arn": "",
            "size": 5,
            "snapshot_id": "",
            "tags": {
              "Name": "Volume 1 (frontend)"
            },
            "tags_all": {
              "Name": "Volume 1 (frontend)"
            },
            "throughput": 0,
            "timeouts": null,
            "type": "gp2"
          },
          "sensitive_attributes": [],
          "private": "eyJlMmJmYjczMC1lY2FhLTExZTYtOGY4OC0zNDM2M2JjN2M0YzAiOnsiY3JlYXRlIjozMDAwMDAwMDAwMDAsImRlbGV0ZSI6MzAwMDAwMDAwMDAwLCJ1cGRhdGUiOjMwMDAwMDAwMDAwMH19"
        }
      ]
    },
    {
      "mode": "managed",
      "type": "aws_ebs_volume",
      "name": "volume2",
      "provider": "provider[\"registry.terraform.io/hashicorp/aws\"]",
      "instances": [
        {
          "schema_version": 0,
          "attributes": {
            "arn": "arn:aws:ec2:eu-west-3:552239912540:volume/vol-0c08afa0eb1edf67d",
            "availability_zone": "eu-west-3a",
            "encrypted": false,
            "final_snapshot": false,
            "id": "vol-0c08afa0eb1edf67d",
            "iops": 100,
            "kms_key_id": "",
            "multi_attach_enabled": false,
            "outpost_arn": "",
            "size": 5,
            "snapshot_id": "",
            "tags": {
              "Name": "Volume 2 (backend)"
            },
            "tags_all": {
              "Name": "Volume 2 (backend)"
            },
            "throughput": 0,
            "timeouts": null,
            "type": "gp2"
          },
          "sensitive_attributes": [],
          "private": "eyJlMmJmYjczMC1lY2FhLTExZTYtOGY4OC0zNDM2M2JjN2M0YzAiOnsiY3JlYXRlIjozMDAwMDAwMDAwMDAsImRlbGV0ZSI6MzAwMDAwMDAwMDAwLCJ1cGRhdGUiOjMwMDAwMDAwMDAwMH19"
        }
      ]
    },
    {
      "mode": "managed",
      "type": "aws_eip",
      "name": "omega_eip",
      "provider": "provider[\"registry.terraform.io/hashicorp/aws\"]",
      "instances": [
        {
          "index_key": 0,
          "schema_version": 0,
          "attributes": {
            "address": null,
            "allocation_id": "eipalloc-0ca4ffc359e55cf95",
            "associate_with_private_ip": null,
            "association_id": "eipassoc-073f670d91a97f58b",
            "carrier_ip": "",
            "customer_owned_ip": "",
            "customer_owned_ipv4_pool": "",
            "domain": "vpc",
            "id": "eipalloc-0ca4ffc359e55cf95",
            "instance": "i-059445e0f42791b22",
            "network_border_group": "eu-west-3",
            "network_interface": "eni-044a9a881f443c383",
            "private_dns": "ip-10-0-1-187.eu-west-3.compute.internal",
            "private_ip": "10.0.1.187",
            "public_dns": "ec2-15-237-155-59.eu-west-3.compute.amazonaws.com",
            "public_ip": "15.237.155.59",
            "public_ipv4_pool": "amazon",
            "tags": {
              "Name": "omega_eip_0"
            },
            "tags_all": {
              "Name": "omega_eip_0"
            },
            "timeouts": null,
            "vpc": true
          },
          "sensitive_attributes": [],
          "private": "eyJlMmJmYjczMC1lY2FhLTExZTYtOGY4OC0zNDM2M2JjN2M0YzAiOnsiZGVsZXRlIjoxODAwMDAwMDAwMDAsInJlYWQiOjkwMDAwMDAwMDAwMCwidXBkYXRlIjozMDAwMDAwMDAwMDB9fQ==",
          "dependencies": [
            "aws_instance.ec2_omega_backend",
            "aws_key_pair.priv_backend_key_pair",
            "aws_security_group.omega_backend_sg",
            "aws_subnet.omega_public_subnet",
            "aws_vpc.vpc_rec",
            "data.aws_availability_zones.available",
            "tls_private_key.priv_backend_key"
          ]
        }
      ]
    },
    {
      "mode": "managed",
      "type": "aws_eip",
      "name": "omega_eip_frontend",
      "provider": "provider[\"registry.terraform.io/hashicorp/aws\"]",
      "instances": [
        {
          "index_key": 0,
          "schema_version": 0,
          "attributes": {
            "address": null,
            "allocation_id": "eipalloc-011caf05e9aebfa2f",
            "associate_with_private_ip": null,
            "association_id": "eipassoc-04579e313aaa059fd",
            "carrier_ip": "",
            "customer_owned_ip": "",
            "customer_owned_ipv4_pool": "",
            "domain": "vpc",
            "id": "eipalloc-011caf05e9aebfa2f",
            "instance": "i-0d3f835abe685110d",
            "network_border_group": "eu-west-3",
            "network_interface": "eni-0f5928922778b4132",
            "private_dns": "ip-10-0-1-131.eu-west-3.compute.internal",
            "private_ip": "10.0.1.131",
            "public_dns": "ec2-15-237-3-23.eu-west-3.compute.amazonaws.com",
            "public_ip": "15.237.3.23",
            "public_ipv4_pool": "amazon",
            "tags": {
              "Name": "omega_eip_frontend0"
            },
            "tags_all": {
              "Name": "omega_eip_frontend0"
            },
            "timeouts": null,
            "vpc": true
          },
          "sensitive_attributes": [],
          "private": "eyJlMmJmYjczMC1lY2FhLTExZTYtOGY4OC0zNDM2M2JjN2M0YzAiOnsiZGVsZXRlIjoxODAwMDAwMDAwMDAsInJlYWQiOjkwMDAwMDAwMDAwMCwidXBkYXRlIjozMDAwMDAwMDAwMDB9fQ==",
          "dependencies": [
            "aws_instance.omega_frontend",
            "aws_key_pair.priv_frontend_key_pair",
            "aws_security_group.omega_frontend_sg",
            "aws_subnet.omega_public_subnet",
            "aws_vpc.vpc_rec",
            "data.aws_availability_zones.available",
            "tls_private_key.priv_frontend_key"
          ]
        }
      ]
    },
    {
      "mode": "managed",
      "type": "aws_instance",
      "name": "ec2_omega_backend",
      "provider": "provider[\"registry.terraform.io/hashicorp/aws\"]",
      "instances": [
        {
          "index_key": 0,
          "schema_version": 1,
          "attributes": {
            "ami": "ami-07e67bd6b5d9fd892",
            "arn": "arn:aws:ec2:eu-west-3:552239912540:instance/i-059445e0f42791b22",
            "associate_public_ip_address": true,
            "availability_zone": "eu-west-3a",
            "capacity_reservation_specification": [
              {
                "capacity_reservation_preference": "open",
                "capacity_reservation_target": []
              }
            ],
            "cpu_core_count": 1,
            "cpu_options": [
              {
                "amd_sev_snp": "",
                "core_count": 1,
                "threads_per_core": 2
              }
            ],
            "cpu_threads_per_core": 2,
            "credit_specification": [
              {
                "cpu_credits": "unlimited"
              }
            ],
            "disable_api_stop": false,
            "disable_api_termination": false,
            "ebs_block_device": [
              {
                "delete_on_termination": false,
                "device_name": "/dev/xvdc",
                "encrypted": false,
                "iops": 100,
                "kms_key_id": "",
                "snapshot_id": "",
                "tags": {
                  "Name": "Volume 2 (backend)"
                },
                "throughput": 0,
                "volume_id": "vol-0c08afa0eb1edf67d",
                "volume_size": 5,
                "volume_type": "gp2"
              }
            ],
            "ebs_optimized": false,
            "enclave_options": [
              {
                "enabled": false
              }
            ],
            "ephemeral_block_device": [],
            "get_password_data": false,
            "hibernation": false,
            "host_id": "",
            "host_resource_group_arn": null,
            "iam_instance_profile": "",
            "id": "i-059445e0f42791b22",
            "instance_initiated_shutdown_behavior": "stop",
            "instance_lifecycle": "",
            "instance_market_options": [],
            "instance_state": "running",
            "instance_type": "t3.small",
            "ipv6_address_count": 0,
            "ipv6_addresses": [],
            "key_name": "omega_back_end_key",
            "launch_template": [],
            "maintenance_options": [
              {
                "auto_recovery": "default"
              }
            ],
            "metadata_options": [
              {
                "http_endpoint": "enabled",
                "http_put_response_hop_limit": 2,
                "http_tokens": "required",
                "instance_metadata_tags": "disabled"
              }
            ],
            "monitoring": false,
            "network_interface": [],
            "outpost_arn": "",
            "password_data": "",
            "placement_group": "",
            "placement_partition_number": 0,
            "primary_network_interface_id": "eni-044a9a881f443c383",
            "private_dns": "ip-10-0-1-187.eu-west-3.compute.internal",
            "private_dns_name_options": [
              {
                "enable_resource_name_dns_a_record": false,
                "enable_resource_name_dns_aaaa_record": false,
                "hostname_type": "ip-name"
              }
            ],
            "private_ip": "10.0.1.187",
            "public_dns": "ec2-15-237-155-59.eu-west-3.compute.amazonaws.com",
            "public_ip": "15.237.155.59",
            "root_block_device": [
              {
                "delete_on_termination": true,
                "device_name": "/dev/xvda",
                "encrypted": false,
                "iops": 3000,
                "kms_key_id": "",
                "tags": {},
                "throughput": 125,
                "volume_id": "vol-0ffe76f5a4558eac1",
                "volume_size": 8,
                "volume_type": "gp3"
              }
            ],
            "secondary_private_ips": [],
            "security_groups": [],
            "source_dest_check": true,
            "spot_instance_request_id": "",
            "subnet_id": "subnet-06339809d80594b05",
            "tags": {
              "Name": "omega_backend"
            },
            "tags_all": {
              "Name": "omega_backend"
            },
            "tenancy": "default",
            "timeouts": null,
            "user_data": null,
            "user_data_base64": null,
            "user_data_replace_on_change": false,
            "volume_tags": null,
            "vpc_security_group_ids": [
              "sg-0ee0fcd3df25d1cdc"
            ]
          },
          "sensitive_attributes": [],
          "private": "eyJlMmJmYjczMC1lY2FhLTExZTYtOGY4OC0zNDM2M2JjN2M0YzAiOnsiY3JlYXRlIjo2MDAwMDAwMDAwMDAsImRlbGV0ZSI6MTIwMDAwMDAwMDAwMCwidXBkYXRlIjo2MDAwMDAwMDAwMDB9LCJzY2hlbWFfdmVyc2lvbiI6IjEifQ==",
          "dependencies": [
            "aws_key_pair.priv_backend_key_pair",
            "aws_security_group.omega_backend_sg",
            "aws_subnet.omega_public_subnet",
            "aws_vpc.vpc_rec",
            "data.aws_availability_zones.available",
            "tls_private_key.priv_backend_key"
          ]
        }
      ]
    },
    {
      "mode": "managed",
      "type": "aws_instance",
      "name": "omega_frontend",
      "provider": "provider[\"registry.terraform.io/hashicorp/aws\"]",
      "instances": [
        {
          "index_key": 0,
          "schema_version": 1,
          "attributes": {
            "ami": "ami-07e67bd6b5d9fd892",
            "arn": "arn:aws:ec2:eu-west-3:552239912540:instance/i-0d3f835abe685110d",
            "associate_public_ip_address": true,
            "availability_zone": "eu-west-3a",
            "capacity_reservation_specification": [
              {
                "capacity_reservation_preference": "open",
                "capacity_reservation_target": []
              }
            ],
            "cpu_core_count": 1,
            "cpu_options": [
              {
                "amd_sev_snp": "",
                "core_count": 1,
                "threads_per_core": 1
              }
            ],
            "cpu_threads_per_core": 1,
            "credit_specification": [
              {
                "cpu_credits": "standard"
              }
            ],
            "disable_api_stop": false,
            "disable_api_termination": false,
            "ebs_block_device": [
              {
                "delete_on_termination": false,
                "device_name": "/dev/xvdb",
                "encrypted": false,
                "iops": 100,
                "kms_key_id": "",
                "snapshot_id": "",
                "tags": {
                  "Name": "Volume 1 (frontend)"
                },
                "throughput": 0,
                "volume_id": "vol-0ce7763981899146e",
                "volume_size": 5,
                "volume_type": "gp2"
              }
            ],
            "ebs_optimized": false,
            "enclave_options": [
              {
                "enabled": false
              }
            ],
            "ephemeral_block_device": [],
            "get_password_data": false,
            "hibernation": false,
            "host_id": "",
            "host_resource_group_arn": null,
            "iam_instance_profile": "",
            "id": "i-0d3f835abe685110d",
            "instance_initiated_shutdown_behavior": "stop",
            "instance_lifecycle": "",
            "instance_market_options": [],
            "instance_state": "running",
            "instance_type": "t2.micro",
            "ipv6_address_count": 0,
            "ipv6_addresses": [],
            "key_name": "omega_front_end_key",
            "launch_template": [],
            "maintenance_options": [
              {
                "auto_recovery": "default"
              }
            ],
            "metadata_options": [
              {
                "http_endpoint": "enabled",
                "http_put_response_hop_limit": 2,
                "http_tokens": "required",
                "instance_metadata_tags": "disabled"
              }
            ],
            "monitoring": false,
            "network_interface": [],
            "outpost_arn": "",
            "password_data": "",
            "placement_group": "",
            "placement_partition_number": 0,
            "primary_network_interface_id": "eni-0f5928922778b4132",
            "private_dns": "ip-10-0-1-131.eu-west-3.compute.internal",
            "private_dns_name_options": [
              {
                "enable_resource_name_dns_a_record": false,
                "enable_resource_name_dns_aaaa_record": false,
                "hostname_type": "ip-name"
              }
            ],
            "private_ip": "10.0.1.131",
            "public_dns": "ec2-15-237-3-23.eu-west-3.compute.amazonaws.com",
            "public_ip": "15.237.3.23",
            "root_block_device": [
              {
                "delete_on_termination": true,
                "device_name": "/dev/xvda",
                "encrypted": false,
                "iops": 3000,
                "kms_key_id": "",
                "tags": {},
                "throughput": 125,
                "volume_id": "vol-0ecb1c445e845d40e",
                "volume_size": 8,
                "volume_type": "gp3"
              }
            ],
            "secondary_private_ips": [],
            "security_groups": [],
            "source_dest_check": true,
            "spot_instance_request_id": "",
            "subnet_id": "subnet-06339809d80594b05",
            "tags": {
              "Name": "omega_frontend"
            },
            "tags_all": {
              "Name": "omega_frontend"
            },
            "tenancy": "default",
            "timeouts": null,
            "user_data": null,
            "user_data_base64": null,
            "user_data_replace_on_change": false,
            "volume_tags": null,
            "vpc_security_group_ids": [
              "sg-0a425864ba48ad499"
            ]
          },
          "sensitive_attributes": [],
          "private": "eyJlMmJmYjczMC1lY2FhLTExZTYtOGY4OC0zNDM2M2JjN2M0YzAiOnsiY3JlYXRlIjo2MDAwMDAwMDAwMDAsImRlbGV0ZSI6MTIwMDAwMDAwMDAwMCwidXBkYXRlIjo2MDAwMDAwMDAwMDB9LCJzY2hlbWFfdmVyc2lvbiI6IjEifQ==",
          "dependencies": [
            "aws_key_pair.priv_frontend_key_pair",
            "aws_security_group.omega_frontend_sg",
            "aws_subnet.omega_public_subnet",
            "aws_vpc.vpc_rec",
            "data.aws_availability_zones.available",
            "tls_private_key.priv_frontend_key"
          ]
        }
      ]
    },
    {
      "mode": "managed",
      "type": "aws_internet_gateway",
      "name": "rec_igw",
      "provider": "provider[\"registry.terraform.io/hashicorp/aws\"]",
      "instances": [
        {
          "schema_version": 0,
          "attributes": {
            "arn": "arn:aws:ec2:eu-west-3:552239912540:internet-gateway/igw-0f62cf400724ab45d",
            "id": "igw-0f62cf400724ab45d",
            "owner_id": "552239912540",
            "tags": {
              "Name": "gateway_recette"
            },
            "tags_all": {
              "Name": "gateway_recette"
            },
            "timeouts": null,
            "vpc_id": "vpc-09b9d3b75d8d517da"
          },
          "sensitive_attributes": [],
          "private": "eyJlMmJmYjczMC1lY2FhLTExZTYtOGY4OC0zNDM2M2JjN2M0YzAiOnsiY3JlYXRlIjoxMjAwMDAwMDAwMDAwLCJkZWxldGUiOjEyMDAwMDAwMDAwMDAsInVwZGF0ZSI6MTIwMDAwMDAwMDAwMH19",
          "dependencies": [
            "aws_vpc.vpc_rec"
          ]
        }
      ]
    },
    {
      "mode": "managed",
      "type": "aws_key_pair",
      "name": "priv_backend_key_pair",
      "provider": "provider[\"registry.terraform.io/hashicorp/aws\"]",
      "instances": [
        {
          "schema_version": 1,
          "attributes": {
            "arn": "arn:aws:ec2:eu-west-3:552239912540:key-pair/omega_back_end_key",
            "fingerprint": "2b:d5:44:1e:a7:a0:e3:2b:7d:92:1d:81:e6:94:d2:fd",
            "id": "omega_back_end_key",
            "key_name": "omega_back_end_key",
            "key_name_prefix": "",
            "key_pair_id": "key-07780fd199d004d0c",
            "key_type": "rsa",
            "public_key": "ssh-rsa AAAAB3NzaC1yc2EAAAADAQABAAACAQDa+obrz0FzPjRbi2ooVrOn5+0X4Wr7BGKTIqP0TceurAQ6e7RXunmzbxmzJlSJpm8vnLY7/wrMwWoc/kqneFvPHwnoorrvZar3puc2mt21i1qHzLso8sXQbcyGZJm5iuE4xyOLsIS9MHNmgg+iTE4s2UBFu3n7lem2gCnuwozc3epXz1qbZsaSwkwIG4ST8GJ+JpU57oKnpei2YX5gh1N67K7kjGmv6NIGy/Ih7iHI1+0nhW4sw3b+hysSFXr8g0UA7OZwVFjX/nzMY+x9AH3ANCFAofMUsiAkkOmsyuRO+XKYMnQ2CgRllPoDWpFKRsS0nZp8Z/NS6Aa13zyv0w0UWp4tdwzTXu/jabRJtgm5oIBz2a/2kEIAQnBiY2ZcJkigqDItPx3FBUMEJiRZHNnPGCD75zEt8fgN6SNI2KHdUPOBLY5IKUSITGljJth3GLmIVa6Yh0yuNicqR7Ox83pRnnlSv3AIaG1p3WBSGnu4ItQo2YnoUF+9lXrkx1nDxPQlhDcKzFNnxVrkNduNkyPmp1WU7kJMbDm9tsNG0pPnzPY9T6jbjq8OBgdxAFNBVnpQJS6BOLrwH0Qfe16r5A+ft/jOhrOTQvGS1xF7svAsPwEo4yQOBfyFsJc3BPMtuF8jri91BWEbmYkk7Y39Flna2y8krQN7JVqXDkSFaYbf3Q==",
            "tags": {},
            "tags_all": {}
          },
          "sensitive_attributes": [],
          "private": "eyJzY2hlbWFfdmVyc2lvbiI6IjEifQ==",
          "dependencies": [
            "tls_private_key.priv_backend_key"
          ]
        }
      ]
    },
    {
      "mode": "managed",
      "type": "aws_key_pair",
      "name": "priv_frontend_key_pair",
      "provider": "provider[\"registry.terraform.io/hashicorp/aws\"]",
      "instances": [
        {
          "schema_version": 1,
          "attributes": {
            "arn": "arn:aws:ec2:eu-west-3:552239912540:key-pair/omega_front_end_key",
            "fingerprint": "56:3f:76:0d:42:fa:15:57:a5:38:67:18:59:f6:ee:de",
            "id": "omega_front_end_key",
            "key_name": "omega_front_end_key",
            "key_name_prefix": "",
            "key_pair_id": "key-031d7a51e6ac1ee1f",
            "key_type": "rsa",
            "public_key": "ssh-rsa AAAAB3NzaC1yc2EAAAADAQABAAACAQDPkTFP+NxYHFpQ03CK06D+6gtdd1HNC2rczBpS15wzDkFNXvP7nAYflvsHXVqg9s0YZCtdH/gTO+JTE7Iyr5/cjGpiAH7G6/QbyR3XXqK31idp4EqOfA7ASvQ//WOGHxSgGe+pxtwBmJpWvRom9jB8Audi3OPQIsl1oc4GfcFGemJgnYW5Rd5BQQzqfSIKpTd9Bq/1UItcpVYHmeZJpVDN32n0yRZozBI5K9/VNfxLZc/xBwN2VCbXtP36x8nR2hne/yL++pXwsrheqhj8ZOURhCjNb8mglrB9BAsdcIHcdRKNSVEOj8enbRJwhxC/B6Hyu1+aOqnOmQ4GLU23UARdO8uXrqPAFE+QVRiouCIqzxQMYRuYOvJtoBJptCqTPKPbKYvHJT5j6KqaeNORLQrr6y3/eH6KndkGZ4npmaOdZq43/Q2XSGI98XjyjV94vGiw17s63oNAp3C7pUmQROqn7VFn+Vklzqe91tD80c1SE9lozbq0olhiqqUBhr1smnGr+M6a4b3d6wOscqy/1/LBQ15DHIC1XN1sKquVx13R9HutPrM6yQpAHBzvmX+vgdVtXCj+ph55bscDhSgCrQeMy6qWttFk91TY3Das22u7MbsnGdXEblYBpVYovIanIhm29s7PBNqMRPGy4pxu4rpZZwY7agi7VS5dLvHJehCMEw==",
            "tags": {},
            "tags_all": {}
          },
          "sensitive_attributes": [],
          "private": "eyJzY2hlbWFfdmVyc2lvbiI6IjEifQ==",
          "dependencies": [
            "tls_private_key.priv_frontend_key"
          ]
        }
      ]
    },
    {
      "mode": "managed",
      "type": "aws_route_table",
      "name": "omega_private_rt",
      "provider": "provider[\"registry.terraform.io/hashicorp/aws\"]",
      "instances": [
        {
          "schema_version": 0,
          "attributes": {
            "arn": "arn:aws:ec2:eu-west-3:552239912540:route-table/rtb-015da7574ca36caf5",
            "id": "rtb-015da7574ca36caf5",
            "owner_id": "552239912540",
            "propagating_vgws": [],
            "route": [],
            "tags": {},
            "tags_all": {},
            "timeouts": null,
            "vpc_id": "vpc-09b9d3b75d8d517da"
          },
          "sensitive_attributes": [],
          "private": "eyJlMmJmYjczMC1lY2FhLTExZTYtOGY4OC0zNDM2M2JjN2M0YzAiOnsiY3JlYXRlIjozMDAwMDAwMDAwMDAsImRlbGV0ZSI6MzAwMDAwMDAwMDAwLCJ1cGRhdGUiOjEyMDAwMDAwMDAwMH19",
          "dependencies": [
            "aws_vpc.vpc_rec"
          ]
        }
      ]
    },
    {
      "mode": "managed",
      "type": "aws_route_table",
      "name": "omega_public_rt",
      "provider": "provider[\"registry.terraform.io/hashicorp/aws\"]",
      "instances": [
        {
          "schema_version": 0,
          "attributes": {
            "arn": "arn:aws:ec2:eu-west-3:552239912540:route-table/rtb-0383a4bf002718632",
            "id": "rtb-0383a4bf002718632",
            "owner_id": "552239912540",
            "propagating_vgws": [],
            "route": [
              {
                "carrier_gateway_id": "",
                "cidr_block": "0.0.0.0/0",
                "core_network_arn": "",
                "destination_prefix_list_id": "",
                "egress_only_gateway_id": "",
                "gateway_id": "igw-0f62cf400724ab45d",
                "ipv6_cidr_block": "",
                "local_gateway_id": "",
                "nat_gateway_id": "",
                "network_interface_id": "",
                "transit_gateway_id": "",
                "vpc_endpoint_id": "",
                "vpc_peering_connection_id": ""
              }
            ],
            "tags": {},
            "tags_all": {},
            "timeouts": null,
            "vpc_id": "vpc-09b9d3b75d8d517da"
          },
          "sensitive_attributes": [],
          "private": "eyJlMmJmYjczMC1lY2FhLTExZTYtOGY4OC0zNDM2M2JjN2M0YzAiOnsiY3JlYXRlIjozMDAwMDAwMDAwMDAsImRlbGV0ZSI6MzAwMDAwMDAwMDAwLCJ1cGRhdGUiOjEyMDAwMDAwMDAwMH19",
          "dependencies": [
            "aws_internet_gateway.rec_igw",
            "aws_vpc.vpc_rec"
          ]
        }
      ]
    },
    {
      "mode": "managed",
      "type": "aws_route_table_association",
      "name": "private",
      "provider": "provider[\"registry.terraform.io/hashicorp/aws\"]",
      "instances": [
        {
          "index_key": 0,
          "schema_version": 0,
          "attributes": {
            "gateway_id": "",
            "id": "rtbassoc-043afc1dd8f7a9a7d",
            "route_table_id": "rtb-015da7574ca36caf5",
            "subnet_id": "subnet-05f6ec47055c3e36f",
            "timeouts": null
          },
          "sensitive_attributes": [],
          "private": "eyJlMmJmYjczMC1lY2FhLTExZTYtOGY4OC0zNDM2M2JjN2M0YzAiOnsiY3JlYXRlIjozMDAwMDAwMDAwMDAsImRlbGV0ZSI6MzAwMDAwMDAwMDAwLCJ1cGRhdGUiOjEyMDAwMDAwMDAwMH19",
          "dependencies": [
            "aws_route_table.omega_private_rt",
            "aws_subnet.omega_private_subnet",
            "aws_vpc.vpc_rec",
            "data.aws_availability_zones.available"
          ]
        },
        {
          "index_key": 1,
          "schema_version": 0,
          "attributes": {
            "gateway_id": "",
            "id": "rtbassoc-0d3e4d766cfda2ae3",
            "route_table_id": "rtb-015da7574ca36caf5",
            "subnet_id": "subnet-001e34e7bb6107ef9",
            "timeouts": null
          },
          "sensitive_attributes": [],
          "private": "eyJlMmJmYjczMC1lY2FhLTExZTYtOGY4OC0zNDM2M2JjN2M0YzAiOnsiY3JlYXRlIjozMDAwMDAwMDAwMDAsImRlbGV0ZSI6MzAwMDAwMDAwMDAwLCJ1cGRhdGUiOjEyMDAwMDAwMDAwMH19",
          "dependencies": [
            "aws_route_table.omega_private_rt",
            "aws_subnet.omega_private_subnet",
            "aws_vpc.vpc_rec",
            "data.aws_availability_zones.available"
          ]
        }
      ]
    },
    {
      "mode": "managed",
      "type": "aws_route_table_association",
      "name": "public",
      "provider": "provider[\"registry.terraform.io/hashicorp/aws\"]",
      "instances": [
        {
          "index_key": 0,
          "schema_version": 0,
          "attributes": {
            "gateway_id": "",
            "id": "rtbassoc-006118412fc792f41",
            "route_table_id": "rtb-0383a4bf002718632",
            "subnet_id": "subnet-06339809d80594b05",
            "timeouts": null
          },
          "sensitive_attributes": [],
          "private": "eyJlMmJmYjczMC1lY2FhLTExZTYtOGY4OC0zNDM2M2JjN2M0YzAiOnsiY3JlYXRlIjozMDAwMDAwMDAwMDAsImRlbGV0ZSI6MzAwMDAwMDAwMDAwLCJ1cGRhdGUiOjEyMDAwMDAwMDAwMH19",
          "dependencies": [
            "aws_internet_gateway.rec_igw",
            "aws_route_table.omega_public_rt",
            "aws_subnet.omega_public_subnet",
            "aws_vpc.vpc_rec",
            "data.aws_availability_zones.available"
          ]
        }
      ]
    },
    {
      "mode": "managed",
      "type": "aws_security_group",
      "name": "omega_backend_sg",
      "provider": "provider[\"registry.terraform.io/hashicorp/aws\"]",
      "instances": [
        {
          "schema_version": 1,
          "attributes": {
            "arn": "arn:aws:ec2:eu-west-3:552239912540:security-group/sg-0ee0fcd3df25d1cdc",
            "description": "Groupe securite omega",
            "egress": [
              {
                "cidr_blocks": [
                  "0.0.0.0/0"
                ],
                "description": "Allow all outbound traffic",
                "from_port": 0,
                "ipv6_cidr_blocks": [],
                "prefix_list_ids": [],
                "protocol": "-1",
                "security_groups": [],
                "self": false,
                "to_port": 0
              }
            ],
            "id": "sg-0ee0fcd3df25d1cdc",
            "ingress": [
              {
                "cidr_blocks": [
                  "88.174.68.140/32",
                  "88.170.226.46/32",
                  "146.70.40.18/32",
                  "88.171.254.18/32",
                  "88.173.182.55/32",
                  "37.165.144.18/32",
                  "37.167.215.179/32",
                  "77.136.66.187/32",
                  "88.168.83.128/32",
                  "88.160.67.59/32"
                ],
                "description": "Allow SSH from my computer",
                "from_port": 22,
                "ipv6_cidr_blocks": [],
                "prefix_list_ids": [],
                "protocol": "tcp",
                "security_groups": [],
                "self": false,
                "to_port": 22
              },
              {
                "cidr_blocks": [
                  "88.174.68.140/32",
                  "88.170.226.46/32",
                  "146.70.40.18/32",
                  "88.171.254.18/32",
                  "88.173.182.55/32",
                  "37.165.144.18/32",
                  "37.167.215.179/32",
                  "77.136.66.187/32",
                  "88.168.83.128/32",
                  "88.160.67.59/32"
                ],
                "description": "Allow all traffic through HTTP",
                "from_port": 80,
                "ipv6_cidr_blocks": [],
                "prefix_list_ids": [],
                "protocol": "tcp",
                "security_groups": [],
                "self": false,
                "to_port": 80
              },
              {
                "cidr_blocks": [
                  "88.174.68.140/32",
                  "88.170.226.46/32",
                  "146.70.40.18/32",
                  "88.171.254.18/32",
                  "88.173.182.55/32",
                  "37.165.144.18/32",
                  "37.167.215.179/32",
                  "77.136.66.187/32",
                  "88.168.83.128/32",
                  "88.160.67.59/32"
                ],
                "description": "For Grafana",
                "from_port": 3000,
                "ipv6_cidr_blocks": [],
                "prefix_list_ids": [],
                "protocol": "tcp",
                "security_groups": [],
                "self": false,
                "to_port": 3000
              },
              {
                "cidr_blocks": [
                  "88.174.68.140/32",
                  "88.170.226.46/32",
                  "146.70.40.18/32",
                  "88.171.254.18/32",
                  "88.173.182.55/32",
                  "37.165.144.18/32",
                  "37.167.215.179/32",
                  "77.136.66.187/32",
                  "88.168.83.128/32",
                  "88.160.67.59/32"
                ],
                "description": "For Jenkins",
                "from_port": 8080,
                "ipv6_cidr_blocks": [],
                "prefix_list_ids": [],
                "protocol": "tcp",
                "security_groups": [],
                "self": false,
                "to_port": 8080
              },
              {
                "cidr_blocks": [
                  "88.174.68.140/32",
                  "88.170.226.46/32",
                  "146.70.40.18/32",
                  "88.171.254.18/32",
                  "88.173.182.55/32",
                  "37.165.144.18/32",
                  "37.167.215.179/32",
                  "77.136.66.187/32",
                  "88.168.83.128/32",
                  "88.160.67.59/32"
                ],
                "description": "For Node-exporter",
                "from_port": 9100,
                "ipv6_cidr_blocks": [],
                "prefix_list_ids": [],
                "protocol": "tcp",
                "security_groups": [],
                "self": false,
                "to_port": 9100
              },
              {
                "cidr_blocks": [
                  "88.174.68.140/32",
                  "88.170.226.46/32",
                  "146.70.40.18/32",
                  "88.171.254.18/32",
                  "88.173.182.55/32",
                  "37.165.144.18/32",
                  "37.167.215.179/32",
                  "77.136.66.187/32",
                  "88.168.83.128/32",
                  "88.160.67.59/32"
                ],
                "description": "For prometheus",
                "from_port": 9090,
                "ipv6_cidr_blocks": [],
                "prefix_list_ids": [],
                "protocol": "tcp",
                "security_groups": [],
                "self": false,
                "to_port": 9090
              }
            ],
            "name": "omega_backend_sg",
            "name_prefix": "",
            "owner_id": "552239912540",
            "revoke_rules_on_delete": false,
            "tags": {
              "Name": "Omega Security Group"
            },
            "tags_all": {
              "Name": "Omega Security Group"
            },
            "timeouts": null,
            "vpc_id": "vpc-09b9d3b75d8d517da"
          },
          "sensitive_attributes": [],
          "private": "eyJlMmJmYjczMC1lY2FhLTExZTYtOGY4OC0zNDM2M2JjN2M0YzAiOnsiY3JlYXRlIjo2MDAwMDAwMDAwMDAsImRlbGV0ZSI6OTAwMDAwMDAwMDAwfSwic2NoZW1hX3ZlcnNpb24iOiIxIn0=",
          "dependencies": [
            "aws_vpc.vpc_rec"
          ]
        }
      ]
    },
    {
      "mode": "managed",
      "type": "aws_security_group",
      "name": "omega_db_sg",
      "provider": "provider[\"registry.terraform.io/hashicorp/aws\"]",
      "instances": [
        {
          "schema_version": 1,
          "attributes": {
            "arn": "arn:aws:ec2:eu-west-3:552239912540:security-group/sg-074f4c49187a258dd",
            "description": "Groupe securite omega db",
            "egress": [],
            "id": "sg-074f4c49187a258dd",
            "ingress": [
              {
                "cidr_blocks": [],
                "description": "Allow postgresdatabase traffic from only the web sg",
                "from_port": 5432,
                "ipv6_cidr_blocks": [],
                "prefix_list_ids": [],
                "protocol": "tcp",
                "security_groups": [
                  "sg-0ee0fcd3df25d1cdc"
                ],
                "self": false,
                "to_port": 5432
              }
            ],
            "name": "omega_db_sg",
            "name_prefix": "",
            "owner_id": "552239912540",
            "revoke_rules_on_delete": false,
            "tags": {
              "Name": "sg_db_omega"
            },
            "tags_all": {
              "Name": "sg_db_omega"
            },
            "timeouts": null,
            "vpc_id": "vpc-09b9d3b75d8d517da"
          },
          "sensitive_attributes": [],
          "private": "eyJlMmJmYjczMC1lY2FhLTExZTYtOGY4OC0zNDM2M2JjN2M0YzAiOnsiY3JlYXRlIjo2MDAwMDAwMDAwMDAsImRlbGV0ZSI6OTAwMDAwMDAwMDAwfSwic2NoZW1hX3ZlcnNpb24iOiIxIn0=",
          "dependencies": [
            "aws_security_group.omega_backend_sg",
            "aws_vpc.vpc_rec"
          ]
        }
      ]
    },
    {
      "mode": "managed",
      "type": "aws_security_group",
      "name": "omega_frontend_sg",
      "provider": "provider[\"registry.terraform.io/hashicorp/aws\"]",
      "instances": [
        {
          "schema_version": 1,
          "attributes": {
            "arn": "arn:aws:ec2:eu-west-3:552239912540:security-group/sg-0a425864ba48ad499",
            "description": "Groupe securite omega frontend",
            "egress": [
              {
                "cidr_blocks": [
                  "0.0.0.0/0"
                ],
                "description": "Allow all outbound traffic",
                "from_port": 0,
                "ipv6_cidr_blocks": [],
                "prefix_list_ids": [],
                "protocol": "-1",
                "security_groups": [],
                "self": false,
                "to_port": 0
              }
            ],
            "id": "sg-0a425864ba48ad499",
            "ingress": [
              {
                "cidr_blocks": [
                  "88.174.68.140/32",
                  "88.170.226.46/32",
                  "146.70.40.18/32",
                  "88.171.254.18/32",
                  "88.173.182.55/32",
                  "37.165.144.18/32",
                  "37.167.215.179/32",
                  "77.136.66.187/32",
                  "88.168.83.128/32",
                  "88.160.67.59/32"
                ],
                "description": "Allow SSH from my computer",
                "from_port": 22,
                "ipv6_cidr_blocks": [],
                "prefix_list_ids": [],
                "protocol": "tcp",
                "security_groups": [],
                "self": false,
                "to_port": 22
              },
              {
                "cidr_blocks": [
                  "88.174.68.140/32",
                  "88.170.226.46/32",
                  "146.70.40.18/32",
                  "88.171.254.18/32",
                  "88.173.182.55/32",
                  "37.165.144.18/32",
                  "37.167.215.179/32",
                  "77.136.66.187/32",
                  "88.168.83.128/32",
                  "88.160.67.59/32"
                ],
                "description": "Allow all traffic through HTTP",
                "from_port": 80,
                "ipv6_cidr_blocks": [],
                "prefix_list_ids": [],
                "protocol": "tcp",
                "security_groups": [],
                "self": false,
                "to_port": 80
              },
              {
                "cidr_blocks": [
                  "88.174.68.140/32",
                  "88.170.226.46/32",
                  "146.70.40.18/32",
                  "88.171.254.18/32",
                  "88.173.182.55/32",
                  "37.165.144.18/32",
                  "37.167.215.179/32",
                  "77.136.66.187/32",
                  "88.168.83.128/32",
                  "88.160.67.59/32"
                ],
                "description": "For Tomacat",
                "from_port": 8080,
                "ipv6_cidr_blocks": [],
                "prefix_list_ids": [],
                "protocol": "tcp",
                "security_groups": [],
                "self": false,
                "to_port": 8080
              }
            ],
            "name": "omega_frontend_sg",
            "name_prefix": "",
            "owner_id": "552239912540",
            "revoke_rules_on_delete": false,
            "tags": {
              "Name": "omega_frontend_sg"
            },
            "tags_all": {
              "Name": "omega_frontend_sg"
            },
            "timeouts": null,
            "vpc_id": "vpc-09b9d3b75d8d517da"
          },
          "sensitive_attributes": [],
          "private": "eyJlMmJmYjczMC1lY2FhLTExZTYtOGY4OC0zNDM2M2JjN2M0YzAiOnsiY3JlYXRlIjo2MDAwMDAwMDAwMDAsImRlbGV0ZSI6OTAwMDAwMDAwMDAwfSwic2NoZW1hX3ZlcnNpb24iOiIxIn0=",
          "dependencies": [
            "aws_vpc.vpc_rec"
          ]
        }
      ]
    },
    {
      "mode": "managed",
      "type": "aws_subnet",
      "name": "omega_private_subnet",
      "provider": "provider[\"registry.terraform.io/hashicorp/aws\"]",
      "instances": [
        {
          "index_key": 0,
          "schema_version": 1,
          "attributes": {
            "arn": "arn:aws:ec2:eu-west-3:552239912540:subnet/subnet-05f6ec47055c3e36f",
            "assign_ipv6_address_on_creation": false,
            "availability_zone": "eu-west-3a",
            "availability_zone_id": "euw3-az1",
            "cidr_block": "10.0.101.0/24",
            "customer_owned_ipv4_pool": "",
            "enable_dns64": false,
            "enable_lni_at_device_index": 0,
            "enable_resource_name_dns_a_record_on_launch": false,
            "enable_resource_name_dns_aaaa_record_on_launch": false,
            "id": "subnet-05f6ec47055c3e36f",
            "ipv6_cidr_block": "",
            "ipv6_cidr_block_association_id": "",
            "ipv6_native": false,
            "map_customer_owned_ip_on_launch": false,
            "map_public_ip_on_launch": false,
            "outpost_arn": "",
            "owner_id": "552239912540",
            "private_dns_hostname_type_on_launch": "ip-name",
            "tags": {
              "Name": "omega_private_subnet_0"
            },
            "tags_all": {
              "Name": "omega_private_subnet_0"
            },
            "timeouts": null,
            "vpc_id": "vpc-09b9d3b75d8d517da"
          },
          "sensitive_attributes": [],
          "private": "eyJlMmJmYjczMC1lY2FhLTExZTYtOGY4OC0zNDM2M2JjN2M0YzAiOnsiY3JlYXRlIjo2MDAwMDAwMDAwMDAsImRlbGV0ZSI6MTIwMDAwMDAwMDAwMH0sInNjaGVtYV92ZXJzaW9uIjoiMSJ9",
          "dependencies": [
            "aws_vpc.vpc_rec",
            "data.aws_availability_zones.available"
          ]
        },
        {
          "index_key": 1,
          "schema_version": 1,
          "attributes": {
            "arn": "arn:aws:ec2:eu-west-3:552239912540:subnet/subnet-001e34e7bb6107ef9",
            "assign_ipv6_address_on_creation": false,
            "availability_zone": "eu-west-3b",
            "availability_zone_id": "euw3-az2",
            "cidr_block": "10.0.102.0/24",
            "customer_owned_ipv4_pool": "",
            "enable_dns64": false,
            "enable_lni_at_device_index": 0,
            "enable_resource_name_dns_a_record_on_launch": false,
            "enable_resource_name_dns_aaaa_record_on_launch": false,
            "id": "subnet-001e34e7bb6107ef9",
            "ipv6_cidr_block": "",
            "ipv6_cidr_block_association_id": "",
            "ipv6_native": false,
            "map_customer_owned_ip_on_launch": false,
            "map_public_ip_on_launch": false,
            "outpost_arn": "",
            "owner_id": "552239912540",
            "private_dns_hostname_type_on_launch": "ip-name",
            "tags": {
              "Name": "omega_private_subnet_1"
            },
            "tags_all": {
              "Name": "omega_private_subnet_1"
            },
            "timeouts": null,
            "vpc_id": "vpc-09b9d3b75d8d517da"
          },
          "sensitive_attributes": [],
          "private": "eyJlMmJmYjczMC1lY2FhLTExZTYtOGY4OC0zNDM2M2JjN2M0YzAiOnsiY3JlYXRlIjo2MDAwMDAwMDAwMDAsImRlbGV0ZSI6MTIwMDAwMDAwMDAwMH0sInNjaGVtYV92ZXJzaW9uIjoiMSJ9",
          "dependencies": [
            "aws_vpc.vpc_rec",
            "data.aws_availability_zones.available"
          ]
        }
      ]
    },
    {
      "mode": "managed",
      "type": "aws_subnet",
      "name": "omega_public_subnet",
      "provider": "provider[\"registry.terraform.io/hashicorp/aws\"]",
      "instances": [
        {
          "index_key": 0,
          "schema_version": 1,
          "attributes": {
            "arn": "arn:aws:ec2:eu-west-3:552239912540:subnet/subnet-06339809d80594b05",
            "assign_ipv6_address_on_creation": false,
            "availability_zone": "eu-west-3a",
            "availability_zone_id": "euw3-az1",
            "cidr_block": "10.0.1.0/24",
            "customer_owned_ipv4_pool": "",
            "enable_dns64": false,
            "enable_lni_at_device_index": 0,
            "enable_resource_name_dns_a_record_on_launch": false,
            "enable_resource_name_dns_aaaa_record_on_launch": false,
            "id": "subnet-06339809d80594b05",
            "ipv6_cidr_block": "",
            "ipv6_cidr_block_association_id": "",
            "ipv6_native": false,
            "map_customer_owned_ip_on_launch": false,
            "map_public_ip_on_launch": false,
            "outpost_arn": "",
            "owner_id": "552239912540",
            "private_dns_hostname_type_on_launch": "ip-name",
            "tags": {
              "Name": "omega_public_subnet_0"
            },
            "tags_all": {
              "Name": "omega_public_subnet_0"
            },
            "timeouts": null,
            "vpc_id": "vpc-09b9d3b75d8d517da"
          },
          "sensitive_attributes": [],
          "private": "eyJlMmJmYjczMC1lY2FhLTExZTYtOGY4OC0zNDM2M2JjN2M0YzAiOnsiY3JlYXRlIjo2MDAwMDAwMDAwMDAsImRlbGV0ZSI6MTIwMDAwMDAwMDAwMH0sInNjaGVtYV92ZXJzaW9uIjoiMSJ9",
          "dependencies": [
            "aws_vpc.vpc_rec",
            "data.aws_availability_zones.available"
          ]
        }
      ]
    },
    {
      "mode": "managed",
      "type": "aws_volume_attachment",
      "name": "attachment_backend",
      "provider": "provider[\"registry.terraform.io/hashicorp/aws\"]",
      "instances": [
        {
          "schema_version": 0,
          "attributes": {
            "device_name": "/dev/xvdc",
            "force_detach": null,
            "id": "vai-4184806771",
            "instance_id": "i-059445e0f42791b22",
            "skip_destroy": null,
            "stop_instance_before_detaching": null,
            "timeouts": null,
            "volume_id": "vol-0c08afa0eb1edf67d"
          },
          "sensitive_attributes": [],
          "private": "eyJlMmJmYjczMC1lY2FhLTExZTYtOGY4OC0zNDM2M2JjN2M0YzAiOnsiY3JlYXRlIjozMDAwMDAwMDAwMDAsImRlbGV0ZSI6MzAwMDAwMDAwMDAwfX0="
        }
      ]
    },
    {
      "mode": "managed",
      "type": "aws_volume_attachment",
      "name": "attachment_frontend",
      "provider": "provider[\"registry.terraform.io/hashicorp/aws\"]",
      "instances": [
        {
          "schema_version": 0,
          "attributes": {
            "device_name": "/dev/xvdb",
            "force_detach": null,
            "id": "vai-3346242783",
            "instance_id": "i-0d3f835abe685110d",
            "skip_destroy": null,
            "stop_instance_before_detaching": null,
            "timeouts": null,
            "volume_id": "vol-0ce7763981899146e"
          },
          "sensitive_attributes": [],
          "private": "eyJlMmJmYjczMC1lY2FhLTExZTYtOGY4OC0zNDM2M2JjN2M0YzAiOnsiY3JlYXRlIjozMDAwMDAwMDAwMDAsImRlbGV0ZSI6MzAwMDAwMDAwMDAwfX0="
        }
      ]
    },
    {
      "mode": "managed",
      "type": "aws_vpc",
      "name": "vpc_rec",
      "provider": "provider[\"registry.terraform.io/hashicorp/aws\"]",
      "instances": [
        {
          "schema_version": 1,
          "attributes": {
            "arn": "arn:aws:ec2:eu-west-3:552239912540:vpc/vpc-09b9d3b75d8d517da",
            "assign_generated_ipv6_cidr_block": false,
            "cidr_block": "10.0.0.0/16",
            "default_network_acl_id": "acl-0358dda0a69f8fa5b",
            "default_route_table_id": "rtb-0b3c0758b65316cc5",
            "default_security_group_id": "sg-0f277064b03e297b6",
            "dhcp_options_id": "dopt-01687b134227ed1a0",
            "enable_dns_hostnames": true,
            "enable_dns_support": true,
            "enable_network_address_usage_metrics": false,
            "id": "vpc-09b9d3b75d8d517da",
            "instance_tenancy": "default",
            "ipv4_ipam_pool_id": null,
            "ipv4_netmask_length": null,
            "ipv6_association_id": "",
            "ipv6_cidr_block": "",
            "ipv6_cidr_block_network_border_group": "",
            "ipv6_ipam_pool_id": "",
            "ipv6_netmask_length": 0,
            "main_route_table_id": "rtb-0b3c0758b65316cc5",
            "owner_id": "552239912540",
            "tags": {
              "Name": "recette"
            },
            "tags_all": {
              "Name": "recette"
            }
          },
          "sensitive_attributes": [],
          "private": "eyJzY2hlbWFfdmVyc2lvbiI6IjEifQ=="
        }
      ]
    },
    {
      "mode": "managed",
      "type": "tls_private_key",
      "name": "priv_backend_key",
      "provider": "provider[\"registry.terraform.io/hashicorp/tls\"]",
      "instances": [
        {
          "schema_version": 1,
          "attributes": {
            "algorithm": "RSA",
            "ecdsa_curve": "P224",
            "id": "544330deb5cded51c61dba5c266e394957a2e30a",
            "private_key_openssh": "-----BEGIN OPENSSH PRIVATE KEY-----\nb3BlbnNzaC1rZXktdjEAAAAABG5vbmUAAAAEbm9uZQAAAAAAAAABAAACFwAAAAdz\nc2gtcnNhAAAAAwEAAQAAAgEA2vqG689Bcz40W4tqKFazp+ftF+Fq+wRikyKj9E3H\nrqwEOnu0V7p5s28ZsyZUiaZvL5y2O/8KzMFqHP5Kp3hbzx8J6KK672Wq96bnNprd\ntYtah8y7KPLF0G3MhmSZuYrhOMcji7CEvTBzZoIPokxOLNlARbt5+5XptoAp7sKM\n3N3qV89am2bGksJMCBuEk/BifiaVOe6Cp6XotmF+YIdTeuyu5Ixpr+jSBsvyIe4h\nyNftJ4VuLMN2/ocrEhV6/INFAOzmcFRY1/58zGPsfQB9wDQhQKHzFLIgJJDprMrk\nTvlymDJ0NgoEZZT6A1qRSkbEtJ2afGfzUugGtd88r9MNFFqeLXcM017v42m0SbYJ\nuaCAc9mv9pBCAEJwYmNmXCZIoKgyLT8dxQVDBCYkWRzZzxgg++cxLfH4DekjSNih\n3VDzgS2OSClEiExpYybYdxi5iFWumIdMrjYnKkezsfN6UZ55Ur9wCGhtad1gUhp7\nuCLUKNmJ6FBfvZV65MdZw8T0JYQ3CsxTZ8Va5DXbjZMj5qdVlO5CTGw5vbbDRtKT\n58z2PU+o246vDgYHcQBTQVZ6UCUugTi68B9EH3teq+QPn7f4zoazk0LxktcRe7Lw\nLD8BKOMkDgX8hbCXNwTzLbhfI64vdQVhG5mJJO2N/RZZ2tsvJK0DeyValw5EhWmG\n390AAAc4RDCG5UQwhuUAAAAHc3NoLXJzYQAAAgEA2vqG689Bcz40W4tqKFazp+ft\nF+Fq+wRikyKj9E3HrqwEOnu0V7p5s28ZsyZUiaZvL5y2O/8KzMFqHP5Kp3hbzx8J\n6KK672Wq96bnNprdtYtah8y7KPLF0G3MhmSZuYrhOMcji7CEvTBzZoIPokxOLNlA\nRbt5+5XptoAp7sKM3N3qV89am2bGksJMCBuEk/BifiaVOe6Cp6XotmF+YIdTeuyu\n5Ixpr+jSBsvyIe4hyNftJ4VuLMN2/ocrEhV6/INFAOzmcFRY1/58zGPsfQB9wDQh\nQKHzFLIgJJDprMrkTvlymDJ0NgoEZZT6A1qRSkbEtJ2afGfzUugGtd88r9MNFFqe\nLXcM017v42m0SbYJuaCAc9mv9pBCAEJwYmNmXCZIoKgyLT8dxQVDBCYkWRzZzxgg\n++cxLfH4DekjSNih3VDzgS2OSClEiExpYybYdxi5iFWumIdMrjYnKkezsfN6UZ55\nUr9wCGhtad1gUhp7uCLUKNmJ6FBfvZV65MdZw8T0JYQ3CsxTZ8Va5DXbjZMj5qdV\nlO5CTGw5vbbDRtKT58z2PU+o246vDgYHcQBTQVZ6UCUugTi68B9EH3teq+QPn7f4\nzoazk0LxktcRe7LwLD8BKOMkDgX8hbCXNwTzLbhfI64vdQVhG5mJJO2N/RZZ2tsv\nJK0DeyValw5EhWmG390AAAADAQABAAACAQCvzx5N6ttodBPDP95ePqYE848GckPa\n/v1JljE+LshX8+F9Nt5m5N9a8aMXk3mh/k8cUdx5tN1t4QeZ+Yvkgxxq4UeqUCR3\nmg+2v3i4/YNtg1GO4A+P48JwAgeICvLk5ZzHYhKmz3TzFBhCv79flZXaKh6RHeDk\n3cqDbMi92dMQbNb94wui4tQg9f/nLni18fSRxdZfaZ/ai7iX3RSC2YNrmOUdt6IO\nyoT9Ufa3ySG0x6+u4FDBfblmxw0MetSAMcBP6uNkYkPmPnrh+oPfJGrRysi7xIqO\nHijyUqpZwZel1F5t1Ww6CrbW+9HyqV8m3ESHolVq9maENKdWk8F8hJzlM1mvwBCW\nomRkHUu3Y1B/SYJhzIPuSFnx7ZDNtfuYm6xMvIHOTrHabVYSAsyd9Y3R71UAiCkO\n5LKheQz5PvZrUGLvoclI00dHTLhu6YDNtmbiTT8f80j58zkEJbm1LF4Rd4f0QNqf\nJbIvoBHVnoNuunA090WFgmz9+ubvWZ9mIuUL+1EmACV8NaColqMD1pfme3mDe4WA\nkG2s8n1oWf0ftWfVX5D+B23MWiOZAOjJjuOzU26q5grmkFFsAk7Os37HVsaiJ8e0\ndg11E8ylkAXOc6het9J/oTYGYVfp3OI5QI1rQ7QXwgpHZN2m39TDd+YhWAsc8utx\niOHqTpjQcfHqQQAAAQEAoobCeKinDjyzt0b4yZJQ2pb+acxbZwL9yeT7dvrn8TDC\nEChSPXwb1jraS/sgUGctAP457xbDybbdyQv94ua7fjgGXmRxdIbi6Q6NfrX3v4ME\nOwE8ccM9TJ0uwIl1SMg1oXbkeeMiHdF1bucSfYm6BT8ER/WQmgm65vlKzcM6SVK8\njikKFjFzgb/kQp3Dtk2YVysYyqRG/GbVaTUXo7il38dNNXOLgKM24503WhnQpRJU\nC3GX7zGAQ2lcwP9CHxFh+RYnuI+viZL1a2acA2Z9s8VgCPC3IKji0wcc5YM79oxK\nvo/3T2S3dJL2OWAiiSVgq2i9ZytJwx7TF9xutTOkXgAAAQEA6g3T9J01ouvUNqLL\n+VcDDr12r7Cf7JtPKBwWDl6sJbidEL8TOBjux9xb9PczeXEvkyT16ldU0IJ5PHvg\nMFgJ6mvFja8lZObPWBKotPxHgTCl+OZKVB3lGwzWzWH9oOOMkbjsjqXp9SKKupm7\nxClmH9SkyXCPyhNInbdgO4dQ4T8j0niPCQjatvO9rlEUkAJzI2KviM+LbDumFVzC\nqTaxOrh449eczBKB28UADs//SqTEt/zb0iyfWQQ9bxTGm0bDQu2GNKJLl3lvW827\nlWyLliGuljLl0kiG6BipBUcm3Y5JPwuq+Y32vJWnH6MExP0Ufg/PVp+1Za0MkYCE\nYjQ3MQAAAQEA74LVTfxkPt6HzaGq5GocCULWyqNOds+c5kG8S2jk75U7iMhm34at\nhVUvEKYA4TlYGuuRxzAsfCqSJCFPBG4SP0U/cpScPMmuhe0GigNYlhszhojnd1PB\nloM2IZwniJ9QZ7FNlSSOV5Ktf5H9T4KD68urM8ixqbOL+gCRIU+j5Y4UXuB4ogx9\n4/LUJx8SnPgonc7jShcpz0PSFZpKCIkJbZBLXBEDKtj56H1xS84LvGV4ZcO7Phi/\nDmIdLsjsykJIFfI08xn5ITJOPeY8mMki8RIazrRkOif/MefSAe3YM7eRpd+Lrnfj\nLiEV+vkFCFme9V3bo+6GbLY4RmyKGelgbQAAAAAB\n-----END OPENSSH PRIVATE KEY-----\n",
            "private_key_pem": "-----BEGIN RSA PRIVATE KEY-----\nMIIJKwIBAAKCAgEA2vqG689Bcz40W4tqKFazp+ftF+Fq+wRikyKj9E3HrqwEOnu0\nV7p5s28ZsyZUiaZvL5y2O/8KzMFqHP5Kp3hbzx8J6KK672Wq96bnNprdtYtah8y7\nKPLF0G3MhmSZuYrhOMcji7CEvTBzZoIPokxOLNlARbt5+5XptoAp7sKM3N3qV89a\nm2bGksJMCBuEk/BifiaVOe6Cp6XotmF+YIdTeuyu5Ixpr+jSBsvyIe4hyNftJ4Vu\nLMN2/ocrEhV6/INFAOzmcFRY1/58zGPsfQB9wDQhQKHzFLIgJJDprMrkTvlymDJ0\nNgoEZZT6A1qRSkbEtJ2afGfzUugGtd88r9MNFFqeLXcM017v42m0SbYJuaCAc9mv\n9pBCAEJwYmNmXCZIoKgyLT8dxQVDBCYkWRzZzxgg++cxLfH4DekjSNih3VDzgS2O\nSClEiExpYybYdxi5iFWumIdMrjYnKkezsfN6UZ55Ur9wCGhtad1gUhp7uCLUKNmJ\n6FBfvZV65MdZw8T0JYQ3CsxTZ8Va5DXbjZMj5qdVlO5CTGw5vbbDRtKT58z2PU+o\n246vDgYHcQBTQVZ6UCUugTi68B9EH3teq+QPn7f4zoazk0LxktcRe7LwLD8BKOMk\nDgX8hbCXNwTzLbhfI64vdQVhG5mJJO2N/RZZ2tsvJK0DeyValw5EhWmG390CAwEA\nAQKCAgEAr88eTerbaHQTwz/eXj6mBPOPBnJD2v79SZYxPi7IV/PhfTbeZuTfWvGj\nF5N5of5PHFHcebTdbeEHmfmL5IMcauFHqlAkd5oPtr94uP2DbYNRjuAPj+PCcAIH\niAry5OWcx2ISps908xQYQr+/X5WV2ioekR3g5N3Kg2zIvdnTEGzW/eMLouLUIPX/\n5y54tfH0kcXWX2mf2ou4l90UgtmDa5jlHbeiDsqE/VH2t8khtMevruBQwX25ZscN\nDHrUgDHAT+rjZGJD5j564fqD3yRq0crIu8SKjh4o8lKqWcGXpdRebdVsOgq21vvR\n8qlfJtxEh6JVavZmhDSnVpPBfISc5TNZr8AQlqJkZB1Lt2NQf0mCYcyD7khZ8e2Q\nzbX7mJusTLyBzk6x2m1WEgLMnfWN0e9VAIgpDuSyoXkM+T72a1Bi76HJSNNHR0y4\nbumAzbZm4k0/H/NI+fM5BCW5tSxeEXeH9EDanyWyL6AR1Z6DbrpwNPdFhYJs/frm\n71mfZiLlC/tRJgAlfDWgqJajA9aX5nt5g3uFgJBtrPJ9aFn9H7Vn1V+Q/gdtzFoj\nmQDoyY7js1NuquYK5pBRbAJOzrN+x1bGoifHtHYNdRPMpZAFznOoXrfSf6E2BmFX\n6dziOUCNa0O0F8IKR2Tdpt/Uw3fmIVgLHPLrcYjh6k6Y0HHx6kECggEBAOoN0/Sd\nNaLr1Daiy/lXAw69dq+wn+ybTygcFg5erCW4nRC/EzgY7sfcW/T3M3lxL5Mk9epX\nVNCCeTx74DBYCeprxY2vJWTmz1gSqLT8R4EwpfjmSlQd5RsM1s1h/aDjjJG47I6l\n6fUiirqZu8QpZh/UpMlwj8oTSJ23YDuHUOE/I9J4jwkI2rbzva5RFJACcyNir4jP\ni2w7phVcwqk2sTq4eOPXnMwSgdvFAA7P/0qkxLf829Isn1kEPW8UxptGw0LthjSi\nS5d5b1vNu5Vsi5YhrpYy5dJIhugYqQVHJt2OST8LqvmN9ryVpx+jBMT9FH4Pz1af\ntWWtDJGAhGI0NzECggEBAO+C1U38ZD7eh82hquRqHAlC1sqjTnbPnOZBvEto5O+V\nO4jIZt+GrYVVLxCmAOE5WBrrkccwLHwqkiQhTwRuEj9FP3KUnDzJroXtBooDWJYb\nM4aI53dTwZaDNiGcJ4ifUGexTZUkjleSrX+R/U+Cg+vLqzPIsamzi/oAkSFPo+WO\nFF7geKIMfePy1CcfEpz4KJ3O40oXKc9D0hWaSgiJCW2QS1wRAyrY+eh9cUvOC7xl\neGXDuz4Yvw5iHS7I7MpCSBXyNPMZ+SEyTj3mPJjJIvESGs60ZDon/zHn0gHt2DO3\nkaXfi6534y4hFfr5BQhZnvVd26Puhmy2OEZsihnpYG0CggEBAJqhnCEGJEOJDuEx\n2RTYebqpTdpxFJdbXIahV6kSvyUEvTAtLONpBYihe1dyYl2fe9D5IEc8f1pqePKO\n3OTTpWls3k3nIwtwuhfz6+X2rr8Zhu3UJ9M/FPg0GU4DqW88Jsi3pgHwd4tu0LzL\niJPmzgPFl0FGzpiw+M7KMhfiJHtMHbyVzdooMWehzPV3t+AU3kDImDQI+pH9LpL6\nf9kPuzOSYLwW3Q6uQ4EQvCMNJBsKlLUBp7FJrdU/yd6zmStJKwPyrTHk75AZuIqs\nd3wXBHmhsxikc9Xj+M0qTbCg+3pw4M94Q/Mv6Y1aSdnK+AG1Om62v0L5rPyJwb33\nbH79BGECggEBALaO0ckUhNBKy9ZX0KszmdURRijEWw1CaAQ1vLD57e4ToII8xfTA\ncch8Slh1P5xsGhTC06WwuWeXBzdU0Ca/Q1dIj/jk/0VyMH1SUjamIEKhzx9PgKY6\niAcSUhNCM/v1+tJemZUBfSGQ4n+nJh4RjD4RSpg48/o2qY3QGs76JiHVrv82N5zE\nyrwRndWH4KcWm9bVF/ekOjEKL7pZlO52jWIepuIw8WoaYjnsS4wNLHLYIPHoQ/Mr\n54yuCjJb4ei0pr9bkzJs7LB56JtTv4JxZRm8xAQkCXUugVxnp3Hi+XVKCVEWWCCO\nrvG9NETMxCI+NWQuuzhzmbCJH9HF72mase0CggEBAKKGwniopw48s7dG+MmSUNqW\n/mnMW2cC/cnk+3b65/EwwhAoUj18G9Y62kv7IFBnLQD+Oe8Ww8m23ckL/eLmu344\nBl5kcXSG4ukOjX6197+DBDsBPHHDPUydLsCJdUjINaF25HnjIh3RdW7nEn2JugU/\nBEf1kJoJuub5Ss3DOklSvI4pChYxc4G/5EKdw7ZNmFcrGMqkRvxm1Wk1F6O4pd/H\nTTVzi4CjNuOdN1oZ0KUSVAtxl+8xgENpXMD/Qh8RYfkWJ7iPr4mS9WtmnANmfbPF\nYAjwtyCo4tMHHOWDO/aMSr6P909kt3SS9jlgIoklYKtovWcrScMe0xfcbrUzpF4=\n-----END RSA PRIVATE KEY-----\n",
            "private_key_pem_pkcs8": "-----BEGIN PRIVATE KEY-----\nMIIJRQIBADANBgkqhkiG9w0BAQEFAASCCS8wggkrAgEAAoICAQDa+obrz0FzPjRb\ni2ooVrOn5+0X4Wr7BGKTIqP0TceurAQ6e7RXunmzbxmzJlSJpm8vnLY7/wrMwWoc\n/kqneFvPHwnoorrvZar3puc2mt21i1qHzLso8sXQbcyGZJm5iuE4xyOLsIS9MHNm\ngg+iTE4s2UBFu3n7lem2gCnuwozc3epXz1qbZsaSwkwIG4ST8GJ+JpU57oKnpei2\nYX5gh1N67K7kjGmv6NIGy/Ih7iHI1+0nhW4sw3b+hysSFXr8g0UA7OZwVFjX/nzM\nY+x9AH3ANCFAofMUsiAkkOmsyuRO+XKYMnQ2CgRllPoDWpFKRsS0nZp8Z/NS6Aa1\n3zyv0w0UWp4tdwzTXu/jabRJtgm5oIBz2a/2kEIAQnBiY2ZcJkigqDItPx3FBUME\nJiRZHNnPGCD75zEt8fgN6SNI2KHdUPOBLY5IKUSITGljJth3GLmIVa6Yh0yuNicq\nR7Ox83pRnnlSv3AIaG1p3WBSGnu4ItQo2YnoUF+9lXrkx1nDxPQlhDcKzFNnxVrk\nNduNkyPmp1WU7kJMbDm9tsNG0pPnzPY9T6jbjq8OBgdxAFNBVnpQJS6BOLrwH0Qf\ne16r5A+ft/jOhrOTQvGS1xF7svAsPwEo4yQOBfyFsJc3BPMtuF8jri91BWEbmYkk\n7Y39Flna2y8krQN7JVqXDkSFaYbf3QIDAQABAoICAQCvzx5N6ttodBPDP95ePqYE\n848GckPa/v1JljE+LshX8+F9Nt5m5N9a8aMXk3mh/k8cUdx5tN1t4QeZ+Yvkgxxq\n4UeqUCR3mg+2v3i4/YNtg1GO4A+P48JwAgeICvLk5ZzHYhKmz3TzFBhCv79flZXa\nKh6RHeDk3cqDbMi92dMQbNb94wui4tQg9f/nLni18fSRxdZfaZ/ai7iX3RSC2YNr\nmOUdt6IOyoT9Ufa3ySG0x6+u4FDBfblmxw0MetSAMcBP6uNkYkPmPnrh+oPfJGrR\nysi7xIqOHijyUqpZwZel1F5t1Ww6CrbW+9HyqV8m3ESHolVq9maENKdWk8F8hJzl\nM1mvwBCWomRkHUu3Y1B/SYJhzIPuSFnx7ZDNtfuYm6xMvIHOTrHabVYSAsyd9Y3R\n71UAiCkO5LKheQz5PvZrUGLvoclI00dHTLhu6YDNtmbiTT8f80j58zkEJbm1LF4R\nd4f0QNqfJbIvoBHVnoNuunA090WFgmz9+ubvWZ9mIuUL+1EmACV8NaColqMD1pfm\ne3mDe4WAkG2s8n1oWf0ftWfVX5D+B23MWiOZAOjJjuOzU26q5grmkFFsAk7Os37H\nVsaiJ8e0dg11E8ylkAXOc6het9J/oTYGYVfp3OI5QI1rQ7QXwgpHZN2m39TDd+Yh\nWAsc8utxiOHqTpjQcfHqQQKCAQEA6g3T9J01ouvUNqLL+VcDDr12r7Cf7JtPKBwW\nDl6sJbidEL8TOBjux9xb9PczeXEvkyT16ldU0IJ5PHvgMFgJ6mvFja8lZObPWBKo\ntPxHgTCl+OZKVB3lGwzWzWH9oOOMkbjsjqXp9SKKupm7xClmH9SkyXCPyhNInbdg\nO4dQ4T8j0niPCQjatvO9rlEUkAJzI2KviM+LbDumFVzCqTaxOrh449eczBKB28UA\nDs//SqTEt/zb0iyfWQQ9bxTGm0bDQu2GNKJLl3lvW827lWyLliGuljLl0kiG6Bip\nBUcm3Y5JPwuq+Y32vJWnH6MExP0Ufg/PVp+1Za0MkYCEYjQ3MQKCAQEA74LVTfxk\nPt6HzaGq5GocCULWyqNOds+c5kG8S2jk75U7iMhm34athVUvEKYA4TlYGuuRxzAs\nfCqSJCFPBG4SP0U/cpScPMmuhe0GigNYlhszhojnd1PBloM2IZwniJ9QZ7FNlSSO\nV5Ktf5H9T4KD68urM8ixqbOL+gCRIU+j5Y4UXuB4ogx94/LUJx8SnPgonc7jShcp\nz0PSFZpKCIkJbZBLXBEDKtj56H1xS84LvGV4ZcO7Phi/DmIdLsjsykJIFfI08xn5\nITJOPeY8mMki8RIazrRkOif/MefSAe3YM7eRpd+LrnfjLiEV+vkFCFme9V3bo+6G\nbLY4RmyKGelgbQKCAQEAmqGcIQYkQ4kO4THZFNh5uqlN2nEUl1tchqFXqRK/JQS9\nMC0s42kFiKF7V3JiXZ970PkgRzx/Wmp48o7c5NOlaWzeTecjC3C6F/Pr5fauvxmG\n7dQn0z8U+DQZTgOpbzwmyLemAfB3i27QvMuIk+bOA8WXQUbOmLD4zsoyF+Ike0wd\nvJXN2igxZ6HM9Xe34BTeQMiYNAj6kf0ukvp/2Q+7M5JgvBbdDq5DgRC8Iw0kGwqU\ntQGnsUmt1T/J3rOZK0krA/KtMeTvkBm4iqx3fBcEeaGzGKRz1eP4zSpNsKD7enDg\nz3hD8y/pjVpJ2cr4AbU6bra/Qvms/InBvfdsfv0EYQKCAQEAto7RyRSE0ErL1lfQ\nqzOZ1RFGKMRbDUJoBDW8sPnt7hOggjzF9MBxyHxKWHU/nGwaFMLTpbC5Z5cHN1TQ\nJr9DV0iP+OT/RXIwfVJSNqYgQqHPH0+ApjqIBxJSE0Iz+/X60l6ZlQF9IZDif6cm\nHhGMPhFKmDjz+japjdAazvomIdWu/zY3nMTKvBGd1Yfgpxab1tUX96Q6MQovulmU\n7naNYh6m4jDxahpiOexLjA0sctgg8ehD8yvnjK4KMlvh6LSmv1uTMmzssHnom1O/\ngnFlGbzEBCQJdS6BXGenceL5dUoJURZYII6u8b00RMzEIj41ZC67OHOZsIkf0cXv\naZqx7QKCAQEAoobCeKinDjyzt0b4yZJQ2pb+acxbZwL9yeT7dvrn8TDCEChSPXwb\n1jraS/sgUGctAP457xbDybbdyQv94ua7fjgGXmRxdIbi6Q6NfrX3v4MEOwE8ccM9\nTJ0uwIl1SMg1oXbkeeMiHdF1bucSfYm6BT8ER/WQmgm65vlKzcM6SVK8jikKFjFz\ngb/kQp3Dtk2YVysYyqRG/GbVaTUXo7il38dNNXOLgKM24503WhnQpRJUC3GX7zGA\nQ2lcwP9CHxFh+RYnuI+viZL1a2acA2Z9s8VgCPC3IKji0wcc5YM79oxKvo/3T2S3\ndJL2OWAiiSVgq2i9ZytJwx7TF9xutTOkXg==\n-----END PRIVATE KEY-----\n",
            "public_key_fingerprint_md5": "fa:2f:9a:8b:41:a9:ab:2c:4d:1a:43:2e:82:85:ab:a1",
            "public_key_fingerprint_sha256": "SHA256:l4XsMWlU6GahYNrM9SarHxvM4yLBEMeO5OF/cnn6y0I",
            "public_key_openssh": "ssh-rsa AAAAB3NzaC1yc2EAAAADAQABAAACAQDa+obrz0FzPjRbi2ooVrOn5+0X4Wr7BGKTIqP0TceurAQ6e7RXunmzbxmzJlSJpm8vnLY7/wrMwWoc/kqneFvPHwnoorrvZar3puc2mt21i1qHzLso8sXQbcyGZJm5iuE4xyOLsIS9MHNmgg+iTE4s2UBFu3n7lem2gCnuwozc3epXz1qbZsaSwkwIG4ST8GJ+JpU57oKnpei2YX5gh1N67K7kjGmv6NIGy/Ih7iHI1+0nhW4sw3b+hysSFXr8g0UA7OZwVFjX/nzMY+x9AH3ANCFAofMUsiAkkOmsyuRO+XKYMnQ2CgRllPoDWpFKRsS0nZp8Z/NS6Aa13zyv0w0UWp4tdwzTXu/jabRJtgm5oIBz2a/2kEIAQnBiY2ZcJkigqDItPx3FBUMEJiRZHNnPGCD75zEt8fgN6SNI2KHdUPOBLY5IKUSITGljJth3GLmIVa6Yh0yuNicqR7Ox83pRnnlSv3AIaG1p3WBSGnu4ItQo2YnoUF+9lXrkx1nDxPQlhDcKzFNnxVrkNduNkyPmp1WU7kJMbDm9tsNG0pPnzPY9T6jbjq8OBgdxAFNBVnpQJS6BOLrwH0Qfe16r5A+ft/jOhrOTQvGS1xF7svAsPwEo4yQOBfyFsJc3BPMtuF8jri91BWEbmYkk7Y39Flna2y8krQN7JVqXDkSFaYbf3Q==\n",
            "public_key_pem": "-----BEGIN PUBLIC KEY-----\nMIICIjANBgkqhkiG9w0BAQEFAAOCAg8AMIICCgKCAgEA2vqG689Bcz40W4tqKFaz\np+ftF+Fq+wRikyKj9E3HrqwEOnu0V7p5s28ZsyZUiaZvL5y2O/8KzMFqHP5Kp3hb\nzx8J6KK672Wq96bnNprdtYtah8y7KPLF0G3MhmSZuYrhOMcji7CEvTBzZoIPokxO\nLNlARbt5+5XptoAp7sKM3N3qV89am2bGksJMCBuEk/BifiaVOe6Cp6XotmF+YIdT\neuyu5Ixpr+jSBsvyIe4hyNftJ4VuLMN2/ocrEhV6/INFAOzmcFRY1/58zGPsfQB9\nwDQhQKHzFLIgJJDprMrkTvlymDJ0NgoEZZT6A1qRSkbEtJ2afGfzUugGtd88r9MN\nFFqeLXcM017v42m0SbYJuaCAc9mv9pBCAEJwYmNmXCZIoKgyLT8dxQVDBCYkWRzZ\nzxgg++cxLfH4DekjSNih3VDzgS2OSClEiExpYybYdxi5iFWumIdMrjYnKkezsfN6\nUZ55Ur9wCGhtad1gUhp7uCLUKNmJ6FBfvZV65MdZw8T0JYQ3CsxTZ8Va5DXbjZMj\n5qdVlO5CTGw5vbbDRtKT58z2PU+o246vDgYHcQBTQVZ6UCUugTi68B9EH3teq+QP\nn7f4zoazk0LxktcRe7LwLD8BKOMkDgX8hbCXNwTzLbhfI64vdQVhG5mJJO2N/RZZ\n2tsvJK0DeyValw5EhWmG390CAwEAAQ==\n-----END PUBLIC KEY-----\n",
            "rsa_bits": 4096
          },
          "sensitive_attributes": []
        }
      ]
    },
    {
      "mode": "managed",
      "type": "tls_private_key",
      "name": "priv_frontend_key",
      "provider": "provider[\"registry.terraform.io/hashicorp/tls\"]",
      "instances": [
        {
          "schema_version": 1,
          "attributes": {
            "algorithm": "RSA",
            "ecdsa_curve": "P224",
            "id": "7545d83fbbb53786bdac97b2c8f44cb2f7fb46b0",
            "private_key_openssh": "-----BEGIN OPENSSH PRIVATE KEY-----\nb3BlbnNzaC1rZXktdjEAAAAABG5vbmUAAAAEbm9uZQAAAAAAAAABAAACFwAAAAdz\nc2gtcnNhAAAAAwEAAQAAAgEAz5ExT/jcWBxaUNNwitOg/uoLXXdRzQtq3MwaUtec\nMw5BTV7z+5wGH5b7B11aoPbNGGQrXR/4EzviUxOyMq+f3IxqYgB+xuv0G8kd116i\nt9YnaeBKjnwOwEr0P/1jhh8UoBnvqcbcAZiaVr0aJvYwfALnYtzj0CLJdaHOBn3B\nRnpiYJ2FuUXeQUEM6n0iCqU3fQav9VCLXKVWB5nmSaVQzd9p9MkWaMwSOSvf1TX8\nS2XP8QcDdlQm17T9+sfJ0doZ3v8i/vqV8LK4XqoY/GTlEYQozW/JoJawfQQLHXCB\n3HUSjUlRDo/Hp20ScIcQvweh8rtfmjqpzpkOBi1Nt1AEXTvLl66jwBRPkFUYqLgi\nKs8UDGEbmDrybaASabQqkzyj2ymLxyU+Y+iqmnjTkS0K6+st/3h+ip3ZBmeJ6Zmj\nnWauN/0Nl0hiPfF48o1feLxosNe7Ot6DQKdwu6VJkETqp+1RZ/lZJc6nvdbQ/NHN\nUhPZaM26tKJYYqqlAYa9bJpxq/jOmuG93esDrHKsv9fywUNeQxyAtVzdbCqrlcdd\n0fR7rT6zOskKQBwc75l/r4HVbVwo/qYeeW7HA4UoAq0HjMuqlrbRZPdU2Nw2rNtr\nuzG7JxnVxG5WAaVWKLyGpyIZtvbOzwTajETxsuKcbuK6WWcGO2oIu1UuXS7xyXoQ\njBMAAAc4HhhFIB4YRSAAAAAHc3NoLXJzYQAAAgEAz5ExT/jcWBxaUNNwitOg/uoL\nXXdRzQtq3MwaUtecMw5BTV7z+5wGH5b7B11aoPbNGGQrXR/4EzviUxOyMq+f3Ixq\nYgB+xuv0G8kd116it9YnaeBKjnwOwEr0P/1jhh8UoBnvqcbcAZiaVr0aJvYwfALn\nYtzj0CLJdaHOBn3BRnpiYJ2FuUXeQUEM6n0iCqU3fQav9VCLXKVWB5nmSaVQzd9p\n9MkWaMwSOSvf1TX8S2XP8QcDdlQm17T9+sfJ0doZ3v8i/vqV8LK4XqoY/GTlEYQo\nzW/JoJawfQQLHXCB3HUSjUlRDo/Hp20ScIcQvweh8rtfmjqpzpkOBi1Nt1AEXTvL\nl66jwBRPkFUYqLgiKs8UDGEbmDrybaASabQqkzyj2ymLxyU+Y+iqmnjTkS0K6+st\n/3h+ip3ZBmeJ6ZmjnWauN/0Nl0hiPfF48o1feLxosNe7Ot6DQKdwu6VJkETqp+1R\nZ/lZJc6nvdbQ/NHNUhPZaM26tKJYYqqlAYa9bJpxq/jOmuG93esDrHKsv9fywUNe\nQxyAtVzdbCqrlcdd0fR7rT6zOskKQBwc75l/r4HVbVwo/qYeeW7HA4UoAq0HjMuq\nlrbRZPdU2Nw2rNtruzG7JxnVxG5WAaVWKLyGpyIZtvbOzwTajETxsuKcbuK6WWcG\nO2oIu1UuXS7xyXoQjBMAAAADAQABAAACAQCSCqc2jHOELxbArbQOiY5KLSQn9A8D\nBNiAV77hsMA/D/WUWY2y53lLerBO4zkj7eIqGjiEgjzKU6UPLNmBXh5NUCJ9p7mL\nfnK3pg6v/O7iB/SdQulSTSkX1OT7rO38bRvW9cixnLApE1TsWIrxBODiMCzbW22S\ngRdcA6dw28REMVHMhqiSzfztzrYmujpcYRikiDL/mFclrVLVcEweXwl2gI4NY/q3\na3Ya8arAWgaUiiL/hB7Ef7sApGDatP1kAF+ZjcvyuR8MRsMAIBAKbXbalzEaMmAb\n9Epi+5hSc1l7YofWDtLQOwuP2mdR80YuElG49mrymfnl2byLTg7TPqKCLZZ7RatQ\nF0XLFum8uQW5sUATQyFk5Io+DXIOdKSDeGqwpGjDEFPVc+6/FPzhzlKW6KImHRJq\nVncsj4rXcL7AojNLSU3qkM38V68Qku0pe+jm9HOZboa9r+Q43OCxhdTOeePTR56f\nxS9YTyQ/TSXDMJ29tW3V6hhJiavPdloud0wPky9OXy0Wihj7knF5F6G378IPQYVa\n4x3i41QyaRvArWckTZfveEZP6hxZdsTeZMvc7tcrc+pWE1avm7lrgB/HHVo6XX+b\nanBQY9LbSd9wnrBEC6/CDKkkPkhq2NLZRmOGE2GfG12bZKpAo+pHGCMuowDh6v/e\nY/13KDndOsFoEQAAAQAateAtf2+2QkjuTxWPnvmNIES5wZBoj6jne/DT+qE1OnI1\nuRSxdHP3VYQcemlaQghlGrPZHhPipCLBaIstkX4eqbKqa47IhqAi1WzLQIqAgulm\nYrFwLPiqL2bUjXLVkSgYV/B2/PHwzC1XRUh/EQgj/VL/XmUiW3X2+yuV+HyWmsyb\n9ajzwhISZlZ4E9/ZoN20JNntMKwJo/uSLh2TRgkJOfyEe+nv/Tkp+/h3F7jDmFAn\nTukLJ0jnW+O+vIW/Lfyur+BBx8vX0YWBMdE1bWgCWOZ2+jgVzSR6KkApxnZMUa7Q\nc2SOQb+eDA6JfxyRoxMRfD4SO4M+mCho0YpetXxLAAABAQD35SjGIQWgb4GGAcCj\n+OmI1daUwIYB4wMi4BIvtrjGKLo1kQiBEhHboXbWXCE+a5s8EA4m1+TtPHqbgevW\nDcltSI/VfTTBp6K1lAIJvuvBza+2xoPpc2w1gXhCx+HWgXTHnqfhMa5rX5MWYa1e\nyFt9mh08iu4OsM4/tGdY9loN3ge0i2SpXxunA3QOcW+7Zn5sPSUy0QqOLiGT91o3\nQ9hjBzOe6JwmhGF1oeHlguDwJHgqXS6xWSOtzp41+xT8E19OFBDsig3K35shl4RW\nbJX/nVebzTUw+Hma9ZMHbz9f7utjbnFd69ibdSV5dOx2N9LHAl78mHc9ho5vEIPZ\nDVaZAAABAQDWWn6ssS0bB7OOKAZcFoqXhHRZd+EjvY/r0OncCF6XSpVRk0uErDPO\nT2RQmBPZNlnmGhR6NxYv5S+a48siOeBtXSpY0v2j4OQTX/X7ljjXN045kz30Y5x3\n1MbfoWK2cDzgMBIXnylUjWJlF9mdgdJhog4B8lZbs8YKRnGa7xdLFDeMrmAg0oQR\nSw4bQ4yCWkk3fJ3Hdh1iGn3O/7/+jGkCTs7AcL8W8iER6C1K0rZMZFmHVoi29q36\nxYkqjMvLWecCbhccTpYMOyzzXCWtsWlZZW4z1Z4T0IEtFtKU7nGEala6H8/lw5Oc\nIX1e4NzMtdTdp3C5C17en1iH4O5Ixh+LAAAAAAEC\n-----END OPENSSH PRIVATE KEY-----\n",
            "private_key_pem": "-----BEGIN RSA PRIVATE KEY-----\nMIIJKQIBAAKCAgEAz5ExT/jcWBxaUNNwitOg/uoLXXdRzQtq3MwaUtecMw5BTV7z\n+5wGH5b7B11aoPbNGGQrXR/4EzviUxOyMq+f3IxqYgB+xuv0G8kd116it9YnaeBK\njnwOwEr0P/1jhh8UoBnvqcbcAZiaVr0aJvYwfALnYtzj0CLJdaHOBn3BRnpiYJ2F\nuUXeQUEM6n0iCqU3fQav9VCLXKVWB5nmSaVQzd9p9MkWaMwSOSvf1TX8S2XP8QcD\ndlQm17T9+sfJ0doZ3v8i/vqV8LK4XqoY/GTlEYQozW/JoJawfQQLHXCB3HUSjUlR\nDo/Hp20ScIcQvweh8rtfmjqpzpkOBi1Nt1AEXTvLl66jwBRPkFUYqLgiKs8UDGEb\nmDrybaASabQqkzyj2ymLxyU+Y+iqmnjTkS0K6+st/3h+ip3ZBmeJ6ZmjnWauN/0N\nl0hiPfF48o1feLxosNe7Ot6DQKdwu6VJkETqp+1RZ/lZJc6nvdbQ/NHNUhPZaM26\ntKJYYqqlAYa9bJpxq/jOmuG93esDrHKsv9fywUNeQxyAtVzdbCqrlcdd0fR7rT6z\nOskKQBwc75l/r4HVbVwo/qYeeW7HA4UoAq0HjMuqlrbRZPdU2Nw2rNtruzG7JxnV\nxG5WAaVWKLyGpyIZtvbOzwTajETxsuKcbuK6WWcGO2oIu1UuXS7xyXoQjBMCAwEA\nAQKCAgEAkgqnNoxzhC8WwK20DomOSi0kJ/QPAwTYgFe+4bDAPw/1lFmNsud5S3qw\nTuM5I+3iKho4hII8ylOlDyzZgV4eTVAifae5i35yt6YOr/zu4gf0nULpUk0pF9Tk\n+6zt/G0b1vXIsZywKRNU7FiK8QTg4jAs21ttkoEXXAOncNvERDFRzIaoks387c62\nJro6XGEYpIgy/5hXJa1S1XBMHl8JdoCODWP6t2t2GvGqwFoGlIoi/4QexH+7AKRg\n2rT9ZABfmY3L8rkfDEbDACAQCm122pcxGjJgG/RKYvuYUnNZe2KH1g7S0DsLj9pn\nUfNGLhJRuPZq8pn55dm8i04O0z6igi2We0WrUBdFyxbpvLkFubFAE0MhZOSKPg1y\nDnSkg3hqsKRowxBT1XPuvxT84c5SluiiJh0SalZ3LI+K13C+wKIzS0lN6pDN/Fev\nEJLtKXvo5vRzmW6Gva/kONzgsYXUznnj00een8UvWE8kP00lwzCdvbVt1eoYSYmr\nz3ZaLndMD5MvTl8tFooY+5JxeReht+/CD0GFWuMd4uNUMmkbwK1nJE2X73hGT+oc\nWXbE3mTL3O7XK3PqVhNWr5u5a4Afxx1aOl1/m2pwUGPS20nfcJ6wRAuvwgypJD5I\natjS2UZjhhNhnxtdm2SqQKPqRxgjLqMA4er/3mP9dyg53TrBaBECggEBAPflKMYh\nBaBvgYYBwKP46YjV1pTAhgHjAyLgEi+2uMYoujWRCIESEduhdtZcIT5rmzwQDibX\n5O08epuB69YNyW1Ij9V9NMGnorWUAgm+68HNr7bGg+lzbDWBeELH4daBdMeep+Ex\nrmtfkxZhrV7IW32aHTyK7g6wzj+0Z1j2Wg3eB7SLZKlfG6cDdA5xb7tmfmw9JTLR\nCo4uIZP3WjdD2GMHM57onCaEYXWh4eWC4PAkeCpdLrFZI63OnjX7FPwTX04UEOyK\nDcrfmyGXhFZslf+dV5vNNTD4eZr1kwdvP1/u62NucV3r2Jt1JXl07HY30scCXvyY\ndz2Gjm8Qg9kNVpkCggEBANZafqyxLRsHs44oBlwWipeEdFl34SO9j+vQ6dwIXpdK\nlVGTS4SsM85PZFCYE9k2WeYaFHo3Fi/lL5rjyyI54G1dKljS/aPg5BNf9fuWONc3\nTjmTPfRjnHfUxt+hYrZwPOAwEhefKVSNYmUX2Z2B0mGiDgHyVluzxgpGcZrvF0sU\nN4yuYCDShBFLDhtDjIJaSTd8ncd2HWIafc7/v/6MaQJOzsBwvxbyIRHoLUrStkxk\nWYdWiLb2rfrFiSqMy8tZ5wJuFxxOlgw7LPNcJa2xaVllbjPVnhPQgS0W0pTucYRq\nVrofz+XDk5whfV7g3My11N2ncLkLXt6fWIfg7kjGH4sCggEAbRObdlqvZCHMZ0+8\nGSp8b+ZPzhJMpOXjymO3/OC0uxTOoqVXjZuK2g5ZAQd25UVp/+q8n2Dd7XlwJZ7s\nS7qzR+/mwjSekxuVH7qpjupASH2d9JmzD3TnRz/Zz+CtwboizXdFPXSj38ElMnL2\nWz9j6od2l94106b+ic9yrhVwGKv6zfmL6G7d9wYw+e32EQqPVEcvaAXNVDR+N+Je\nAvVKcICJuUF2/AfB7oW1pUyKd4BEk7d+xTCI34CL4wrA+A36IJv5umsgmIT9eLF3\n3KNY+SmdlAOehRbAQ2wNLvdHdonlb1H4djBBll3ciG3nYjk7+K9VZmYcCal8YOhu\na4JP+QKCAQEAz1TMvgDJ3iE+3bt9G0l6WD/3wiogDE/oi3GRIhC+XZv4feT44KUn\nnuBP6VyPpkPaBKUpNWVfAoit2SWIb9yHZYD92tiKGR8HvG3PIcAVzqVh9nKjNGW9\nDHM0wU36ivhZCYe1mD+M3Im8qIe/J4hQk7sJzXw3Z4+leH7Wl8O3RhmR+XMY6+Zz\nc76jMF/P4q2tsAvLGQj4NtHk6nmZnX72exL7DEyBqJIexpFKbdsOFSnjJvLeXgqQ\nEcVLfWqeHF0jAsi1dd3VaJM8UU/J6g12Fs/zHhP7SLMenxw6J2/TQP8SUAlBL75S\nYmxKNaFOMHuYH6U7dOC4rKB4I0W/dYidLQKCAQAateAtf2+2QkjuTxWPnvmNIES5\nwZBoj6jne/DT+qE1OnI1uRSxdHP3VYQcemlaQghlGrPZHhPipCLBaIstkX4eqbKq\na47IhqAi1WzLQIqAgulmYrFwLPiqL2bUjXLVkSgYV/B2/PHwzC1XRUh/EQgj/VL/\nXmUiW3X2+yuV+HyWmsyb9ajzwhISZlZ4E9/ZoN20JNntMKwJo/uSLh2TRgkJOfyE\ne+nv/Tkp+/h3F7jDmFAnTukLJ0jnW+O+vIW/Lfyur+BBx8vX0YWBMdE1bWgCWOZ2\n+jgVzSR6KkApxnZMUa7Qc2SOQb+eDA6JfxyRoxMRfD4SO4M+mCho0YpetXxL\n-----END RSA PRIVATE KEY-----\n",
            "private_key_pem_pkcs8": "-----BEGIN PRIVATE KEY-----\nMIIJQwIBADANBgkqhkiG9w0BAQEFAASCCS0wggkpAgEAAoICAQDPkTFP+NxYHFpQ\n03CK06D+6gtdd1HNC2rczBpS15wzDkFNXvP7nAYflvsHXVqg9s0YZCtdH/gTO+JT\nE7Iyr5/cjGpiAH7G6/QbyR3XXqK31idp4EqOfA7ASvQ//WOGHxSgGe+pxtwBmJpW\nvRom9jB8Audi3OPQIsl1oc4GfcFGemJgnYW5Rd5BQQzqfSIKpTd9Bq/1UItcpVYH\nmeZJpVDN32n0yRZozBI5K9/VNfxLZc/xBwN2VCbXtP36x8nR2hne/yL++pXwsrhe\nqhj8ZOURhCjNb8mglrB9BAsdcIHcdRKNSVEOj8enbRJwhxC/B6Hyu1+aOqnOmQ4G\nLU23UARdO8uXrqPAFE+QVRiouCIqzxQMYRuYOvJtoBJptCqTPKPbKYvHJT5j6Kqa\neNORLQrr6y3/eH6KndkGZ4npmaOdZq43/Q2XSGI98XjyjV94vGiw17s63oNAp3C7\npUmQROqn7VFn+Vklzqe91tD80c1SE9lozbq0olhiqqUBhr1smnGr+M6a4b3d6wOs\ncqy/1/LBQ15DHIC1XN1sKquVx13R9HutPrM6yQpAHBzvmX+vgdVtXCj+ph55bscD\nhSgCrQeMy6qWttFk91TY3Das22u7MbsnGdXEblYBpVYovIanIhm29s7PBNqMRPGy\n4pxu4rpZZwY7agi7VS5dLvHJehCMEwIDAQABAoICAQCSCqc2jHOELxbArbQOiY5K\nLSQn9A8DBNiAV77hsMA/D/WUWY2y53lLerBO4zkj7eIqGjiEgjzKU6UPLNmBXh5N\nUCJ9p7mLfnK3pg6v/O7iB/SdQulSTSkX1OT7rO38bRvW9cixnLApE1TsWIrxBODi\nMCzbW22SgRdcA6dw28REMVHMhqiSzfztzrYmujpcYRikiDL/mFclrVLVcEweXwl2\ngI4NY/q3a3Ya8arAWgaUiiL/hB7Ef7sApGDatP1kAF+ZjcvyuR8MRsMAIBAKbXba\nlzEaMmAb9Epi+5hSc1l7YofWDtLQOwuP2mdR80YuElG49mrymfnl2byLTg7TPqKC\nLZZ7RatQF0XLFum8uQW5sUATQyFk5Io+DXIOdKSDeGqwpGjDEFPVc+6/FPzhzlKW\n6KImHRJqVncsj4rXcL7AojNLSU3qkM38V68Qku0pe+jm9HOZboa9r+Q43OCxhdTO\neePTR56fxS9YTyQ/TSXDMJ29tW3V6hhJiavPdloud0wPky9OXy0Wihj7knF5F6G3\n78IPQYVa4x3i41QyaRvArWckTZfveEZP6hxZdsTeZMvc7tcrc+pWE1avm7lrgB/H\nHVo6XX+banBQY9LbSd9wnrBEC6/CDKkkPkhq2NLZRmOGE2GfG12bZKpAo+pHGCMu\nowDh6v/eY/13KDndOsFoEQKCAQEA9+UoxiEFoG+BhgHAo/jpiNXWlMCGAeMDIuAS\nL7a4xii6NZEIgRIR26F21lwhPmubPBAOJtfk7Tx6m4Hr1g3JbUiP1X00waeitZQC\nCb7rwc2vtsaD6XNsNYF4Qsfh1oF0x56n4TGua1+TFmGtXshbfZodPIruDrDOP7Rn\nWPZaDd4HtItkqV8bpwN0DnFvu2Z+bD0lMtEKji4hk/daN0PYYwcznuicJoRhdaHh\n5YLg8CR4Kl0usVkjrc6eNfsU/BNfThQQ7IoNyt+bIZeEVmyV/51Xm801MPh5mvWT\nB28/X+7rY25xXevYm3UleXTsdjfSxwJe/Jh3PYaObxCD2Q1WmQKCAQEA1lp+rLEt\nGwezjigGXBaKl4R0WXfhI72P69Dp3Ahel0qVUZNLhKwzzk9kUJgT2TZZ5hoUejcW\nL+UvmuPLIjngbV0qWNL9o+DkE1/1+5Y41zdOOZM99GOcd9TG36FitnA84DASF58p\nVI1iZRfZnYHSYaIOAfJWW7PGCkZxmu8XSxQ3jK5gINKEEUsOG0OMglpJN3ydx3Yd\nYhp9zv+//oxpAk7OwHC/FvIhEegtStK2TGRZh1aItvat+sWJKozLy1nnAm4XHE6W\nDDss81wlrbFpWWVuM9WeE9CBLRbSlO5xhGpWuh/P5cOTnCF9XuDczLXU3adwuQte\n3p9Yh+DuSMYfiwKCAQBtE5t2Wq9kIcxnT7wZKnxv5k/OEkyk5ePKY7f84LS7FM6i\npVeNm4raDlkBB3blRWn/6ryfYN3teXAlnuxLurNH7+bCNJ6TG5UfuqmO6kBIfZ30\nmbMPdOdHP9nP4K3BuiLNd0U9dKPfwSUycvZbP2Pqh3aX3jXTpv6Jz3KuFXAYq/rN\n+Yvobt33BjD57fYRCo9URy9oBc1UNH434l4C9UpwgIm5QXb8B8HuhbWlTIp3gEST\nt37FMIjfgIvjCsD4Dfogm/m6ayCYhP14sXfco1j5KZ2UA56FFsBDbA0u90d2ieVv\nUfh2MEGWXdyIbediOTv4r1VmZhwJqXxg6G5rgk/5AoIBAQDPVMy+AMneIT7du30b\nSXpYP/fCKiAMT+iLcZEiEL5dm/h95PjgpSee4E/pXI+mQ9oEpSk1ZV8CiK3ZJYhv\n3IdlgP3a2IoZHwe8bc8hwBXOpWH2cqM0Zb0MczTBTfqK+FkJh7WYP4zcibyoh78n\niFCTuwnNfDdnj6V4ftaXw7dGGZH5cxjr5nNzvqMwX8/ira2wC8sZCPg20eTqeZmd\nfvZ7EvsMTIGokh7GkUpt2w4VKeMm8t5eCpARxUt9ap4cXSMCyLV13dVokzxRT8nq\nDXYWz/MeE/tIsx6fHDonb9NA/xJQCUEvvlJibEo1oU4we5gfpTt04LisoHgjRb91\niJ0tAoIBABq14C1/b7ZCSO5PFY+e+Y0gRLnBkGiPqOd78NP6oTU6cjW5FLF0c/dV\nhBx6aVpCCGUas9keE+KkIsFoiy2Rfh6psqprjsiGoCLVbMtAioCC6WZisXAs+Kov\nZtSNctWRKBhX8Hb88fDMLVdFSH8RCCP9Uv9eZSJbdfb7K5X4fJaazJv1qPPCEhJm\nVngT39mg3bQk2e0wrAmj+5IuHZNGCQk5/IR76e/9OSn7+HcXuMOYUCdO6QsnSOdb\n4768hb8t/K6v4EHHy9fRhYEx0TVtaAJY5nb6OBXNJHoqQCnGdkxRrtBzZI5Bv54M\nDol/HJGjExF8PhI7gz6YKGjRil61fEs=\n-----END PRIVATE KEY-----\n",
            "public_key_fingerprint_md5": "da:7b:92:dc:f1:95:87:b1:11:b7:58:42:c1:7d:84:0b",
            "public_key_fingerprint_sha256": "SHA256:MbaHRevfdM/xAhy2TK/m5vjxxLpbz91LA5iFNJ/Rv3g",
            "public_key_openssh": "ssh-rsa AAAAB3NzaC1yc2EAAAADAQABAAACAQDPkTFP+NxYHFpQ03CK06D+6gtdd1HNC2rczBpS15wzDkFNXvP7nAYflvsHXVqg9s0YZCtdH/gTO+JTE7Iyr5/cjGpiAH7G6/QbyR3XXqK31idp4EqOfA7ASvQ//WOGHxSgGe+pxtwBmJpWvRom9jB8Audi3OPQIsl1oc4GfcFGemJgnYW5Rd5BQQzqfSIKpTd9Bq/1UItcpVYHmeZJpVDN32n0yRZozBI5K9/VNfxLZc/xBwN2VCbXtP36x8nR2hne/yL++pXwsrheqhj8ZOURhCjNb8mglrB9BAsdcIHcdRKNSVEOj8enbRJwhxC/B6Hyu1+aOqnOmQ4GLU23UARdO8uXrqPAFE+QVRiouCIqzxQMYRuYOvJtoBJptCqTPKPbKYvHJT5j6KqaeNORLQrr6y3/eH6KndkGZ4npmaOdZq43/Q2XSGI98XjyjV94vGiw17s63oNAp3C7pUmQROqn7VFn+Vklzqe91tD80c1SE9lozbq0olhiqqUBhr1smnGr+M6a4b3d6wOscqy/1/LBQ15DHIC1XN1sKquVx13R9HutPrM6yQpAHBzvmX+vgdVtXCj+ph55bscDhSgCrQeMy6qWttFk91TY3Das22u7MbsnGdXEblYBpVYovIanIhm29s7PBNqMRPGy4pxu4rpZZwY7agi7VS5dLvHJehCMEw==\n",
            "public_key_pem": "-----BEGIN PUBLIC KEY-----\nMIICIjANBgkqhkiG9w0BAQEFAAOCAg8AMIICCgKCAgEAz5ExT/jcWBxaUNNwitOg\n/uoLXXdRzQtq3MwaUtecMw5BTV7z+5wGH5b7B11aoPbNGGQrXR/4EzviUxOyMq+f\n3IxqYgB+xuv0G8kd116it9YnaeBKjnwOwEr0P/1jhh8UoBnvqcbcAZiaVr0aJvYw\nfALnYtzj0CLJdaHOBn3BRnpiYJ2FuUXeQUEM6n0iCqU3fQav9VCLXKVWB5nmSaVQ\nzd9p9MkWaMwSOSvf1TX8S2XP8QcDdlQm17T9+sfJ0doZ3v8i/vqV8LK4XqoY/GTl\nEYQozW/JoJawfQQLHXCB3HUSjUlRDo/Hp20ScIcQvweh8rtfmjqpzpkOBi1Nt1AE\nXTvLl66jwBRPkFUYqLgiKs8UDGEbmDrybaASabQqkzyj2ymLxyU+Y+iqmnjTkS0K\n6+st/3h+ip3ZBmeJ6ZmjnWauN/0Nl0hiPfF48o1feLxosNe7Ot6DQKdwu6VJkETq\np+1RZ/lZJc6nvdbQ/NHNUhPZaM26tKJYYqqlAYa9bJpxq/jOmuG93esDrHKsv9fy\nwUNeQxyAtVzdbCqrlcdd0fR7rT6zOskKQBwc75l/r4HVbVwo/qYeeW7HA4UoAq0H\njMuqlrbRZPdU2Nw2rNtruzG7JxnVxG5WAaVWKLyGpyIZtvbOzwTajETxsuKcbuK6\nWWcGO2oIu1UuXS7xyXoQjBMCAwEAAQ==\n-----END PUBLIC KEY-----\n",
            "rsa_bits": 4096
          },
          "sensitive_attributes": []
        }
      ]
    }
  ],
  "check_results": null
}
