{
  "version": 4,
  "terraform_version": "1.5.7",
  "serial": 32,
  "lineage": "0723bb0e-2fde-dde2-f737-67765df77b76",
  "outputs": {},
  "resources": [
    {
      "mode": "data",
      "type": "aws_availability_zones",
      "name": "available",
      "provider": "provider[\"registry.terraform.io/hashicorp/aws\"]",
      "instances": [
        {
          "schema_version": 0,
          "attributes": {
            "all_availability_zones": null,
            "exclude_names": null,
            "exclude_zone_ids": null,
            "filter": null,
            "group_names": [
              "eu-west-3"
            ],
            "id": "eu-west-3",
            "names": [
              "eu-west-3a",
              "eu-west-3b",
              "eu-west-3c"
            ],
            "state": "available",
            "timeouts": null,
            "zone_ids": [
              "euw3-az1",
              "euw3-az2",
              "euw3-az3"
            ]
          },
          "sensitive_attributes": []
        }
      ]
    },
    {
      "mode": "managed",
      "type": "aws_db_instance",
      "name": "omega_database",
      "provider": "provider[\"registry.terraform.io/hashicorp/aws\"]",
      "instances": [
        {
          "schema_version": 2,
          "attributes": {
            "address": "rds-postgres.cxlvqur3ju21.eu-west-3.rds.amazonaws.com",
            "allocated_storage": 10,
            "allow_major_version_upgrade": null,
            "apply_immediately": false,
            "arn": "arn:aws:rds:eu-west-3:552239912540:db:rds-postgres",
            "auto_minor_version_upgrade": true,
            "availability_zone": "eu-west-3b",
            "backup_retention_period": 0,
            "backup_target": "region",
            "backup_window": "09:42-10:12",
            "blue_green_update": [],
            "ca_cert_identifier": "rds-ca-2019",
            "character_set_name": "",
            "copy_tags_to_snapshot": false,
            "custom_iam_instance_profile": "",
            "customer_owned_ip_enabled": false,
            "db_name": "omega_db",
            "db_subnet_group_name": "terraform-20230914133042817400000001",
            "delete_automated_backups": true,
            "deletion_protection": false,
            "domain": "",
            "domain_iam_role_name": "",
            "enabled_cloudwatch_logs_exports": [],
            "endpoint": "rds-postgres.cxlvqur3ju21.eu-west-3.rds.amazonaws.com:5432",
            "engine": "postgres",
            "engine_version": "14",
            "engine_version_actual": "14.8",
            "final_snapshot_identifier": null,
            "hosted_zone_id": "ZMESEXB7ZGGQ3",
            "iam_database_authentication_enabled": false,
            "id": "db-4QF7W2EGXJHYVPBMBK7SCFZP7Y",
            "identifier": "rds-postgres",
            "identifier_prefix": "",
            "instance_class": "db.t3.micro",
            "iops": 0,
            "kms_key_id": "",
            "latest_restorable_time": "",
            "license_model": "postgresql-license",
            "listener_endpoint": [],
            "maintenance_window": "sat:04:33-sat:05:03",
            "manage_master_user_password": null,
            "master_user_secret": [],
            "master_user_secret_kms_key_id": null,
            "max_allocated_storage": 0,
            "monitoring_interval": 0,
            "monitoring_role_arn": "",
            "multi_az": false,
            "nchar_character_set_name": "",
            "network_type": "IPV4",
            "option_group_name": "default:postgres-14",
            "parameter_group_name": "default.postgres14",
            "password": "postgres",
            "performance_insights_enabled": false,
            "performance_insights_kms_key_id": "",
            "performance_insights_retention_period": 0,
            "port": 5432,
            "publicly_accessible": false,
            "replica_mode": "",
            "replicas": [],
            "replicate_source_db": "",
            "resource_id": "db-4QF7W2EGXJHYVPBMBK7SCFZP7Y",
            "restore_to_point_in_time": [],
            "s3_import": [],
            "skip_final_snapshot": true,
            "snapshot_identifier": null,
            "status": "available",
            "storage_encrypted": false,
            "storage_throughput": 0,
            "storage_type": "gp2",
            "tags": {
              "Name": "omega_db"
            },
            "tags_all": {
              "Name": "omega_db"
            },
            "timeouts": null,
            "timezone": "",
            "username": "postgres",
            "vpc_security_group_ids": [
              "sg-0b0635f6603d86ef5"
            ]
          },
          "sensitive_attributes": [],
          "private": "eyJlMmJmYjczMC1lY2FhLTExZTYtOGY4OC0zNDM2M2JjN2M0YzAiOnsiY3JlYXRlIjoyNDAwMDAwMDAwMDAwLCJkZWxldGUiOjM2MDAwMDAwMDAwMDAsInVwZGF0ZSI6NDgwMDAwMDAwMDAwMH0sInNjaGVtYV92ZXJzaW9uIjoiMiJ9",
          "dependencies": [
            "aws_db_subnet_group.omega_db_subnet_group",
            "aws_security_group.omega_backend_sg",
            "aws_security_group.omega_db_sg",
            "aws_subnet.omega_private_subnet",
            "aws_vpc.vpc_rec",
            "data.aws_availability_zones.available"
          ]
        }
      ]
    },
    {
      "mode": "managed",
      "type": "aws_db_subnet_group",
      "name": "omega_db_subnet_group",
      "provider": "provider[\"registry.terraform.io/hashicorp/aws\"]",
      "instances": [
        {
          "schema_version": 0,
          "attributes": {
            "arn": "arn:aws:rds:eu-west-3:552239912540:subgrp:terraform-20230914133042817400000001",
            "description": "Groupe securité subnet",
            "id": "terraform-20230914133042817400000001",
            "name": "terraform-20230914133042817400000001",
            "name_prefix": "terraform-",
            "subnet_ids": [
              "subnet-0081dabe244ba4cf8",
              "subnet-05ba68f6411b26c66"
            ],
            "supported_network_types": [
              "IPV4"
            ],
            "tags": {
              "Name": "omega_db_subnet_group"
            },
            "tags_all": {
              "Name": "omega_db_subnet_group"
            },
            "vpc_id": "vpc-0bf4276cb14568b0e"
          },
          "sensitive_attributes": [],
          "private": "bnVsbA==",
          "dependencies": [
            "aws_subnet.omega_private_subnet",
            "aws_vpc.vpc_rec",
            "data.aws_availability_zones.available"
          ]
        }
      ]
    },
    {
      "mode": "managed",
      "type": "aws_eip",
      "name": "omega_eip",
      "provider": "provider[\"registry.terraform.io/hashicorp/aws\"]",
      "instances": [
        {
          "index_key": 0,
          "schema_version": 0,
          "attributes": {
            "address": null,
            "allocation_id": "eipalloc-0137148a8b59611d3",
            "associate_with_private_ip": null,
            "association_id": "eipassoc-00062179fc41ff18f",
            "carrier_ip": "",
            "customer_owned_ip": "",
            "customer_owned_ipv4_pool": "",
            "domain": "vpc",
            "id": "eipalloc-0137148a8b59611d3",
            "instance": "i-0271722f6473728ae",
            "network_border_group": "eu-west-3",
            "network_interface": "eni-0b4682a5a71316386",
            "private_dns": "ip-10-0-1-45.eu-west-3.compute.internal",
            "private_ip": "10.0.1.45",
            "public_dns": "ec2-15-236-248-165.eu-west-3.compute.amazonaws.com",
            "public_ip": "15.236.248.165",
            "public_ipv4_pool": "amazon",
            "tags": {
              "Name": "omega_eip_0"
            },
            "tags_all": {
              "Name": "omega_eip_0"
            },
            "timeouts": null,
            "vpc": true
          },
          "sensitive_attributes": [],
          "private": "eyJlMmJmYjczMC1lY2FhLTExZTYtOGY4OC0zNDM2M2JjN2M0YzAiOnsiZGVsZXRlIjoxODAwMDAwMDAwMDAsInJlYWQiOjkwMDAwMDAwMDAwMCwidXBkYXRlIjozMDAwMDAwMDAwMDB9fQ==",
          "dependencies": [
            "aws_instance.ec2_omega_backend",
            "aws_key_pair.priv_backend_key_pair",
            "aws_security_group.omega_backend_sg",
            "aws_subnet.omega_public_subnet",
            "tls_private_key.priv_backend_key"
          ]
        }
      ]
    },
    {
      "mode": "managed",
      "type": "aws_eip",
      "name": "omega_eip_frontend",
      "provider": "provider[\"registry.terraform.io/hashicorp/aws\"]",
      "instances": [
        {
          "index_key": 0,
          "schema_version": 0,
          "attributes": {
            "address": null,
            "allocation_id": "eipalloc-0fc547d772ae58b09",
            "associate_with_private_ip": null,
            "association_id": "eipassoc-08e9377fd7e31f7e9",
            "carrier_ip": "",
            "customer_owned_ip": "",
            "customer_owned_ipv4_pool": "",
            "domain": "vpc",
            "id": "eipalloc-0fc547d772ae58b09",
            "instance": "i-06f3fd6482ec2a519",
            "network_border_group": "eu-west-3",
            "network_interface": "eni-051e41e7f0291b02a",
            "private_dns": "ip-10-0-1-165.eu-west-3.compute.internal",
            "private_ip": "10.0.1.165",
            "public_dns": "ec2-13-38-246-215.eu-west-3.compute.amazonaws.com",
            "public_ip": "13.38.246.215",
            "public_ipv4_pool": "amazon",
            "tags": {
              "Name": "omega_eip_frontend0"
            },
            "tags_all": {
              "Name": "omega_eip_frontend0"
            },
            "timeouts": null,
            "vpc": true
          },
          "sensitive_attributes": [],
          "private": "eyJlMmJmYjczMC1lY2FhLTExZTYtOGY4OC0zNDM2M2JjN2M0YzAiOnsiZGVsZXRlIjoxODAwMDAwMDAwMDAsInJlYWQiOjkwMDAwMDAwMDAwMCwidXBkYXRlIjozMDAwMDAwMDAwMDB9fQ==",
          "dependencies": [
            "aws_instance.omega_frontend",
            "aws_key_pair.priv_frontend_key_pair",
            "aws_security_group.omega_frontend_sg",
            "aws_subnet.omega_public_subnet",
            "tls_private_key.priv_frontend_key"
          ]
        }
      ]
    },
    {
      "mode": "managed",
      "type": "aws_instance",
      "name": "ec2_omega_backend",
      "provider": "provider[\"registry.terraform.io/hashicorp/aws\"]",
      "instances": [
        {
          "index_key": 0,
          "schema_version": 1,
          "attributes": {
            "ami": "ami-07e67bd6b5d9fd892",
            "arn": "arn:aws:ec2:eu-west-3:552239912540:instance/i-0271722f6473728ae",
            "associate_public_ip_address": false,
            "availability_zone": "eu-west-3a",
            "capacity_reservation_specification": [
              {
                "capacity_reservation_preference": "open",
                "capacity_reservation_target": []
              }
            ],
            "cpu_core_count": 1,
            "cpu_options": [
              {
                "amd_sev_snp": "",
                "core_count": 1,
                "threads_per_core": 2
              }
            ],
            "cpu_threads_per_core": 2,
            "credit_specification": [
              {
                "cpu_credits": "unlimited"
              }
            ],
            "disable_api_stop": false,
            "disable_api_termination": false,
            "ebs_block_device": [],
            "ebs_optimized": false,
            "enclave_options": [
              {
                "enabled": false
              }
            ],
            "ephemeral_block_device": [],
            "get_password_data": false,
            "hibernation": false,
            "host_id": "",
            "host_resource_group_arn": null,
            "iam_instance_profile": "",
            "id": "i-0271722f6473728ae",
            "instance_initiated_shutdown_behavior": "stop",
            "instance_lifecycle": "",
            "instance_market_options": [],
            "instance_state": "running",
            "instance_type": "t3.small",
            "ipv6_address_count": 0,
            "ipv6_addresses": [],
            "key_name": "omega_back_end_key",
            "launch_template": [],
            "maintenance_options": [
              {
                "auto_recovery": "default"
              }
            ],
            "metadata_options": [
              {
                "http_endpoint": "enabled",
                "http_put_response_hop_limit": 2,
                "http_tokens": "required",
                "instance_metadata_tags": "disabled"
              }
            ],
            "monitoring": false,
            "network_interface": [],
            "outpost_arn": "",
            "password_data": "",
            "placement_group": "",
            "placement_partition_number": 0,
            "primary_network_interface_id": "eni-0b4682a5a71316386",
            "private_dns": "ip-10-0-1-45.eu-west-3.compute.internal",
            "private_dns_name_options": [
              {
                "enable_resource_name_dns_a_record": false,
                "enable_resource_name_dns_aaaa_record": false,
                "hostname_type": "ip-name"
              }
            ],
            "private_ip": "10.0.1.45",
            "public_dns": "",
            "public_ip": "",
            "root_block_device": [
              {
                "delete_on_termination": true,
                "device_name": "/dev/xvda",
                "encrypted": false,
                "iops": 3000,
                "kms_key_id": "",
                "tags": {},
                "throughput": 125,
                "volume_id": "vol-0b0a79c03cc421968",
                "volume_size": 8,
                "volume_type": "gp3"
              }
            ],
            "secondary_private_ips": [],
            "security_groups": [],
            "source_dest_check": true,
            "spot_instance_request_id": "",
            "subnet_id": "subnet-07da479f30f63e30e",
            "tags": {
              "Name": "omega_backend"
            },
            "tags_all": {
              "Name": "omega_backend"
            },
            "tenancy": "default",
            "timeouts": null,
            "user_data": null,
            "user_data_base64": null,
            "user_data_replace_on_change": false,
            "volume_tags": null,
            "vpc_security_group_ids": [
              "sg-097d43ae9e20d2972"
            ]
          },
          "sensitive_attributes": [],
          "private": "eyJlMmJmYjczMC1lY2FhLTExZTYtOGY4OC0zNDM2M2JjN2M0YzAiOnsiY3JlYXRlIjo2MDAwMDAwMDAwMDAsImRlbGV0ZSI6MTIwMDAwMDAwMDAwMCwidXBkYXRlIjo2MDAwMDAwMDAwMDB9LCJzY2hlbWFfdmVyc2lvbiI6IjEifQ==",
          "dependencies": [
            "aws_key_pair.priv_backend_key_pair",
            "aws_security_group.omega_backend_sg",
            "aws_subnet.omega_public_subnet",
            "tls_private_key.priv_backend_key"
          ]
        }
      ]
    },
    {
      "mode": "managed",
      "type": "aws_instance",
      "name": "omega_frontend",
      "provider": "provider[\"registry.terraform.io/hashicorp/aws\"]",
      "instances": [
        {
          "index_key": 0,
          "schema_version": 1,
          "attributes": {
            "ami": "ami-07e67bd6b5d9fd892",
            "arn": "arn:aws:ec2:eu-west-3:552239912540:instance/i-06f3fd6482ec2a519",
            "associate_public_ip_address": false,
            "availability_zone": "eu-west-3a",
            "capacity_reservation_specification": [
              {
                "capacity_reservation_preference": "open",
                "capacity_reservation_target": []
              }
            ],
            "cpu_core_count": 1,
            "cpu_options": [
              {
                "amd_sev_snp": "",
                "core_count": 1,
                "threads_per_core": 1
              }
            ],
            "cpu_threads_per_core": 1,
            "credit_specification": [
              {
                "cpu_credits": "standard"
              }
            ],
            "disable_api_stop": false,
            "disable_api_termination": false,
            "ebs_block_device": [],
            "ebs_optimized": false,
            "enclave_options": [
              {
                "enabled": false
              }
            ],
            "ephemeral_block_device": [],
            "get_password_data": false,
            "hibernation": false,
            "host_id": "",
            "host_resource_group_arn": null,
            "iam_instance_profile": "",
            "id": "i-06f3fd6482ec2a519",
            "instance_initiated_shutdown_behavior": "stop",
            "instance_lifecycle": "",
            "instance_market_options": [],
            "instance_state": "running",
            "instance_type": "t2.micro",
            "ipv6_address_count": 0,
            "ipv6_addresses": [],
            "key_name": "omega_front_end_key",
            "launch_template": [],
            "maintenance_options": [
              {
                "auto_recovery": "default"
              }
            ],
            "metadata_options": [
              {
                "http_endpoint": "enabled",
                "http_put_response_hop_limit": 2,
                "http_tokens": "required",
                "instance_metadata_tags": "disabled"
              }
            ],
            "monitoring": false,
            "network_interface": [],
            "outpost_arn": "",
            "password_data": "",
            "placement_group": "",
            "placement_partition_number": 0,
            "primary_network_interface_id": "eni-051e41e7f0291b02a",
            "private_dns": "ip-10-0-1-165.eu-west-3.compute.internal",
            "private_dns_name_options": [
              {
                "enable_resource_name_dns_a_record": false,
                "enable_resource_name_dns_aaaa_record": false,
                "hostname_type": "ip-name"
              }
            ],
            "private_ip": "10.0.1.165",
            "public_dns": "",
            "public_ip": "",
            "root_block_device": [
              {
                "delete_on_termination": true,
                "device_name": "/dev/xvda",
                "encrypted": false,
                "iops": 3000,
                "kms_key_id": "",
                "tags": {},
                "throughput": 125,
                "volume_id": "vol-0197e64f0fd84d229",
                "volume_size": 8,
                "volume_type": "gp3"
              }
            ],
            "secondary_private_ips": [],
            "security_groups": [],
            "source_dest_check": true,
            "spot_instance_request_id": "",
            "subnet_id": "subnet-07da479f30f63e30e",
            "tags": {
              "Name": "omega_frontend"
            },
            "tags_all": {
              "Name": "omega_frontend"
            },
            "tenancy": "default",
            "timeouts": null,
            "user_data": null,
            "user_data_base64": null,
            "user_data_replace_on_change": false,
            "volume_tags": null,
            "vpc_security_group_ids": [
              "sg-01f5aba94099c302a"
            ]
          },
          "sensitive_attributes": [],
          "private": "eyJlMmJmYjczMC1lY2FhLTExZTYtOGY4OC0zNDM2M2JjN2M0YzAiOnsiY3JlYXRlIjo2MDAwMDAwMDAwMDAsImRlbGV0ZSI6MTIwMDAwMDAwMDAwMCwidXBkYXRlIjo2MDAwMDAwMDAwMDB9LCJzY2hlbWFfdmVyc2lvbiI6IjEifQ==",
          "dependencies": [
            "aws_key_pair.priv_frontend_key_pair",
            "aws_security_group.omega_frontend_sg",
            "aws_subnet.omega_public_subnet",
            "tls_private_key.priv_frontend_key"
          ]
        }
      ]
    },
    {
      "mode": "managed",
      "type": "aws_internet_gateway",
      "name": "rec_igw",
      "provider": "provider[\"registry.terraform.io/hashicorp/aws\"]",
      "instances": [
        {
          "schema_version": 0,
          "attributes": {
            "arn": "arn:aws:ec2:eu-west-3:552239912540:internet-gateway/igw-0a3d550a0667b77db",
            "id": "igw-0a3d550a0667b77db",
            "owner_id": "552239912540",
            "tags": {
              "Name": "gateway_recette"
            },
            "tags_all": {
              "Name": "gateway_recette"
            },
            "timeouts": null,
            "vpc_id": "vpc-0bf4276cb14568b0e"
          },
          "sensitive_attributes": [],
          "private": "eyJlMmJmYjczMC1lY2FhLTExZTYtOGY4OC0zNDM2M2JjN2M0YzAiOnsiY3JlYXRlIjoxMjAwMDAwMDAwMDAwLCJkZWxldGUiOjEyMDAwMDAwMDAwMDAsInVwZGF0ZSI6MTIwMDAwMDAwMDAwMH19",
          "dependencies": [
            "aws_vpc.vpc_rec"
          ]
        }
      ]
    },
    {
      "mode": "managed",
      "type": "aws_key_pair",
      "name": "priv_backend_key_pair",
      "provider": "provider[\"registry.terraform.io/hashicorp/aws\"]",
      "instances": [
        {
          "schema_version": 1,
          "attributes": {
            "arn": "arn:aws:ec2:eu-west-3:552239912540:key-pair/omega_back_end_key",
            "fingerprint": "31:40:0d:48:a3:d4:d0:68:01:0a:32:80:4f:85:a5:ca",
            "id": "omega_back_end_key",
            "key_name": "omega_back_end_key",
            "key_name_prefix": "",
            "key_pair_id": "key-0ad6bca0577505c41",
            "key_type": "rsa",
            "public_key": "ssh-rsa AAAAB3NzaC1yc2EAAAADAQABAAACAQC9/q2c0+PVbDf+J4+ADWlmPTSZOUunz0kZH7eq7UjKMWgPv4P6+CYzZVLW3vwDC+MencEKsneDSDCJgQuxoavzStlQ8fGAbGv2JKP4ztHWk61LHZYGjRXWq/oP/5A86NJcYvc8gTapCXAhCCLaAnT8W01jhkXoHxtr6aOS5DnRvnWxsvVZ92Qa1d/pqohhg/9QhXD7/JD4TZpdmBWGy+5GgbLJ1+DR6ehwcXxi1QRmpAle5mwgzyTnPb818mHC1JAaH0P1aNwXhCpY0bWaCLK9jfqMQO8+jOYYRlWwxB4G+onppq7S+lunK0o6On6b/7vfmVCt6/9hI8FwoDN2w5GbEdHvGajjN9wyECi12tWCd29hxR1njXXwRUuL5BEE4r911ZDEh83veeHTTyIM5qylqMpjD1kvhylc/lkI3ZJvr0bQfmlfoR/bvunn+fXAJYmJnki4oUSvjKSpFrVoG7nRRbpNReTYoJzBx4DuKu7/tRFufrm1/euBIHAQAK8qhGQwX651MMlCZ+F+7hS82w1zcC6yJHrf4bvJx798V8WMqDc6zUHms8fIQSDG93b/frKHMHDAxS2oQfFkBnVwIicL7BBNQlLkH+MGwWi27MHh7E7oPtcJm1z65X2CZLitkjmrv0dgkLF/N3O5G9RYhfJ7ECAS7iW76Nyvii6vRuAFCQ==",
            "tags": null,
            "tags_all": {}
          },
          "sensitive_attributes": [],
          "private": "eyJzY2hlbWFfdmVyc2lvbiI6IjEifQ==",
          "dependencies": [
            "tls_private_key.priv_backend_key"
          ]
        }
      ]
    },
    {
      "mode": "managed",
      "type": "aws_key_pair",
      "name": "priv_frontend_key_pair",
      "provider": "provider[\"registry.terraform.io/hashicorp/aws\"]",
      "instances": [
        {
          "schema_version": 1,
          "attributes": {
            "arn": "arn:aws:ec2:eu-west-3:552239912540:key-pair/omega_front_end_key",
            "fingerprint": "1c:81:ef:07:01:9f:f3:69:83:5f:ca:53:db:f8:85:22",
            "id": "omega_front_end_key",
            "key_name": "omega_front_end_key",
            "key_name_prefix": "",
            "key_pair_id": "key-011599e72f296a68d",
            "key_type": "rsa",
            "public_key": "ssh-rsa AAAAB3NzaC1yc2EAAAADAQABAAACAQC6ugsyXytjC9qsfKVLziSEkqThQu8uWyNYkH9AQETarihi814/sWdSIN6Iz6IlvW6FmH9qpaxc+bjLfPzF+WChvGFbK4UhZCXNgYc569rz4/2TUN4r9zjnBDfOO4xk6qqNcwlELUwiqOz3ZBuFBrMkZ8OwO1NeZExKLvDp8WlP/Wr2UPFTmweuq696z78MFKni8w4C715451Kzx5tCJH11YPOVLTPvLd/lfPNwIb+IsoL29qkwP2b3dfHZMe4oMaZaaXqj1bL+O6fil4DqFyAgN1oCiSlXbMGA+V9fwpgcz/RSCO3akP2jF4/fuQlrd7kxcBUyXMrMJE50LfwJchMpIw7T/RaW1HTnk9XNDc4GYua1mnxGh1H56BXvXBjxMgaqGVGeliJptJOEnHwq+oIWbZWpQiFcWi6rP/u0KSvN1440RjgN398BnplVFCSubTRrlc0UhzVSFX7q+9L8elNe3Bvn2aXw+UdmrJn7oML3P2dgJkonp1w8WAoL6zgj5OPOr2gT9w7qqOUly1XqIi1fC387VCWv5SjEwR4EU3YvMueuUnkYaEEvE1bTbX1nEmQ8NkXud3ezIueITI/KaaRkNTcOvG5WZ/Ly43wBMKOaDWcG+Pv07zjgYiiNt/3r4KdGFxHP/S9S1zn66HbTtgly8zppKzIeTqQDDuHtOyIOYQ==",
            "tags": null,
            "tags_all": {}
          },
          "sensitive_attributes": [],
          "private": "eyJzY2hlbWFfdmVyc2lvbiI6IjEifQ==",
          "dependencies": [
            "tls_private_key.priv_frontend_key"
          ]
        }
      ]
    },
    {
      "mode": "managed",
      "type": "aws_route_table",
      "name": "omega_private_rt",
      "provider": "provider[\"registry.terraform.io/hashicorp/aws\"]",
      "instances": [
        {
          "schema_version": 0,
          "attributes": {
            "arn": "arn:aws:ec2:eu-west-3:552239912540:route-table/rtb-006a88608d4391410",
            "id": "rtb-006a88608d4391410",
            "owner_id": "552239912540",
            "propagating_vgws": [],
            "route": [],
            "tags": {},
            "tags_all": {},
            "timeouts": null,
            "vpc_id": "vpc-0bf4276cb14568b0e"
          },
          "sensitive_attributes": [],
          "private": "eyJlMmJmYjczMC1lY2FhLTExZTYtOGY4OC0zNDM2M2JjN2M0YzAiOnsiY3JlYXRlIjozMDAwMDAwMDAwMDAsImRlbGV0ZSI6MzAwMDAwMDAwMDAwLCJ1cGRhdGUiOjEyMDAwMDAwMDAwMH19",
          "dependencies": [
            "aws_vpc.vpc_rec"
          ]
        }
      ]
    },
    {
      "mode": "managed",
      "type": "aws_route_table",
      "name": "omega_public_rt",
      "provider": "provider[\"registry.terraform.io/hashicorp/aws\"]",
      "instances": [
        {
          "schema_version": 0,
          "attributes": {
            "arn": "arn:aws:ec2:eu-west-3:552239912540:route-table/rtb-0bd6ef3b6f6950a0f",
            "id": "rtb-0bd6ef3b6f6950a0f",
            "owner_id": "552239912540",
            "propagating_vgws": [],
            "route": [
              {
                "carrier_gateway_id": "",
                "cidr_block": "0.0.0.0/0",
                "core_network_arn": "",
                "destination_prefix_list_id": "",
                "egress_only_gateway_id": "",
                "gateway_id": "igw-0a3d550a0667b77db",
                "ipv6_cidr_block": "",
                "local_gateway_id": "",
                "nat_gateway_id": "",
                "network_interface_id": "",
                "transit_gateway_id": "",
                "vpc_endpoint_id": "",
                "vpc_peering_connection_id": ""
              }
            ],
            "tags": {},
            "tags_all": {},
            "timeouts": null,
            "vpc_id": "vpc-0bf4276cb14568b0e"
          },
          "sensitive_attributes": [],
          "private": "eyJlMmJmYjczMC1lY2FhLTExZTYtOGY4OC0zNDM2M2JjN2M0YzAiOnsiY3JlYXRlIjozMDAwMDAwMDAwMDAsImRlbGV0ZSI6MzAwMDAwMDAwMDAwLCJ1cGRhdGUiOjEyMDAwMDAwMDAwMH19",
          "dependencies": [
            "aws_internet_gateway.rec_igw",
            "aws_vpc.vpc_rec"
          ]
        }
      ]
    },
    {
      "mode": "managed",
      "type": "aws_route_table_association",
      "name": "private",
      "provider": "provider[\"registry.terraform.io/hashicorp/aws\"]",
      "instances": [
        {
          "index_key": 0,
          "schema_version": 0,
          "attributes": {
            "gateway_id": "",
            "id": "rtbassoc-053a5cb9263b8a474",
            "route_table_id": "rtb-006a88608d4391410",
            "subnet_id": "subnet-05ba68f6411b26c66",
            "timeouts": null
          },
          "sensitive_attributes": [],
          "private": "eyJlMmJmYjczMC1lY2FhLTExZTYtOGY4OC0zNDM2M2JjN2M0YzAiOnsiY3JlYXRlIjozMDAwMDAwMDAwMDAsImRlbGV0ZSI6MzAwMDAwMDAwMDAwLCJ1cGRhdGUiOjEyMDAwMDAwMDAwMH19",
          "dependencies": [
            "aws_route_table.omega_private_rt",
            "aws_subnet.omega_private_subnet",
            "aws_vpc.vpc_rec",
            "data.aws_availability_zones.available"
          ]
        },
        {
          "index_key": 1,
          "schema_version": 0,
          "attributes": {
            "gateway_id": "",
            "id": "rtbassoc-0708a3edcb58f9083",
            "route_table_id": "rtb-006a88608d4391410",
            "subnet_id": "subnet-0081dabe244ba4cf8",
            "timeouts": null
          },
          "sensitive_attributes": [],
          "private": "eyJlMmJmYjczMC1lY2FhLTExZTYtOGY4OC0zNDM2M2JjN2M0YzAiOnsiY3JlYXRlIjozMDAwMDAwMDAwMDAsImRlbGV0ZSI6MzAwMDAwMDAwMDAwLCJ1cGRhdGUiOjEyMDAwMDAwMDAwMH19",
          "dependencies": [
            "aws_route_table.omega_private_rt",
            "aws_subnet.omega_private_subnet",
            "aws_vpc.vpc_rec",
            "data.aws_availability_zones.available"
          ]
        }
      ]
    },
    {
      "mode": "managed",
      "type": "aws_route_table_association",
      "name": "public",
      "provider": "provider[\"registry.terraform.io/hashicorp/aws\"]",
      "instances": [
        {
          "index_key": 0,
          "schema_version": 0,
          "attributes": {
            "gateway_id": "",
            "id": "rtbassoc-0f84c034300a9b884",
            "route_table_id": "rtb-0bd6ef3b6f6950a0f",
            "subnet_id": "subnet-07da479f30f63e30e",
            "timeouts": null
          },
          "sensitive_attributes": [],
          "private": "eyJlMmJmYjczMC1lY2FhLTExZTYtOGY4OC0zNDM2M2JjN2M0YzAiOnsiY3JlYXRlIjozMDAwMDAwMDAwMDAsImRlbGV0ZSI6MzAwMDAwMDAwMDAwLCJ1cGRhdGUiOjEyMDAwMDAwMDAwMH19",
          "dependencies": [
            "aws_internet_gateway.rec_igw",
            "aws_route_table.omega_public_rt",
            "aws_subnet.omega_public_subnet",
            "aws_vpc.vpc_rec",
            "data.aws_availability_zones.available"
          ]
        }
      ]
    },
    {
      "mode": "managed",
      "type": "aws_security_group",
      "name": "omega_backend_sg",
      "provider": "provider[\"registry.terraform.io/hashicorp/aws\"]",
      "instances": [
        {
          "schema_version": 1,
          "attributes": {
            "arn": "arn:aws:ec2:eu-west-3:552239912540:security-group/sg-097d43ae9e20d2972",
            "description": "Groupe securite omega",
            "egress": [
              {
                "cidr_blocks": [
                  "0.0.0.0/0"
                ],
                "description": "Allow all outbound traffic",
                "from_port": 0,
                "ipv6_cidr_blocks": [],
                "prefix_list_ids": [],
                "protocol": "-1",
                "security_groups": [],
                "self": false,
                "to_port": 0
              }
            ],
            "id": "sg-097d43ae9e20d2972",
            "ingress": [
              {
                "cidr_blocks": [
                  "0.0.0.0/0"
                ],
                "description": "Allow SSH from my computer",
                "from_port": 22,
                "ipv6_cidr_blocks": [],
                "prefix_list_ids": [],
                "protocol": "tcp",
                "security_groups": [],
                "self": false,
                "to_port": 22
              },
              {
                "cidr_blocks": [
                  "0.0.0.0/0"
                ],
                "description": "Allow all trafic through HTTP",
                "from_port": 80,
                "ipv6_cidr_blocks": [],
                "prefix_list_ids": [],
                "protocol": "tcp",
                "security_groups": [],
                "self": false,
                "to_port": 80
              }
            ],
            "name": "omega_backend_sg",
            "name_prefix": "",
            "owner_id": "552239912540",
            "revoke_rules_on_delete": false,
            "tags": {
              "Name": "Omega Security Group"
            },
            "tags_all": {
              "Name": "Omega Security Group"
            },
            "timeouts": null,
            "vpc_id": "vpc-0bf4276cb14568b0e"
          },
          "sensitive_attributes": [],
          "private": "eyJlMmJmYjczMC1lY2FhLTExZTYtOGY4OC0zNDM2M2JjN2M0YzAiOnsiY3JlYXRlIjo2MDAwMDAwMDAwMDAsImRlbGV0ZSI6OTAwMDAwMDAwMDAwfSwic2NoZW1hX3ZlcnNpb24iOiIxIn0=",
          "dependencies": [
            "aws_vpc.vpc_rec"
          ]
        }
      ]
    },
    {
      "mode": "managed",
      "type": "aws_security_group",
      "name": "omega_db_sg",
      "provider": "provider[\"registry.terraform.io/hashicorp/aws\"]",
      "instances": [
        {
          "schema_version": 1,
          "attributes": {
            "arn": "arn:aws:ec2:eu-west-3:552239912540:security-group/sg-0b0635f6603d86ef5",
            "description": "Groupe securite omega db",
            "egress": [],
            "id": "sg-0b0635f6603d86ef5",
            "ingress": [
              {
                "cidr_blocks": [],
                "description": "Allow postgresdatabase traffic from only the web sg",
                "from_port": 5432,
                "ipv6_cidr_blocks": [],
                "prefix_list_ids": [],
                "protocol": "tcp",
                "security_groups": [
                  "sg-097d43ae9e20d2972"
                ],
                "self": false,
                "to_port": 5432
              }
            ],
            "name": "omega_db_sg",
            "name_prefix": "",
            "owner_id": "552239912540",
            "revoke_rules_on_delete": false,
            "tags": {
              "Name": "sg_db_omega"
            },
            "tags_all": {
              "Name": "sg_db_omega"
            },
            "timeouts": null,
            "vpc_id": "vpc-0bf4276cb14568b0e"
          },
          "sensitive_attributes": [],
          "private": "eyJlMmJmYjczMC1lY2FhLTExZTYtOGY4OC0zNDM2M2JjN2M0YzAiOnsiY3JlYXRlIjo2MDAwMDAwMDAwMDAsImRlbGV0ZSI6OTAwMDAwMDAwMDAwfSwic2NoZW1hX3ZlcnNpb24iOiIxIn0=",
          "dependencies": [
            "aws_security_group.omega_backend_sg",
            "aws_vpc.vpc_rec"
          ]
        }
      ]
    },
    {
      "mode": "managed",
      "type": "aws_security_group",
      "name": "omega_frontend_sg",
      "provider": "provider[\"registry.terraform.io/hashicorp/aws\"]",
      "instances": [
        {
          "schema_version": 1,
          "attributes": {
            "arn": "arn:aws:ec2:eu-west-3:552239912540:security-group/sg-01f5aba94099c302a",
            "description": "Groupe securite omega frontend",
            "egress": [
              {
                "cidr_blocks": [
                  "0.0.0.0/0"
                ],
                "description": "Allow all outbound traffic",
                "from_port": 0,
                "ipv6_cidr_blocks": [],
                "prefix_list_ids": [],
                "protocol": "-1",
                "security_groups": [],
                "self": false,
                "to_port": 0
              }
            ],
            "id": "sg-01f5aba94099c302a",
            "ingress": [
              {
                "cidr_blocks": [
                  "0.0.0.0/0"
                ],
                "description": "Allow SSH from my computer",
                "from_port": 22,
                "ipv6_cidr_blocks": [],
                "prefix_list_ids": [],
                "protocol": "tcp",
                "security_groups": [],
                "self": false,
                "to_port": 22
              },
              {
                "cidr_blocks": [
                  "0.0.0.0/0"
                ],
                "description": "Allow all traffic through HTTP",
                "from_port": 80,
                "ipv6_cidr_blocks": [],
                "prefix_list_ids": [],
                "protocol": "tcp",
                "security_groups": [],
                "self": false,
                "to_port": 80
              }
            ],
            "name": "omega_frontend_sg",
            "name_prefix": "",
            "owner_id": "552239912540",
            "revoke_rules_on_delete": false,
            "tags": {
              "Name": "sg_omega_frontend"
            },
            "tags_all": {
              "Name": "sg_omega_frontend"
            },
            "timeouts": null,
            "vpc_id": "vpc-0bf4276cb14568b0e"
          },
          "sensitive_attributes": [],
          "private": "eyJlMmJmYjczMC1lY2FhLTExZTYtOGY4OC0zNDM2M2JjN2M0YzAiOnsiY3JlYXRlIjo2MDAwMDAwMDAwMDAsImRlbGV0ZSI6OTAwMDAwMDAwMDAwfSwic2NoZW1hX3ZlcnNpb24iOiIxIn0=",
          "dependencies": [
            "aws_vpc.vpc_rec"
          ]
        }
      ]
    },
    {
      "mode": "managed",
      "type": "aws_subnet",
      "name": "omega_private_subnet",
      "provider": "provider[\"registry.terraform.io/hashicorp/aws\"]",
      "instances": [
        {
          "index_key": 0,
          "schema_version": 1,
          "attributes": {
            "arn": "arn:aws:ec2:eu-west-3:552239912540:subnet/subnet-05ba68f6411b26c66",
            "assign_ipv6_address_on_creation": false,
            "availability_zone": "eu-west-3a",
            "availability_zone_id": "euw3-az1",
            "cidr_block": "10.0.101.0/24",
            "customer_owned_ipv4_pool": "",
            "enable_dns64": false,
            "enable_lni_at_device_index": 0,
            "enable_resource_name_dns_a_record_on_launch": false,
            "enable_resource_name_dns_aaaa_record_on_launch": false,
            "id": "subnet-05ba68f6411b26c66",
            "ipv6_cidr_block": "",
            "ipv6_cidr_block_association_id": "",
            "ipv6_native": false,
            "map_customer_owned_ip_on_launch": false,
            "map_public_ip_on_launch": false,
            "outpost_arn": "",
            "owner_id": "552239912540",
            "private_dns_hostname_type_on_launch": "ip-name",
            "tags": {
              "Name": "omega_private_subnet_0"
            },
            "tags_all": {
              "Name": "omega_private_subnet_0"
            },
            "timeouts": null,
            "vpc_id": "vpc-0bf4276cb14568b0e"
          },
          "sensitive_attributes": [],
          "private": "eyJlMmJmYjczMC1lY2FhLTExZTYtOGY4OC0zNDM2M2JjN2M0YzAiOnsiY3JlYXRlIjo2MDAwMDAwMDAwMDAsImRlbGV0ZSI6MTIwMDAwMDAwMDAwMH0sInNjaGVtYV92ZXJzaW9uIjoiMSJ9",
          "dependencies": [
            "aws_vpc.vpc_rec",
            "data.aws_availability_zones.available"
          ]
        },
        {
          "index_key": 1,
          "schema_version": 1,
          "attributes": {
            "arn": "arn:aws:ec2:eu-west-3:552239912540:subnet/subnet-0081dabe244ba4cf8",
            "assign_ipv6_address_on_creation": false,
            "availability_zone": "eu-west-3b",
            "availability_zone_id": "euw3-az2",
            "cidr_block": "10.0.102.0/24",
            "customer_owned_ipv4_pool": "",
            "enable_dns64": false,
            "enable_lni_at_device_index": 0,
            "enable_resource_name_dns_a_record_on_launch": false,
            "enable_resource_name_dns_aaaa_record_on_launch": false,
            "id": "subnet-0081dabe244ba4cf8",
            "ipv6_cidr_block": "",
            "ipv6_cidr_block_association_id": "",
            "ipv6_native": false,
            "map_customer_owned_ip_on_launch": false,
            "map_public_ip_on_launch": false,
            "outpost_arn": "",
            "owner_id": "552239912540",
            "private_dns_hostname_type_on_launch": "ip-name",
            "tags": {
              "Name": "omega_private_subnet_1"
            },
            "tags_all": {
              "Name": "omega_private_subnet_1"
            },
            "timeouts": null,
            "vpc_id": "vpc-0bf4276cb14568b0e"
          },
          "sensitive_attributes": [],
          "private": "eyJlMmJmYjczMC1lY2FhLTExZTYtOGY4OC0zNDM2M2JjN2M0YzAiOnsiY3JlYXRlIjo2MDAwMDAwMDAwMDAsImRlbGV0ZSI6MTIwMDAwMDAwMDAwMH0sInNjaGVtYV92ZXJzaW9uIjoiMSJ9",
          "dependencies": [
            "aws_vpc.vpc_rec",
            "data.aws_availability_zones.available"
          ]
        }
      ]
    },
    {
      "mode": "managed",
      "type": "aws_subnet",
      "name": "omega_public_subnet",
      "provider": "provider[\"registry.terraform.io/hashicorp/aws\"]",
      "instances": [
        {
          "index_key": 0,
          "schema_version": 1,
          "attributes": {
            "arn": "arn:aws:ec2:eu-west-3:552239912540:subnet/subnet-07da479f30f63e30e",
            "assign_ipv6_address_on_creation": false,
            "availability_zone": "eu-west-3a",
            "availability_zone_id": "euw3-az1",
            "cidr_block": "10.0.1.0/24",
            "customer_owned_ipv4_pool": "",
            "enable_dns64": false,
            "enable_lni_at_device_index": 0,
            "enable_resource_name_dns_a_record_on_launch": false,
            "enable_resource_name_dns_aaaa_record_on_launch": false,
            "id": "subnet-07da479f30f63e30e",
            "ipv6_cidr_block": "",
            "ipv6_cidr_block_association_id": "",
            "ipv6_native": false,
            "map_customer_owned_ip_on_launch": false,
            "map_public_ip_on_launch": false,
            "outpost_arn": "",
            "owner_id": "552239912540",
            "private_dns_hostname_type_on_launch": "ip-name",
            "tags": {
              "Name": "omega_public_subnet_0"
            },
            "tags_all": {
              "Name": "omega_public_subnet_0"
            },
            "timeouts": null,
            "vpc_id": "vpc-0bf4276cb14568b0e"
          },
          "sensitive_attributes": [],
          "private": "eyJlMmJmYjczMC1lY2FhLTExZTYtOGY4OC0zNDM2M2JjN2M0YzAiOnsiY3JlYXRlIjo2MDAwMDAwMDAwMDAsImRlbGV0ZSI6MTIwMDAwMDAwMDAwMH0sInNjaGVtYV92ZXJzaW9uIjoiMSJ9",
          "dependencies": [
            "aws_vpc.vpc_rec",
            "data.aws_availability_zones.available"
          ]
        }
      ]
    },
    {
      "mode": "managed",
      "type": "aws_vpc",
      "name": "vpc_rec",
      "provider": "provider[\"registry.terraform.io/hashicorp/aws\"]",
      "instances": [
        {
          "schema_version": 1,
          "attributes": {
            "arn": "arn:aws:ec2:eu-west-3:552239912540:vpc/vpc-0bf4276cb14568b0e",
            "assign_generated_ipv6_cidr_block": false,
            "cidr_block": "10.0.0.0/16",
            "default_network_acl_id": "acl-06dfe1e677be1f51c",
            "default_route_table_id": "rtb-06fa775143d25e732",
            "default_security_group_id": "sg-094ba92aba009cf82",
            "dhcp_options_id": "dopt-01687b134227ed1a0",
            "enable_dns_hostnames": true,
            "enable_dns_support": true,
            "enable_network_address_usage_metrics": false,
            "id": "vpc-0bf4276cb14568b0e",
            "instance_tenancy": "default",
            "ipv4_ipam_pool_id": null,
            "ipv4_netmask_length": null,
            "ipv6_association_id": "",
            "ipv6_cidr_block": "",
            "ipv6_cidr_block_network_border_group": "",
            "ipv6_ipam_pool_id": "",
            "ipv6_netmask_length": 0,
            "main_route_table_id": "rtb-06fa775143d25e732",
            "owner_id": "552239912540",
            "tags": {
              "Name": "recette"
            },
            "tags_all": {
              "Name": "recette"
            }
          },
          "sensitive_attributes": [],
          "private": "eyJzY2hlbWFfdmVyc2lvbiI6IjEifQ=="
        }
      ]
    },
    {
      "mode": "managed",
      "type": "tls_private_key",
      "name": "priv_backend_key",
      "provider": "provider[\"registry.terraform.io/hashicorp/tls\"]",
      "instances": [
        {
          "schema_version": 1,
          "attributes": {
            "algorithm": "RSA",
            "ecdsa_curve": "P224",
            "id": "218d144d0b178ece32c3a5b3b424d9336c0ca9ad",
            "private_key_openssh": "-----BEGIN OPENSSH PRIVATE KEY-----\nb3BlbnNzaC1rZXktdjEAAAAABG5vbmUAAAAEbm9uZQAAAAAAAAABAAACFwAAAAdz\nc2gtcnNhAAAAAwEAAQAAAgEAvf6tnNPj1Ww3/iePgA1pZj00mTlLp89JGR+3qu1I\nyjFoD7+D+vgmM2VS1t78AwvjHp3BCrJ3g0gwiYELsaGr80rZUPHxgGxr9iSj+M7R\n1pOtSx2WBo0V1qv6D/+QPOjSXGL3PIE2qQlwIQgi2gJ0/FtNY4ZF6B8ba+mjkuQ5\n0b51sbL1WfdkGtXf6aqIYYP/UIVw+/yQ+E2aXZgVhsvuRoGyydfg0enocHF8YtUE\nZqQJXuZsIM8k5z2/NfJhwtSQGh9D9WjcF4QqWNG1mgiyvY36jEDvPozmGEZVsMQe\nBvqJ6aau0vpbpytKOjp+m/+735lQrev/YSPBcKAzdsORmxHR7xmo4zfcMhAotdrV\ngndvYcUdZ4118EVLi+QRBOK/ddWQxIfN73nh008iDOaspajKYw9ZL4cpXP5ZCN2S\nb69G0H5pX6Ef277p5/n1wCWJiZ5IuKFEr4ykqRa1aBu50UW6TUXk2KCcwceA7iru\n/7URbn65tf3rgSBwEACvKoRkMF+udTDJQmfhfu4UvNsNc3AusiR63+G7yce/fFfF\njKg3Os1B5rPHyEEgxvd2/36yhzBwwMUtqEHxZAZ1cCInC+wQTUJS5B/jBsFotuzB\n4exO6D7XCZtc+uV9gmS4rZI5q79HYJCxfzdzuRvUWIXyexAgEu4lu+jcr4our0bg\nBQkAAAc4yZ8pDsmfKQ4AAAAHc3NoLXJzYQAAAgEAvf6tnNPj1Ww3/iePgA1pZj00\nmTlLp89JGR+3qu1IyjFoD7+D+vgmM2VS1t78AwvjHp3BCrJ3g0gwiYELsaGr80rZ\nUPHxgGxr9iSj+M7R1pOtSx2WBo0V1qv6D/+QPOjSXGL3PIE2qQlwIQgi2gJ0/FtN\nY4ZF6B8ba+mjkuQ50b51sbL1WfdkGtXf6aqIYYP/UIVw+/yQ+E2aXZgVhsvuRoGy\nydfg0enocHF8YtUEZqQJXuZsIM8k5z2/NfJhwtSQGh9D9WjcF4QqWNG1mgiyvY36\njEDvPozmGEZVsMQeBvqJ6aau0vpbpytKOjp+m/+735lQrev/YSPBcKAzdsORmxHR\n7xmo4zfcMhAotdrVgndvYcUdZ4118EVLi+QRBOK/ddWQxIfN73nh008iDOaspajK\nYw9ZL4cpXP5ZCN2Sb69G0H5pX6Ef277p5/n1wCWJiZ5IuKFEr4ykqRa1aBu50UW6\nTUXk2KCcwceA7iru/7URbn65tf3rgSBwEACvKoRkMF+udTDJQmfhfu4UvNsNc3Au\nsiR63+G7yce/fFfFjKg3Os1B5rPHyEEgxvd2/36yhzBwwMUtqEHxZAZ1cCInC+wQ\nTUJS5B/jBsFotuzB4exO6D7XCZtc+uV9gmS4rZI5q79HYJCxfzdzuRvUWIXyexAg\nEu4lu+jcr4our0bgBQkAAAADAQABAAACAFRUk3jVr/3N//hmVNJwoYTIy+zquoLs\nhbSKGHrcwX9FeLvstMcTl9keMyu+Y7tybkfrm4CFAHkb9LdDuQ4KBYmCgnzkNt5a\nwXzKfKF2IzuL5tI9epbDzpqvUNoDBGGUsbJiFv0bGUjkMIno05dSmdxdJjdzpNnH\n3OMEHB+Z/3Pyhsjt9usM3Ljwj2dm0wv9i7iQ0jp2u14LC+ZZF8zx/Xv8G4BtupNR\nsGMgbCZuCHsKekJOIlZZuzaMeK+YOv5AXQnLMN3fwjkJ58Xupx2MmNF8EGZqeAaa\ngZLqvSQtmGpekBJOcrCggUfs9hBsYEAbvaccpOvdoUfbmAPGh7FCUwDui/PeW2Im\n+9F3rnXOJWL3hOJiBNEI93YUjazxuBh7pqkUJotJ9GURhdMADcX5ey4vVWxB5tTS\n1UOCjX/R+xexSwOz4Xw0zaMu6q1qaKJ76/uNXk5b9enSz1q8H9kLXYm+Xzb7uPyI\nKa/NncxKQh7/IlyET/r5IiTEr7MXdmZ/UVqeq1bhvYiYjUHVHX2ER3z1/QQ9ReOo\nPYuwnL76gO1RrzDE62ZrC/IJg7XiYbeExM0//B9E2lxxivAgnOXxkqp9hoC3pP1Q\n1f6H4BET3jkjca3VyS7mx6/f7884ZFQ61SHXvhBzMpJZW95IqNErKbarLRIE633z\nzi8C3nuxI/0VAAABADMWP78QP+W78JJZgkqKWH0SvhH+lyZKpJU7Panh7d9KZOF+\n9FEqx9lo6g5iTKeQZShp3SIuYJWOd+pEbQw+vFVt65IeKgbD6IGajVDooiM79UQn\nsqmbi58JooEut7C4tNGlC7yqTEguCb0UgSBoojeOZBopv+vJ3CRcPXYchAurgx1Z\nW6GnlqOrT40wzdWpN9AmRgAT9NkwX4oPKudrUvpXr2Xgami5mUIxihLm0eMnuUHL\nFDDefvUVcVvX7pElVMF4+RW6iWMXvj5RAaD4cyOybymtsDkIhCH3S0NIpDshDKa5\nvbybbvJm5B43WfiJvEfHOBOE6GAwsoNkehMnYJcAAAEBANcvqtfHqMqJbTj8W9hd\nfPsyWSIpbxlW1LDe0w9ruX07Z2l09TN5Q8QDlD2nZ5N8var6pqj3BUxsOmi20npZ\nmMAC8nCjd9fdQvkp6rRo2IOUkG6wJ5nK/OjhILWY7+VKJ7qbGmLl8wBdCjMO2+oJ\nECymTLOZhVcQmJTy6OvRQMvpjE673fjyJEYk9ium5LdmzqNhgmanzKKaVD5aymvA\nHc4kWR8lEnoPSyCu048BkaYe6DR7OVSKJ+8MSdOSfZYL8TfkzU4jVREKQRmJwBVT\n2Lm/TVlXj+K0CiPbEubKvI1WA/xghdQnWWfYplEBu8cIYSrJp3ceoJSh4/9wxHYB\npkcAAAEBAOIH2RlKEKXAvKkPEVsEwB63Ss8WDf/TiWkuSUwl+8wsXqio8N0w+bOt\ngRCcHTjGdewyN869a6opgt1L8icJIC/vMDMGNeFE/ZrHKKzlKG9pPhCgwyMo24wW\ns8MQuCWfODpePjRtfdkmyQ4d+UtpSDSLu3+YRXtTkK5wzrIlfQk1RDgKRumC8i5S\nlKeTX4nF1vWH4UOi24CqtGpZkN1i/lcC1YjL8t+7Rx9SJFslnhYkhbp6wj7ka6bv\n5Q5YpniQL8eMgaasQSpmDaeIAZHrk3vhUyQqrQUs/wRB9lLjyfgyFsOdjYAUWN9d\nnQJuwy/V8MWPnO7emUxBUWO0+s9Ski8AAAAAAQID\n-----END OPENSSH PRIVATE KEY-----\n",
            "private_key_pem": "-----BEGIN RSA PRIVATE KEY-----\nMIIJJwIBAAKCAgEAvf6tnNPj1Ww3/iePgA1pZj00mTlLp89JGR+3qu1IyjFoD7+D\n+vgmM2VS1t78AwvjHp3BCrJ3g0gwiYELsaGr80rZUPHxgGxr9iSj+M7R1pOtSx2W\nBo0V1qv6D/+QPOjSXGL3PIE2qQlwIQgi2gJ0/FtNY4ZF6B8ba+mjkuQ50b51sbL1\nWfdkGtXf6aqIYYP/UIVw+/yQ+E2aXZgVhsvuRoGyydfg0enocHF8YtUEZqQJXuZs\nIM8k5z2/NfJhwtSQGh9D9WjcF4QqWNG1mgiyvY36jEDvPozmGEZVsMQeBvqJ6aau\n0vpbpytKOjp+m/+735lQrev/YSPBcKAzdsORmxHR7xmo4zfcMhAotdrVgndvYcUd\nZ4118EVLi+QRBOK/ddWQxIfN73nh008iDOaspajKYw9ZL4cpXP5ZCN2Sb69G0H5p\nX6Ef277p5/n1wCWJiZ5IuKFEr4ykqRa1aBu50UW6TUXk2KCcwceA7iru/7URbn65\ntf3rgSBwEACvKoRkMF+udTDJQmfhfu4UvNsNc3AusiR63+G7yce/fFfFjKg3Os1B\n5rPHyEEgxvd2/36yhzBwwMUtqEHxZAZ1cCInC+wQTUJS5B/jBsFotuzB4exO6D7X\nCZtc+uV9gmS4rZI5q79HYJCxfzdzuRvUWIXyexAgEu4lu+jcr4our0bgBQkCAwEA\nAQKCAgBUVJN41a/9zf/4ZlTScKGEyMvs6rqC7IW0ihh63MF/RXi77LTHE5fZHjMr\nvmO7cm5H65uAhQB5G/S3Q7kOCgWJgoJ85DbeWsF8ynyhdiM7i+bSPXqWw86ar1Da\nAwRhlLGyYhb9GxlI5DCJ6NOXUpncXSY3c6TZx9zjBBwfmf9z8obI7fbrDNy48I9n\nZtML/Yu4kNI6drteCwvmWRfM8f17/BuAbbqTUbBjIGwmbgh7CnpCTiJWWbs2jHiv\nmDr+QF0JyzDd38I5CefF7qcdjJjRfBBmangGmoGS6r0kLZhqXpASTnKwoIFH7PYQ\nbGBAG72nHKTr3aFH25gDxoexQlMA7ovz3ltiJvvRd651ziVi94TiYgTRCPd2FI2s\n8bgYe6apFCaLSfRlEYXTAA3F+XsuL1VsQebU0tVDgo1/0fsXsUsDs+F8NM2jLuqt\namiie+v7jV5OW/Xp0s9avB/ZC12Jvl82+7j8iCmvzZ3MSkIe/yJchE/6+SIkxK+z\nF3Zmf1FanqtW4b2ImI1B1R19hEd89f0EPUXjqD2LsJy++oDtUa8wxOtmawvyCYO1\n4mG3hMTNP/wfRNpccYrwIJzl8ZKqfYaAt6T9UNX+h+ARE945I3Gt1cku5sev3+/P\nOGRUOtUh174QczKSWVveSKjRKym2qy0SBOt9884vAt57sSP9FQKCAQEA1y+q18eo\nyoltOPxb2F18+zJZIilvGVbUsN7TD2u5fTtnaXT1M3lDxAOUPadnk3y9qvqmqPcF\nTGw6aLbSelmYwALycKN3191C+SnqtGjYg5SQbrAnmcr86OEgtZjv5UonupsaYuXz\nAF0KMw7b6gkQLKZMs5mFVxCYlPLo69FAy+mMTrvd+PIkRiT2K6bkt2bOo2GCZqfM\noppUPlrKa8AdziRZHyUSeg9LIK7TjwGRph7oNHs5VIon7wxJ05J9lgvxN+TNTiNV\nEQpBGYnAFVPYub9NWVeP4rQKI9sS5sq8jVYD/GCF1CdZZ9imUQG7xwhhKsmndx6g\nlKHj/3DEdgGmRwKCAQEA4gfZGUoQpcC8qQ8RWwTAHrdKzxYN/9OJaS5JTCX7zCxe\nqKjw3TD5s62BEJwdOMZ17DI3zr1rqimC3UvyJwkgL+8wMwY14UT9mscorOUob2k+\nEKDDIyjbjBazwxC4JZ84Ol4+NG192SbJDh35S2lINIu7f5hFe1OQrnDOsiV9CTVE\nOApG6YLyLlKUp5NficXW9YfhQ6LbgKq0almQ3WL+VwLViMvy37tHH1IkWyWeFiSF\nunrCPuRrpu/lDlimeJAvx4yBpqxBKmYNp4gBkeuTe+FTJCqtBSz/BEH2UuPJ+DIW\nw52NgBRY312dAm7DL9XwxY+c7t6ZTEFRY7T6z1KSLwKCAQBbDlyoul/+dHC3cHIc\n+FJuqTt2bToJ6uhNf7yoBdmT2JNF2Kv5gBLg2vLbs/7sNhi8RRxI215unE2LCfG+\nvDMa7SRR7ZpEyegRL1+Vv9f+tdr4O6pGNdMXaExDC9hXmi19lSxxNQTC3pv2Rw9f\n1T325tgGF6yIzwkB3lgZkY5tuwIYPv8K3MvksrdIeXLG+MXv9M8NSWwaUlvblueY\n+M6j8FWWDEXpSJdt2QzEstFDDkkMDCiSUXPcf8KtuItT9vG3ySXnLqRMdZ5ehB+3\n5qcK0pyUdaz5LV4tFgLFjnyDAibloKKAx7XZb5/RH36qFi2nwXUPvvIMcwTbjohT\ntxb5AoIBABLp7TS8ieAU3LSY2i7vmtP3Kn9hrRI3NUxj3yZMF2HiZJlgaadYrcxn\nPGGTbq6NjNiS6zCVkSjQCG9UJ5M0pEjejv32CxQqnb4R5Elzc4q/F750dV+/z39N\ndwVfpMkhJadcs3/XmaxOHozb3Tx+NtiOyMXIjCfhuj2emu01Td0zY938nip0Fqfh\nqSbMojX5JB+vmx35xrxhjG9Jx2F/IyFMz2l/B3fJSA5K5VfrMetQaxBLrW1t18RE\nVrp4mJWGGzlrfH3h9CIEIChgrSD0wYagOEDSgV/pf/1vN5mADiqCpnz/9hM9oKIw\nRy8o7ZRXJqqhddRXNCS5YoIhZstqcWkCggEAMxY/vxA/5bvwklmCSopYfRK+Ef6X\nJkqklTs9qeHt30pk4X70USrH2WjqDmJMp5BlKGndIi5glY536kRtDD68VW3rkh4q\nBsPogZqNUOiiIzv1RCeyqZuLnwmigS63sLi00aULvKpMSC4JvRSBIGiiN45kGim/\n68ncJFw9dhyEC6uDHVlboaeWo6tPjTDN1ak30CZGABP02TBfig8q52tS+levZeBq\naLmZQjGKEubR4ye5QcsUMN5+9RVxW9fukSVUwXj5FbqJYxe+PlEBoPhzI7JvKa2w\nOQiEIfdLQ0ikOyEMprm9vJtu8mbkHjdZ+Im8R8c4E4ToYDCyg2R6Eydglw==\n-----END RSA PRIVATE KEY-----\n",
            "private_key_pem_pkcs8": "-----BEGIN PRIVATE KEY-----\nMIIJQQIBADANBgkqhkiG9w0BAQEFAASCCSswggknAgEAAoICAQC9/q2c0+PVbDf+\nJ4+ADWlmPTSZOUunz0kZH7eq7UjKMWgPv4P6+CYzZVLW3vwDC+MencEKsneDSDCJ\ngQuxoavzStlQ8fGAbGv2JKP4ztHWk61LHZYGjRXWq/oP/5A86NJcYvc8gTapCXAh\nCCLaAnT8W01jhkXoHxtr6aOS5DnRvnWxsvVZ92Qa1d/pqohhg/9QhXD7/JD4TZpd\nmBWGy+5GgbLJ1+DR6ehwcXxi1QRmpAle5mwgzyTnPb818mHC1JAaH0P1aNwXhCpY\n0bWaCLK9jfqMQO8+jOYYRlWwxB4G+onppq7S+lunK0o6On6b/7vfmVCt6/9hI8Fw\noDN2w5GbEdHvGajjN9wyECi12tWCd29hxR1njXXwRUuL5BEE4r911ZDEh83veeHT\nTyIM5qylqMpjD1kvhylc/lkI3ZJvr0bQfmlfoR/bvunn+fXAJYmJnki4oUSvjKSp\nFrVoG7nRRbpNReTYoJzBx4DuKu7/tRFufrm1/euBIHAQAK8qhGQwX651MMlCZ+F+\n7hS82w1zcC6yJHrf4bvJx798V8WMqDc6zUHms8fIQSDG93b/frKHMHDAxS2oQfFk\nBnVwIicL7BBNQlLkH+MGwWi27MHh7E7oPtcJm1z65X2CZLitkjmrv0dgkLF/N3O5\nG9RYhfJ7ECAS7iW76Nyvii6vRuAFCQIDAQABAoICAFRUk3jVr/3N//hmVNJwoYTI\ny+zquoLshbSKGHrcwX9FeLvstMcTl9keMyu+Y7tybkfrm4CFAHkb9LdDuQ4KBYmC\ngnzkNt5awXzKfKF2IzuL5tI9epbDzpqvUNoDBGGUsbJiFv0bGUjkMIno05dSmdxd\nJjdzpNnH3OMEHB+Z/3Pyhsjt9usM3Ljwj2dm0wv9i7iQ0jp2u14LC+ZZF8zx/Xv8\nG4BtupNRsGMgbCZuCHsKekJOIlZZuzaMeK+YOv5AXQnLMN3fwjkJ58Xupx2MmNF8\nEGZqeAaagZLqvSQtmGpekBJOcrCggUfs9hBsYEAbvaccpOvdoUfbmAPGh7FCUwDu\ni/PeW2Im+9F3rnXOJWL3hOJiBNEI93YUjazxuBh7pqkUJotJ9GURhdMADcX5ey4v\nVWxB5tTS1UOCjX/R+xexSwOz4Xw0zaMu6q1qaKJ76/uNXk5b9enSz1q8H9kLXYm+\nXzb7uPyIKa/NncxKQh7/IlyET/r5IiTEr7MXdmZ/UVqeq1bhvYiYjUHVHX2ER3z1\n/QQ9ReOoPYuwnL76gO1RrzDE62ZrC/IJg7XiYbeExM0//B9E2lxxivAgnOXxkqp9\nhoC3pP1Q1f6H4BET3jkjca3VyS7mx6/f7884ZFQ61SHXvhBzMpJZW95IqNErKbar\nLRIE633zzi8C3nuxI/0VAoIBAQDXL6rXx6jKiW04/FvYXXz7MlkiKW8ZVtSw3tMP\na7l9O2dpdPUzeUPEA5Q9p2eTfL2q+qao9wVMbDpottJ6WZjAAvJwo3fX3UL5Keq0\naNiDlJBusCeZyvzo4SC1mO/lSie6mxpi5fMAXQozDtvqCRAspkyzmYVXEJiU8ujr\n0UDL6YxOu9348iRGJPYrpuS3Zs6jYYJmp8yimlQ+WsprwB3OJFkfJRJ6D0sgrtOP\nAZGmHug0ezlUiifvDEnTkn2WC/E35M1OI1URCkEZicAVU9i5v01ZV4/itAoj2xLm\nyryNVgP8YIXUJ1ln2KZRAbvHCGEqyad3HqCUoeP/cMR2AaZHAoIBAQDiB9kZShCl\nwLypDxFbBMAet0rPFg3/04lpLklMJfvMLF6oqPDdMPmzrYEQnB04xnXsMjfOvWuq\nKYLdS/InCSAv7zAzBjXhRP2axyis5ShvaT4QoMMjKNuMFrPDELglnzg6Xj40bX3Z\nJskOHflLaUg0i7t/mEV7U5CucM6yJX0JNUQ4CkbpgvIuUpSnk1+Jxdb1h+FDotuA\nqrRqWZDdYv5XAtWIy/Lfu0cfUiRbJZ4WJIW6esI+5Gum7+UOWKZ4kC/HjIGmrEEq\nZg2niAGR65N74VMkKq0FLP8EQfZS48n4MhbDnY2AFFjfXZ0CbsMv1fDFj5zu3plM\nQVFjtPrPUpIvAoIBAFsOXKi6X/50cLdwchz4Um6pO3ZtOgnq6E1/vKgF2ZPYk0XY\nq/mAEuDa8tuz/uw2GLxFHEjbXm6cTYsJ8b68MxrtJFHtmkTJ6BEvX5W/1/612vg7\nqkY10xdoTEML2FeaLX2VLHE1BMLem/ZHD1/VPfbm2AYXrIjPCQHeWBmRjm27Ahg+\n/wrcy+Syt0h5csb4xe/0zw1JbBpSW9uW55j4zqPwVZYMRelIl23ZDMSy0UMOSQwM\nKJJRc9x/wq24i1P28bfJJecupEx1nl6EH7fmpwrSnJR1rPktXi0WAsWOfIMCJuWg\nooDHtdlvn9EffqoWLafBdQ++8gxzBNuOiFO3FvkCggEAEuntNLyJ4BTctJjaLu+a\n0/cqf2GtEjc1TGPfJkwXYeJkmWBpp1itzGc8YZNuro2M2JLrMJWRKNAIb1QnkzSk\nSN6O/fYLFCqdvhHkSXNzir8XvnR1X7/Pf013BV+kySElp1yzf9eZrE4ejNvdPH42\n2I7IxciMJ+G6PZ6a7TVN3TNj3fyeKnQWp+GpJsyiNfkkH6+bHfnGvGGMb0nHYX8j\nIUzPaX8Hd8lIDkrlV+sx61BrEEutbW3XxERWuniYlYYbOWt8feH0IgQgKGCtIPTB\nhqA4QNKBX+l//W83mYAOKoKmfP/2Ez2gojBHLyjtlFcmqqF11Fc0JLligiFmy2px\naQKCAQAzFj+/ED/lu/CSWYJKilh9Er4R/pcmSqSVOz2p4e3fSmThfvRRKsfZaOoO\nYkynkGUoad0iLmCVjnfqRG0MPrxVbeuSHioGw+iBmo1Q6KIjO/VEJ7Kpm4ufCaKB\nLrewuLTRpQu8qkxILgm9FIEgaKI3jmQaKb/rydwkXD12HIQLq4MdWVuhp5ajq0+N\nMM3VqTfQJkYAE/TZMF+KDyrna1L6V69l4GpouZlCMYoS5tHjJ7lByxQw3n71FXFb\n1+6RJVTBePkVuoljF74+UQGg+HMjsm8prbA5CIQh90tDSKQ7IQymub28m27yZuQe\nN1n4ibxHxzgThOhgMLKDZHoTJ2CX\n-----END PRIVATE KEY-----\n",
            "public_key_fingerprint_md5": "69:b0:31:33:07:0d:3a:02:01:91:b0:57:3a:c3:f6:7e",
            "public_key_fingerprint_sha256": "SHA256:c8VCerlzUMe4ZC4DTsbUbb8/WYgFz3bsjnrq0o7Nkjs",
            "public_key_openssh": "ssh-rsa AAAAB3NzaC1yc2EAAAADAQABAAACAQC9/q2c0+PVbDf+J4+ADWlmPTSZOUunz0kZH7eq7UjKMWgPv4P6+CYzZVLW3vwDC+MencEKsneDSDCJgQuxoavzStlQ8fGAbGv2JKP4ztHWk61LHZYGjRXWq/oP/5A86NJcYvc8gTapCXAhCCLaAnT8W01jhkXoHxtr6aOS5DnRvnWxsvVZ92Qa1d/pqohhg/9QhXD7/JD4TZpdmBWGy+5GgbLJ1+DR6ehwcXxi1QRmpAle5mwgzyTnPb818mHC1JAaH0P1aNwXhCpY0bWaCLK9jfqMQO8+jOYYRlWwxB4G+onppq7S+lunK0o6On6b/7vfmVCt6/9hI8FwoDN2w5GbEdHvGajjN9wyECi12tWCd29hxR1njXXwRUuL5BEE4r911ZDEh83veeHTTyIM5qylqMpjD1kvhylc/lkI3ZJvr0bQfmlfoR/bvunn+fXAJYmJnki4oUSvjKSpFrVoG7nRRbpNReTYoJzBx4DuKu7/tRFufrm1/euBIHAQAK8qhGQwX651MMlCZ+F+7hS82w1zcC6yJHrf4bvJx798V8WMqDc6zUHms8fIQSDG93b/frKHMHDAxS2oQfFkBnVwIicL7BBNQlLkH+MGwWi27MHh7E7oPtcJm1z65X2CZLitkjmrv0dgkLF/N3O5G9RYhfJ7ECAS7iW76Nyvii6vRuAFCQ==\n",
            "public_key_pem": "-----BEGIN PUBLIC KEY-----\nMIICIjANBgkqhkiG9w0BAQEFAAOCAg8AMIICCgKCAgEAvf6tnNPj1Ww3/iePgA1p\nZj00mTlLp89JGR+3qu1IyjFoD7+D+vgmM2VS1t78AwvjHp3BCrJ3g0gwiYELsaGr\n80rZUPHxgGxr9iSj+M7R1pOtSx2WBo0V1qv6D/+QPOjSXGL3PIE2qQlwIQgi2gJ0\n/FtNY4ZF6B8ba+mjkuQ50b51sbL1WfdkGtXf6aqIYYP/UIVw+/yQ+E2aXZgVhsvu\nRoGyydfg0enocHF8YtUEZqQJXuZsIM8k5z2/NfJhwtSQGh9D9WjcF4QqWNG1mgiy\nvY36jEDvPozmGEZVsMQeBvqJ6aau0vpbpytKOjp+m/+735lQrev/YSPBcKAzdsOR\nmxHR7xmo4zfcMhAotdrVgndvYcUdZ4118EVLi+QRBOK/ddWQxIfN73nh008iDOas\npajKYw9ZL4cpXP5ZCN2Sb69G0H5pX6Ef277p5/n1wCWJiZ5IuKFEr4ykqRa1aBu5\n0UW6TUXk2KCcwceA7iru/7URbn65tf3rgSBwEACvKoRkMF+udTDJQmfhfu4UvNsN\nc3AusiR63+G7yce/fFfFjKg3Os1B5rPHyEEgxvd2/36yhzBwwMUtqEHxZAZ1cCIn\nC+wQTUJS5B/jBsFotuzB4exO6D7XCZtc+uV9gmS4rZI5q79HYJCxfzdzuRvUWIXy\nexAgEu4lu+jcr4our0bgBQkCAwEAAQ==\n-----END PUBLIC KEY-----\n",
            "rsa_bits": 4096
          },
          "sensitive_attributes": []
        }
      ]
    },
    {
      "mode": "managed",
      "type": "tls_private_key",
      "name": "priv_frontend_key",
      "provider": "provider[\"registry.terraform.io/hashicorp/tls\"]",
      "instances": [
        {
          "schema_version": 1,
          "attributes": {
            "algorithm": "RSA",
            "ecdsa_curve": "P224",
            "id": "ad9ba463660972566454c70a0bec9938bcf14af0",
            "private_key_openssh": "-----BEGIN OPENSSH PRIVATE KEY-----\nb3BlbnNzaC1rZXktdjEAAAAABG5vbmUAAAAEbm9uZQAAAAAAAAABAAACFwAAAAdz\nc2gtcnNhAAAAAwEAAQAAAgEAuroLMl8rYwvarHylS84khJKk4ULvLlsjWJB/QEBE\n2q4oYvNeP7FnUiDeiM+iJb1uhZh/aqWsXPm4y3z8xflgobxhWyuFIWQlzYGHOeva\n8+P9k1DeK/c45wQ3zjuMZOqqjXMJRC1MIqjs92QbhQazJGfDsDtTXmRMSi7w6fFp\nT/1q9lDxU5sHrquves+/DBSp4vMOAu9eeOdSs8ebQiR9dWDzlS0z7y3f5XzzcCG/\niLKC9vapMD9m93Xx2THuKDGmWml6o9Wy/jun4peA6hcgIDdaAokpV2zBgPlfX8KY\nHM/0Ugjt2pD9oxeP37kJa3e5MXAVMlzKzCROdC38CXITKSMO0/0WltR055PVzQ3O\nBmLmtZp8RodR+egV71wY8TIGqhlRnpYiabSThJx8KvqCFm2VqUIhXFouqz/7tCkr\nzdeONEY4Dd/fAZ6ZVRQkrm00a5XNFIc1UhV+6vvS/HpTXtwb59ml8PlHZqyZ+6DC\n9z9nYCZKJ6dcPFgKC+s4I+Tjzq9oE/cO6qjlJctV6iItXwt/O1Qlr+UoxMEeBFN2\nLzLnrlJ5GGhBLxNW0219ZxJkPDZF7nd3syLniEyPymmkZDU3DrxuVmfy8uN8ATCj\nmg1nBvj79O844GIojbf96+CnRhcRz/0vUtc5+uh207YJcvM6aSsyHk6kAw7h7Tsi\nDmEAAAc4cRNsSXETbEkAAAAHc3NoLXJzYQAAAgEAuroLMl8rYwvarHylS84khJKk\n4ULvLlsjWJB/QEBE2q4oYvNeP7FnUiDeiM+iJb1uhZh/aqWsXPm4y3z8xflgobxh\nWyuFIWQlzYGHOeva8+P9k1DeK/c45wQ3zjuMZOqqjXMJRC1MIqjs92QbhQazJGfD\nsDtTXmRMSi7w6fFpT/1q9lDxU5sHrquves+/DBSp4vMOAu9eeOdSs8ebQiR9dWDz\nlS0z7y3f5XzzcCG/iLKC9vapMD9m93Xx2THuKDGmWml6o9Wy/jun4peA6hcgIDda\nAokpV2zBgPlfX8KYHM/0Ugjt2pD9oxeP37kJa3e5MXAVMlzKzCROdC38CXITKSMO\n0/0WltR055PVzQ3OBmLmtZp8RodR+egV71wY8TIGqhlRnpYiabSThJx8KvqCFm2V\nqUIhXFouqz/7tCkrzdeONEY4Dd/fAZ6ZVRQkrm00a5XNFIc1UhV+6vvS/HpTXtwb\n59ml8PlHZqyZ+6DC9z9nYCZKJ6dcPFgKC+s4I+Tjzq9oE/cO6qjlJctV6iItXwt/\nO1Qlr+UoxMEeBFN2LzLnrlJ5GGhBLxNW0219ZxJkPDZF7nd3syLniEyPymmkZDU3\nDrxuVmfy8uN8ATCjmg1nBvj79O844GIojbf96+CnRhcRz/0vUtc5+uh207YJcvM6\naSsyHk6kAw7h7TsiDmEAAAADAQABAAACAGw9iFwMuvPRXVN7db45owWOlDFYQZnX\njue562ntV3yEVDj35nx5c/ExyI35/n5uDvE2czX5D69duveKXmTMqG1Y6/6Tfbrb\neOZl3WOACw4x7T5GNGO8Daos0cSk1D9zoKYaNxbkQywcTDEkQKeeOJ4z4EX6PduL\nvIWMLG8QWAHcXvKl/R5/0bY5I6HHZ3GzUL+UMV0WMOdZAKHiZWe0C13Nc6XX7DEL\noKxBAETR61tsT2qllXG4bxGntyg2P13hWhMy7bqnF/kzz6AUPtBz01WZgH3T0Lky\n/ACtjdHO1apuCay8LFT0k3LFJ8uCUamQXzP/SupEy/IGYcwLE/zNubiyt7sJGQBr\nJecjksIm1aBIY7ijLkJ9jgpbxZVkarW7DHVtJvcTnFUqyyJrDHHS/x1U1rjbQmi9\nhksEWrVU9DLsGE7jHAhSJ5bqtYrVOCz3oAFeCsDeyB3gijZzBwDeYBZOGUuDa13l\nLrV/r1UTrjtZ0WyLSiVhjxn3oW4+L0eGunhgdfh4gPcw2MPZFJA1rDBUYiOaL2Q/\nBUsJx2jq26L7lZcEaxcyi3xZmJnO7xhGoWcG1RDozj67q26zcV/sEj1PCIHIIPqn\nhLWxPxXGirHetlT2lCptMMt7DQp5fFfKkKSjYSnLPAUkwuSuqoT24EhlzDB0sk0t\nJMjWldN4PlyBAAABAQCeD+Qc1O0rw1+6yDt0JMpPK4K1K3uDyb3RlTw0DASjz4BJ\nKmvaHik8l6TAekBPvXGgAFqgb5KOWKeTW36aaJpEGylvt3fip5nUhPxKmG8syQbS\nSBdloa9U0Iu/ZyW7YOF8/j08PYVpGPrzbpBytQuH5dqMOZPgRxnUXdJmZb0pCPkf\nU4/Kd8j8qBA1GZNzOSlZNbpN4aYU2q9/jyZq1ntjUe7HBxh/eGd8o8HBm/jH0rjN\nRGx/GokgmdpPHNZybCSjFE298GE8bbtVVvF9l5hw7PneMqM3xhjrWd/7m/+WQvWG\nQPyxO1q+xseP9nDLhSFe50whtdNXBw4cZ8aLfRS6AAABAQDKjubxwb6TqR8vCRy6\niIMQUAzhStM2yx8GEt3IkkrDkozOVJWw8IrmRLHw9nos8J0ZRVrszKxcQFd6LMpH\n8P9RICKLwXw/jZjIJkKWK3SRF2cCN5k2j4vl9qKxdZzIkA5aqPI9NvdJlgQ2kxYT\nfuZYEC4tP415KfzNZsdyx/++Nd8L3URjVpIqGdoV5u4zE4eXY6QXVRBbIR27xdQn\ne6sHBTIDK63uCuYhOPjZygDZke/fXMLRIfUdikhuKuyLsQhjDkYM1h5PDhPaP6CK\nPQjPyih1BaOL5rvlehMo72uzvGNZkAMNwUmLqQraJZgyJdnGiBXvmLMAd9JMaBHU\nWjnJAAABAQDr/dveYnXCr/oyFd86kbuQICIlrce10WzUPRgBQcRaP/s2LUuQMqkG\nLrZFsijcqAvM2otDlhQ4976CC+1YgaFjTM0DC5qZzyGirixISXRoAB2ynwR2ZAA2\n1h7FstVooQmL+julvYZ3O5NXHjh73xZxRlwVmFMFzUDGymtvi9ozk8GAABxCYBXa\nBZSAEwwXcvduYHWi+qfg+YA9WlOMNzt3jjVaIyralUeoe+3McoMC3F41bskXdHyo\nLnsivI3GiiH0YRYYR9Xs/U+OyjtjUkEfXlZID89goXOWAHNRaAICTLIBpjVF9+fk\nsbfU9q5z/bH1bCk0cBJmWd1rtIJzh/vZAAAAAAEC\n-----END OPENSSH PRIVATE KEY-----\n",
            "private_key_pem": "-----BEGIN RSA PRIVATE KEY-----\nMIIJKQIBAAKCAgEAuroLMl8rYwvarHylS84khJKk4ULvLlsjWJB/QEBE2q4oYvNe\nP7FnUiDeiM+iJb1uhZh/aqWsXPm4y3z8xflgobxhWyuFIWQlzYGHOeva8+P9k1De\nK/c45wQ3zjuMZOqqjXMJRC1MIqjs92QbhQazJGfDsDtTXmRMSi7w6fFpT/1q9lDx\nU5sHrquves+/DBSp4vMOAu9eeOdSs8ebQiR9dWDzlS0z7y3f5XzzcCG/iLKC9vap\nMD9m93Xx2THuKDGmWml6o9Wy/jun4peA6hcgIDdaAokpV2zBgPlfX8KYHM/0Ugjt\n2pD9oxeP37kJa3e5MXAVMlzKzCROdC38CXITKSMO0/0WltR055PVzQ3OBmLmtZp8\nRodR+egV71wY8TIGqhlRnpYiabSThJx8KvqCFm2VqUIhXFouqz/7tCkrzdeONEY4\nDd/fAZ6ZVRQkrm00a5XNFIc1UhV+6vvS/HpTXtwb59ml8PlHZqyZ+6DC9z9nYCZK\nJ6dcPFgKC+s4I+Tjzq9oE/cO6qjlJctV6iItXwt/O1Qlr+UoxMEeBFN2LzLnrlJ5\nGGhBLxNW0219ZxJkPDZF7nd3syLniEyPymmkZDU3DrxuVmfy8uN8ATCjmg1nBvj7\n9O844GIojbf96+CnRhcRz/0vUtc5+uh207YJcvM6aSsyHk6kAw7h7TsiDmECAwEA\nAQKCAgBsPYhcDLrz0V1Te3W+OaMFjpQxWEGZ147nuetp7Vd8hFQ49+Z8eXPxMciN\n+f5+bg7xNnM1+Q+vXbr3il5kzKhtWOv+k32623jmZd1jgAsOMe0+RjRjvA2qLNHE\npNQ/c6CmGjcW5EMsHEwxJECnnjieM+BF+j3bi7yFjCxvEFgB3F7ypf0ef9G2OSOh\nx2dxs1C/lDFdFjDnWQCh4mVntAtdzXOl1+wxC6CsQQBE0etbbE9qpZVxuG8Rp7co\nNj9d4VoTMu26pxf5M8+gFD7Qc9NVmYB909C5MvwArY3RztWqbgmsvCxU9JNyxSfL\nglGpkF8z/0rqRMvyBmHMCxP8zbm4sre7CRkAayXnI5LCJtWgSGO4oy5CfY4KW8WV\nZGq1uwx1bSb3E5xVKssiawxx0v8dVNa420JovYZLBFq1VPQy7BhO4xwIUieW6rWK\n1Tgs96ABXgrA3sgd4Io2cwcA3mAWThlLg2td5S61f69VE647WdFsi0olYY8Z96Fu\nPi9Hhrp4YHX4eID3MNjD2RSQNawwVGIjmi9kPwVLCcdo6tui+5WXBGsXMot8WZiZ\nzu8YRqFnBtUQ6M4+u6tus3Ff7BI9TwiByCD6p4S1sT8Vxoqx3rZU9pQqbTDLew0K\neXxXypCko2EpyzwFJMLkrqqE9uBIZcwwdLJNLSTI1pXTeD5cgQKCAQEAyo7m8cG+\nk6kfLwkcuoiDEFAM4UrTNssfBhLdyJJKw5KMzlSVsPCK5kSx8PZ6LPCdGUVa7Mys\nXEBXeizKR/D/USAii8F8P42YyCZClit0kRdnAjeZNo+L5faisXWcyJAOWqjyPTb3\nSZYENpMWE37mWBAuLT+NeSn8zWbHcsf/vjXfC91EY1aSKhnaFebuMxOHl2OkF1UQ\nWyEdu8XUJ3urBwUyAyut7grmITj42coA2ZHv31zC0SH1HYpIbirsi7EIYw5GDNYe\nTw4T2j+gij0Iz8oodQWji+a75XoTKO9rs7xjWZADDcFJi6kK2iWYMiXZxogV75iz\nAHfSTGgR1Fo5yQKCAQEA6/3b3mJ1wq/6MhXfOpG7kCAiJa3HtdFs1D0YAUHEWj/7\nNi1LkDKpBi62RbIo3KgLzNqLQ5YUOPe+ggvtWIGhY0zNAwuamc8hoq4sSEl0aAAd\nsp8EdmQANtYexbLVaKEJi/o7pb2GdzuTVx44e98WcUZcFZhTBc1Axsprb4vaM5PB\ngAAcQmAV2gWUgBMMF3L3bmB1ovqn4PmAPVpTjDc7d441WiMq2pVHqHvtzHKDAtxe\nNW7JF3R8qC57IryNxooh9GEWGEfV7P1Pjso7Y1JBH15WSA/PYKFzlgBzUWgCAkyy\nAaY1Rffn5LG31Pauc/2x9WwpNHASZlnda7SCc4f72QKCAQEAs+f4dwD9o2iyqbQO\nMB7PSc3PosoyjpgaFerr0RkeDlY7eYbm7SC4PY0F/l7sZL3QyoEvIOMos0byazEc\n+Ii0O/mutTJEiK3a5OoWegpenf+LHg0Dp9IXD0jfd35eokRQe3VSscwAFvuHAnHh\nSa+MJus4GDg6D0ObpVOEEg5Qt0Bhusfr1c8uQvZzHMDfD75oz61QMOj8ffQL1JsA\ns5DDdpjGsso40RQdEaToYYdo+dUEl/5rihP/AR2w9yhosCmsqU4kKYKDqPN37oBU\ntnM/QE7tYAKCH9/vQwIJwnHj1t+b3hBqpezmxYR+fwKlCuVTZ2G3GfcmBWRnBDXq\noBEDAQKCAQAwiyq0JxrELoDP1rHxkVK8xe9gQswG+YpiaiLK92VVjz20mkKl6dXd\nALTbx1cidKrgu7/T6kZEpamZhKyQ/TFehMjTLIrjwrjPhvZy9DEux39UY+N+Gvn0\nTb1Mu4msmRumoJWudTr4wdeAHyZNTMmICYodoxTI57zAZ5kL+/+phmZSVzN479zu\n2SD/62scU7jUCqGIIflwjMI1XKQ8/ouL/0O4Q+2nwvdXkA6NdKzAZOY4JY7V9U9D\nJTSNI64iPf3YEDSEUBqQQlcgLzdiKeRdeIFVF3N4FB37qCIQh82J/Y7MSg1BVEpu\nP6Rp+UhPccsuic48DCWsyiWC50HCVCGZAoIBAQCeD+Qc1O0rw1+6yDt0JMpPK4K1\nK3uDyb3RlTw0DASjz4BJKmvaHik8l6TAekBPvXGgAFqgb5KOWKeTW36aaJpEGylv\nt3fip5nUhPxKmG8syQbSSBdloa9U0Iu/ZyW7YOF8/j08PYVpGPrzbpBytQuH5dqM\nOZPgRxnUXdJmZb0pCPkfU4/Kd8j8qBA1GZNzOSlZNbpN4aYU2q9/jyZq1ntjUe7H\nBxh/eGd8o8HBm/jH0rjNRGx/GokgmdpPHNZybCSjFE298GE8bbtVVvF9l5hw7Pne\nMqM3xhjrWd/7m/+WQvWGQPyxO1q+xseP9nDLhSFe50whtdNXBw4cZ8aLfRS6\n-----END RSA PRIVATE KEY-----\n",
            "private_key_pem_pkcs8": "-----BEGIN PRIVATE KEY-----\nMIIJQwIBADANBgkqhkiG9w0BAQEFAASCCS0wggkpAgEAAoICAQC6ugsyXytjC9qs\nfKVLziSEkqThQu8uWyNYkH9AQETarihi814/sWdSIN6Iz6IlvW6FmH9qpaxc+bjL\nfPzF+WChvGFbK4UhZCXNgYc569rz4/2TUN4r9zjnBDfOO4xk6qqNcwlELUwiqOz3\nZBuFBrMkZ8OwO1NeZExKLvDp8WlP/Wr2UPFTmweuq696z78MFKni8w4C715451Kz\nx5tCJH11YPOVLTPvLd/lfPNwIb+IsoL29qkwP2b3dfHZMe4oMaZaaXqj1bL+O6fi\nl4DqFyAgN1oCiSlXbMGA+V9fwpgcz/RSCO3akP2jF4/fuQlrd7kxcBUyXMrMJE50\nLfwJchMpIw7T/RaW1HTnk9XNDc4GYua1mnxGh1H56BXvXBjxMgaqGVGeliJptJOE\nnHwq+oIWbZWpQiFcWi6rP/u0KSvN1440RjgN398BnplVFCSubTRrlc0UhzVSFX7q\n+9L8elNe3Bvn2aXw+UdmrJn7oML3P2dgJkonp1w8WAoL6zgj5OPOr2gT9w7qqOUl\ny1XqIi1fC387VCWv5SjEwR4EU3YvMueuUnkYaEEvE1bTbX1nEmQ8NkXud3ezIueI\nTI/KaaRkNTcOvG5WZ/Ly43wBMKOaDWcG+Pv07zjgYiiNt/3r4KdGFxHP/S9S1zn6\n6HbTtgly8zppKzIeTqQDDuHtOyIOYQIDAQABAoICAGw9iFwMuvPRXVN7db45owWO\nlDFYQZnXjue562ntV3yEVDj35nx5c/ExyI35/n5uDvE2czX5D69duveKXmTMqG1Y\n6/6TfbrbeOZl3WOACw4x7T5GNGO8Daos0cSk1D9zoKYaNxbkQywcTDEkQKeeOJ4z\n4EX6PduLvIWMLG8QWAHcXvKl/R5/0bY5I6HHZ3GzUL+UMV0WMOdZAKHiZWe0C13N\nc6XX7DELoKxBAETR61tsT2qllXG4bxGntyg2P13hWhMy7bqnF/kzz6AUPtBz01WZ\ngH3T0Lky/ACtjdHO1apuCay8LFT0k3LFJ8uCUamQXzP/SupEy/IGYcwLE/zNubiy\nt7sJGQBrJecjksIm1aBIY7ijLkJ9jgpbxZVkarW7DHVtJvcTnFUqyyJrDHHS/x1U\n1rjbQmi9hksEWrVU9DLsGE7jHAhSJ5bqtYrVOCz3oAFeCsDeyB3gijZzBwDeYBZO\nGUuDa13lLrV/r1UTrjtZ0WyLSiVhjxn3oW4+L0eGunhgdfh4gPcw2MPZFJA1rDBU\nYiOaL2Q/BUsJx2jq26L7lZcEaxcyi3xZmJnO7xhGoWcG1RDozj67q26zcV/sEj1P\nCIHIIPqnhLWxPxXGirHetlT2lCptMMt7DQp5fFfKkKSjYSnLPAUkwuSuqoT24Ehl\nzDB0sk0tJMjWldN4PlyBAoIBAQDKjubxwb6TqR8vCRy6iIMQUAzhStM2yx8GEt3I\nkkrDkozOVJWw8IrmRLHw9nos8J0ZRVrszKxcQFd6LMpH8P9RICKLwXw/jZjIJkKW\nK3SRF2cCN5k2j4vl9qKxdZzIkA5aqPI9NvdJlgQ2kxYTfuZYEC4tP415KfzNZsdy\nx/++Nd8L3URjVpIqGdoV5u4zE4eXY6QXVRBbIR27xdQne6sHBTIDK63uCuYhOPjZ\nygDZke/fXMLRIfUdikhuKuyLsQhjDkYM1h5PDhPaP6CKPQjPyih1BaOL5rvlehMo\n72uzvGNZkAMNwUmLqQraJZgyJdnGiBXvmLMAd9JMaBHUWjnJAoIBAQDr/dveYnXC\nr/oyFd86kbuQICIlrce10WzUPRgBQcRaP/s2LUuQMqkGLrZFsijcqAvM2otDlhQ4\n976CC+1YgaFjTM0DC5qZzyGirixISXRoAB2ynwR2ZAA21h7FstVooQmL+julvYZ3\nO5NXHjh73xZxRlwVmFMFzUDGymtvi9ozk8GAABxCYBXaBZSAEwwXcvduYHWi+qfg\n+YA9WlOMNzt3jjVaIyralUeoe+3McoMC3F41bskXdHyoLnsivI3GiiH0YRYYR9Xs\n/U+OyjtjUkEfXlZID89goXOWAHNRaAICTLIBpjVF9+fksbfU9q5z/bH1bCk0cBJm\nWd1rtIJzh/vZAoIBAQCz5/h3AP2jaLKptA4wHs9Jzc+iyjKOmBoV6uvRGR4OVjt5\nhubtILg9jQX+XuxkvdDKgS8g4yizRvJrMRz4iLQ7+a61MkSIrdrk6hZ6Cl6d/4se\nDQOn0hcPSN93fl6iRFB7dVKxzAAW+4cCceFJr4wm6zgYODoPQ5ulU4QSDlC3QGG6\nx+vVzy5C9nMcwN8PvmjPrVAw6Px99AvUmwCzkMN2mMayyjjRFB0RpOhhh2j51QSX\n/muKE/8BHbD3KGiwKaypTiQpgoOo83fugFS2cz9ATu1gAoIf3+9DAgnCcePW35ve\nEGql7ObFhH5/AqUK5VNnYbcZ9yYFZGcENeqgEQMBAoIBADCLKrQnGsQugM/WsfGR\nUrzF72BCzAb5imJqIsr3ZVWPPbSaQqXp1d0AtNvHVyJ0quC7v9PqRkSlqZmErJD9\nMV6EyNMsiuPCuM+G9nL0MS7Hf1Rj434a+fRNvUy7iayZG6agla51OvjB14AfJk1M\nyYgJih2jFMjnvMBnmQv7/6mGZlJXM3jv3O7ZIP/raxxTuNQKoYgh+XCMwjVcpDz+\ni4v/Q7hD7afC91eQDo10rMBk5jgljtX1T0MlNI0jriI9/dgQNIRQGpBCVyAvN2Ip\n5F14gVUXc3gUHfuoIhCHzYn9jsxKDUFUSm4/pGn5SE9xyy6JzjwMJazKJYLnQcJU\nIZkCggEBAJ4P5BzU7SvDX7rIO3Qkyk8rgrUre4PJvdGVPDQMBKPPgEkqa9oeKTyX\npMB6QE+9caAAWqBvko5Yp5NbfppomkQbKW+3d+KnmdSE/EqYbyzJBtJIF2Whr1TQ\ni79nJbtg4Xz+PTw9hWkY+vNukHK1C4fl2ow5k+BHGdRd0mZlvSkI+R9Tj8p3yPyo\nEDUZk3M5KVk1uk3hphTar3+PJmrWe2NR7scHGH94Z3yjwcGb+MfSuM1EbH8aiSCZ\n2k8c1nJsJKMUTb3wYTxtu1VW8X2XmHDs+d4yozfGGOtZ3/ub/5ZC9YZA/LE7Wr7G\nx4/2cMuFIV7nTCG101cHDhxnxot9FLo=\n-----END PRIVATE KEY-----\n",
            "public_key_fingerprint_md5": "87:30:80:01:9b:1f:58:23:ea:b1:48:6d:3d:94:ce:33",
            "public_key_fingerprint_sha256": "SHA256:yBQjPLtBtGz3XfK2d7+ftR43vKZ8OVRlUzxR1NCWn/I",
            "public_key_openssh": "ssh-rsa AAAAB3NzaC1yc2EAAAADAQABAAACAQC6ugsyXytjC9qsfKVLziSEkqThQu8uWyNYkH9AQETarihi814/sWdSIN6Iz6IlvW6FmH9qpaxc+bjLfPzF+WChvGFbK4UhZCXNgYc569rz4/2TUN4r9zjnBDfOO4xk6qqNcwlELUwiqOz3ZBuFBrMkZ8OwO1NeZExKLvDp8WlP/Wr2UPFTmweuq696z78MFKni8w4C715451Kzx5tCJH11YPOVLTPvLd/lfPNwIb+IsoL29qkwP2b3dfHZMe4oMaZaaXqj1bL+O6fil4DqFyAgN1oCiSlXbMGA+V9fwpgcz/RSCO3akP2jF4/fuQlrd7kxcBUyXMrMJE50LfwJchMpIw7T/RaW1HTnk9XNDc4GYua1mnxGh1H56BXvXBjxMgaqGVGeliJptJOEnHwq+oIWbZWpQiFcWi6rP/u0KSvN1440RjgN398BnplVFCSubTRrlc0UhzVSFX7q+9L8elNe3Bvn2aXw+UdmrJn7oML3P2dgJkonp1w8WAoL6zgj5OPOr2gT9w7qqOUly1XqIi1fC387VCWv5SjEwR4EU3YvMueuUnkYaEEvE1bTbX1nEmQ8NkXud3ezIueITI/KaaRkNTcOvG5WZ/Ly43wBMKOaDWcG+Pv07zjgYiiNt/3r4KdGFxHP/S9S1zn66HbTtgly8zppKzIeTqQDDuHtOyIOYQ==\n",
            "public_key_pem": "-----BEGIN PUBLIC KEY-----\nMIICIjANBgkqhkiG9w0BAQEFAAOCAg8AMIICCgKCAgEAuroLMl8rYwvarHylS84k\nhJKk4ULvLlsjWJB/QEBE2q4oYvNeP7FnUiDeiM+iJb1uhZh/aqWsXPm4y3z8xflg\nobxhWyuFIWQlzYGHOeva8+P9k1DeK/c45wQ3zjuMZOqqjXMJRC1MIqjs92QbhQaz\nJGfDsDtTXmRMSi7w6fFpT/1q9lDxU5sHrquves+/DBSp4vMOAu9eeOdSs8ebQiR9\ndWDzlS0z7y3f5XzzcCG/iLKC9vapMD9m93Xx2THuKDGmWml6o9Wy/jun4peA6hcg\nIDdaAokpV2zBgPlfX8KYHM/0Ugjt2pD9oxeP37kJa3e5MXAVMlzKzCROdC38CXIT\nKSMO0/0WltR055PVzQ3OBmLmtZp8RodR+egV71wY8TIGqhlRnpYiabSThJx8KvqC\nFm2VqUIhXFouqz/7tCkrzdeONEY4Dd/fAZ6ZVRQkrm00a5XNFIc1UhV+6vvS/HpT\nXtwb59ml8PlHZqyZ+6DC9z9nYCZKJ6dcPFgKC+s4I+Tjzq9oE/cO6qjlJctV6iIt\nXwt/O1Qlr+UoxMEeBFN2LzLnrlJ5GGhBLxNW0219ZxJkPDZF7nd3syLniEyPymmk\nZDU3DrxuVmfy8uN8ATCjmg1nBvj79O844GIojbf96+CnRhcRz/0vUtc5+uh207YJ\ncvM6aSsyHk6kAw7h7TsiDmECAwEAAQ==\n-----END PUBLIC KEY-----\n",
            "rsa_bits": 4096
          },
          "sensitive_attributes": []
        }
      ]
    }
  ],
  "check_results": null
}
